{
  "version": 4,
  "terraform_version": "0.14.5",
  "serial": 61,
  "lineage": "f19f1516-7de0-2423-bf4b-b11f51e58167",
  "outputs": {
    "project": {
      "value": "sm-demo-forteam",
      "type": "string"
    }
  },
  "resources": [
    {
      "mode": "data",
      "type": "google_client_config",
      "name": "current",
      "provider": "provider[\"registry.terraform.io/hashicorp/google\"]",
      "instances": [
        {
          "schema_version": 0,
          "attributes": {
            "access_token": "ya29.a0AfH6SMBxalsRNpJh5MtJSOoejzwQgdw8LmxQFJNKpBEsP-pLcYYWXx61421eemvTog_llqoBuNMNNcmHblfH5hNt4E9vOWyOUh74S5UVllw1Eeb9TL8uo9RiOuL4epV0DjB8WS4wgw1lPdDSFLLRGnZBDx9aCRZceRfE-F2a2OlIAgJ8y2pW4o9pHEvelwRF8c7FjwmVAT_r-X6XsACh-Sf_5-98UXHt9c-4e-Ba0LzIY5rjg2nKHKRR4HzLzuowZLUwYo6x-Q",
            "id": "projects/sm-demo-forteam/regions/us-central1/zones/",
            "project": "sm-demo-forteam",
            "region": "us-central1",
            "zone": ""
          },
          "sensitive_attributes": []
        }
      ]
    },
    {
      "mode": "data",
      "type": "google_project",
      "name": "project",
      "provider": "provider[\"registry.terraform.io/hashicorp/google\"]",
      "instances": [
        {
          "schema_version": 0,
          "attributes": {
            "auto_create_network": null,
            "billing_account": "01382E-07CCE9-615E10",
            "folder_id": "623112070785",
            "id": "projects/sm-demo-forteam",
            "labels": {},
            "name": "sm-demo-forteam",
            "number": "891993590564",
            "org_id": "",
            "project_id": "sm-demo-forteam",
            "skip_delete": null
          },
          "sensitive_attributes": []
        }
      ]
    },
    {
      "module": "module.asm-primary",
      "mode": "data",
      "type": "google_project",
      "name": "asm_project",
      "provider": "provider[\"registry.terraform.io/hashicorp/google\"]",
      "instances": [
        {
          "schema_version": 0,
          "attributes": {
            "auto_create_network": null,
            "billing_account": "01382E-07CCE9-615E10",
            "folder_id": "623112070785",
            "id": "projects/sm-demo-forteam",
            "labels": {},
            "name": "sm-demo-forteam",
            "number": "891993590564",
            "org_id": "",
            "project_id": "sm-demo-forteam",
            "skip_delete": null
          },
          "sensitive_attributes": []
        }
      ]
    },
    {
      "module": "module.asm-primary.module.asm_install.module.gcloud_kubectl",
      "mode": "data",
      "type": "external",
      "name": "env_override",
      "provider": "provider[\"registry.terraform.io/hashicorp/external\"]",
      "instances": [
        {
          "index_key": 0,
          "schema_version": 0,
          "attributes": {
            "id": "-",
            "program": [
              ".terraform/modules/asm-primary.asm_install/scripts/check_env.sh"
            ],
            "query": null,
            "result": {
              "download": ""
            },
            "working_dir": null
          },
          "sensitive_attributes": []
        }
      ]
    },
    {
      "module": "module.asm-primary.module.asm_install.module.gcloud_kubectl",
      "mode": "managed",
      "type": "null_resource",
      "name": "additional_components",
      "provider": "provider[\"registry.terraform.io/hashicorp/null\"]",
      "instances": [
        {
          "index_key": 0,
          "schema_version": 0,
          "attributes": {
            "id": "9162598348711102955",
            "triggers": {
              "additional_components_command": ".terraform/modules/asm-primary.asm_install/scripts/check_components.sh gcloud kubectl,kpt,beta,kustomize",
              "arguments": "d15ecfbbd1ce5da2824f87aa7825e50c",
              "md5": "332df0eeb547c286e33c853235624d68"
            }
          },
          "sensitive_attributes": [],
          "private": "bnVsbA==",
          "dependencies": [
            "data.google_client_config.current",
            "module.asm-primary.data.google_project.asm_project",
            "module.asm-primary.module.asm_install.module.gcloud_kubectl.data.external.env_override",
            "module.asm-primary.module.asm_install.module.gcloud_kubectl.null_resource.upgrade",
            "module.asm-primary.module.asm_install.module.gcloud_kubectl.random_id.cache",
            "module.primary-cluster.google_container_cluster.primary"
          ]
        }
      ]
    },
    {
      "module": "module.asm-primary.module.asm_install.module.gcloud_kubectl",
      "mode": "managed",
      "type": "null_resource",
      "name": "additional_components_destroy",
      "provider": "provider[\"registry.terraform.io/hashicorp/null\"]",
      "instances": [
        {
          "index_key": 0,
          "schema_version": 0,
          "attributes": {
            "id": "6733438031794649606",
            "triggers": {
              "additional_components_command": ".terraform/modules/asm-primary.asm_install/scripts/check_components.sh gcloud kubectl,kpt,beta,kustomize"
            }
          },
          "sensitive_attributes": [],
          "private": "bnVsbA==",
          "dependencies": [
            "data.google_client_config.current",
            "module.asm-primary.data.google_project.asm_project",
            "module.asm-primary.module.asm_install.module.gcloud_kubectl.data.external.env_override",
            "module.asm-primary.module.asm_install.module.gcloud_kubectl.null_resource.additional_components",
            "module.asm-primary.module.asm_install.module.gcloud_kubectl.null_resource.decompress",
            "module.asm-primary.module.asm_install.module.gcloud_kubectl.null_resource.gcloud_auth_google_credentials",
            "module.asm-primary.module.asm_install.module.gcloud_kubectl.null_resource.gcloud_auth_service_account_key_file",
            "module.asm-primary.module.asm_install.module.gcloud_kubectl.null_resource.module_depends_on",
            "module.asm-primary.module.asm_install.module.gcloud_kubectl.null_resource.run_destroy_command",
            "module.asm-primary.module.asm_install.module.gcloud_kubectl.null_resource.upgrade",
            "module.asm-primary.module.asm_install.module.gcloud_kubectl.random_id.cache",
            "module.primary-cluster.google_container_cluster.primary",
            "module.primary-cluster.google_container_node_pool.pools"
          ]
        }
      ]
    },
    {
      "module": "module.asm-primary.module.asm_install.module.gcloud_kubectl",
      "mode": "managed",
      "type": "null_resource",
      "name": "module_depends_on",
      "provider": "provider[\"registry.terraform.io/hashicorp/null\"]",
      "instances": [
        {
          "index_key": 0,
          "schema_version": 0,
          "attributes": {
            "id": "2931516302091016529",
            "triggers": {
              "value": "1"
            }
          },
          "sensitive_attributes": [
            [
              {
                "type": "get_attr",
                "value": "triggers"
              },
              {
                "type": "index",
                "value": {
                  "value": "value",
                  "type": "string"
                }
              }
            ]
          ],
          "private": "bnVsbA==",
          "dependencies": [
            "module.primary-cluster.google_container_cluster.primary",
            "module.primary-cluster.google_container_node_pool.pools"
          ]
        }
      ]
    },
    {
      "module": "module.asm-primary.module.asm_install.module.gcloud_kubectl",
      "mode": "managed",
      "type": "null_resource",
      "name": "run_command",
      "provider": "provider[\"registry.terraform.io/hashicorp/null\"]",
      "instances": [
        {
          "index_key": 0,
          "schema_version": 0,
          "attributes": {
            "id": "5762087184812969119",
            "triggers": {
              "arguments": "d15ecfbbd1ce5da2824f87aa7825e50c",
              "create_cmd_body": "primary us-central1-a sm-demo-forteam false false .terraform/modules/asm-primary/modules/asm/scripts/install_asm.sh sm-demo-forteam primary us-central1-a asm-dir-primary release-1.6-asm 891993590564",
              "create_cmd_entrypoint": ".terraform/modules/asm-primary.asm_install/modules/kubectl-wrapper/scripts/kubectl_wrapper.sh",
              "gcloud_bin_abs_path": "/google-cloud-sdk/bin",
              "md5": "332df0eeb547c286e33c853235624d68"
            }
          },
          "sensitive_attributes": [],
          "private": "bnVsbA==",
          "dependencies": [
            "data.google_client_config.current",
            "module.asm-primary.data.google_project.asm_project",
            "module.asm-primary.module.asm_install.module.gcloud_kubectl.data.external.env_override",
            "module.asm-primary.module.asm_install.module.gcloud_kubectl.null_resource.additional_components",
            "module.asm-primary.module.asm_install.module.gcloud_kubectl.null_resource.decompress",
            "module.asm-primary.module.asm_install.module.gcloud_kubectl.null_resource.gcloud_auth_google_credentials",
            "module.asm-primary.module.asm_install.module.gcloud_kubectl.null_resource.gcloud_auth_service_account_key_file",
            "module.asm-primary.module.asm_install.module.gcloud_kubectl.null_resource.module_depends_on",
            "module.asm-primary.module.asm_install.module.gcloud_kubectl.null_resource.upgrade",
            "module.asm-primary.module.asm_install.module.gcloud_kubectl.random_id.cache",
            "module.primary-cluster.google_container_cluster.primary",
            "module.primary-cluster.google_container_node_pool.pools"
          ]
        }
      ]
    },
    {
      "module": "module.asm-primary.module.asm_install.module.gcloud_kubectl",
      "mode": "managed",
      "type": "null_resource",
      "name": "run_destroy_command",
      "provider": "provider[\"registry.terraform.io/hashicorp/null\"]",
      "instances": [
        {
          "index_key": 0,
          "schema_version": 0,
          "attributes": {
            "id": "427327482808449141",
            "triggers": {
              "destroy_cmd_body": "primary us-central1-a sm-demo-forteam false false kubectl delete ns istio-system",
              "destroy_cmd_entrypoint": ".terraform/modules/asm-primary.asm_install/modules/kubectl-wrapper/scripts/kubectl_wrapper.sh",
              "gcloud_bin_abs_path": "/google-cloud-sdk/bin"
            }
          },
          "sensitive_attributes": [],
          "private": "bnVsbA==",
          "dependencies": [
            "data.google_client_config.current",
            "module.asm-primary.data.google_project.asm_project",
            "module.asm-primary.module.asm_install.module.gcloud_kubectl.data.external.env_override",
            "module.asm-primary.module.asm_install.module.gcloud_kubectl.null_resource.additional_components",
            "module.asm-primary.module.asm_install.module.gcloud_kubectl.null_resource.decompress",
            "module.asm-primary.module.asm_install.module.gcloud_kubectl.null_resource.gcloud_auth_google_credentials",
            "module.asm-primary.module.asm_install.module.gcloud_kubectl.null_resource.gcloud_auth_service_account_key_file",
            "module.asm-primary.module.asm_install.module.gcloud_kubectl.null_resource.module_depends_on",
            "module.asm-primary.module.asm_install.module.gcloud_kubectl.null_resource.upgrade",
            "module.asm-primary.module.asm_install.module.gcloud_kubectl.random_id.cache",
            "module.primary-cluster.google_container_cluster.primary",
            "module.primary-cluster.google_container_node_pool.pools"
          ]
        }
      ]
    },
    {
      "module": "module.asm-secondary",
      "mode": "data",
      "type": "google_project",
      "name": "asm_project",
      "provider": "provider[\"registry.terraform.io/hashicorp/google\"]",
      "instances": [
        {
          "schema_version": 0,
          "attributes": {
            "auto_create_network": null,
            "billing_account": "01382E-07CCE9-615E10",
            "folder_id": "623112070785",
            "id": "projects/sm-demo-forteam",
            "labels": {},
            "name": "sm-demo-forteam",
            "number": "891993590564",
            "org_id": "",
            "project_id": "sm-demo-forteam",
            "skip_delete": null
          },
          "sensitive_attributes": []
        }
      ]
    },
    {
      "module": "module.asm-secondary.module.asm_install.module.gcloud_kubectl",
      "mode": "data",
      "type": "external",
      "name": "env_override",
      "provider": "provider[\"registry.terraform.io/hashicorp/external\"]",
      "instances": [
        {
          "index_key": 0,
          "schema_version": 0,
          "attributes": {
            "id": "-",
            "program": [
              ".terraform/modules/asm-secondary.asm_install/scripts/check_env.sh"
            ],
            "query": null,
            "result": {
              "download": ""
            },
            "working_dir": null
          },
          "sensitive_attributes": []
        }
      ]
    },
    {
      "module": "module.asm-secondary.module.asm_install.module.gcloud_kubectl",
      "mode": "managed",
      "type": "null_resource",
      "name": "additional_components",
      "provider": "provider[\"registry.terraform.io/hashicorp/null\"]",
      "instances": [
        {
          "index_key": 0,
          "schema_version": 0,
          "attributes": {
            "id": "2215889745687509528",
            "triggers": {
              "additional_components_command": ".terraform/modules/asm-secondary.asm_install/scripts/check_components.sh gcloud kubectl,kpt,beta,kustomize",
              "arguments": "efbbecca1ce053b004893733e1fd3077",
              "md5": "d35eff4eba5e389b6bbe7bbef06027bd"
            }
          },
          "sensitive_attributes": [],
          "private": "bnVsbA==",
          "dependencies": [
            "data.google_client_config.current",
            "module.asm-secondary.data.google_project.asm_project",
            "module.asm-secondary.module.asm_install.module.gcloud_kubectl.data.external.env_override",
            "module.asm-secondary.module.asm_install.module.gcloud_kubectl.null_resource.upgrade",
            "module.asm-secondary.module.asm_install.module.gcloud_kubectl.random_id.cache",
            "module.secondary-cluster.google_container_cluster.primary"
          ]
        }
      ]
    },
    {
      "module": "module.asm-secondary.module.asm_install.module.gcloud_kubectl",
      "mode": "managed",
      "type": "null_resource",
      "name": "additional_components_destroy",
      "provider": "provider[\"registry.terraform.io/hashicorp/null\"]",
      "instances": [
        {
          "index_key": 0,
          "schema_version": 0,
          "attributes": {
            "id": "1041912043418549438",
            "triggers": {
              "additional_components_command": ".terraform/modules/asm-secondary.asm_install/scripts/check_components.sh gcloud kubectl,kpt,beta,kustomize"
            }
          },
          "sensitive_attributes": [],
          "private": "bnVsbA==",
          "dependencies": [
            "data.google_client_config.current",
            "module.asm-secondary.data.google_project.asm_project",
            "module.asm-secondary.module.asm_install.module.gcloud_kubectl.data.external.env_override",
            "module.asm-secondary.module.asm_install.module.gcloud_kubectl.null_resource.additional_components",
            "module.asm-secondary.module.asm_install.module.gcloud_kubectl.null_resource.decompress",
            "module.asm-secondary.module.asm_install.module.gcloud_kubectl.null_resource.gcloud_auth_google_credentials",
            "module.asm-secondary.module.asm_install.module.gcloud_kubectl.null_resource.gcloud_auth_service_account_key_file",
            "module.asm-secondary.module.asm_install.module.gcloud_kubectl.null_resource.module_depends_on",
            "module.asm-secondary.module.asm_install.module.gcloud_kubectl.null_resource.run_destroy_command",
            "module.asm-secondary.module.asm_install.module.gcloud_kubectl.null_resource.upgrade",
            "module.asm-secondary.module.asm_install.module.gcloud_kubectl.random_id.cache",
            "module.secondary-cluster.google_container_cluster.primary",
            "module.secondary-cluster.google_container_node_pool.pools"
          ]
        }
      ]
    },
    {
      "module": "module.asm-secondary.module.asm_install.module.gcloud_kubectl",
      "mode": "managed",
      "type": "null_resource",
      "name": "module_depends_on",
      "provider": "provider[\"registry.terraform.io/hashicorp/null\"]",
      "instances": [
        {
          "index_key": 0,
          "schema_version": 0,
          "attributes": {
            "id": "6920691840282268366",
            "triggers": {
              "value": "1"
            }
          },
          "sensitive_attributes": [
            [
              {
                "type": "get_attr",
                "value": "triggers"
              },
              {
                "type": "index",
                "value": {
                  "value": "value",
                  "type": "string"
                }
              }
            ]
          ],
          "private": "bnVsbA==",
          "dependencies": [
            "module.secondary-cluster.google_container_cluster.primary",
            "module.secondary-cluster.google_container_node_pool.pools"
          ]
        }
      ]
    },
    {
      "module": "module.asm-secondary.module.asm_install.module.gcloud_kubectl",
      "mode": "managed",
      "type": "null_resource",
      "name": "run_command",
      "provider": "provider[\"registry.terraform.io/hashicorp/null\"]",
      "instances": [
        {
          "index_key": 0,
          "schema_version": 0,
          "attributes": {
            "id": "8443362313482538596",
            "triggers": {
              "arguments": "efbbecca1ce053b004893733e1fd3077",
              "create_cmd_body": "secondary us-west1-b sm-demo-forteam false false .terraform/modules/asm-secondary/modules/asm/scripts/install_asm.sh sm-demo-forteam secondary us-west1-b asm-dir-secondary release-1.6-asm 891993590564",
              "create_cmd_entrypoint": ".terraform/modules/asm-secondary.asm_install/modules/kubectl-wrapper/scripts/kubectl_wrapper.sh",
              "gcloud_bin_abs_path": "/google-cloud-sdk/bin",
              "md5": "d35eff4eba5e389b6bbe7bbef06027bd"
            }
          },
          "sensitive_attributes": [],
          "private": "bnVsbA==",
          "dependencies": [
            "data.google_client_config.current",
            "module.asm-secondary.data.google_project.asm_project",
            "module.asm-secondary.module.asm_install.module.gcloud_kubectl.data.external.env_override",
            "module.asm-secondary.module.asm_install.module.gcloud_kubectl.null_resource.additional_components",
            "module.asm-secondary.module.asm_install.module.gcloud_kubectl.null_resource.decompress",
            "module.asm-secondary.module.asm_install.module.gcloud_kubectl.null_resource.gcloud_auth_google_credentials",
            "module.asm-secondary.module.asm_install.module.gcloud_kubectl.null_resource.gcloud_auth_service_account_key_file",
            "module.asm-secondary.module.asm_install.module.gcloud_kubectl.null_resource.module_depends_on",
            "module.asm-secondary.module.asm_install.module.gcloud_kubectl.null_resource.upgrade",
            "module.asm-secondary.module.asm_install.module.gcloud_kubectl.random_id.cache",
            "module.secondary-cluster.google_container_cluster.primary",
            "module.secondary-cluster.google_container_node_pool.pools"
          ]
        }
      ]
    },
    {
      "module": "module.asm-secondary.module.asm_install.module.gcloud_kubectl",
      "mode": "managed",
      "type": "null_resource",
      "name": "run_destroy_command",
      "provider": "provider[\"registry.terraform.io/hashicorp/null\"]",
      "instances": [
        {
          "index_key": 0,
          "schema_version": 0,
          "attributes": {
            "id": "6432774697212314289",
            "triggers": {
              "destroy_cmd_body": "secondary us-west1-b sm-demo-forteam false false kubectl delete ns istio-system",
              "destroy_cmd_entrypoint": ".terraform/modules/asm-secondary.asm_install/modules/kubectl-wrapper/scripts/kubectl_wrapper.sh",
              "gcloud_bin_abs_path": "/google-cloud-sdk/bin"
            }
          },
          "sensitive_attributes": [],
          "private": "bnVsbA==",
          "dependencies": [
            "data.google_client_config.current",
            "module.asm-secondary.data.google_project.asm_project",
            "module.asm-secondary.module.asm_install.module.gcloud_kubectl.data.external.env_override",
            "module.asm-secondary.module.asm_install.module.gcloud_kubectl.null_resource.additional_components",
            "module.asm-secondary.module.asm_install.module.gcloud_kubectl.null_resource.decompress",
            "module.asm-secondary.module.asm_install.module.gcloud_kubectl.null_resource.gcloud_auth_google_credentials",
            "module.asm-secondary.module.asm_install.module.gcloud_kubectl.null_resource.gcloud_auth_service_account_key_file",
            "module.asm-secondary.module.asm_install.module.gcloud_kubectl.null_resource.module_depends_on",
            "module.asm-secondary.module.asm_install.module.gcloud_kubectl.null_resource.upgrade",
            "module.asm-secondary.module.asm_install.module.gcloud_kubectl.random_id.cache",
            "module.secondary-cluster.google_container_cluster.primary",
            "module.secondary-cluster.google_container_node_pool.pools"
          ]
        }
      ]
    },
    {
      "module": "module.hub-primary",
      "mode": "data",
      "type": "google_client_config",
      "name": "default",
      "provider": "provider[\"registry.terraform.io/hashicorp/google\"]",
      "instances": [
        {
          "schema_version": 0,
          "attributes": {
            "access_token": "ya29.a0AfH6SMBxalsRNpJh5MtJSOoejzwQgdw8LmxQFJNKpBEsP-pLcYYWXx61421eemvTog_llqoBuNMNNcmHblfH5hNt4E9vOWyOUh74S5UVllw1Eeb9TL8uo9RiOuL4epV0DjB8WS4wgw1lPdDSFLLRGnZBDx9aCRZceRfE-F2a2OlIAgJ8y2pW4o9pHEvelwRF8c7FjwmVAT_r-X6XsACh-Sf_5-98UXHt9c-4e-Ba0LzIY5rjg2nKHKRR4HzLzuowZLUwYo6x-Q",
            "id": "projects/sm-demo-forteam/regions/us-central1/zones/",
            "project": "sm-demo-forteam",
            "region": "us-central1",
            "zone": ""
          },
          "sensitive_attributes": []
        }
      ]
    },
    {
      "module": "module.hub-primary",
      "mode": "managed",
      "type": "google_project_iam_member",
      "name": "gke_hub_member",
      "provider": "provider[\"registry.terraform.io/hashicorp/google\"]",
      "instances": [
        {
          "index_key": 0,
          "schema_version": 0,
          "attributes": {
            "condition": [],
            "etag": "BwW95KL+JFU=",
            "id": "sm-demo-forteam/roles/gkehub.connect/serviceaccount:primary@sm-demo-forteam.iam.gserviceaccount.com",
            "member": "serviceAccount:primary@sm-demo-forteam.iam.gserviceaccount.com",
            "project": "sm-demo-forteam",
            "role": "roles/gkehub.connect"
          },
          "sensitive_attributes": [],
          "private": "bnVsbA==",
          "dependencies": [
            "data.google_client_config.current",
            "module.hub-primary.google_service_account.gke_hub_sa"
          ]
        }
      ]
    },
    {
      "module": "module.hub-primary",
      "mode": "managed",
      "type": "google_service_account",
      "name": "gke_hub_sa",
      "provider": "provider[\"registry.terraform.io/hashicorp/google\"]",
      "instances": [
        {
          "index_key": 0,
          "schema_version": 0,
          "attributes": {
            "account_id": "primary",
            "description": "",
            "display_name": "Service Account for GKE Hub Registration",
            "email": "primary@sm-demo-forteam.iam.gserviceaccount.com",
            "id": "projects/sm-demo-forteam/serviceAccounts/primary@sm-demo-forteam.iam.gserviceaccount.com",
            "name": "projects/sm-demo-forteam/serviceAccounts/primary@sm-demo-forteam.iam.gserviceaccount.com",
            "project": "sm-demo-forteam",
            "timeouts": null,
            "unique_id": "115593418853584181619"
          },
          "sensitive_attributes": [],
          "private": "eyJlMmJmYjczMC1lY2FhLTExZTYtOGY4OC0zNDM2M2JjN2M0YzAiOnsiY3JlYXRlIjozMDAwMDAwMDAwMDB9fQ==",
          "dependencies": [
            "data.google_client_config.current"
          ]
        }
      ]
    },
    {
      "module": "module.hub-primary",
      "mode": "managed",
      "type": "google_service_account_key",
      "name": "gke_hub_key",
      "provider": "provider[\"registry.terraform.io/hashicorp/google\"]",
      "instances": [
        {
          "index_key": 0,
          "schema_version": 0,
          "attributes": {
            "id": "projects/sm-demo-forteam/serviceAccounts/primary@sm-demo-forteam.iam.gserviceaccount.com/keys/0f7c2e228a70953ec529499a665af0ffefc77537",
            "keepers": null,
            "key_algorithm": "KEY_ALG_RSA_2048",
            "name": "projects/sm-demo-forteam/serviceAccounts/primary@sm-demo-forteam.iam.gserviceaccount.com/keys/0f7c2e228a70953ec529499a665af0ffefc77537",
            "private_key": "ewogICJ0eXBlIjogInNlcnZpY2VfYWNjb3VudCIsCiAgInByb2plY3RfaWQiOiAic20tZGVtby1mb3J0ZWFtIiwKICAicHJpdmF0ZV9rZXlfaWQiOiAiMGY3YzJlMjI4YTcwOTUzZWM1Mjk0OTlhNjY1YWYwZmZlZmM3NzUzNyIsCiAgInByaXZhdGVfa2V5IjogIi0tLS0tQkVHSU4gUFJJVkFURSBLRVktLS0tLVxuTUlJRXZRSUJBREFOQmdrcWhraUc5dzBCQVFFRkFBU0NCS2N3Z2dTakFnRUFBb0lCQVFDNkxyNFNJeGJCUEdpZ1xuWnNpU2xBbHZURFAwOWszODBQMFBBbjVEc2V1YU1nMXAxS3ZadlZCdGNUYXNTaHl3QVdBcHNvTTlKeHhjbEpVclxuT1MwOUxxMzEyMGcvTHdRVDRNcEhkYTJiUytwZi9OdEdGV0ROTG5vem1Pa2NhZ0FRYXZDVUhXZHpFOGZ2bHNacVxuVDNjak02d0N5ZDlzeXNKdTcwTXMvMi9SNkpFZEk3b2l4aUtSTE9tTzJDRWx0TjhobkdOdFpiU3pxeXdwU1dFYlxua1dQS1o1TXBNMCtJbno0NVIxMWNBWVRUWFlaVVpMcGlJc1dwVU9hdEVLWHM2SHJMN3E5akdCcG9QV0ZubThWV1xuYSsxb25ncnJHeUU2S1g2YzFQdDdnbllDQkoyQWUzUC9YblRLS0JWRFJUaXFCK3pkYUN6dnpTbEg4eVJ0Y3FWVFxubHBoK3plamRBZ01CQUFFQ2dnRUFQblBTZHlRRkRJRzJlT094Y1JXdVNvS3R4UVJmNmFleTB6ZWJZaHJLOUpqSVxuamhEMEttQktHOFFIdW1oTDBqQkw4UUM3N0NYejZndy9NMVlGR2twUHVUSTZ2Rk1KazU5cVN1a3ErSFpSSXF5ZlxuWXhWbHVMM1g2UG5vYkFzVWhXMVIwT1ZDSDhScFl6RlkwaTFnd2RLaDV2ZVBkaDlYZEQzVzh6K2w0eXdYalVXdFxuRG10d1U2cEZDbTRlK0M0SW5uaG8rWldBK1VBTHRCblVjOUZCZThsVFVYb3pSQ0RxV1V3ZVlsWVY3OTFZWjNFRVxuQk9QdWovS01ZRjQ5NjhraWwvK2dhS2xUM1hHdURGMm5icHp5aVFTVUlGZnd2WkMrUmIwN20vWjB1YkNjSDVHQlxuczY5c1BESnBpTGhEMUM2MlVrMm84Si9nbldkL2hrcHpJSnQ4MDdFNHd3S0JnUUR3dXlIaXMrbDNucVNaL1dhRVxuMU1HN0VKbEdLQ3ZyK3MyaVpDZHpOMGNDbEFMbjVTUVltYVF2MzNqV0dsa0gxcTJKSDFnV1d4TDF6RWdNNmNCM1xucCtGL29NMlJGVFZtVjNQbi9rdVI4aC8yc2IrQm55TVdrVXd1Qjc5U1plcEdsUGdJS1lwcHQwOExrS040dGJGZVxuTjFzT0lZalBmT1kxQ1hOeENhNFV6ZXB2VHdLQmdRREYvZUdCY1VXQ2VsSm45bW1ndmNtMjlhNTA1KytGaWI3Z1xuMjdFVGZmYm5PWDdRYzhsVG00dG04Q1dVWFZnVVdUY0lZMERGdjBTYW5qT01lZDhnZzVkVlc0eXVKaGVieUVxZFxucnVhMzJBVFVIT1dCbWhaNUJKc0Jid0tqTzRhMGhXelRtN3E5U0hGUmNSS0F2dGNPRkt5UDZzVS9YM3ZES0w4M1xuSkI1Yk5lUjZFd0tCZ0JQSHZKUU5KbXpleXpXZi9iR0NiZHk2RTI0UlZQS1I3QjJnenlFSGRMMUFmakNod21LSFxuRlZlZHJDY2ppUmM4eTR1TjJNWVZlNnhZdWI3ZDRpT3kxck9PK2ZVbTRmbGp6REZPMHRUT0tWUXk3TUp3MmdnN1xucmgvR0lURmJFSEgyUVo4aUVxNTNFbmFuenRiWFR4aW53Y0thZk14WHZlNnp0Um1mcXY4b29FKy9Bb0dBTXI2d1xuTm5udW85TndIWDgxY1dKVE9kWmNJVkIwdmxnZ21RY1ZxblpGZXR2c21jYWpXZzlxdWpaZ20xY1ZSUm5jbGdUQ1xuVEN5S2k4cHlVZFhHajFIS3pyREpMTFZNcGJ1L0RBMFF5eHZObVFQUyt0V2dYdUlFVEdqRVYwdmhhWkVzNUV0c1xub0NqYUNsS2R1R3V4T01XcHVMVW1XdWpCRXJMMTEwOGxqS0VTYndzQ2dZRUE2MXF0V2RUb1BCRFo5ZHVHdEtCU1xuYm5zVU1UN1hiaGcvaVptWmdhNHZiT2QvL3ZUbzVLOTk1WjN6L0hZTnY0TFAxVytBcG1PU3lLbHo5Y0duL2lSbVxuOThxd2h3UGRLbTh5bklQdG5JTUNmdnIyeTEvb3duSFBpTnZQNTRLVHE0eno0cjJpOFpSd1BROXQwbFRBTW9RclxuM29yY3I3dC95ZXZsaThSTXl6TEJ0M3c9XG4tLS0tLUVORCBQUklWQVRFIEtFWS0tLS0tXG4iLAogICJjbGllbnRfZW1haWwiOiAicHJpbWFyeUBzbS1kZW1vLWZvcnRlYW0uaWFtLmdzZXJ2aWNlYWNjb3VudC5jb20iLAogICJjbGllbnRfaWQiOiAiMTE1NTkzNDE4ODUzNTg0MTgxNjE5IiwKICAiYXV0aF91cmkiOiAiaHR0cHM6Ly9hY2NvdW50cy5nb29nbGUuY29tL28vb2F1dGgyL2F1dGgiLAogICJ0b2tlbl91cmkiOiAiaHR0cHM6Ly9vYXV0aDIuZ29vZ2xlYXBpcy5jb20vdG9rZW4iLAogICJhdXRoX3Byb3ZpZGVyX3g1MDlfY2VydF91cmwiOiAiaHR0cHM6Ly93d3cuZ29vZ2xlYXBpcy5jb20vb2F1dGgyL3YxL2NlcnRzIiwKICAiY2xpZW50X3g1MDlfY2VydF91cmwiOiAiaHR0cHM6Ly93d3cuZ29vZ2xlYXBpcy5jb20vcm9ib3QvdjEvbWV0YWRhdGEveDUwOS9wcmltYXJ5JTQwc20tZGVtby1mb3J0ZWFtLmlhbS5nc2VydmljZWFjY291bnQuY29tIgp9Cg==",
            "private_key_type": "TYPE_GOOGLE_CREDENTIALS_FILE",
            "public_key": "LS0tLS1CRUdJTiBDRVJUSUZJQ0FURS0tLS0tCk1JSUMrakNDQWVLZ0F3SUJBZ0lJYVJ5Y1NkQ09VUjh3RFFZSktvWklodmNOQVFFRkJRQXdJREVlTUJ3R0ExVUUKQXhNVk1URTFOVGt6TkRFNE9EVXpOVGcwTVRneE5qRTVNQjRYRFRJeE1ETXhPVEUwTXpVMU5Gb1hEVEl4TURReApPREUwTXpVMU5Gb3dJREVlTUJ3R0ExVUVBeE1WTVRFMU5Ua3pOREU0T0RVek5UZzBNVGd4TmpFNU1JSUJJakFOCkJna3Foa2lHOXcwQkFRRUZBQU9DQVE4QU1JSUJDZ0tDQVFFQXVpNitFaU1Xd1R4b29HYklrcFFKYjB3ejlQWk4KL05EOUR3SitRN0hybWpJTmFkU3IyYjFRYlhFMnJFb2NzQUZnS2JLRFBTY2NYSlNWS3prdFBTNnQ5ZHRJUHk4RQpFK0RLUjNXdG0wdnFYL3piUmhWZ3pTNTZNNWpwSEdvQUVHcndsQjFuY3hQSDc1YkdhazkzSXpPc0FzbmZiTXJDCmJ1OURMUDl2MGVpUkhTTzZJc1lpa1N6cGp0Z2hKYlRmSVp4amJXVzBzNnNzS1VsaEc1Rmp5bWVUS1ROUGlKOCsKT1VkZFhBR0UwMTJHVkdTNllpTEZxVkRtclJDbDdPaDZ5KzZ2WXhnYWFEMWhaNXZGVm12dGFKNEs2eHNoT2lsKwpuTlQ3ZTRKMkFnU2RnSHR6LzE1MHlpZ1ZRMFU0cWdmczNXZ3M3ODBwUi9Na2JYS2xVNWFZZnMzbzNRSURBUUFCCm96Z3dOakFNQmdOVkhSTUJBZjhFQWpBQU1BNEdBMVVkRHdFQi93UUVBd0lIZ0RBV0JnTlZIU1VCQWY4RUREQUsKQmdnckJnRUZCUWNEQWpBTkJna3Foa2lHOXcwQkFRVUZBQU9DQVFFQXJKTUxvdklBVXhCc2VldG1PME9ONFp5agorZHF0QUFwN2lSYnNYd1BLNVRqNlA4VXFkYXVxU1NuK2R4VklBeHYwWnZHVE9sYnA4QmNnWkszR3YxMWR1ZjRoCnJabnVxVDVzY1Z1QzRPQlFhNjFONFlPTXlRNHdKUlA0cjdRTE5HUTdvUXVWK20yaHZrYkl1YkRkNS9JNFFnd2UKc0FKd3dBZVZ1Q3RSbm5ISUpqdFVGZkdZTXFQMmxQMG1tbDJvR1k4TzQ5cmpFa0VEakROQ2FLMk5XNU5XUmZMeQpYM3NNYkJESW9oOXBXelZiaUhXelREb09YTkI3YktnODhnTmM1ZG1VWUx6c0R0U2kwM2lBU2hJcDJKYTZEcC9mCndpSlc5VjZXZWN5SHVPODZoVitWUkw3b1FZMXlJcmZpNkhEcE5YRm9tdjZRUkFlNDZ1ejE0Zzh6Q05hWHhRPT0KLS0tLS1FTkQgQ0VSVElGSUNBVEUtLS0tLQo=",
            "public_key_data": null,
            "public_key_type": "TYPE_X509_PEM_FILE",
            "service_account_id": "projects/sm-demo-forteam/serviceAccounts/primary@sm-demo-forteam.iam.gserviceaccount.com",
            "valid_after": "2021-03-19T14:35:54Z",
            "valid_before": "2021-04-18T14:35:54Z"
          },
          "sensitive_attributes": [],
          "private": "bnVsbA==",
          "dependencies": [
            "data.google_client_config.current",
            "module.hub-primary.google_service_account.gke_hub_sa"
          ]
        }
      ]
    },
    {
      "module": "module.hub-primary.module.gke_hub_registration",
      "mode": "data",
      "type": "external",
      "name": "env_override",
      "provider": "provider[\"registry.terraform.io/hashicorp/external\"]",
      "instances": [
        {
          "index_key": 0,
          "schema_version": 0,
          "attributes": {
            "id": "-",
            "program": [
              ".terraform/modules/hub-primary.gke_hub_registration/scripts/check_env.sh"
            ],
            "query": null,
            "result": {
              "download": ""
            },
            "working_dir": null
          },
          "sensitive_attributes": []
        }
      ]
    },
    {
      "module": "module.hub-primary.module.gke_hub_registration",
      "mode": "managed",
      "type": "null_resource",
      "name": "module_depends_on",
      "provider": "provider[\"registry.terraform.io/hashicorp/null\"]",
      "instances": [
        {
          "index_key": 0,
          "schema_version": 0,
          "attributes": {
            "id": "1032202744449574060",
            "triggers": {
              "value": "1"
            }
          },
          "sensitive_attributes": [
            [
              {
                "type": "get_attr",
                "value": "triggers"
              },
              {
                "type": "index",
                "value": {
                  "value": "value",
                  "type": "string"
                }
              }
            ]
          ],
          "private": "bnVsbA==",
          "dependencies": [
            "data.google_client_config.current",
            "data.google_project.project",
            "module.primary-cluster.data.google_compute_zones.available",
            "module.primary-cluster.data.google_container_engine_versions.region",
            "module.primary-cluster.data.google_container_engine_versions.zone",
            "module.primary-cluster.google_container_cluster.primary",
            "module.primary-cluster.google_container_node_pool.pools",
            "module.primary-cluster.google_service_account.cluster_service_account",
            "module.primary-cluster.random_shuffle.available_zones",
            "module.primary-cluster.random_string.cluster_service_account_suffix",
            "module.project-services.google_project_service.project_services"
          ]
        }
      ]
    },
    {
      "module": "module.hub-primary.module.gke_hub_registration",
      "mode": "managed",
      "type": "null_resource",
      "name": "run_command",
      "provider": "provider[\"registry.terraform.io/hashicorp/null\"]",
      "instances": [
        {
          "index_key": 0,
          "schema_version": 0,
          "attributes": {
            "id": "8530468482919603429",
            "triggers": {
              "arguments": "3db03197218ef7f75953bc9af959f093",
              "create_cmd_body": "1 primary ewogICJ0eXBlIjogInNlcnZpY2VfYWNjb3VudCIsCiAgInByb2plY3RfaWQiOiAic20tZGVtby1mb3J0ZWFtIiwKICAicHJpdmF0ZV9rZXlfaWQiOiAiMGY3YzJlMjI4YTcwOTUzZWM1Mjk0OTlhNjY1YWYwZmZlZmM3NzUzNyIsCiAgInByaXZhdGVfa2V5IjogIi0tLS0tQkVHSU4gUFJJVkFURSBLRVktLS0tLVxuTUlJRXZRSUJBREFOQmdrcWhraUc5dzBCQVFFRkFBU0NCS2N3Z2dTakFnRUFBb0lCQVFDNkxyNFNJeGJCUEdpZ1xuWnNpU2xBbHZURFAwOWszODBQMFBBbjVEc2V1YU1nMXAxS3ZadlZCdGNUYXNTaHl3QVdBcHNvTTlKeHhjbEpVclxuT1MwOUxxMzEyMGcvTHdRVDRNcEhkYTJiUytwZi9OdEdGV0ROTG5vem1Pa2NhZ0FRYXZDVUhXZHpFOGZ2bHNacVxuVDNjak02d0N5ZDlzeXNKdTcwTXMvMi9SNkpFZEk3b2l4aUtSTE9tTzJDRWx0TjhobkdOdFpiU3pxeXdwU1dFYlxua1dQS1o1TXBNMCtJbno0NVIxMWNBWVRUWFlaVVpMcGlJc1dwVU9hdEVLWHM2SHJMN3E5akdCcG9QV0ZubThWV1xuYSsxb25ncnJHeUU2S1g2YzFQdDdnbllDQkoyQWUzUC9YblRLS0JWRFJUaXFCK3pkYUN6dnpTbEg4eVJ0Y3FWVFxubHBoK3plamRBZ01CQUFFQ2dnRUFQblBTZHlRRkRJRzJlT094Y1JXdVNvS3R4UVJmNmFleTB6ZWJZaHJLOUpqSVxuamhEMEttQktHOFFIdW1oTDBqQkw4UUM3N0NYejZndy9NMVlGR2twUHVUSTZ2Rk1KazU5cVN1a3ErSFpSSXF5ZlxuWXhWbHVMM1g2UG5vYkFzVWhXMVIwT1ZDSDhScFl6RlkwaTFnd2RLaDV2ZVBkaDlYZEQzVzh6K2w0eXdYalVXdFxuRG10d1U2cEZDbTRlK0M0SW5uaG8rWldBK1VBTHRCblVjOUZCZThsVFVYb3pSQ0RxV1V3ZVlsWVY3OTFZWjNFRVxuQk9QdWovS01ZRjQ5NjhraWwvK2dhS2xUM1hHdURGMm5icHp5aVFTVUlGZnd2WkMrUmIwN20vWjB1YkNjSDVHQlxuczY5c1BESnBpTGhEMUM2MlVrMm84Si9nbldkL2hrcHpJSnQ4MDdFNHd3S0JnUUR3dXlIaXMrbDNucVNaL1dhRVxuMU1HN0VKbEdLQ3ZyK3MyaVpDZHpOMGNDbEFMbjVTUVltYVF2MzNqV0dsa0gxcTJKSDFnV1d4TDF6RWdNNmNCM1xucCtGL29NMlJGVFZtVjNQbi9rdVI4aC8yc2IrQm55TVdrVXd1Qjc5U1plcEdsUGdJS1lwcHQwOExrS040dGJGZVxuTjFzT0lZalBmT1kxQ1hOeENhNFV6ZXB2VHdLQmdRREYvZUdCY1VXQ2VsSm45bW1ndmNtMjlhNTA1KytGaWI3Z1xuMjdFVGZmYm5PWDdRYzhsVG00dG04Q1dVWFZnVVdUY0lZMERGdjBTYW5qT01lZDhnZzVkVlc0eXVKaGVieUVxZFxucnVhMzJBVFVIT1dCbWhaNUJKc0Jid0tqTzRhMGhXelRtN3E5U0hGUmNSS0F2dGNPRkt5UDZzVS9YM3ZES0w4M1xuSkI1Yk5lUjZFd0tCZ0JQSHZKUU5KbXpleXpXZi9iR0NiZHk2RTI0UlZQS1I3QjJnenlFSGRMMUFmakNod21LSFxuRlZlZHJDY2ppUmM4eTR1TjJNWVZlNnhZdWI3ZDRpT3kxck9PK2ZVbTRmbGp6REZPMHRUT0tWUXk3TUp3MmdnN1xucmgvR0lURmJFSEgyUVo4aUVxNTNFbmFuenRiWFR4aW53Y0thZk14WHZlNnp0Um1mcXY4b29FKy9Bb0dBTXI2d1xuTm5udW85TndIWDgxY1dKVE9kWmNJVkIwdmxnZ21RY1ZxblpGZXR2c21jYWpXZzlxdWpaZ20xY1ZSUm5jbGdUQ1xuVEN5S2k4cHlVZFhHajFIS3pyREpMTFZNcGJ1L0RBMFF5eHZObVFQUyt0V2dYdUlFVEdqRVYwdmhhWkVzNUV0c1xub0NqYUNsS2R1R3V4T01XcHVMVW1XdWpCRXJMMTEwOGxqS0VTYndzQ2dZRUE2MXF0V2RUb1BCRFo5ZHVHdEtCU1xuYm5zVU1UN1hiaGcvaVptWmdhNHZiT2QvL3ZUbzVLOTk1WjN6L0hZTnY0TFAxVytBcG1PU3lLbHo5Y0duL2lSbVxuOThxd2h3UGRLbTh5bklQdG5JTUNmdnIyeTEvb3duSFBpTnZQNTRLVHE0eno0cjJpOFpSd1BROXQwbFRBTW9RclxuM29yY3I3dC95ZXZsaThSTXl6TEJ0M3c9XG4tLS0tLUVORCBQUklWQVRFIEtFWS0tLS0tXG4iLAogICJjbGllbnRfZW1haWwiOiAicHJpbWFyeUBzbS1kZW1vLWZvcnRlYW0uaWFtLmdzZXJ2aWNlYWNjb3VudC5jb20iLAogICJjbGllbnRfaWQiOiAiMTE1NTkzNDE4ODUzNTg0MTgxNjE5IiwKICAiYXV0aF91cmkiOiAiaHR0cHM6Ly9hY2NvdW50cy5nb29nbGUuY29tL28vb2F1dGgyL2F1dGgiLAogICJ0b2tlbl91cmkiOiAiaHR0cHM6Ly9vYXV0aDIuZ29vZ2xlYXBpcy5jb20vdG9rZW4iLAogICJhdXRoX3Byb3ZpZGVyX3g1MDlfY2VydF91cmwiOiAiaHR0cHM6Ly93d3cuZ29vZ2xlYXBpcy5jb20vb2F1dGgyL3YxL2NlcnRzIiwKICAiY2xpZW50X3g1MDlfY2VydF91cmwiOiAiaHR0cHM6Ly93d3cuZ29vZ2xlYXBpcy5jb20vcm9ib3QvdjEvbWV0YWRhdGEveDUwOS9wcmltYXJ5JTQwc20tZGVtby1mb3J0ZWFtLmlhbS5nc2VydmljZWFjY291bnQuY29tIgp9Cg== https://container.googleapis.com/projects/sm-demo-forteam/locations/us-central1-a/clusters/primary sm-demo-forteam ",
              "create_cmd_entrypoint": ".terraform/modules/hub-primary/modules/hub/scripts/gke_hub_registration.sh",
              "gcloud_bin_abs_path": "/google-cloud-sdk/bin",
              "md5": "e90c29c0ab493e837fa052bdff0e6952"
            }
          },
          "sensitive_attributes": [],
          "private": "bnVsbA==",
          "dependencies": [
            "data.google_client_config.current",
            "data.google_project.project",
            "module.hub-primary.google_service_account.gke_hub_sa",
            "module.hub-primary.google_service_account_key.gke_hub_key",
            "module.hub-primary.module.gke_hub_registration.data.external.env_override",
            "module.hub-primary.module.gke_hub_registration.null_resource.additional_components",
            "module.hub-primary.module.gke_hub_registration.null_resource.decompress",
            "module.hub-primary.module.gke_hub_registration.null_resource.download_gcloud",
            "module.hub-primary.module.gke_hub_registration.null_resource.download_jq",
            "module.hub-primary.module.gke_hub_registration.null_resource.gcloud_auth_google_credentials",
            "module.hub-primary.module.gke_hub_registration.null_resource.gcloud_auth_service_account_key_file",
            "module.hub-primary.module.gke_hub_registration.null_resource.module_depends_on",
            "module.hub-primary.module.gke_hub_registration.null_resource.prepare_cache",
            "module.hub-primary.module.gke_hub_registration.null_resource.upgrade",
            "module.hub-primary.module.gke_hub_registration.random_id.cache",
            "module.primary-cluster.data.google_compute_zones.available",
            "module.primary-cluster.data.google_container_engine_versions.region",
            "module.primary-cluster.data.google_container_engine_versions.zone",
            "module.primary-cluster.google_container_cluster.primary",
            "module.primary-cluster.google_container_node_pool.pools",
            "module.primary-cluster.google_service_account.cluster_service_account",
            "module.primary-cluster.random_shuffle.available_zones",
            "module.primary-cluster.random_string.cluster_service_account_suffix",
            "module.project-services.google_project_service.project_services"
          ]
        }
      ]
    },
    {
      "module": "module.hub-primary.module.gke_hub_registration",
      "mode": "managed",
      "type": "null_resource",
      "name": "run_destroy_command",
      "provider": "provider[\"registry.terraform.io/hashicorp/null\"]",
      "instances": [
        {
          "index_key": 0,
          "schema_version": 0,
          "attributes": {
            "id": "3214406837434298223",
            "triggers": {
              "destroy_cmd_body": "1 primary https://container.googleapis.com/projects/sm-demo-forteam/locations/us-central1-a/clusters/primary sm-demo-forteam",
              "destroy_cmd_entrypoint": ".terraform/modules/hub-primary/modules/hub/scripts/gke_hub_unregister.sh",
              "gcloud_bin_abs_path": "/google-cloud-sdk/bin"
            }
          },
          "sensitive_attributes": [],
          "private": "bnVsbA==",
          "dependencies": [
            "data.google_client_config.current",
            "data.google_project.project",
            "module.hub-primary.google_service_account.gke_hub_sa",
            "module.hub-primary.google_service_account_key.gke_hub_key",
            "module.hub-primary.module.gke_hub_registration.data.external.env_override",
            "module.hub-primary.module.gke_hub_registration.null_resource.additional_components",
            "module.hub-primary.module.gke_hub_registration.null_resource.decompress",
            "module.hub-primary.module.gke_hub_registration.null_resource.download_gcloud",
            "module.hub-primary.module.gke_hub_registration.null_resource.download_jq",
            "module.hub-primary.module.gke_hub_registration.null_resource.gcloud_auth_google_credentials",
            "module.hub-primary.module.gke_hub_registration.null_resource.gcloud_auth_service_account_key_file",
            "module.hub-primary.module.gke_hub_registration.null_resource.module_depends_on",
            "module.hub-primary.module.gke_hub_registration.null_resource.prepare_cache",
            "module.hub-primary.module.gke_hub_registration.null_resource.upgrade",
            "module.hub-primary.module.gke_hub_registration.random_id.cache",
            "module.primary-cluster.data.google_compute_zones.available",
            "module.primary-cluster.data.google_container_engine_versions.region",
            "module.primary-cluster.data.google_container_engine_versions.zone",
            "module.primary-cluster.google_container_cluster.primary",
            "module.primary-cluster.google_container_node_pool.pools",
            "module.primary-cluster.google_service_account.cluster_service_account",
            "module.primary-cluster.random_shuffle.available_zones",
            "module.primary-cluster.random_string.cluster_service_account_suffix",
            "module.project-services.google_project_service.project_services"
          ]
        }
      ]
    },
    {
      "module": "module.hub-secondary",
      "mode": "data",
      "type": "google_client_config",
      "name": "default",
      "provider": "provider[\"registry.terraform.io/hashicorp/google\"]",
      "instances": [
        {
          "schema_version": 0,
          "attributes": {
            "access_token": "ya29.a0AfH6SMBxalsRNpJh5MtJSOoejzwQgdw8LmxQFJNKpBEsP-pLcYYWXx61421eemvTog_llqoBuNMNNcmHblfH5hNt4E9vOWyOUh74S5UVllw1Eeb9TL8uo9RiOuL4epV0DjB8WS4wgw1lPdDSFLLRGnZBDx9aCRZceRfE-F2a2OlIAgJ8y2pW4o9pHEvelwRF8c7FjwmVAT_r-X6XsACh-Sf_5-98UXHt9c-4e-Ba0LzIY5rjg2nKHKRR4HzLzuowZLUwYo6x-Q",
            "id": "projects/sm-demo-forteam/regions/us-central1/zones/",
            "project": "sm-demo-forteam",
            "region": "us-central1",
            "zone": ""
          },
          "sensitive_attributes": []
        }
      ]
    },
    {
      "module": "module.hub-secondary",
      "mode": "managed",
      "type": "google_project_iam_member",
      "name": "gke_hub_member",
      "provider": "provider[\"registry.terraform.io/hashicorp/google\"]",
      "instances": [
        {
          "index_key": 0,
          "schema_version": 0,
          "attributes": {
            "condition": [],
            "etag": "BwW95KL+JFU=",
            "id": "sm-demo-forteam/roles/gkehub.connect/serviceaccount:secondary@sm-demo-forteam.iam.gserviceaccount.com",
            "member": "serviceAccount:secondary@sm-demo-forteam.iam.gserviceaccount.com",
            "project": "sm-demo-forteam",
            "role": "roles/gkehub.connect"
          },
          "sensitive_attributes": [],
          "private": "bnVsbA==",
          "dependencies": [
            "data.google_client_config.current",
            "module.hub-secondary.google_service_account.gke_hub_sa"
          ]
        }
      ]
    },
    {
      "module": "module.hub-secondary",
      "mode": "managed",
      "type": "google_service_account",
      "name": "gke_hub_sa",
      "provider": "provider[\"registry.terraform.io/hashicorp/google\"]",
      "instances": [
        {
          "index_key": 0,
          "schema_version": 0,
          "attributes": {
            "account_id": "secondary",
            "description": "",
            "display_name": "Service Account for GKE Hub Registration",
            "email": "secondary@sm-demo-forteam.iam.gserviceaccount.com",
            "id": "projects/sm-demo-forteam/serviceAccounts/secondary@sm-demo-forteam.iam.gserviceaccount.com",
            "name": "projects/sm-demo-forteam/serviceAccounts/secondary@sm-demo-forteam.iam.gserviceaccount.com",
            "project": "sm-demo-forteam",
            "timeouts": null,
            "unique_id": "112021811062318690643"
          },
          "sensitive_attributes": [],
          "private": "eyJlMmJmYjczMC1lY2FhLTExZTYtOGY4OC0zNDM2M2JjN2M0YzAiOnsiY3JlYXRlIjozMDAwMDAwMDAwMDB9fQ==",
          "dependencies": [
            "data.google_client_config.current"
          ]
        }
      ]
    },
    {
      "module": "module.hub-secondary",
      "mode": "managed",
      "type": "google_service_account_key",
      "name": "gke_hub_key",
      "provider": "provider[\"registry.terraform.io/hashicorp/google\"]",
      "instances": [
        {
          "index_key": 0,
          "schema_version": 0,
          "attributes": {
            "id": "projects/sm-demo-forteam/serviceAccounts/secondary@sm-demo-forteam.iam.gserviceaccount.com/keys/cc4989130c59c9ac538228ffb176c8a9f4406a53",
            "keepers": null,
            "key_algorithm": "KEY_ALG_RSA_2048",
            "name": "projects/sm-demo-forteam/serviceAccounts/secondary@sm-demo-forteam.iam.gserviceaccount.com/keys/cc4989130c59c9ac538228ffb176c8a9f4406a53",
            "private_key": "ewogICJ0eXBlIjogInNlcnZpY2VfYWNjb3VudCIsCiAgInByb2plY3RfaWQiOiAic20tZGVtby1mb3J0ZWFtIiwKICAicHJpdmF0ZV9rZXlfaWQiOiAiY2M0OTg5MTMwYzU5YzlhYzUzODIyOGZmYjE3NmM4YTlmNDQwNmE1MyIsCiAgInByaXZhdGVfa2V5IjogIi0tLS0tQkVHSU4gUFJJVkFURSBLRVktLS0tLVxuTUlJRXZnSUJBREFOQmdrcWhraUc5dzBCQVFFRkFBU0NCS2d3Z2dTa0FnRUFBb0lCQVFEU2FyMzVQU1hvRnovOVxuUkxNVTlxZHI4anFWOVU0VWVQVGlBTzVPbU8rWFdVaHdXa3VKN2s4ZGlQTy95V2dWcHB1Y2NEcThmTHZBa1Jqc1xuYlA3bFNicXRHV3hZWkdJc3daY2Y3WUR3a1F0d0FxK2hpc1NpazV3WExvVFBRL3lHQXljekFCLzVEZ215ZzdXR1xueThUVGREOTVOQWhkZDRjQ3MwMHIzc2hCK0FQMzNtOGdSTUtFZHRBclZiVXYxNFNDU0pUVjZXMlhMRmcyc1NYYVxuSk1PamFGcE9GZ1pqdjJnbWhNUUdFUG5pMlRjWG1YWXlsRWUyL3JaYkZPNHFVR282QVhjWWo1NDFFQkV1N2p3OFxuU2JPQVJ1eW9HTkNyUzVSUDBxSkZ4RGxoQ0ZFMzRkMXZ4VGJqelI5M05rRzdGY25zcnJ2anZaUGhDTlJXcjdBRFxuemZ2NzRGUEpBZ01CQUFFQ2dnRUFBOXE1dFNXV0dxekdXc3pWM1BYeHRpdi9QN3o1RzYzbGluaEs1VHl1OHQ1TFxuVWVlTmg2N0tXemVsZzJkY2xUenlqOGlNZ3VSa0NoQitYT0pZUHZuOVJldDN6Unkxb2ExQUovRVJVaGJPRjFTdFxuUSsvSFQxVVY0R1RWUVBpMVdQMFl6RG5kM0JHU1F1ZGZ2V0xoTGFCdEF6cmRSbDBJcDVlQ08rSCtXQnNEYzVoaVxuZnZiM29vY2dtZk1DeGNIZWtjdnlMcW94SHI5WFc3NW1VQUxzbSt1QXV3eU9BaFVHSHJYM0dxaUltUlU5RFVlOVxuS0FyODRRZkVreWMwS003b0Z4WmkzOWx3QlF3NVlDWUg4YjFVQTJxQmJmdEhDWXJ0V0pVMjZFSmRmZEdmSGM4TVxuSHFiZ0JDU08rYzVUak5GZllFcDlnc0ZGS0ZIamFhcXFLenBFeHVleEN3S0JnUURvVGEydWpkdzRjZnRpSklxR1xuWEJaWTBJdHlnMGJpTXF0Y0FNdjZUK0N2NUhvaDJQc3kxWFFhQ2lPT2dZSGZKdU5Dei9lcjdzazdZWGNWaTZ5d1xuOFBFNllXeE5GVkdJamVnUEl4WlBaaGhUNVpiazNpcnAvZkNTVEJXL1lnMnVqdkJyUGVOYWxJY0hsTm90RmxrZlxuVDY1UWJ0T3c2QkpKL0t6bGIxSkV0MzI4WHdLQmdRRG40WVpzZGZZblUrNWdHZnYvTGhVODJhM0hzdURhaXRnL1xucjRBYXRsaExGTWlPSmh1enVIaHlhRlUzQVAxVFdmNFQzeDJqV1M4UGhFWFE4TGwvRWloeTFFa3lHWjFqK21TNlxuOUhidmd4Z2g0UFVSc01ZUFpVYUFyajNVZXFNQmRrTTlsbTJiUkN0T1NsdktuZTM5dm1janBjc1hhVlZIS3ZsV1xuUnpJSitBemcxd0tCZ1FDbDM3R0F6bkxOS3paZzRjNjRHZEVySWQ0d3FtUlc1KzlNQnBXZjZxRjVkeDl1UTgwNlxuZ3dnZi85VmIwRVczM2NDdzJHYjFNZEFtd25XUndPWlNnZmo5d3NyZVQ3YWtWdys0bjBreThLZTJZRjNhbG5qMlxuRkFsUHJWeHFCODNWTXVPZzc5UUR2Y0tkTzBCK3FWS0I5UmQyLzJ2UkNpVGxCN005TUx3QnJUUHU2UUtCZ0dueFxuZ1pCV2lRUEk5aldVU2ExNmFadW12UjVyblE1Y3Q1YkpZWmRTenA1blBZYXM1S1ZGV0VxMVhwSEY4dmc5T3JmclxuamNnUFBGQXptQTV4bmQ3djlla1pFdVJBRGNnYkpDRERCd0JCZmlva2RQUUROMHJiYzgzaFRrQ2hVNDZjY1BaWFxubjNaOE8ra0dVbEFOdmluYjc1VzY3MEtnRHFWNGZma3NpREZEMHVaN0FvR0JBS3Voa3l1YXpQS1RTMnhSUWVtWFxudU12eDMrenBRMCtBK2R1a2g2RTZvdlorSzlhdjZKR3lsUUNueUpQbjF2LzFjeVJjVHBYQ0hqMVI5MHllSDFOalxueE1JaGpaSWFZR0xISFl4UVA4SGwzRS91T0ZZQnA4OXoxM0FEaFB4UkpGdkpwRCs3RlFBcHA1R3FleHpFZWRDRlxuWGxJQ1RuN2xzN0xwM2FJT3FRcnQ4T1AzXG4tLS0tLUVORCBQUklWQVRFIEtFWS0tLS0tXG4iLAogICJjbGllbnRfZW1haWwiOiAic2Vjb25kYXJ5QHNtLWRlbW8tZm9ydGVhbS5pYW0uZ3NlcnZpY2VhY2NvdW50LmNvbSIsCiAgImNsaWVudF9pZCI6ICIxMTIwMjE4MTEwNjIzMTg2OTA2NDMiLAogICJhdXRoX3VyaSI6ICJodHRwczovL2FjY291bnRzLmdvb2dsZS5jb20vby9vYXV0aDIvYXV0aCIsCiAgInRva2VuX3VyaSI6ICJodHRwczovL29hdXRoMi5nb29nbGVhcGlzLmNvbS90b2tlbiIsCiAgImF1dGhfcHJvdmlkZXJfeDUwOV9jZXJ0X3VybCI6ICJodHRwczovL3d3dy5nb29nbGVhcGlzLmNvbS9vYXV0aDIvdjEvY2VydHMiLAogICJjbGllbnRfeDUwOV9jZXJ0X3VybCI6ICJodHRwczovL3d3dy5nb29nbGVhcGlzLmNvbS9yb2JvdC92MS9tZXRhZGF0YS94NTA5L3NlY29uZGFyeSU0MHNtLWRlbW8tZm9ydGVhbS5pYW0uZ3NlcnZpY2VhY2NvdW50LmNvbSIKfQo=",
            "private_key_type": "TYPE_GOOGLE_CREDENTIALS_FILE",
            "public_key": "LS0tLS1CRUdJTiBDRVJUSUZJQ0FURS0tLS0tCk1JSUMrakNDQWVLZ0F3SUJBZ0lJWW90VnQ5U2tHaUl3RFFZSktvWklodmNOQVFFRkJRQXdJREVlTUJ3R0ExVUUKQXhNVk1URXlNREl4T0RFeE1EWXlNekU0Tmprd05qUXpNQjRYRFRJeE1ETXhPVEUwTXpVMU5Gb1hEVEl4TURReApPREUwTXpVMU5Gb3dJREVlTUJ3R0ExVUVBeE1WTVRFeU1ESXhPREV4TURZeU16RTROamt3TmpRek1JSUJJakFOCkJna3Foa2lHOXcwQkFRRUZBQU9DQVE4QU1JSUJDZ0tDQVFFQTBtcTkrVDBsNkJjLy9VU3pGUGFuYS9JNmxmVk8KRkhqMDRnRHVUcGp2bDFsSWNGcExpZTVQSFlqenY4bG9GYWFibkhBNnZIeTd3SkVZN0d6KzVVbTZyUmxzV0dSaQpMTUdYSCsyQThKRUxjQUt2b1lyRW9wT2NGeTZFejBQOGhnTW5Nd0FmK1E0SnNvTzFoc3ZFMDNRL2VUUUlYWGVICkFyTk5LOTdJUWZnRDk5NXZJRVRDaEhiUUsxVzFMOWVFZ2tpVTFlbHRseXhZTnJFbDJpVERvMmhhVGhZR1k3OW8KSm9URUJoRDU0dGszRjVsMk1wUkh0djYyV3hUdUtsQnFPZ0YzR0krZU5SQVJMdTQ4UEVtemdFYnNxQmpRcTB1VQpUOUtpUmNRNVlRaFJOK0hkYjhVMjQ4MGZkelpCdXhYSjdLNjc0NzJUNFFqVVZxK3dBODM3KytCVHlRSURBUUFCCm96Z3dOakFNQmdOVkhSTUJBZjhFQWpBQU1BNEdBMVVkRHdFQi93UUVBd0lIZ0RBV0JnTlZIU1VCQWY4RUREQUsKQmdnckJnRUZCUWNEQWpBTkJna3Foa2lHOXcwQkFRVUZBQU9DQVFFQVB4NXM3dnFIT1dFQ253c3NabnVBbXhUQgpTaldReVJMdjVwUlErK1ZQbWZEZW9xYTRwUmRpc3VJYkhrbzhINFl4dEhGNmZOOU4zM1dOemdYZ0JqMUZDemZLCmQzV0FOTmg0MXArc0FGc0Ftc2hqMTlqcjcvMlpST0duRnQ5WGgzZEZIbmNUMmVTTm51NVJsY3B0UGdFSUhwcFAKd096aUJIVENUclpyWldaRlVnbWhucUlqTENCRjFFV2E2SmtyQWUxVUluZDlkV01tRGJYQ01WNkNSRzBVSWY4Sgo4eUR3UnBRN1NLL2kxTEtBT2ZDRkFHQXF3SDN5N25BRmluVjBPTWlkUDZ5ZENDRVJrU2E2RTlzR2dmOW43UzloClM5QzdhVGVGdjJUNWFxV3p3YnRDRlJqQlRjN0doZGMwRVhPbVVzbzZkWnRCNmFqWTVEaDFaSG5DZGV5WFVBPT0KLS0tLS1FTkQgQ0VSVElGSUNBVEUtLS0tLQo=",
            "public_key_data": null,
            "public_key_type": "TYPE_X509_PEM_FILE",
            "service_account_id": "projects/sm-demo-forteam/serviceAccounts/secondary@sm-demo-forteam.iam.gserviceaccount.com",
            "valid_after": "2021-03-19T14:35:54Z",
            "valid_before": "2021-04-18T14:35:54Z"
          },
          "sensitive_attributes": [],
          "private": "bnVsbA==",
          "dependencies": [
            "data.google_client_config.current",
            "module.hub-secondary.google_service_account.gke_hub_sa"
          ]
        }
      ]
    },
    {
      "module": "module.hub-secondary.module.gke_hub_registration",
      "mode": "data",
      "type": "external",
      "name": "env_override",
      "provider": "provider[\"registry.terraform.io/hashicorp/external\"]",
      "instances": [
        {
          "index_key": 0,
          "schema_version": 0,
          "attributes": {
            "id": "-",
            "program": [
              ".terraform/modules/hub-secondary.gke_hub_registration/scripts/check_env.sh"
            ],
            "query": null,
            "result": {
              "download": ""
            },
            "working_dir": null
          },
          "sensitive_attributes": []
        }
      ]
    },
    {
      "module": "module.hub-secondary.module.gke_hub_registration",
      "mode": "managed",
      "type": "null_resource",
      "name": "module_depends_on",
      "provider": "provider[\"registry.terraform.io/hashicorp/null\"]",
      "instances": [
        {
          "index_key": 0,
          "schema_version": 0,
          "attributes": {
            "id": "2370694831097542265",
            "triggers": {
              "value": "1"
            }
          },
          "sensitive_attributes": [
            [
              {
                "type": "get_attr",
                "value": "triggers"
              },
              {
                "type": "index",
                "value": {
                  "value": "value",
                  "type": "string"
                }
              }
            ]
          ],
          "private": "bnVsbA==",
          "dependencies": [
            "data.google_client_config.current",
            "data.google_project.project",
            "module.project-services.google_project_service.project_services",
            "module.secondary-cluster.data.google_compute_zones.available",
            "module.secondary-cluster.data.google_container_engine_versions.region",
            "module.secondary-cluster.data.google_container_engine_versions.zone",
            "module.secondary-cluster.google_container_cluster.primary",
            "module.secondary-cluster.google_container_node_pool.pools",
            "module.secondary-cluster.google_service_account.cluster_service_account",
            "module.secondary-cluster.random_shuffle.available_zones",
            "module.secondary-cluster.random_string.cluster_service_account_suffix"
          ]
        }
      ]
    },
    {
      "module": "module.hub-secondary.module.gke_hub_registration",
      "mode": "managed",
      "type": "null_resource",
      "name": "run_command",
      "provider": "provider[\"registry.terraform.io/hashicorp/null\"]",
      "instances": [
        {
          "index_key": 0,
          "schema_version": 0,
          "attributes": {
            "id": "1438907888412224094",
            "triggers": {
              "arguments": "b0a2f8c1087c2cff0dee84e314f29893",
              "create_cmd_body": "1 secondary ewogICJ0eXBlIjogInNlcnZpY2VfYWNjb3VudCIsCiAgInByb2plY3RfaWQiOiAic20tZGVtby1mb3J0ZWFtIiwKICAicHJpdmF0ZV9rZXlfaWQiOiAiY2M0OTg5MTMwYzU5YzlhYzUzODIyOGZmYjE3NmM4YTlmNDQwNmE1MyIsCiAgInByaXZhdGVfa2V5IjogIi0tLS0tQkVHSU4gUFJJVkFURSBLRVktLS0tLVxuTUlJRXZnSUJBREFOQmdrcWhraUc5dzBCQVFFRkFBU0NCS2d3Z2dTa0FnRUFBb0lCQVFEU2FyMzVQU1hvRnovOVxuUkxNVTlxZHI4anFWOVU0VWVQVGlBTzVPbU8rWFdVaHdXa3VKN2s4ZGlQTy95V2dWcHB1Y2NEcThmTHZBa1Jqc1xuYlA3bFNicXRHV3hZWkdJc3daY2Y3WUR3a1F0d0FxK2hpc1NpazV3WExvVFBRL3lHQXljekFCLzVEZ215ZzdXR1xueThUVGREOTVOQWhkZDRjQ3MwMHIzc2hCK0FQMzNtOGdSTUtFZHRBclZiVXYxNFNDU0pUVjZXMlhMRmcyc1NYYVxuSk1PamFGcE9GZ1pqdjJnbWhNUUdFUG5pMlRjWG1YWXlsRWUyL3JaYkZPNHFVR282QVhjWWo1NDFFQkV1N2p3OFxuU2JPQVJ1eW9HTkNyUzVSUDBxSkZ4RGxoQ0ZFMzRkMXZ4VGJqelI5M05rRzdGY25zcnJ2anZaUGhDTlJXcjdBRFxuemZ2NzRGUEpBZ01CQUFFQ2dnRUFBOXE1dFNXV0dxekdXc3pWM1BYeHRpdi9QN3o1RzYzbGluaEs1VHl1OHQ1TFxuVWVlTmg2N0tXemVsZzJkY2xUenlqOGlNZ3VSa0NoQitYT0pZUHZuOVJldDN6Unkxb2ExQUovRVJVaGJPRjFTdFxuUSsvSFQxVVY0R1RWUVBpMVdQMFl6RG5kM0JHU1F1ZGZ2V0xoTGFCdEF6cmRSbDBJcDVlQ08rSCtXQnNEYzVoaVxuZnZiM29vY2dtZk1DeGNIZWtjdnlMcW94SHI5WFc3NW1VQUxzbSt1QXV3eU9BaFVHSHJYM0dxaUltUlU5RFVlOVxuS0FyODRRZkVreWMwS003b0Z4WmkzOWx3QlF3NVlDWUg4YjFVQTJxQmJmdEhDWXJ0V0pVMjZFSmRmZEdmSGM4TVxuSHFiZ0JDU08rYzVUak5GZllFcDlnc0ZGS0ZIamFhcXFLenBFeHVleEN3S0JnUURvVGEydWpkdzRjZnRpSklxR1xuWEJaWTBJdHlnMGJpTXF0Y0FNdjZUK0N2NUhvaDJQc3kxWFFhQ2lPT2dZSGZKdU5Dei9lcjdzazdZWGNWaTZ5d1xuOFBFNllXeE5GVkdJamVnUEl4WlBaaGhUNVpiazNpcnAvZkNTVEJXL1lnMnVqdkJyUGVOYWxJY0hsTm90RmxrZlxuVDY1UWJ0T3c2QkpKL0t6bGIxSkV0MzI4WHdLQmdRRG40WVpzZGZZblUrNWdHZnYvTGhVODJhM0hzdURhaXRnL1xucjRBYXRsaExGTWlPSmh1enVIaHlhRlUzQVAxVFdmNFQzeDJqV1M4UGhFWFE4TGwvRWloeTFFa3lHWjFqK21TNlxuOUhidmd4Z2g0UFVSc01ZUFpVYUFyajNVZXFNQmRrTTlsbTJiUkN0T1NsdktuZTM5dm1janBjc1hhVlZIS3ZsV1xuUnpJSitBemcxd0tCZ1FDbDM3R0F6bkxOS3paZzRjNjRHZEVySWQ0d3FtUlc1KzlNQnBXZjZxRjVkeDl1UTgwNlxuZ3dnZi85VmIwRVczM2NDdzJHYjFNZEFtd25XUndPWlNnZmo5d3NyZVQ3YWtWdys0bjBreThLZTJZRjNhbG5qMlxuRkFsUHJWeHFCODNWTXVPZzc5UUR2Y0tkTzBCK3FWS0I5UmQyLzJ2UkNpVGxCN005TUx3QnJUUHU2UUtCZ0dueFxuZ1pCV2lRUEk5aldVU2ExNmFadW12UjVyblE1Y3Q1YkpZWmRTenA1blBZYXM1S1ZGV0VxMVhwSEY4dmc5T3JmclxuamNnUFBGQXptQTV4bmQ3djlla1pFdVJBRGNnYkpDRERCd0JCZmlva2RQUUROMHJiYzgzaFRrQ2hVNDZjY1BaWFxubjNaOE8ra0dVbEFOdmluYjc1VzY3MEtnRHFWNGZma3NpREZEMHVaN0FvR0JBS3Voa3l1YXpQS1RTMnhSUWVtWFxudU12eDMrenBRMCtBK2R1a2g2RTZvdlorSzlhdjZKR3lsUUNueUpQbjF2LzFjeVJjVHBYQ0hqMVI5MHllSDFOalxueE1JaGpaSWFZR0xISFl4UVA4SGwzRS91T0ZZQnA4OXoxM0FEaFB4UkpGdkpwRCs3RlFBcHA1R3FleHpFZWRDRlxuWGxJQ1RuN2xzN0xwM2FJT3FRcnQ4T1AzXG4tLS0tLUVORCBQUklWQVRFIEtFWS0tLS0tXG4iLAogICJjbGllbnRfZW1haWwiOiAic2Vjb25kYXJ5QHNtLWRlbW8tZm9ydGVhbS5pYW0uZ3NlcnZpY2VhY2NvdW50LmNvbSIsCiAgImNsaWVudF9pZCI6ICIxMTIwMjE4MTEwNjIzMTg2OTA2NDMiLAogICJhdXRoX3VyaSI6ICJodHRwczovL2FjY291bnRzLmdvb2dsZS5jb20vby9vYXV0aDIvYXV0aCIsCiAgInRva2VuX3VyaSI6ICJodHRwczovL29hdXRoMi5nb29nbGVhcGlzLmNvbS90b2tlbiIsCiAgImF1dGhfcHJvdmlkZXJfeDUwOV9jZXJ0X3VybCI6ICJodHRwczovL3d3dy5nb29nbGVhcGlzLmNvbS9vYXV0aDIvdjEvY2VydHMiLAogICJjbGllbnRfeDUwOV9jZXJ0X3VybCI6ICJodHRwczovL3d3dy5nb29nbGVhcGlzLmNvbS9yb2JvdC92MS9tZXRhZGF0YS94NTA5L3NlY29uZGFyeSU0MHNtLWRlbW8tZm9ydGVhbS5pYW0uZ3NlcnZpY2VhY2NvdW50LmNvbSIKfQo= https://container.googleapis.com/projects/sm-demo-forteam/locations/us-west1-b/clusters/secondary sm-demo-forteam ",
              "create_cmd_entrypoint": ".terraform/modules/hub-secondary/modules/hub/scripts/gke_hub_registration.sh",
              "gcloud_bin_abs_path": "/google-cloud-sdk/bin",
              "md5": "13fac7f592b9c51757cee491bc5f8873"
            }
          },
          "sensitive_attributes": [],
          "private": "bnVsbA==",
          "dependencies": [
            "data.google_client_config.current",
            "module.hub-secondary.google_service_account_key.gke_hub_key",
            "module.hub-secondary.module.gke_hub_registration.data.external.env_override",
            "module.hub-secondary.module.gke_hub_registration.null_resource.additional_components",
            "module.hub-secondary.module.gke_hub_registration.null_resource.decompress",
            "module.hub-secondary.module.gke_hub_registration.null_resource.gcloud_auth_google_credentials",
            "module.hub-secondary.module.gke_hub_registration.null_resource.gcloud_auth_service_account_key_file",
            "module.hub-secondary.module.gke_hub_registration.null_resource.module_depends_on",
            "module.hub-secondary.module.gke_hub_registration.random_id.cache",
            "module.secondary-cluster.google_container_cluster.primary",
            "module.secondary-cluster.google_container_node_pool.pools"
          ]
        }
      ]
    },
    {
      "module": "module.hub-secondary.module.gke_hub_registration",
      "mode": "managed",
      "type": "null_resource",
      "name": "run_destroy_command",
      "provider": "provider[\"registry.terraform.io/hashicorp/null\"]",
      "instances": [
        {
          "index_key": 0,
          "schema_version": 0,
          "attributes": {
            "id": "6352988616295622191",
            "triggers": {
              "destroy_cmd_body": "1 secondary https://container.googleapis.com/projects/sm-demo-forteam/locations/us-west1-b/clusters/secondary sm-demo-forteam",
              "destroy_cmd_entrypoint": ".terraform/modules/hub-secondary/modules/hub/scripts/gke_hub_unregister.sh",
              "gcloud_bin_abs_path": "/google-cloud-sdk/bin"
            }
          },
          "sensitive_attributes": [],
          "private": "bnVsbA==",
          "dependencies": [
            "data.google_client_config.current",
            "data.google_project.project",
            "module.hub-secondary.google_service_account.gke_hub_sa",
            "module.hub-secondary.google_service_account_key.gke_hub_key",
            "module.hub-secondary.module.gke_hub_registration.data.external.env_override",
            "module.hub-secondary.module.gke_hub_registration.null_resource.additional_components",
            "module.hub-secondary.module.gke_hub_registration.null_resource.decompress",
            "module.hub-secondary.module.gke_hub_registration.null_resource.download_gcloud",
            "module.hub-secondary.module.gke_hub_registration.null_resource.download_jq",
            "module.hub-secondary.module.gke_hub_registration.null_resource.gcloud_auth_google_credentials",
            "module.hub-secondary.module.gke_hub_registration.null_resource.gcloud_auth_service_account_key_file",
            "module.hub-secondary.module.gke_hub_registration.null_resource.module_depends_on",
            "module.hub-secondary.module.gke_hub_registration.null_resource.prepare_cache",
            "module.hub-secondary.module.gke_hub_registration.null_resource.upgrade",
            "module.hub-secondary.module.gke_hub_registration.random_id.cache",
            "module.project-services.google_project_service.project_services",
            "module.secondary-cluster.data.google_compute_zones.available",
            "module.secondary-cluster.data.google_container_engine_versions.region",
            "module.secondary-cluster.data.google_container_engine_versions.zone",
            "module.secondary-cluster.google_container_cluster.primary",
            "module.secondary-cluster.google_container_node_pool.pools",
            "module.secondary-cluster.google_service_account.cluster_service_account",
            "module.secondary-cluster.random_shuffle.available_zones",
            "module.secondary-cluster.random_string.cluster_service_account_suffix"
          ]
        }
      ]
    },
    {
      "module": "module.primary-cluster",
      "mode": "data",
      "type": "google_client_config",
      "name": "default",
      "provider": "provider[\"registry.terraform.io/hashicorp/google-beta\"]",
      "instances": [
        {
          "schema_version": 0,
          "attributes": {
            "access_token": "ya29.a0AfH6SMBxalsRNpJh5MtJSOoejzwQgdw8LmxQFJNKpBEsP-pLcYYWXx61421eemvTog_llqoBuNMNNcmHblfH5hNt4E9vOWyOUh74S5UVllw1Eeb9TL8uo9RiOuL4epV0DjB8WS4wgw1lPdDSFLLRGnZBDx9aCRZceRfE-F2a2OlIAgJ8y2pW4o9pHEvelwRF8c7FjwmVAT_r-X6XsACh-Sf_5-98UXHt9c-4e-Ba0LzIY5rjg2nKHKRR4HzLzuowZLUwYo6x-Q",
            "id": "projects/sm-demo-forteam/regions//zones/",
            "project": "sm-demo-forteam",
            "region": "",
            "zone": ""
          },
          "sensitive_attributes": []
        }
      ]
    },
    {
      "module": "module.primary-cluster",
      "mode": "data",
      "type": "google_compute_zones",
      "name": "available",
      "provider": "provider[\"registry.terraform.io/hashicorp/google-beta\"]",
      "instances": [
        {
          "schema_version": 0,
          "attributes": {
            "id": "projects/sm-demo-forteam/regions/us-central1",
            "names": [
              "us-central1-a",
              "us-central1-b",
              "us-central1-c",
              "us-central1-f"
            ],
            "project": "sm-demo-forteam",
            "region": "us-central1",
            "status": null
          },
          "sensitive_attributes": []
        }
      ]
    },
    {
      "module": "module.primary-cluster",
      "mode": "data",
      "type": "google_container_engine_versions",
      "name": "region",
      "provider": "provider[\"registry.terraform.io/hashicorp/google\"]",
      "instances": [
        {
          "schema_version": 0,
          "attributes": {
            "default_cluster_version": "1.17.17-gke.1101",
            "id": "2021-03-19 14:37:10.291951471 +0000 UTC",
            "latest_master_version": "1.18.16-gke.500",
            "latest_node_version": "1.18.16-gke.500",
            "location": "us-central1-a",
            "project": "sm-demo-forteam",
            "release_channel_default_version": {
              "RAPID": "1.19.7-gke.2503",
              "REGULAR": "1.18.12-gke.1210",
              "STABLE": "1.17.17-gke.1101"
            },
            "valid_master_versions": [
              "1.18.16-gke.500",
              "1.18.16-gke.300",
              "1.18.15-gke.1501",
              "1.18.15-gke.1500",
              "1.18.15-gke.1102",
              "1.18.15-gke.1100",
              "1.18.14-gke.1600",
              "1.18.14-gke.1200",
              "1.18.12-gke.1210",
              "1.17.17-gke.3000",
              "1.17.17-gke.2800",
              "1.17.17-gke.1500",
              "1.17.17-gke.1101",
              "1.17.17-gke.1100",
              "1.17.15-gke.800",
              "1.16.15-gke.12500",
              "1.16.15-gke.11800",
              "1.16.15-gke.10600",
              "1.16.15-gke.7801",
              "1.15.12-gke.6002"
            ],
            "valid_node_versions": [
              "1.18.16-gke.500",
              "1.18.16-gke.300",
              "1.18.15-gke.2500",
              "1.18.15-gke.1501",
              "1.18.15-gke.1500",
              "1.18.15-gke.1102",
              "1.18.15-gke.1100",
              "1.18.15-gke.800",
              "1.18.14-gke.1600",
              "1.18.14-gke.1200",
              "1.18.12-gke.1210",
              "1.18.12-gke.1206",
              "1.18.12-gke.1205",
              "1.18.12-gke.1201",
              "1.18.12-gke.1200",
              "1.18.12-gke.300",
              "1.18.10-gke.2701",
              "1.18.10-gke.2101",
              "1.18.10-gke.1500",
              "1.18.10-gke.601",
              "1.18.9-gke.2501",
              "1.18.9-gke.1501",
              "1.18.9-gke.801",
              "1.18.6-gke.4801",
              "1.18.6-gke.3504",
              "1.18.6-gke.3503",
              "1.17.17-gke.3000",
              "1.17.17-gke.2800",
              "1.17.17-gke.2500",
              "1.17.17-gke.1500",
              "1.17.17-gke.1101",
              "1.17.17-gke.1100",
              "1.17.17-gke.600",
              "1.17.16-gke.1600",
              "1.17.16-gke.1300",
              "1.17.15-gke.800",
              "1.17.15-gke.300",
              "1.17.14-gke.1600",
              "1.17.14-gke.1200",
              "1.17.14-gke.400",
              "1.17.13-gke.2600",
              "1.17.13-gke.2001",
              "1.17.13-gke.1401",
              "1.17.13-gke.1400",
              "1.17.13-gke.600",
              "1.17.12-gke.2502",
              "1.17.12-gke.1504",
              "1.17.12-gke.1501",
              "1.17.12-gke.500",
              "1.17.9-gke.6300",
              "1.17.9-gke.1504",
              "1.16.15-gke.12500",
              "1.16.15-gke.11800",
              "1.16.15-gke.10600",
              "1.16.15-gke.7801",
              "1.16.15-gke.7800",
              "1.16.15-gke.7300",
              "1.16.15-gke.6900",
              "1.16.15-gke.6000",
              "1.16.15-gke.5500",
              "1.16.15-gke.4901",
              "1.16.15-gke.4301",
              "1.16.15-gke.4300",
              "1.16.15-gke.3500",
              "1.16.15-gke.2601",
              "1.16.15-gke.1600",
              "1.16.15-gke.500",
              "1.16.13-gke.404",
              "1.16.13-gke.403",
              "1.16.13-gke.401",
              "1.16.13-gke.400",
              "1.16.13-gke.1",
              "1.16.11-gke.5",
              "1.16.10-gke.8",
              "1.16.9-gke.6",
              "1.16.9-gke.2",
              "1.16.8-gke.15",
              "1.16.8-gke.12",
              "1.16.8-gke.9",
              "1.15.12-gke.6002",
              "1.15.12-gke.6001",
              "1.15.12-gke.5000",
              "1.15.12-gke.4002",
              "1.15.12-gke.4000",
              "1.15.12-gke.20",
              "1.15.12-gke.17",
              "1.15.12-gke.16",
              "1.15.12-gke.13",
              "1.15.12-gke.9",
              "1.15.12-gke.6",
              "1.15.12-gke.3",
              "1.15.12-gke.2",
              "1.15.11-gke.17",
              "1.15.11-gke.15",
              "1.15.11-gke.13",
              "1.15.11-gke.12",
              "1.15.11-gke.11",
              "1.15.11-gke.9",
              "1.15.11-gke.5",
              "1.15.11-gke.3",
              "1.15.11-gke.1",
              "1.15.9-gke.26",
              "1.15.9-gke.24",
              "1.15.9-gke.22",
              "1.15.9-gke.12",
              "1.15.9-gke.9",
              "1.15.9-gke.8",
              "1.15.8-gke.3",
              "1.15.8-gke.2",
              "1.15.7-gke.23",
              "1.15.7-gke.2",
              "1.15.4-gke.22",
              "1.14.10-gke.1504",
              "1.14.10-gke.902",
              "1.14.10-gke.50",
              "1.14.10-gke.46",
              "1.14.10-gke.45",
              "1.14.10-gke.42",
              "1.14.10-gke.41",
              "1.14.10-gke.40",
              "1.14.10-gke.37",
              "1.14.10-gke.36",
              "1.14.10-gke.34",
              "1.14.10-gke.32",
              "1.14.10-gke.31",
              "1.14.10-gke.27",
              "1.14.10-gke.24",
              "1.14.10-gke.22",
              "1.14.10-gke.21",
              "1.14.10-gke.17",
              "1.14.10-gke.0",
              "1.14.9-gke.23",
              "1.14.9-gke.2",
              "1.14.9-gke.0",
              "1.14.8-gke.33",
              "1.14.8-gke.21",
              "1.14.8-gke.18",
              "1.14.8-gke.17",
              "1.14.8-gke.14",
              "1.14.8-gke.12",
              "1.14.8-gke.7",
              "1.14.8-gke.2",
              "1.14.7-gke.40",
              "1.14.7-gke.25",
              "1.14.7-gke.23",
              "1.14.7-gke.17",
              "1.14.7-gke.14",
              "1.14.7-gke.10",
              "1.14.6-gke.13",
              "1.14.6-gke.2",
              "1.14.6-gke.1",
              "1.14.3-gke.11",
              "1.14.3-gke.10",
              "1.14.3-gke.9",
              "1.14.2-gke.9",
              "1.14.1-gke.5",
              "1.13.12-gke.30",
              "1.13.12-gke.25",
              "1.13.12-gke.17",
              "1.13.12-gke.16",
              "1.13.12-gke.14",
              "1.13.12-gke.13",
              "1.13.12-gke.10",
              "1.13.12-gke.8",
              "1.13.12-gke.4",
              "1.13.12-gke.2",
              "1.13.11-gke.23",
              "1.13.11-gke.15",
              "1.13.11-gke.14",
              "1.13.11-gke.12",
              "1.13.11-gke.11",
              "1.13.11-gke.9",
              "1.13.11-gke.5",
              "1.13.10-gke.7",
              "1.13.10-gke.0",
              "1.13.9-gke.11",
              "1.13.9-gke.3",
              "1.13.7-gke.24",
              "1.13.7-gke.19",
              "1.13.7-gke.15",
              "1.13.7-gke.8",
              "1.13.7-gke.0",
              "1.13.6-gke.13",
              "1.13.6-gke.6",
              "1.13.6-gke.5",
              "1.13.6-gke.0",
              "1.13.5-gke.10",
              "1.12.10-gke.22",
              "1.12.10-gke.20",
              "1.12.10-gke.19",
              "1.12.10-gke.18",
              "1.12.10-gke.17",
              "1.12.10-gke.15",
              "1.12.10-gke.13",
              "1.12.10-gke.11",
              "1.12.10-gke.5",
              "1.12.9-gke.16",
              "1.12.9-gke.15",
              "1.12.9-gke.13",
              "1.12.9-gke.10",
              "1.12.9-gke.7",
              "1.12.9-gke.3",
              "1.12.8-gke.12",
              "1.12.8-gke.10",
              "1.12.8-gke.7",
              "1.12.8-gke.6",
              "1.12.7-gke.26",
              "1.12.7-gke.25",
              "1.12.7-gke.24",
              "1.12.7-gke.22",
              "1.12.7-gke.21",
              "1.12.7-gke.17",
              "1.12.7-gke.10",
              "1.12.7-gke.7",
              "1.12.6-gke.11",
              "1.12.6-gke.10",
              "1.12.6-gke.7",
              "1.12.5-gke.10",
              "1.12.5-gke.5",
              "1.11.10-gke.6",
              "1.11.10-gke.5"
            ],
            "version_prefix": null
          },
          "sensitive_attributes": []
        }
      ]
    },
    {
      "module": "module.primary-cluster",
      "mode": "data",
      "type": "google_container_engine_versions",
      "name": "zone",
      "provider": "provider[\"registry.terraform.io/hashicorp/google\"]",
      "instances": [
        {
          "schema_version": 0,
          "attributes": {
            "default_cluster_version": "1.17.17-gke.1101",
            "id": "2021-03-19 14:37:10.559027546 +0000 UTC",
            "latest_master_version": "1.18.16-gke.500",
            "latest_node_version": "1.18.16-gke.500",
            "location": "us-central1-a",
            "project": "sm-demo-forteam",
            "release_channel_default_version": {
              "RAPID": "1.19.7-gke.2503",
              "REGULAR": "1.18.12-gke.1210",
              "STABLE": "1.17.17-gke.1101"
            },
            "valid_master_versions": [
              "1.18.16-gke.500",
              "1.18.16-gke.300",
              "1.18.15-gke.1501",
              "1.18.15-gke.1500",
              "1.18.15-gke.1102",
              "1.18.15-gke.1100",
              "1.18.14-gke.1600",
              "1.18.14-gke.1200",
              "1.18.12-gke.1210",
              "1.17.17-gke.3000",
              "1.17.17-gke.2800",
              "1.17.17-gke.1500",
              "1.17.17-gke.1101",
              "1.17.17-gke.1100",
              "1.17.15-gke.800",
              "1.16.15-gke.12500",
              "1.16.15-gke.11800",
              "1.16.15-gke.10600",
              "1.16.15-gke.7801",
              "1.15.12-gke.6002"
            ],
            "valid_node_versions": [
              "1.18.16-gke.500",
              "1.18.16-gke.300",
              "1.18.15-gke.2500",
              "1.18.15-gke.1501",
              "1.18.15-gke.1500",
              "1.18.15-gke.1102",
              "1.18.15-gke.1100",
              "1.18.15-gke.800",
              "1.18.14-gke.1600",
              "1.18.14-gke.1200",
              "1.18.12-gke.1210",
              "1.18.12-gke.1206",
              "1.18.12-gke.1205",
              "1.18.12-gke.1201",
              "1.18.12-gke.1200",
              "1.18.12-gke.300",
              "1.18.10-gke.2701",
              "1.18.10-gke.2101",
              "1.18.10-gke.1500",
              "1.18.10-gke.601",
              "1.18.9-gke.2501",
              "1.18.9-gke.1501",
              "1.18.9-gke.801",
              "1.18.6-gke.4801",
              "1.18.6-gke.3504",
              "1.18.6-gke.3503",
              "1.17.17-gke.3000",
              "1.17.17-gke.2800",
              "1.17.17-gke.2500",
              "1.17.17-gke.1500",
              "1.17.17-gke.1101",
              "1.17.17-gke.1100",
              "1.17.17-gke.600",
              "1.17.16-gke.1600",
              "1.17.16-gke.1300",
              "1.17.15-gke.800",
              "1.17.15-gke.300",
              "1.17.14-gke.1600",
              "1.17.14-gke.1200",
              "1.17.14-gke.400",
              "1.17.13-gke.2600",
              "1.17.13-gke.2001",
              "1.17.13-gke.1401",
              "1.17.13-gke.1400",
              "1.17.13-gke.600",
              "1.17.12-gke.2502",
              "1.17.12-gke.1504",
              "1.17.12-gke.1501",
              "1.17.12-gke.500",
              "1.17.9-gke.6300",
              "1.17.9-gke.1504",
              "1.16.15-gke.12500",
              "1.16.15-gke.11800",
              "1.16.15-gke.10600",
              "1.16.15-gke.7801",
              "1.16.15-gke.7800",
              "1.16.15-gke.7300",
              "1.16.15-gke.6900",
              "1.16.15-gke.6000",
              "1.16.15-gke.5500",
              "1.16.15-gke.4901",
              "1.16.15-gke.4301",
              "1.16.15-gke.4300",
              "1.16.15-gke.3500",
              "1.16.15-gke.2601",
              "1.16.15-gke.1600",
              "1.16.15-gke.500",
              "1.16.13-gke.404",
              "1.16.13-gke.403",
              "1.16.13-gke.401",
              "1.16.13-gke.400",
              "1.16.13-gke.1",
              "1.16.11-gke.5",
              "1.16.10-gke.8",
              "1.16.9-gke.6",
              "1.16.9-gke.2",
              "1.16.8-gke.15",
              "1.16.8-gke.12",
              "1.16.8-gke.9",
              "1.15.12-gke.6002",
              "1.15.12-gke.6001",
              "1.15.12-gke.5000",
              "1.15.12-gke.4002",
              "1.15.12-gke.4000",
              "1.15.12-gke.20",
              "1.15.12-gke.17",
              "1.15.12-gke.16",
              "1.15.12-gke.13",
              "1.15.12-gke.9",
              "1.15.12-gke.6",
              "1.15.12-gke.3",
              "1.15.12-gke.2",
              "1.15.11-gke.17",
              "1.15.11-gke.15",
              "1.15.11-gke.13",
              "1.15.11-gke.12",
              "1.15.11-gke.11",
              "1.15.11-gke.9",
              "1.15.11-gke.5",
              "1.15.11-gke.3",
              "1.15.11-gke.1",
              "1.15.9-gke.26",
              "1.15.9-gke.24",
              "1.15.9-gke.22",
              "1.15.9-gke.12",
              "1.15.9-gke.9",
              "1.15.9-gke.8",
              "1.15.8-gke.3",
              "1.15.8-gke.2",
              "1.15.7-gke.23",
              "1.15.7-gke.2",
              "1.15.4-gke.22",
              "1.14.10-gke.1504",
              "1.14.10-gke.902",
              "1.14.10-gke.50",
              "1.14.10-gke.46",
              "1.14.10-gke.45",
              "1.14.10-gke.42",
              "1.14.10-gke.41",
              "1.14.10-gke.40",
              "1.14.10-gke.37",
              "1.14.10-gke.36",
              "1.14.10-gke.34",
              "1.14.10-gke.32",
              "1.14.10-gke.31",
              "1.14.10-gke.27",
              "1.14.10-gke.24",
              "1.14.10-gke.22",
              "1.14.10-gke.21",
              "1.14.10-gke.17",
              "1.14.10-gke.0",
              "1.14.9-gke.23",
              "1.14.9-gke.2",
              "1.14.9-gke.0",
              "1.14.8-gke.33",
              "1.14.8-gke.21",
              "1.14.8-gke.18",
              "1.14.8-gke.17",
              "1.14.8-gke.14",
              "1.14.8-gke.12",
              "1.14.8-gke.7",
              "1.14.8-gke.2",
              "1.14.7-gke.40",
              "1.14.7-gke.25",
              "1.14.7-gke.23",
              "1.14.7-gke.17",
              "1.14.7-gke.14",
              "1.14.7-gke.10",
              "1.14.6-gke.13",
              "1.14.6-gke.2",
              "1.14.6-gke.1",
              "1.14.3-gke.11",
              "1.14.3-gke.10",
              "1.14.3-gke.9",
              "1.14.2-gke.9",
              "1.14.1-gke.5",
              "1.13.12-gke.30",
              "1.13.12-gke.25",
              "1.13.12-gke.17",
              "1.13.12-gke.16",
              "1.13.12-gke.14",
              "1.13.12-gke.13",
              "1.13.12-gke.10",
              "1.13.12-gke.8",
              "1.13.12-gke.4",
              "1.13.12-gke.2",
              "1.13.11-gke.23",
              "1.13.11-gke.15",
              "1.13.11-gke.14",
              "1.13.11-gke.12",
              "1.13.11-gke.11",
              "1.13.11-gke.9",
              "1.13.11-gke.5",
              "1.13.10-gke.7",
              "1.13.10-gke.0",
              "1.13.9-gke.11",
              "1.13.9-gke.3",
              "1.13.7-gke.24",
              "1.13.7-gke.19",
              "1.13.7-gke.15",
              "1.13.7-gke.8",
              "1.13.7-gke.0",
              "1.13.6-gke.13",
              "1.13.6-gke.6",
              "1.13.6-gke.5",
              "1.13.6-gke.0",
              "1.13.5-gke.10",
              "1.12.10-gke.22",
              "1.12.10-gke.20",
              "1.12.10-gke.19",
              "1.12.10-gke.18",
              "1.12.10-gke.17",
              "1.12.10-gke.15",
              "1.12.10-gke.13",
              "1.12.10-gke.11",
              "1.12.10-gke.5",
              "1.12.9-gke.16",
              "1.12.9-gke.15",
              "1.12.9-gke.13",
              "1.12.9-gke.10",
              "1.12.9-gke.7",
              "1.12.9-gke.3",
              "1.12.8-gke.12",
              "1.12.8-gke.10",
              "1.12.8-gke.7",
              "1.12.8-gke.6",
              "1.12.7-gke.26",
              "1.12.7-gke.25",
              "1.12.7-gke.24",
              "1.12.7-gke.22",
              "1.12.7-gke.21",
              "1.12.7-gke.17",
              "1.12.7-gke.10",
              "1.12.7-gke.7",
              "1.12.6-gke.11",
              "1.12.6-gke.10",
              "1.12.6-gke.7",
              "1.12.5-gke.10",
              "1.12.5-gke.5",
              "1.11.10-gke.6",
              "1.11.10-gke.5"
            ],
            "version_prefix": null
          },
          "sensitive_attributes": []
        }
      ]
    },
    {
      "module": "module.primary-cluster",
      "mode": "managed",
      "type": "google_container_cluster",
      "name": "primary",
      "provider": "provider[\"registry.terraform.io/hashicorp/google-beta\"]",
      "instances": [
        {
          "schema_version": 1,
          "attributes": {
            "addons_config": [
              {
                "cloudrun_config": [],
                "config_connector_config": [
                  {
                    "enabled": false
                  }
                ],
                "dns_cache_config": [
                  {
                    "enabled": false
                  }
                ],
                "gce_persistent_disk_csi_driver_config": [
                  {
                    "enabled": false
                  }
                ],
                "horizontal_pod_autoscaling": [
                  {
                    "disabled": false
                  }
                ],
                "http_load_balancing": [
                  {
                    "disabled": false
                  }
                ],
                "istio_config": [
                  {
                    "auth": "AUTH_MUTUAL_TLS",
                    "disabled": true
                  }
                ],
                "kalm_config": [
                  {
                    "enabled": false
                  }
                ],
                "network_policy_config": [
                  {
                    "disabled": false
                  }
                ]
              }
            ],
            "authenticator_groups_config": [],
            "cluster_autoscaling": [
              {
                "auto_provisioning_defaults": [],
                "autoscaling_profile": "BALANCED",
                "enabled": false,
                "resource_limits": []
              }
            ],
            "cluster_ipv4_cidr": "10.64.0.0/14",
            "cluster_telemetry": [
              {
                "type": "ENABLED"
              }
            ],
            "confidential_nodes": [],
            "database_encryption": [
              {
                "key_name": "",
                "state": "DECRYPTED"
              }
            ],
            "datapath_provider": "",
            "default_max_pods_per_node": 110,
            "default_snat_status": [
              {
                "disabled": false
              }
            ],
            "description": "",
            "enable_binary_authorization": false,
            "enable_intranode_visibility": false,
            "enable_kubernetes_alpha": false,
            "enable_legacy_abac": false,
            "enable_shielded_nodes": true,
            "enable_tpu": false,
            "endpoint": "35.193.181.7",
            "id": "projects/sm-demo-forteam/locations/us-central1-a/clusters/primary",
            "initial_node_count": 0,
            "instance_group_urls": [
              "https://www.googleapis.com/compute/beta/projects/sm-demo-forteam/zones/us-central1-a/instanceGroups/gke-primary-default-pool-b8fd3cb2-grp",
              "https://www.googleapis.com/compute/beta/projects/sm-demo-forteam/zones/us-central1-a/instanceGroups/gke-primary-default-node-pool-d8ed40b7-grp"
            ],
            "ip_allocation_policy": [
              {
                "cluster_ipv4_cidr_block": "10.64.0.0/14",
                "cluster_secondary_range_name": "gke-primary-pods-e1648488",
                "services_ipv4_cidr_block": "10.68.0.0/20",
                "services_secondary_range_name": "gke-primary-services-e1648488"
              }
            ],
            "label_fingerprint": "4f04c4f6",
            "location": "us-central1-a",
            "logging_service": "logging.googleapis.com/kubernetes",
            "maintenance_policy": [
              {
                "daily_maintenance_window": [
                  {
                    "duration": "PT4H0M0S",
                    "start_time": "05:00"
                  }
                ],
                "maintenance_exclusion": [],
                "recurring_window": []
              }
            ],
            "master_auth": [
              {
                "client_certificate": "",
                "client_certificate_config": [
                  {
                    "issue_client_certificate": false
                  }
                ],
                "client_key": "",
                "cluster_ca_certificate": "LS0tLS1CRUdJTiBDRVJUSUZJQ0FURS0tLS0tCk1JSURLakNDQWhLZ0F3SUJBZ0lRYXhQV3dQamFIV05vMFNLSVlMenErREFOQmdrcWhraUc5dzBCQVFzRkFEQXYKTVMwd0t3WURWUVFERXlRMk1ERmxOVEppTnkxaE9XTTFMVFExWmpFdFlUZGxaQzFpTW1Nd01XTmhNekEwTURBdwpIaGNOTWpFd016RTVNVE16TURReldoY05Nall3TXpFNE1UUXpNRFF6V2pBdk1TMHdLd1lEVlFRREV5UTJNREZsCk5USmlOeTFoT1dNMUxUUTFaakV0WVRkbFpDMWlNbU13TVdOaE16QTBNREF3Z2dFaU1BMEdDU3FHU0liM0RRRUIKQVFVQUE0SUJEd0F3Z2dFS0FvSUJBUUNxYzUwU0ZGdk5Uem1XK1dzdVJnVkRYT1k1K2lzQ3grc2kyOEphMUovbwpCVW9oYkJiWXIvelZYMWQwMkFMZms3c2RRTEFKUDZrMWxOT0JBRk9oWDNESFJteFo1WEpmUERZeVdwclNNV01sCktDR3J0Z0RQNmp2VkQ1NUhUTHBqbFVyY0xrQXFrMmZrSGhrcWtDQ2FwY1ZYTUttcEJoOXU3NXB3a3owMSt4U2MKKzBFUWxkdlVQR0NQNmk1aGVIS2cvdDVyM0xkL1kxeG1ROFloUDhwTDJMbnMwQ0lDQ1ZwSnZmd2lNMFB3ak5aLwpjcml6RTZlRWFwYzJhUWZlZFhOZGxEeGNlWUZpdm5DbnN4ZW95VjZINlJmRTdGbGtYV3JpZk9XdnA0ZE9aVFRSCnpWRUNFYi9kUXJ0UmE5ZEc3dGtHaHRlM045R1lPKzNmc0YvRm53eG5HVEh2QWdNQkFBR2pRakJBTUE0R0ExVWQKRHdFQi93UUVBd0lDQkRBUEJnTlZIUk1CQWY4RUJUQURBUUgvTUIwR0ExVWREZ1FXQkJRUElMT2NjdFFEYXg3Tgo0eTF6V1ZaN09YOEppekFOQmdrcWhraUc5dzBCQVFzRkFBT0NBUUVBR2dPTjU3eXVtck9uQi9DcC9lOHdyTTdnCmxIQnkvOVBSSkwwZzVMRVBQV2hWUUVXTFpPem81dEJRSEJmdUxRUk5RR1Y5UnVNakJoNW04YVljdDFpR1J0eEQKRldUT3NwM3p3Q2RtcG92UTIxWmNGRkVhTkZvY3ZUaTNBVGMySEVOdVhTdy8zNkh2N1N5eDB4U2UrdDFiQWdYbQp6RkVRandwV0dOSkxOcmpCTkI0MGpNL3M5dVZRMFBxOWcyVjB5bFhwNG5Pcmovc3Nvd0VBZVNZVGxoV0pVaWJJCjhFVHRhZkJNV1QrbWxzRThWSkFnN2tVQlFvb0wyZmdhVzNIVWhTMWJGOXU3eU9uQjdHVFhSK0dORElZZ09sQlEKeDU1aE5vSm5Fc2EwbHUzMU81V3ZEZC9UNXR2RCt5RnJROXoxdFRVdVQ5Ylk4NjN1dlJiUXRnNXNNS2hzWXc9PQotLS0tLUVORCBDRVJUSUZJQ0FURS0tLS0tCg==",
                "password": "",
                "username": ""
              }
            ],
            "master_authorized_networks_config": [],
            "master_version": "1.18.12-gke.1210",
            "min_master_version": null,
            "monitoring_service": "monitoring.googleapis.com/kubernetes",
            "name": "primary",
            "network": "projects/sm-demo-forteam/global/networks/default",
            "network_policy": [
              {
                "enabled": true,
                "provider": "CALICO"
              }
            ],
            "networking_mode": "VPC_NATIVE",
            "node_config": [
              {
                "boot_disk_kms_key": "",
                "disk_size_gb": 100,
                "disk_type": "pd-standard",
                "guest_accelerator": [],
                "image_type": "COS",
                "kubelet_config": [],
                "labels": {},
                "linux_node_config": [],
                "local_ssd_count": 0,
                "machine_type": "e2-medium",
                "metadata": {
                  "disable-legacy-endpoints": "true"
                },
                "min_cpu_platform": "",
                "oauth_scopes": [
                  "https://www.googleapis.com/auth/logging.write",
                  "https://www.googleapis.com/auth/monitoring"
                ],
                "preemptible": false,
                "sandbox_config": [],
                "service_account": "tf-gke-primary-nkog@sm-demo-forteam.iam.gserviceaccount.com",
                "shielded_instance_config": [
                  {
                    "enable_integrity_monitoring": true,
                    "enable_secure_boot": false
                  }
                ],
                "tags": [],
                "taint": [],
                "workload_metadata_config": [
                  {
                    "node_metadata": "GKE_METADATA_SERVER"
                  }
                ]
              }
            ],
            "node_locations": [],
            "node_pool": [
              {
                "autoscaling": [],
                "initial_node_count": 0,
                "instance_group_urls": [
                  "https://www.googleapis.com/compute/v1/projects/sm-demo-forteam/zones/us-central1-a/instanceGroupManagers/gke-primary-default-pool-b8fd3cb2-grp"
                ],
                "management": [
                  {
                    "auto_repair": true,
                    "auto_upgrade": true
                  }
                ],
                "max_pods_per_node": 110,
                "name": "default-pool",
                "name_prefix": "",
                "node_config": [
                  {
                    "boot_disk_kms_key": "",
                    "disk_size_gb": 100,
                    "disk_type": "pd-standard",
                    "guest_accelerator": [],
                    "image_type": "COS",
                    "kubelet_config": [],
                    "labels": {},
                    "linux_node_config": [],
                    "local_ssd_count": 0,
                    "machine_type": "e2-medium",
                    "metadata": {
                      "disable-legacy-endpoints": "true"
                    },
                    "min_cpu_platform": "",
                    "oauth_scopes": [
                      "https://www.googleapis.com/auth/logging.write",
                      "https://www.googleapis.com/auth/monitoring"
                    ],
                    "preemptible": false,
                    "sandbox_config": [],
                    "service_account": "tf-gke-primary-nkog@sm-demo-forteam.iam.gserviceaccount.com",
                    "shielded_instance_config": [
                      {
                        "enable_integrity_monitoring": true,
                        "enable_secure_boot": false
                      }
                    ],
                    "tags": [],
                    "taint": [],
                    "workload_metadata_config": [
                      {
                        "node_metadata": "GKE_METADATA_SERVER"
                      }
                    ]
                  }
                ],
                "node_count": 0,
                "node_locations": [
                  "us-central1-a"
                ],
                "upgrade_settings": [
                  {
                    "max_surge": 1,
                    "max_unavailable": 0
                  }
                ],
                "version": "1.18.12-gke.1210"
              },
              {
                "autoscaling": [],
                "initial_node_count": 5,
                "instance_group_urls": [
                  "https://www.googleapis.com/compute/v1/projects/sm-demo-forteam/zones/us-central1-a/instanceGroupManagers/gke-primary-default-node-pool-d8ed40b7-grp"
                ],
                "management": [
                  {
                    "auto_repair": true,
                    "auto_upgrade": true
                  }
                ],
                "max_pods_per_node": 110,
                "name": "default-node-pool",
                "name_prefix": "",
                "node_config": [
                  {
                    "boot_disk_kms_key": "",
                    "disk_size_gb": 100,
                    "disk_type": "pd-standard",
                    "guest_accelerator": [],
                    "image_type": "COS",
                    "kubelet_config": [],
                    "labels": {
                      "cluster_name": "primary",
                      "node_pool": "default-node-pool"
                    },
                    "linux_node_config": [],
                    "local_ssd_count": 0,
                    "machine_type": "e2-standard-4",
                    "metadata": {
                      "cluster_name": "primary",
                      "disable-legacy-endpoints": "true",
                      "node_pool": "default-node-pool"
                    },
                    "min_cpu_platform": "",
                    "oauth_scopes": [
                      "https://www.googleapis.com/auth/cloud-platform"
                    ],
                    "preemptible": false,
                    "sandbox_config": [],
                    "service_account": "tf-gke-primary-nkog@sm-demo-forteam.iam.gserviceaccount.com",
                    "shielded_instance_config": [
                      {
                        "enable_integrity_monitoring": true,
                        "enable_secure_boot": false
                      }
                    ],
                    "tags": [
                      "gke-primary",
                      "gke-primary-default-node-pool"
                    ],
                    "taint": [],
                    "workload_metadata_config": [
                      {
                        "node_metadata": "GKE_METADATA_SERVER"
                      }
                    ]
                  }
                ],
                "node_count": 5,
                "node_locations": [
                  "us-central1-a"
                ],
                "upgrade_settings": [
                  {
                    "max_surge": 1,
                    "max_unavailable": 0
                  }
                ],
                "version": "1.18.12-gke.1210"
              }
            ],
            "node_version": "1.18.12-gke.1210",
            "notification_config": [
              {
                "pubsub": [
                  {
                    "enabled": false,
                    "topic": ""
                  }
                ]
              }
            ],
            "operation": null,
            "pod_security_policy_config": [
              {
                "enabled": false
              }
            ],
            "private_cluster_config": [],
            "project": "sm-demo-forteam",
            "release_channel": [
              {
                "channel": "REGULAR"
              }
            ],
            "remove_default_node_pool": false,
            "resource_labels": {
              "mesh_id": "proj-891993590564"
            },
            "resource_usage_export_config": [],
            "self_link": "https://container.googleapis.com/v1beta1/projects/sm-demo-forteam/zones/us-central1-a/clusters/primary",
            "services_ipv4_cidr": "10.68.0.0/20",
            "subnetwork": "projects/sm-demo-forteam/regions/us-central1/subnetworks/default",
            "timeouts": {
              "create": "45m",
              "delete": "45m",
              "read": null,
              "update": "45m"
            },
            "tpu_ipv4_cidr_block": "",
            "vertical_pod_autoscaling": [
              {
                "enabled": false
              }
            ],
            "workload_identity_config": [
              {
                "identity_namespace": "sm-demo-forteam.svc.id.goog"
              }
            ]
          },
          "sensitive_attributes": [],
          "private": "eyJlMmJmYjczMC1lY2FhLTExZTYtOGY4OC0zNDM2M2JjN2M0YzAiOnsiY3JlYXRlIjoyNzAwMDAwMDAwMDAwLCJkZWxldGUiOjI3MDAwMDAwMDAwMDAsInJlYWQiOjI0MDAwMDAwMDAwMDAsInVwZGF0ZSI6MjcwMDAwMDAwMDAwMH0sInNjaGVtYV92ZXJzaW9uIjoiMSJ9",
          "dependencies": [
            "data.google_client_config.current",
            "data.google_project.project",
            "module.primary-cluster.data.google_compute_zones.available",
            "module.primary-cluster.data.google_container_engine_versions.region",
            "module.primary-cluster.data.google_container_engine_versions.zone",
            "module.primary-cluster.google_service_account.cluster_service_account",
            "module.primary-cluster.random_shuffle.available_zones",
            "module.primary-cluster.random_string.cluster_service_account_suffix",
            "module.project-services.google_project_service.project_services"
          ]
        }
      ]
    },
    {
      "module": "module.primary-cluster",
      "mode": "managed",
      "type": "google_container_node_pool",
      "name": "pools",
      "provider": "provider[\"registry.terraform.io/hashicorp/google-beta\"]",
      "instances": [
        {
          "index_key": "default-node-pool",
          "schema_version": 1,
          "attributes": {
            "autoscaling": [],
            "cluster": "primary",
            "id": "projects/sm-demo-forteam/locations/us-central1-a/clusters/primary/nodePools/default-node-pool",
            "initial_node_count": 5,
            "instance_group_urls": [
              "https://www.googleapis.com/compute/v1/projects/sm-demo-forteam/zones/us-central1-a/instanceGroupManagers/gke-primary-default-node-pool-d8ed40b7-grp"
            ],
            "location": "us-central1-a",
            "management": [
              {
                "auto_repair": true,
                "auto_upgrade": true
              }
            ],
            "max_pods_per_node": 110,
            "name": "default-node-pool",
            "name_prefix": "",
            "node_config": [
              {
                "boot_disk_kms_key": "",
                "disk_size_gb": 100,
                "disk_type": "pd-standard",
                "guest_accelerator": [],
                "image_type": "COS",
                "kubelet_config": [],
                "labels": {
                  "cluster_name": "primary",
                  "node_pool": "default-node-pool"
                },
                "linux_node_config": [],
                "local_ssd_count": 0,
                "machine_type": "e2-standard-4",
                "metadata": {
                  "cluster_name": "primary",
                  "disable-legacy-endpoints": "true",
                  "node_pool": "default-node-pool"
                },
                "min_cpu_platform": "",
                "oauth_scopes": [
                  "https://www.googleapis.com/auth/cloud-platform"
                ],
                "preemptible": false,
                "sandbox_config": [],
                "service_account": "tf-gke-primary-nkog@sm-demo-forteam.iam.gserviceaccount.com",
                "shielded_instance_config": [
                  {
                    "enable_integrity_monitoring": true,
                    "enable_secure_boot": false
                  }
                ],
                "tags": [
                  "gke-primary",
                  "gke-primary-default-node-pool"
                ],
                "taint": [],
                "workload_metadata_config": [
                  {
                    "node_metadata": "GKE_METADATA_SERVER"
                  }
                ]
              }
            ],
            "node_count": 5,
            "node_locations": [
              "us-central1-a"
            ],
            "project": "sm-demo-forteam",
            "timeouts": {
              "create": "45m",
              "delete": "45m",
              "update": "45m"
            },
            "upgrade_settings": [
              {
                "max_surge": 1,
                "max_unavailable": 0
              }
            ],
            "version": "1.18.12-gke.1210"
          },
          "sensitive_attributes": [],
          "private": "eyJlMmJmYjczMC1lY2FhLTExZTYtOGY4OC0zNDM2M2JjN2M0YzAiOnsiY3JlYXRlIjoyNzAwMDAwMDAwMDAwLCJkZWxldGUiOjI3MDAwMDAwMDAwMDAsInVwZGF0ZSI6MjcwMDAwMDAwMDAwMH0sInNjaGVtYV92ZXJzaW9uIjoiMSJ9",
          "dependencies": [
            "data.google_client_config.current",
            "data.google_project.project",
            "module.primary-cluster.data.google_compute_zones.available",
            "module.primary-cluster.data.google_container_engine_versions.region",
            "module.primary-cluster.data.google_container_engine_versions.zone",
            "module.primary-cluster.google_container_cluster.primary",
            "module.primary-cluster.google_service_account.cluster_service_account",
            "module.primary-cluster.random_shuffle.available_zones",
            "module.primary-cluster.random_string.cluster_service_account_suffix",
            "module.project-services.google_project_service.project_services"
          ]
        }
      ]
    },
    {
      "module": "module.primary-cluster",
      "mode": "managed",
      "type": "google_project_iam_member",
      "name": "cluster_service_account-log_writer",
      "provider": "provider[\"registry.terraform.io/hashicorp/google\"]",
      "instances": [
        {
          "index_key": 0,
          "schema_version": 0,
          "attributes": {
            "condition": [],
            "etag": "BwW95KL+JFU=",
            "id": "sm-demo-forteam/roles/logging.logWriter/serviceaccount:tf-gke-primary-nkog@sm-demo-forteam.iam.gserviceaccount.com",
            "member": "serviceAccount:tf-gke-primary-nkog@sm-demo-forteam.iam.gserviceaccount.com",
            "project": "sm-demo-forteam",
            "role": "roles/logging.logWriter"
          },
          "sensitive_attributes": [],
          "private": "bnVsbA==",
          "dependencies": [
            "data.google_client_config.current",
            "module.primary-cluster.google_service_account.cluster_service_account",
            "module.primary-cluster.random_string.cluster_service_account_suffix",
            "module.project-services.google_project_service.project_services"
          ]
        }
      ]
    },
    {
      "module": "module.primary-cluster",
      "mode": "managed",
      "type": "google_project_iam_member",
      "name": "cluster_service_account-metric_writer",
      "provider": "provider[\"registry.terraform.io/hashicorp/google\"]",
      "instances": [
        {
          "index_key": 0,
          "schema_version": 0,
          "attributes": {
            "condition": [],
            "etag": "BwW95KL+JFU=",
            "id": "sm-demo-forteam/roles/monitoring.metricWriter/serviceaccount:tf-gke-primary-nkog@sm-demo-forteam.iam.gserviceaccount.com",
            "member": "serviceAccount:tf-gke-primary-nkog@sm-demo-forteam.iam.gserviceaccount.com",
            "project": "sm-demo-forteam",
            "role": "roles/monitoring.metricWriter"
          },
          "sensitive_attributes": [],
          "private": "bnVsbA==",
          "dependencies": [
            "data.google_client_config.current",
            "module.primary-cluster.google_project_iam_member.cluster_service_account-log_writer",
            "module.primary-cluster.google_service_account.cluster_service_account",
            "module.primary-cluster.random_string.cluster_service_account_suffix",
            "module.project-services.google_project_service.project_services"
          ]
        }
      ]
    },
    {
      "module": "module.primary-cluster",
      "mode": "managed",
      "type": "google_project_iam_member",
      "name": "cluster_service_account-monitoring_viewer",
      "provider": "provider[\"registry.terraform.io/hashicorp/google\"]",
      "instances": [
        {
          "index_key": 0,
          "schema_version": 0,
          "attributes": {
            "condition": [],
            "etag": "BwW95KL+JFU=",
            "id": "sm-demo-forteam/roles/monitoring.viewer/serviceaccount:tf-gke-primary-nkog@sm-demo-forteam.iam.gserviceaccount.com",
            "member": "serviceAccount:tf-gke-primary-nkog@sm-demo-forteam.iam.gserviceaccount.com",
            "project": "sm-demo-forteam",
            "role": "roles/monitoring.viewer"
          },
          "sensitive_attributes": [],
          "private": "bnVsbA==",
          "dependencies": [
            "data.google_client_config.current",
            "module.primary-cluster.google_project_iam_member.cluster_service_account-log_writer",
            "module.primary-cluster.google_project_iam_member.cluster_service_account-metric_writer",
            "module.primary-cluster.google_service_account.cluster_service_account",
            "module.primary-cluster.random_string.cluster_service_account_suffix",
            "module.project-services.google_project_service.project_services"
          ]
        }
      ]
    },
    {
      "module": "module.primary-cluster",
      "mode": "managed",
      "type": "google_project_iam_member",
      "name": "cluster_service_account-resourceMetadata-writer",
      "provider": "provider[\"registry.terraform.io/hashicorp/google\"]",
      "instances": [
        {
          "index_key": 0,
          "schema_version": 0,
          "attributes": {
            "condition": [],
            "etag": "BwW95KL+JFU=",
            "id": "sm-demo-forteam/roles/stackdriver.resourceMetadata.writer/serviceaccount:tf-gke-primary-nkog@sm-demo-forteam.iam.gserviceaccount.com",
            "member": "serviceAccount:tf-gke-primary-nkog@sm-demo-forteam.iam.gserviceaccount.com",
            "project": "sm-demo-forteam",
            "role": "roles/stackdriver.resourceMetadata.writer"
          },
          "sensitive_attributes": [],
          "private": "bnVsbA==",
          "dependencies": [
            "data.google_client_config.current",
            "module.primary-cluster.google_project_iam_member.cluster_service_account-log_writer",
            "module.primary-cluster.google_project_iam_member.cluster_service_account-metric_writer",
            "module.primary-cluster.google_project_iam_member.cluster_service_account-monitoring_viewer",
            "module.primary-cluster.google_service_account.cluster_service_account",
            "module.primary-cluster.random_string.cluster_service_account_suffix",
            "module.project-services.google_project_service.project_services"
          ]
        }
      ]
    },
    {
      "module": "module.primary-cluster",
      "mode": "managed",
      "type": "google_service_account",
      "name": "cluster_service_account",
      "provider": "provider[\"registry.terraform.io/hashicorp/google\"]",
      "instances": [
        {
          "index_key": 0,
          "schema_version": 0,
          "attributes": {
            "account_id": "tf-gke-primary-nkog",
            "description": "",
            "display_name": "Terraform-managed service account for cluster primary",
            "email": "tf-gke-primary-nkog@sm-demo-forteam.iam.gserviceaccount.com",
            "id": "projects/sm-demo-forteam/serviceAccounts/tf-gke-primary-nkog@sm-demo-forteam.iam.gserviceaccount.com",
            "name": "projects/sm-demo-forteam/serviceAccounts/tf-gke-primary-nkog@sm-demo-forteam.iam.gserviceaccount.com",
            "project": "sm-demo-forteam",
            "timeouts": null,
            "unique_id": "110137388583518763611"
          },
          "sensitive_attributes": [],
          "private": "eyJlMmJmYjczMC1lY2FhLTExZTYtOGY4OC0zNDM2M2JjN2M0YzAiOnsiY3JlYXRlIjozMDAwMDAwMDAwMDB9fQ==",
          "dependencies": [
            "data.google_client_config.current",
            "module.primary-cluster.random_string.cluster_service_account_suffix",
            "module.project-services.google_project_service.project_services"
          ]
        }
      ]
    },
    {
      "module": "module.primary-cluster",
      "mode": "managed",
      "type": "random_shuffle",
      "name": "available_zones",
      "provider": "provider[\"registry.terraform.io/hashicorp/random\"]",
      "instances": [
        {
          "schema_version": 0,
          "attributes": {
            "id": "-",
            "input": [
              "us-central1-a",
              "us-central1-b",
              "us-central1-c",
              "us-central1-f"
            ],
            "keepers": null,
            "result": [
              "us-central1-a",
              "us-central1-f",
              "us-central1-c"
            ],
            "result_count": 3,
            "seed": null
          },
          "sensitive_attributes": [],
          "private": "bnVsbA==",
          "dependencies": [
            "data.google_client_config.current",
            "module.primary-cluster.data.google_compute_zones.available",
            "module.project-services.google_project_service.project_services"
          ]
        }
      ]
    },
    {
      "module": "module.primary-cluster",
      "mode": "managed",
      "type": "random_string",
      "name": "cluster_service_account_suffix",
      "provider": "provider[\"registry.terraform.io/hashicorp/random\"]",
      "instances": [
        {
          "schema_version": 1,
          "attributes": {
            "id": "nkog",
            "keepers": null,
            "length": 4,
            "lower": true,
            "min_lower": 0,
            "min_numeric": 0,
            "min_special": 0,
            "min_upper": 0,
            "number": true,
            "override_special": null,
            "result": "nkog",
            "special": false,
            "upper": false
          },
          "sensitive_attributes": [],
          "private": "eyJzY2hlbWFfdmVyc2lvbiI6IjEifQ=="
        }
      ]
    },
    {
      "module": "module.primary-cluster.module.gcloud_delete_default_kube_dns_configmap.module.gcloud_kubectl",
      "mode": "managed",
      "type": "null_resource",
      "name": "module_depends_on",
      "provider": "provider[\"registry.terraform.io/hashicorp/null\"]",
      "instances": [
        {
          "index_key": 0,
          "schema_version": 0,
          "attributes": {
            "id": "5029080916063629035",
            "triggers": {
              "value": "3"
            }
          },
          "sensitive_attributes": [],
          "private": "bnVsbA==",
          "dependencies": [
            "data.google_client_config.current",
            "data.google_project.project",
            "module.primary-cluster.data.google_client_config.default",
            "module.primary-cluster.data.google_compute_zones.available",
            "module.primary-cluster.data.google_container_engine_versions.region",
            "module.primary-cluster.data.google_container_engine_versions.zone",
            "module.primary-cluster.google_container_cluster.primary",
            "module.primary-cluster.google_container_node_pool.pools",
            "module.primary-cluster.google_service_account.cluster_service_account",
            "module.primary-cluster.random_shuffle.available_zones",
            "module.primary-cluster.random_string.cluster_service_account_suffix",
            "module.project-services.google_project_service.project_services"
          ]
        }
      ]
    },
    {
      "module": "module.project-services",
      "mode": "managed",
      "type": "google_project_service",
      "name": "project_services",
      "provider": "provider[\"registry.terraform.io/hashicorp/google\"]",
      "instances": [
        {
          "index_key": "anthos.googleapis.com",
          "schema_version": 0,
          "attributes": {
            "disable_dependent_services": true,
            "disable_on_destroy": false,
            "id": "sm-demo-forteam/anthos.googleapis.com",
            "project": "sm-demo-forteam",
            "service": "anthos.googleapis.com",
            "timeouts": null
          },
          "sensitive_attributes": [],
          "private": "eyJlMmJmYjczMC1lY2FhLTExZTYtOGY4OC0zNDM2M2JjN2M0YzAiOnsiY3JlYXRlIjoxMjAwMDAwMDAwMDAwLCJkZWxldGUiOjEyMDAwMDAwMDAwMDAsInJlYWQiOjYwMDAwMDAwMDAwMCwidXBkYXRlIjoxMjAwMDAwMDAwMDAwfX0=",
          "dependencies": [
            "data.google_client_config.current"
          ]
        },
        {
          "index_key": "cloudresourcemanager.googleapis.com",
          "schema_version": 0,
          "attributes": {
            "disable_dependent_services": true,
            "disable_on_destroy": false,
            "id": "sm-demo-forteam/cloudresourcemanager.googleapis.com",
            "project": "sm-demo-forteam",
            "service": "cloudresourcemanager.googleapis.com",
            "timeouts": null
          },
          "sensitive_attributes": [],
          "private": "eyJlMmJmYjczMC1lY2FhLTExZTYtOGY4OC0zNDM2M2JjN2M0YzAiOnsiY3JlYXRlIjoxMjAwMDAwMDAwMDAwLCJkZWxldGUiOjEyMDAwMDAwMDAwMDAsInJlYWQiOjYwMDAwMDAwMDAwMCwidXBkYXRlIjoxMjAwMDAwMDAwMDAwfX0=",
          "dependencies": [
            "data.google_client_config.current"
          ]
        },
        {
          "index_key": "cloudtrace.googleapis.com",
          "schema_version": 0,
          "attributes": {
            "disable_dependent_services": true,
            "disable_on_destroy": false,
            "id": "sm-demo-forteam/cloudtrace.googleapis.com",
            "project": "sm-demo-forteam",
            "service": "cloudtrace.googleapis.com",
            "timeouts": null
          },
          "sensitive_attributes": [],
          "private": "eyJlMmJmYjczMC1lY2FhLTExZTYtOGY4OC0zNDM2M2JjN2M0YzAiOnsiY3JlYXRlIjoxMjAwMDAwMDAwMDAwLCJkZWxldGUiOjEyMDAwMDAwMDAwMDAsInJlYWQiOjYwMDAwMDAwMDAwMCwidXBkYXRlIjoxMjAwMDAwMDAwMDAwfX0=",
          "dependencies": [
            "data.google_client_config.current"
          ]
        },
        {
          "index_key": "compute.googleapis.com",
          "schema_version": 0,
          "attributes": {
            "disable_dependent_services": true,
            "disable_on_destroy": false,
            "id": "sm-demo-forteam/compute.googleapis.com",
            "project": "sm-demo-forteam",
            "service": "compute.googleapis.com",
            "timeouts": null
          },
          "sensitive_attributes": [],
          "private": "eyJlMmJmYjczMC1lY2FhLTExZTYtOGY4OC0zNDM2M2JjN2M0YzAiOnsiY3JlYXRlIjoxMjAwMDAwMDAwMDAwLCJkZWxldGUiOjEyMDAwMDAwMDAwMDAsInJlYWQiOjYwMDAwMDAwMDAwMCwidXBkYXRlIjoxMjAwMDAwMDAwMDAwfX0=",
          "dependencies": [
            "data.google_client_config.current"
          ]
        },
        {
          "index_key": "container.googleapis.com",
          "schema_version": 0,
          "attributes": {
            "disable_dependent_services": true,
            "disable_on_destroy": false,
            "id": "sm-demo-forteam/container.googleapis.com",
            "project": "sm-demo-forteam",
            "service": "container.googleapis.com",
            "timeouts": null
          },
          "sensitive_attributes": [],
          "private": "eyJlMmJmYjczMC1lY2FhLTExZTYtOGY4OC0zNDM2M2JjN2M0YzAiOnsiY3JlYXRlIjoxMjAwMDAwMDAwMDAwLCJkZWxldGUiOjEyMDAwMDAwMDAwMDAsInJlYWQiOjYwMDAwMDAwMDAwMCwidXBkYXRlIjoxMjAwMDAwMDAwMDAwfX0=",
          "dependencies": [
            "data.google_client_config.current"
          ]
        },
        {
          "index_key": "gkeconnect.googleapis.com",
          "schema_version": 0,
          "attributes": {
            "disable_dependent_services": true,
            "disable_on_destroy": false,
            "id": "sm-demo-forteam/gkeconnect.googleapis.com",
            "project": "sm-demo-forteam",
            "service": "gkeconnect.googleapis.com",
            "timeouts": null
          },
          "sensitive_attributes": [],
          "private": "eyJlMmJmYjczMC1lY2FhLTExZTYtOGY4OC0zNDM2M2JjN2M0YzAiOnsiY3JlYXRlIjoxMjAwMDAwMDAwMDAwLCJkZWxldGUiOjEyMDAwMDAwMDAwMDAsInJlYWQiOjYwMDAwMDAwMDAwMCwidXBkYXRlIjoxMjAwMDAwMDAwMDAwfX0=",
          "dependencies": [
            "data.google_client_config.current"
          ]
        },
        {
          "index_key": "gkehub.googleapis.com",
          "schema_version": 0,
          "attributes": {
            "disable_dependent_services": true,
            "disable_on_destroy": false,
            "id": "sm-demo-forteam/gkehub.googleapis.com",
            "project": "sm-demo-forteam",
            "service": "gkehub.googleapis.com",
            "timeouts": null
          },
          "sensitive_attributes": [],
          "private": "eyJlMmJmYjczMC1lY2FhLTExZTYtOGY4OC0zNDM2M2JjN2M0YzAiOnsiY3JlYXRlIjoxMjAwMDAwMDAwMDAwLCJkZWxldGUiOjEyMDAwMDAwMDAwMDAsInJlYWQiOjYwMDAwMDAwMDAwMCwidXBkYXRlIjoxMjAwMDAwMDAwMDAwfX0=",
          "dependencies": [
            "data.google_client_config.current"
          ]
        },
        {
          "index_key": "iam.googleapis.com",
          "schema_version": 0,
          "attributes": {
            "disable_dependent_services": true,
            "disable_on_destroy": false,
            "id": "sm-demo-forteam/iam.googleapis.com",
            "project": "sm-demo-forteam",
            "service": "iam.googleapis.com",
            "timeouts": null
          },
          "sensitive_attributes": [],
          "private": "eyJlMmJmYjczMC1lY2FhLTExZTYtOGY4OC0zNDM2M2JjN2M0YzAiOnsiY3JlYXRlIjoxMjAwMDAwMDAwMDAwLCJkZWxldGUiOjEyMDAwMDAwMDAwMDAsInJlYWQiOjYwMDAwMDAwMDAwMCwidXBkYXRlIjoxMjAwMDAwMDAwMDAwfX0=",
          "dependencies": [
            "data.google_client_config.current"
          ]
        },
        {
          "index_key": "iamcredentials.googleapis.com",
          "schema_version": 0,
          "attributes": {
            "disable_dependent_services": true,
            "disable_on_destroy": false,
            "id": "sm-demo-forteam/iamcredentials.googleapis.com",
            "project": "sm-demo-forteam",
            "service": "iamcredentials.googleapis.com",
            "timeouts": null
          },
          "sensitive_attributes": [],
          "private": "eyJlMmJmYjczMC1lY2FhLTExZTYtOGY4OC0zNDM2M2JjN2M0YzAiOnsiY3JlYXRlIjoxMjAwMDAwMDAwMDAwLCJkZWxldGUiOjEyMDAwMDAwMDAwMDAsInJlYWQiOjYwMDAwMDAwMDAwMCwidXBkYXRlIjoxMjAwMDAwMDAwMDAwfX0=",
          "dependencies": [
            "data.google_client_config.current"
          ]
        },
        {
          "index_key": "logging.googleapis.com",
          "schema_version": 0,
          "attributes": {
            "disable_dependent_services": true,
            "disable_on_destroy": false,
            "id": "sm-demo-forteam/logging.googleapis.com",
            "project": "sm-demo-forteam",
            "service": "logging.googleapis.com",
            "timeouts": null
          },
          "sensitive_attributes": [],
          "private": "eyJlMmJmYjczMC1lY2FhLTExZTYtOGY4OC0zNDM2M2JjN2M0YzAiOnsiY3JlYXRlIjoxMjAwMDAwMDAwMDAwLCJkZWxldGUiOjEyMDAwMDAwMDAwMDAsInJlYWQiOjYwMDAwMDAwMDAwMCwidXBkYXRlIjoxMjAwMDAwMDAwMDAwfX0=",
          "dependencies": [
            "data.google_client_config.current"
          ]
        },
        {
          "index_key": "meshca.googleapis.com",
          "schema_version": 0,
          "attributes": {
            "disable_dependent_services": true,
            "disable_on_destroy": false,
            "id": "sm-demo-forteam/meshca.googleapis.com",
            "project": "sm-demo-forteam",
            "service": "meshca.googleapis.com",
            "timeouts": null
          },
          "sensitive_attributes": [],
          "private": "eyJlMmJmYjczMC1lY2FhLTExZTYtOGY4OC0zNDM2M2JjN2M0YzAiOnsiY3JlYXRlIjoxMjAwMDAwMDAwMDAwLCJkZWxldGUiOjEyMDAwMDAwMDAwMDAsInJlYWQiOjYwMDAwMDAwMDAwMCwidXBkYXRlIjoxMjAwMDAwMDAwMDAwfX0=",
          "dependencies": [
            "data.google_client_config.current"
          ]
        },
        {
          "index_key": "meshconfig.googleapis.com",
          "schema_version": 0,
          "attributes": {
            "disable_dependent_services": true,
            "disable_on_destroy": false,
            "id": "sm-demo-forteam/meshconfig.googleapis.com",
            "project": "sm-demo-forteam",
            "service": "meshconfig.googleapis.com",
            "timeouts": null
          },
          "sensitive_attributes": [],
          "private": "eyJlMmJmYjczMC1lY2FhLTExZTYtOGY4OC0zNDM2M2JjN2M0YzAiOnsiY3JlYXRlIjoxMjAwMDAwMDAwMDAwLCJkZWxldGUiOjEyMDAwMDAwMDAwMDAsInJlYWQiOjYwMDAwMDAwMDAwMCwidXBkYXRlIjoxMjAwMDAwMDAwMDAwfX0=",
          "dependencies": [
            "data.google_client_config.current"
          ]
        },
        {
          "index_key": "meshtelemetry.googleapis.com",
          "schema_version": 0,
          "attributes": {
            "disable_dependent_services": true,
            "disable_on_destroy": false,
            "id": "sm-demo-forteam/meshtelemetry.googleapis.com",
            "project": "sm-demo-forteam",
            "service": "meshtelemetry.googleapis.com",
            "timeouts": null
          },
          "sensitive_attributes": [],
          "private": "eyJlMmJmYjczMC1lY2FhLTExZTYtOGY4OC0zNDM2M2JjN2M0YzAiOnsiY3JlYXRlIjoxMjAwMDAwMDAwMDAwLCJkZWxldGUiOjEyMDAwMDAwMDAwMDAsInJlYWQiOjYwMDAwMDAwMDAwMCwidXBkYXRlIjoxMjAwMDAwMDAwMDAwfX0=",
          "dependencies": [
            "data.google_client_config.current"
          ]
        },
        {
          "index_key": "monitoring.googleapis.com",
          "schema_version": 0,
          "attributes": {
            "disable_dependent_services": true,
            "disable_on_destroy": false,
            "id": "sm-demo-forteam/monitoring.googleapis.com",
            "project": "sm-demo-forteam",
            "service": "monitoring.googleapis.com",
            "timeouts": null
          },
          "sensitive_attributes": [],
          "private": "eyJlMmJmYjczMC1lY2FhLTExZTYtOGY4OC0zNDM2M2JjN2M0YzAiOnsiY3JlYXRlIjoxMjAwMDAwMDAwMDAwLCJkZWxldGUiOjEyMDAwMDAwMDAwMDAsInJlYWQiOjYwMDAwMDAwMDAwMCwidXBkYXRlIjoxMjAwMDAwMDAwMDAwfX0=",
          "dependencies": [
            "data.google_client_config.current"
          ]
        }
      ]
    },
    {
      "module": "module.secondary-cluster",
      "mode": "data",
      "type": "google_client_config",
      "name": "default",
      "provider": "provider[\"registry.terraform.io/hashicorp/google-beta\"]",
      "instances": [
        {
          "schema_version": 0,
          "attributes": {
            "access_token": "ya29.a0AfH6SMBxalsRNpJh5MtJSOoejzwQgdw8LmxQFJNKpBEsP-pLcYYWXx61421eemvTog_llqoBuNMNNcmHblfH5hNt4E9vOWyOUh74S5UVllw1Eeb9TL8uo9RiOuL4epV0DjB8WS4wgw1lPdDSFLLRGnZBDx9aCRZceRfE-F2a2OlIAgJ8y2pW4o9pHEvelwRF8c7FjwmVAT_r-X6XsACh-Sf_5-98UXHt9c-4e-Ba0LzIY5rjg2nKHKRR4HzLzuowZLUwYo6x-Q",
            "id": "projects/sm-demo-forteam/regions//zones/",
            "project": "sm-demo-forteam",
            "region": "",
            "zone": ""
          },
          "sensitive_attributes": []
        }
      ]
    },
    {
      "module": "module.secondary-cluster",
      "mode": "data",
      "type": "google_compute_zones",
      "name": "available",
      "provider": "provider[\"registry.terraform.io/hashicorp/google-beta\"]",
      "instances": [
        {
          "schema_version": 0,
          "attributes": {
            "id": "projects/sm-demo-forteam/regions/us-west1",
            "names": [
              "us-west1-a",
              "us-west1-b",
              "us-west1-c"
            ],
            "project": "sm-demo-forteam",
            "region": "us-west1",
            "status": null
          },
          "sensitive_attributes": []
        }
      ]
    },
    {
      "module": "module.secondary-cluster",
      "mode": "data",
      "type": "google_container_engine_versions",
      "name": "region",
      "provider": "provider[\"registry.terraform.io/hashicorp/google\"]",
      "instances": [
        {
          "schema_version": 0,
          "attributes": {
            "default_cluster_version": "1.17.17-gke.1101",
            "id": "2021-03-19 14:37:10.324572965 +0000 UTC",
            "latest_master_version": "1.18.16-gke.500",
            "latest_node_version": "1.18.16-gke.500",
            "location": "us-west1-b",
            "project": "sm-demo-forteam",
            "release_channel_default_version": {
              "RAPID": "1.19.7-gke.2503",
              "REGULAR": "1.18.12-gke.1210",
              "STABLE": "1.17.17-gke.1101"
            },
            "valid_master_versions": [
              "1.18.16-gke.500",
              "1.18.16-gke.300",
              "1.18.15-gke.1501",
              "1.18.15-gke.1500",
              "1.18.15-gke.1102",
              "1.18.15-gke.1100",
              "1.18.14-gke.1600",
              "1.18.14-gke.1200",
              "1.18.12-gke.1210",
              "1.17.17-gke.3000",
              "1.17.17-gke.2800",
              "1.17.17-gke.1500",
              "1.17.17-gke.1101",
              "1.17.17-gke.1100",
              "1.17.15-gke.800",
              "1.16.15-gke.12500",
              "1.16.15-gke.11800",
              "1.16.15-gke.10600",
              "1.16.15-gke.7801",
              "1.15.12-gke.6002"
            ],
            "valid_node_versions": [
              "1.18.16-gke.500",
              "1.18.16-gke.300",
              "1.18.15-gke.2500",
              "1.18.15-gke.1501",
              "1.18.15-gke.1500",
              "1.18.15-gke.1102",
              "1.18.15-gke.1100",
              "1.18.15-gke.800",
              "1.18.14-gke.1600",
              "1.18.14-gke.1200",
              "1.18.12-gke.1210",
              "1.18.12-gke.1206",
              "1.18.12-gke.1205",
              "1.18.12-gke.1201",
              "1.18.12-gke.1200",
              "1.18.12-gke.300",
              "1.18.10-gke.2701",
              "1.18.10-gke.2101",
              "1.18.10-gke.1500",
              "1.18.10-gke.601",
              "1.18.9-gke.2501",
              "1.18.9-gke.1501",
              "1.18.9-gke.801",
              "1.18.6-gke.4801",
              "1.18.6-gke.3504",
              "1.18.6-gke.3503",
              "1.17.17-gke.3000",
              "1.17.17-gke.2800",
              "1.17.17-gke.2500",
              "1.17.17-gke.1500",
              "1.17.17-gke.1101",
              "1.17.17-gke.1100",
              "1.17.17-gke.600",
              "1.17.16-gke.1600",
              "1.17.16-gke.1300",
              "1.17.15-gke.800",
              "1.17.15-gke.300",
              "1.17.14-gke.1600",
              "1.17.14-gke.1200",
              "1.17.14-gke.400",
              "1.17.13-gke.2600",
              "1.17.13-gke.2001",
              "1.17.13-gke.1401",
              "1.17.13-gke.1400",
              "1.17.13-gke.600",
              "1.17.12-gke.2502",
              "1.17.12-gke.1504",
              "1.17.12-gke.1501",
              "1.17.12-gke.500",
              "1.17.9-gke.6300",
              "1.17.9-gke.1504",
              "1.16.15-gke.12500",
              "1.16.15-gke.11800",
              "1.16.15-gke.10600",
              "1.16.15-gke.7801",
              "1.16.15-gke.7800",
              "1.16.15-gke.7300",
              "1.16.15-gke.6900",
              "1.16.15-gke.6000",
              "1.16.15-gke.5500",
              "1.16.15-gke.4901",
              "1.16.15-gke.4301",
              "1.16.15-gke.4300",
              "1.16.15-gke.3500",
              "1.16.15-gke.2601",
              "1.16.15-gke.1600",
              "1.16.15-gke.500",
              "1.16.13-gke.404",
              "1.16.13-gke.403",
              "1.16.13-gke.401",
              "1.16.13-gke.400",
              "1.16.13-gke.1",
              "1.16.11-gke.5",
              "1.16.10-gke.8",
              "1.16.9-gke.6",
              "1.16.9-gke.2",
              "1.16.8-gke.15",
              "1.16.8-gke.12",
              "1.16.8-gke.9",
              "1.15.12-gke.6002",
              "1.15.12-gke.6001",
              "1.15.12-gke.5000",
              "1.15.12-gke.4002",
              "1.15.12-gke.4000",
              "1.15.12-gke.20",
              "1.15.12-gke.17",
              "1.15.12-gke.16",
              "1.15.12-gke.13",
              "1.15.12-gke.9",
              "1.15.12-gke.6",
              "1.15.12-gke.3",
              "1.15.12-gke.2",
              "1.15.11-gke.17",
              "1.15.11-gke.15",
              "1.15.11-gke.13",
              "1.15.11-gke.12",
              "1.15.11-gke.11",
              "1.15.11-gke.9",
              "1.15.11-gke.5",
              "1.15.11-gke.3",
              "1.15.11-gke.1",
              "1.15.9-gke.26",
              "1.15.9-gke.24",
              "1.15.9-gke.22",
              "1.15.9-gke.12",
              "1.15.9-gke.9",
              "1.15.9-gke.8",
              "1.15.8-gke.3",
              "1.15.8-gke.2",
              "1.15.7-gke.23",
              "1.15.7-gke.2",
              "1.15.4-gke.22",
              "1.14.10-gke.1504",
              "1.14.10-gke.902",
              "1.14.10-gke.50",
              "1.14.10-gke.46",
              "1.14.10-gke.45",
              "1.14.10-gke.42",
              "1.14.10-gke.41",
              "1.14.10-gke.40",
              "1.14.10-gke.37",
              "1.14.10-gke.36",
              "1.14.10-gke.34",
              "1.14.10-gke.32",
              "1.14.10-gke.31",
              "1.14.10-gke.27",
              "1.14.10-gke.24",
              "1.14.10-gke.22",
              "1.14.10-gke.21",
              "1.14.10-gke.17",
              "1.14.10-gke.0",
              "1.14.9-gke.23",
              "1.14.9-gke.2",
              "1.14.9-gke.0",
              "1.14.8-gke.33",
              "1.14.8-gke.21",
              "1.14.8-gke.18",
              "1.14.8-gke.17",
              "1.14.8-gke.14",
              "1.14.8-gke.12",
              "1.14.8-gke.7",
              "1.14.8-gke.2",
              "1.14.7-gke.40",
              "1.14.7-gke.25",
              "1.14.7-gke.23",
              "1.14.7-gke.17",
              "1.14.7-gke.14",
              "1.14.7-gke.10",
              "1.14.6-gke.13",
              "1.14.6-gke.2",
              "1.14.6-gke.1",
              "1.14.3-gke.11",
              "1.14.3-gke.10",
              "1.14.3-gke.9",
              "1.14.2-gke.9",
              "1.14.1-gke.5",
              "1.13.12-gke.30",
              "1.13.12-gke.25",
              "1.13.12-gke.17",
              "1.13.12-gke.16",
              "1.13.12-gke.14",
              "1.13.12-gke.13",
              "1.13.12-gke.10",
              "1.13.12-gke.8",
              "1.13.12-gke.4",
              "1.13.12-gke.2",
              "1.13.11-gke.23",
              "1.13.11-gke.15",
              "1.13.11-gke.14",
              "1.13.11-gke.12",
              "1.13.11-gke.11",
              "1.13.11-gke.9",
              "1.13.11-gke.5",
              "1.13.10-gke.7",
              "1.13.10-gke.0",
              "1.13.9-gke.11",
              "1.13.9-gke.3",
              "1.13.7-gke.24",
              "1.13.7-gke.19",
              "1.13.7-gke.15",
              "1.13.7-gke.8",
              "1.13.7-gke.0",
              "1.13.6-gke.13",
              "1.13.6-gke.6",
              "1.13.6-gke.5",
              "1.13.6-gke.0",
              "1.13.5-gke.10",
              "1.12.10-gke.22",
              "1.12.10-gke.20",
              "1.12.10-gke.19",
              "1.12.10-gke.18",
              "1.12.10-gke.17",
              "1.12.10-gke.15",
              "1.12.10-gke.13",
              "1.12.10-gke.11",
              "1.12.10-gke.5",
              "1.12.9-gke.16",
              "1.12.9-gke.15",
              "1.12.9-gke.13",
              "1.12.9-gke.10",
              "1.12.9-gke.7",
              "1.12.9-gke.3",
              "1.12.8-gke.12",
              "1.12.8-gke.10",
              "1.12.8-gke.7",
              "1.12.8-gke.6",
              "1.12.7-gke.26",
              "1.12.7-gke.25",
              "1.12.7-gke.24",
              "1.12.7-gke.22",
              "1.12.7-gke.21",
              "1.12.7-gke.17",
              "1.12.7-gke.10",
              "1.12.7-gke.7",
              "1.12.6-gke.11",
              "1.12.6-gke.10",
              "1.12.6-gke.7",
              "1.12.5-gke.10",
              "1.12.5-gke.5",
              "1.11.10-gke.6",
              "1.11.10-gke.5"
            ],
            "version_prefix": null
          },
          "sensitive_attributes": []
        }
      ]
    },
    {
      "module": "module.secondary-cluster",
      "mode": "data",
      "type": "google_container_engine_versions",
      "name": "zone",
      "provider": "provider[\"registry.terraform.io/hashicorp/google\"]",
      "instances": [
        {
          "schema_version": 0,
          "attributes": {
            "default_cluster_version": "1.17.17-gke.1101",
            "id": "2021-03-19 14:37:10.663159683 +0000 UTC",
            "latest_master_version": "1.18.16-gke.500",
            "latest_node_version": "1.18.16-gke.500",
            "location": "us-west1-b",
            "project": "sm-demo-forteam",
            "release_channel_default_version": {
              "RAPID": "1.19.7-gke.2503",
              "REGULAR": "1.18.12-gke.1210",
              "STABLE": "1.17.17-gke.1101"
            },
            "valid_master_versions": [
              "1.18.16-gke.500",
              "1.18.16-gke.300",
              "1.18.15-gke.1501",
              "1.18.15-gke.1500",
              "1.18.15-gke.1102",
              "1.18.15-gke.1100",
              "1.18.14-gke.1600",
              "1.18.14-gke.1200",
              "1.18.12-gke.1210",
              "1.17.17-gke.3000",
              "1.17.17-gke.2800",
              "1.17.17-gke.1500",
              "1.17.17-gke.1101",
              "1.17.17-gke.1100",
              "1.17.15-gke.800",
              "1.16.15-gke.12500",
              "1.16.15-gke.11800",
              "1.16.15-gke.10600",
              "1.16.15-gke.7801",
              "1.15.12-gke.6002"
            ],
            "valid_node_versions": [
              "1.18.16-gke.500",
              "1.18.16-gke.300",
              "1.18.15-gke.2500",
              "1.18.15-gke.1501",
              "1.18.15-gke.1500",
              "1.18.15-gke.1102",
              "1.18.15-gke.1100",
              "1.18.15-gke.800",
              "1.18.14-gke.1600",
              "1.18.14-gke.1200",
              "1.18.12-gke.1210",
              "1.18.12-gke.1206",
              "1.18.12-gke.1205",
              "1.18.12-gke.1201",
              "1.18.12-gke.1200",
              "1.18.12-gke.300",
              "1.18.10-gke.2701",
              "1.18.10-gke.2101",
              "1.18.10-gke.1500",
              "1.18.10-gke.601",
              "1.18.9-gke.2501",
              "1.18.9-gke.1501",
              "1.18.9-gke.801",
              "1.18.6-gke.4801",
              "1.18.6-gke.3504",
              "1.18.6-gke.3503",
              "1.17.17-gke.3000",
              "1.17.17-gke.2800",
              "1.17.17-gke.2500",
              "1.17.17-gke.1500",
              "1.17.17-gke.1101",
              "1.17.17-gke.1100",
              "1.17.17-gke.600",
              "1.17.16-gke.1600",
              "1.17.16-gke.1300",
              "1.17.15-gke.800",
              "1.17.15-gke.300",
              "1.17.14-gke.1600",
              "1.17.14-gke.1200",
              "1.17.14-gke.400",
              "1.17.13-gke.2600",
              "1.17.13-gke.2001",
              "1.17.13-gke.1401",
              "1.17.13-gke.1400",
              "1.17.13-gke.600",
              "1.17.12-gke.2502",
              "1.17.12-gke.1504",
              "1.17.12-gke.1501",
              "1.17.12-gke.500",
              "1.17.9-gke.6300",
              "1.17.9-gke.1504",
              "1.16.15-gke.12500",
              "1.16.15-gke.11800",
              "1.16.15-gke.10600",
              "1.16.15-gke.7801",
              "1.16.15-gke.7800",
              "1.16.15-gke.7300",
              "1.16.15-gke.6900",
              "1.16.15-gke.6000",
              "1.16.15-gke.5500",
              "1.16.15-gke.4901",
              "1.16.15-gke.4301",
              "1.16.15-gke.4300",
              "1.16.15-gke.3500",
              "1.16.15-gke.2601",
              "1.16.15-gke.1600",
              "1.16.15-gke.500",
              "1.16.13-gke.404",
              "1.16.13-gke.403",
              "1.16.13-gke.401",
              "1.16.13-gke.400",
              "1.16.13-gke.1",
              "1.16.11-gke.5",
              "1.16.10-gke.8",
              "1.16.9-gke.6",
              "1.16.9-gke.2",
              "1.16.8-gke.15",
              "1.16.8-gke.12",
              "1.16.8-gke.9",
              "1.15.12-gke.6002",
              "1.15.12-gke.6001",
              "1.15.12-gke.5000",
              "1.15.12-gke.4002",
              "1.15.12-gke.4000",
              "1.15.12-gke.20",
              "1.15.12-gke.17",
              "1.15.12-gke.16",
              "1.15.12-gke.13",
              "1.15.12-gke.9",
              "1.15.12-gke.6",
              "1.15.12-gke.3",
              "1.15.12-gke.2",
              "1.15.11-gke.17",
              "1.15.11-gke.15",
              "1.15.11-gke.13",
              "1.15.11-gke.12",
              "1.15.11-gke.11",
              "1.15.11-gke.9",
              "1.15.11-gke.5",
              "1.15.11-gke.3",
              "1.15.11-gke.1",
              "1.15.9-gke.26",
              "1.15.9-gke.24",
              "1.15.9-gke.22",
              "1.15.9-gke.12",
              "1.15.9-gke.9",
              "1.15.9-gke.8",
              "1.15.8-gke.3",
              "1.15.8-gke.2",
              "1.15.7-gke.23",
              "1.15.7-gke.2",
              "1.15.4-gke.22",
              "1.14.10-gke.1504",
              "1.14.10-gke.902",
              "1.14.10-gke.50",
              "1.14.10-gke.46",
              "1.14.10-gke.45",
              "1.14.10-gke.42",
              "1.14.10-gke.41",
              "1.14.10-gke.40",
              "1.14.10-gke.37",
              "1.14.10-gke.36",
              "1.14.10-gke.34",
              "1.14.10-gke.32",
              "1.14.10-gke.31",
              "1.14.10-gke.27",
              "1.14.10-gke.24",
              "1.14.10-gke.22",
              "1.14.10-gke.21",
              "1.14.10-gke.17",
              "1.14.10-gke.0",
              "1.14.9-gke.23",
              "1.14.9-gke.2",
              "1.14.9-gke.0",
              "1.14.8-gke.33",
              "1.14.8-gke.21",
              "1.14.8-gke.18",
              "1.14.8-gke.17",
              "1.14.8-gke.14",
              "1.14.8-gke.12",
              "1.14.8-gke.7",
              "1.14.8-gke.2",
              "1.14.7-gke.40",
              "1.14.7-gke.25",
              "1.14.7-gke.23",
              "1.14.7-gke.17",
              "1.14.7-gke.14",
              "1.14.7-gke.10",
              "1.14.6-gke.13",
              "1.14.6-gke.2",
              "1.14.6-gke.1",
              "1.14.3-gke.11",
              "1.14.3-gke.10",
              "1.14.3-gke.9",
              "1.14.2-gke.9",
              "1.14.1-gke.5",
              "1.13.12-gke.30",
              "1.13.12-gke.25",
              "1.13.12-gke.17",
              "1.13.12-gke.16",
              "1.13.12-gke.14",
              "1.13.12-gke.13",
              "1.13.12-gke.10",
              "1.13.12-gke.8",
              "1.13.12-gke.4",
              "1.13.12-gke.2",
              "1.13.11-gke.23",
              "1.13.11-gke.15",
              "1.13.11-gke.14",
              "1.13.11-gke.12",
              "1.13.11-gke.11",
              "1.13.11-gke.9",
              "1.13.11-gke.5",
              "1.13.10-gke.7",
              "1.13.10-gke.0",
              "1.13.9-gke.11",
              "1.13.9-gke.3",
              "1.13.7-gke.24",
              "1.13.7-gke.19",
              "1.13.7-gke.15",
              "1.13.7-gke.8",
              "1.13.7-gke.0",
              "1.13.6-gke.13",
              "1.13.6-gke.6",
              "1.13.6-gke.5",
              "1.13.6-gke.0",
              "1.13.5-gke.10",
              "1.12.10-gke.22",
              "1.12.10-gke.20",
              "1.12.10-gke.19",
              "1.12.10-gke.18",
              "1.12.10-gke.17",
              "1.12.10-gke.15",
              "1.12.10-gke.13",
              "1.12.10-gke.11",
              "1.12.10-gke.5",
              "1.12.9-gke.16",
              "1.12.9-gke.15",
              "1.12.9-gke.13",
              "1.12.9-gke.10",
              "1.12.9-gke.7",
              "1.12.9-gke.3",
              "1.12.8-gke.12",
              "1.12.8-gke.10",
              "1.12.8-gke.7",
              "1.12.8-gke.6",
              "1.12.7-gke.26",
              "1.12.7-gke.25",
              "1.12.7-gke.24",
              "1.12.7-gke.22",
              "1.12.7-gke.21",
              "1.12.7-gke.17",
              "1.12.7-gke.10",
              "1.12.7-gke.7",
              "1.12.6-gke.11",
              "1.12.6-gke.10",
              "1.12.6-gke.7",
              "1.12.5-gke.10",
              "1.12.5-gke.5",
              "1.11.10-gke.6",
              "1.11.10-gke.5"
            ],
            "version_prefix": null
          },
          "sensitive_attributes": []
        }
      ]
    },
    {
      "module": "module.secondary-cluster",
      "mode": "managed",
      "type": "google_container_cluster",
      "name": "primary",
      "provider": "provider[\"registry.terraform.io/hashicorp/google-beta\"]",
      "instances": [
        {
          "schema_version": 1,
          "attributes": {
            "addons_config": [
              {
                "cloudrun_config": [],
                "config_connector_config": [
                  {
                    "enabled": false
                  }
                ],
                "dns_cache_config": [
                  {
                    "enabled": false
                  }
                ],
                "gce_persistent_disk_csi_driver_config": [
                  {
                    "enabled": false
                  }
                ],
                "horizontal_pod_autoscaling": [
                  {
                    "disabled": false
                  }
                ],
                "http_load_balancing": [
                  {
                    "disabled": false
                  }
                ],
                "istio_config": [
                  {
                    "auth": "AUTH_MUTUAL_TLS",
                    "disabled": true
                  }
                ],
                "kalm_config": [
                  {
                    "enabled": false
                  }
                ],
                "network_policy_config": [
                  {
                    "disabled": false
                  }
                ]
              }
            ],
            "authenticator_groups_config": [],
            "cluster_autoscaling": [
              {
                "auto_provisioning_defaults": [],
                "autoscaling_profile": "BALANCED",
                "enabled": false,
                "resource_limits": []
              }
            ],
            "cluster_ipv4_cidr": "10.80.0.0/14",
            "cluster_telemetry": [
              {
                "type": "ENABLED"
              }
            ],
            "confidential_nodes": [],
            "database_encryption": [
              {
                "key_name": "",
                "state": "DECRYPTED"
              }
            ],
            "datapath_provider": "",
            "default_max_pods_per_node": 110,
            "default_snat_status": [
              {
                "disabled": false
              }
            ],
            "description": "",
            "enable_binary_authorization": false,
            "enable_intranode_visibility": false,
            "enable_kubernetes_alpha": false,
            "enable_legacy_abac": false,
            "enable_shielded_nodes": true,
            "enable_tpu": false,
            "endpoint": "35.247.118.176",
            "id": "projects/sm-demo-forteam/locations/us-west1-b/clusters/secondary",
            "initial_node_count": 0,
            "instance_group_urls": [
              "https://www.googleapis.com/compute/beta/projects/sm-demo-forteam/zones/us-west1-b/instanceGroups/gke-secondary-default-pool-52fa91fa-grp",
              "https://www.googleapis.com/compute/beta/projects/sm-demo-forteam/zones/us-west1-b/instanceGroups/gke-secondary-default-node-pool-615f3964-grp"
            ],
            "ip_allocation_policy": [
              {
                "cluster_ipv4_cidr_block": "10.80.0.0/14",
                "cluster_secondary_range_name": "gke-secondary-pods-83e70a7d",
                "services_ipv4_cidr_block": "10.84.0.0/20",
                "services_secondary_range_name": "gke-secondary-services-83e70a7d"
              }
            ],
            "label_fingerprint": "4f04c4f6",
            "location": "us-west1-b",
            "logging_service": "logging.googleapis.com/kubernetes",
            "maintenance_policy": [
              {
                "daily_maintenance_window": [
                  {
                    "duration": "PT4H0M0S",
                    "start_time": "05:00"
                  }
                ],
                "maintenance_exclusion": [],
                "recurring_window": []
              }
            ],
            "master_auth": [
              {
                "client_certificate": "",
                "client_certificate_config": [
                  {
                    "issue_client_certificate": false
                  }
                ],
                "client_key": "",
                "cluster_ca_certificate": "LS0tLS1CRUdJTiBDRVJUSUZJQ0FURS0tLS0tCk1JSURLekNDQWhPZ0F3SUJBZ0lSQUwwdzIvV3dPSCtQWThsWmV3QXVWaE13RFFZSktvWklodmNOQVFFTEJRQXcKTHpFdE1Dc0dBMVVFQXhNa01HTXpORGhpTUdFdE5UVm1PUzAwWlRaakxXRmlNV0V0WldOa1kyUmxZMk5oTkdSagpNQjRYRFRJeE1ETXhPVEV6TXpBME0xb1hEVEkyTURNeE9ERTBNekEwTTFvd0x6RXRNQ3NHQTFVRUF4TWtNR016Ck5EaGlNR0V0TlRWbU9TMDBaVFpqTFdGaU1XRXRaV05rWTJSbFkyTmhOR1JqTUlJQklqQU5CZ2txaGtpRzl3MEIKQVFFRkFBT0NBUThBTUlJQkNnS0NBUUVBbjdEVVpXWXNmSFRNRkhQVmFhTDJDVm1YRDlIU1hTc3NNQlc4QS9BdApsbWYveXN1TlpMWHpVSmhYNDkvSklHZXI5YjJ6R0lpa0FOTFVHekI4NTl1Um5PNUFwbEhLOWQ4eUc5Qy9zVlJYCkRuMXRGVlFsU3hOOU1Yb2FTbHZCK0VJck9qcU5mK1dMK2Z3VXRORFJReFp2eHJnbXBmOWRGVG53Uis1cytPdnEKSzlXcklhOXhuQjJJSDVBWkkzNmxBZDhtOStDWlpEdnM3czczREdvVzFMajY2OHFDOFdOamovWW50bjcwWko2bApPeGl1RWpOMGF0R0JDbU5tUE05Z1pUMHN0NEU0N2FvTU0rMCtOMFJlMnRCWnVXc0FHS3YvNTlNK3o0Z0lzckNWCjZlRWMyL1oxT1ZpNmpsYU5uVUV4QysraW5Vak9vbWVlZVVUdFNlQjdWbS9mMlFJREFRQUJvMEl3UURBT0JnTlYKSFE4QkFmOEVCQU1DQWdRd0R3WURWUjBUQVFIL0JBVXdBd0VCL3pBZEJnTlZIUTRFRmdRVUViQ2oyeW5TYWZOTwpLSVgyelQzYmRuNjdXTXd3RFFZSktvWklodmNOQVFFTEJRQURnZ0VCQUl0NThpUFFCYTRPVndKdzZYNmxvTFZXCmcrVndORXBJZEc1a3FrWnBWZkpIbEN3TXEyVFFsemY4cjlOM25ISXZUUmFLUndGY3lyWllUWitzL0t1WE9TL2kKWG1YVGlZRjBjT3N6SjN5V0RVdXB5aFpzN3hGMXhrMjFGbXpuOTIyVzNnTTFTbWJIa3dycjBudWRxT0ZLZGlpRwpZdmtiVzFPK0ZwNkpyRFo3RmRUcFIwaWZLOVFSOTI1RTZDTjlqT2xGL1BBcGV0MW5NeUJOcTF3K1NvNm56bmFXCkVKb2N5L2xLMG5QQVB4TjlZczdiZ0hGY1YxMXE2bC9JNENVWENxYUxGamd2djlPamNCbS9HMVVkQjdVbTR2b1oKVkczYjMxTlN2MFAzNjNQZjhCUFYwWTFqZGJmaStqaG00WktlSk12SXVWblRvRU1XWTlTR2J0T1dGd085Y1BRPQotLS0tLUVORCBDRVJUSUZJQ0FURS0tLS0tCg==",
                "password": "",
                "username": ""
              }
            ],
            "master_authorized_networks_config": [],
            "master_version": "1.18.12-gke.1210",
            "min_master_version": null,
            "monitoring_service": "monitoring.googleapis.com/kubernetes",
            "name": "secondary",
            "network": "projects/sm-demo-forteam/global/networks/default",
            "network_policy": [
              {
                "enabled": true,
                "provider": "CALICO"
              }
            ],
            "networking_mode": "VPC_NATIVE",
            "node_config": [
              {
                "boot_disk_kms_key": "",
                "disk_size_gb": 100,
                "disk_type": "pd-standard",
                "guest_accelerator": [],
                "image_type": "COS",
                "kubelet_config": [],
                "labels": {},
                "linux_node_config": [],
                "local_ssd_count": 0,
                "machine_type": "e2-medium",
                "metadata": {
                  "disable-legacy-endpoints": "true"
                },
                "min_cpu_platform": "",
                "oauth_scopes": [
                  "https://www.googleapis.com/auth/logging.write",
                  "https://www.googleapis.com/auth/monitoring"
                ],
                "preemptible": false,
                "sandbox_config": [],
                "service_account": "tf-gke-secondary-vx3q@sm-demo-forteam.iam.gserviceaccount.com",
                "shielded_instance_config": [
                  {
                    "enable_integrity_monitoring": true,
                    "enable_secure_boot": false
                  }
                ],
                "tags": [],
                "taint": [],
                "workload_metadata_config": [
                  {
                    "node_metadata": "GKE_METADATA_SERVER"
                  }
                ]
              }
            ],
            "node_locations": [],
            "node_pool": [
              {
                "autoscaling": [],
                "initial_node_count": 0,
                "instance_group_urls": [
                  "https://www.googleapis.com/compute/v1/projects/sm-demo-forteam/zones/us-west1-b/instanceGroupManagers/gke-secondary-default-pool-52fa91fa-grp"
                ],
                "management": [
                  {
                    "auto_repair": true,
                    "auto_upgrade": true
                  }
                ],
                "max_pods_per_node": 110,
                "name": "default-pool",
                "name_prefix": "",
                "node_config": [
                  {
                    "boot_disk_kms_key": "",
                    "disk_size_gb": 100,
                    "disk_type": "pd-standard",
                    "guest_accelerator": [],
                    "image_type": "COS",
                    "kubelet_config": [],
                    "labels": {},
                    "linux_node_config": [],
                    "local_ssd_count": 0,
                    "machine_type": "e2-medium",
                    "metadata": {
                      "disable-legacy-endpoints": "true"
                    },
                    "min_cpu_platform": "",
                    "oauth_scopes": [
                      "https://www.googleapis.com/auth/logging.write",
                      "https://www.googleapis.com/auth/monitoring"
                    ],
                    "preemptible": false,
                    "sandbox_config": [],
                    "service_account": "tf-gke-secondary-vx3q@sm-demo-forteam.iam.gserviceaccount.com",
                    "shielded_instance_config": [
                      {
                        "enable_integrity_monitoring": true,
                        "enable_secure_boot": false
                      }
                    ],
                    "tags": [],
                    "taint": [],
                    "workload_metadata_config": [
                      {
                        "node_metadata": "GKE_METADATA_SERVER"
                      }
                    ]
                  }
                ],
                "node_count": 0,
                "node_locations": [
                  "us-west1-b"
                ],
                "upgrade_settings": [
                  {
                    "max_surge": 1,
                    "max_unavailable": 0
                  }
                ],
                "version": "1.18.12-gke.1210"
              },
              {
                "autoscaling": [],
                "initial_node_count": 5,
                "instance_group_urls": [
                  "https://www.googleapis.com/compute/v1/projects/sm-demo-forteam/zones/us-west1-b/instanceGroupManagers/gke-secondary-default-node-pool-615f3964-grp"
                ],
                "management": [
                  {
                    "auto_repair": true,
                    "auto_upgrade": true
                  }
                ],
                "max_pods_per_node": 110,
                "name": "default-node-pool",
                "name_prefix": "",
                "node_config": [
                  {
                    "boot_disk_kms_key": "",
                    "disk_size_gb": 100,
                    "disk_type": "pd-standard",
                    "guest_accelerator": [],
                    "image_type": "COS",
                    "kubelet_config": [],
                    "labels": {
                      "cluster_name": "secondary",
                      "node_pool": "default-node-pool"
                    },
                    "linux_node_config": [],
                    "local_ssd_count": 0,
                    "machine_type": "e2-standard-4",
                    "metadata": {
                      "cluster_name": "secondary",
                      "disable-legacy-endpoints": "true",
                      "node_pool": "default-node-pool"
                    },
                    "min_cpu_platform": "",
                    "oauth_scopes": [
                      "https://www.googleapis.com/auth/cloud-platform"
                    ],
                    "preemptible": false,
                    "sandbox_config": [],
                    "service_account": "tf-gke-secondary-vx3q@sm-demo-forteam.iam.gserviceaccount.com",
                    "shielded_instance_config": [
                      {
                        "enable_integrity_monitoring": true,
                        "enable_secure_boot": false
                      }
                    ],
                    "tags": [
                      "gke-secondary",
                      "gke-secondary-default-node-pool"
                    ],
                    "taint": [],
                    "workload_metadata_config": [
                      {
                        "node_metadata": "GKE_METADATA_SERVER"
                      }
                    ]
                  }
                ],
                "node_count": 5,
                "node_locations": [
                  "us-west1-b"
                ],
                "upgrade_settings": [
                  {
                    "max_surge": 1,
                    "max_unavailable": 0
                  }
                ],
                "version": "1.18.12-gke.1210"
              }
            ],
            "node_version": "1.18.12-gke.1210",
            "notification_config": [
              {
                "pubsub": [
                  {
                    "enabled": false,
                    "topic": ""
                  }
                ]
              }
            ],
            "operation": null,
            "pod_security_policy_config": [
              {
                "enabled": false
              }
            ],
            "private_cluster_config": [],
            "project": "sm-demo-forteam",
            "release_channel": [
              {
                "channel": "REGULAR"
              }
            ],
            "remove_default_node_pool": false,
            "resource_labels": {
              "mesh_id": "proj-891993590564"
            },
            "resource_usage_export_config": [],
            "self_link": "https://container.googleapis.com/v1beta1/projects/sm-demo-forteam/zones/us-west1-b/clusters/secondary",
            "services_ipv4_cidr": "10.84.0.0/20",
            "subnetwork": "projects/sm-demo-forteam/regions/us-west1/subnetworks/default",
            "timeouts": {
              "create": "45m",
              "delete": "45m",
              "read": null,
              "update": "45m"
            },
            "tpu_ipv4_cidr_block": "",
            "vertical_pod_autoscaling": [
              {
                "enabled": false
              }
            ],
            "workload_identity_config": [
              {
                "identity_namespace": "sm-demo-forteam.svc.id.goog"
              }
            ]
          },
          "sensitive_attributes": [],
          "private": "eyJlMmJmYjczMC1lY2FhLTExZTYtOGY4OC0zNDM2M2JjN2M0YzAiOnsiY3JlYXRlIjoyNzAwMDAwMDAwMDAwLCJkZWxldGUiOjI3MDAwMDAwMDAwMDAsInJlYWQiOjI0MDAwMDAwMDAwMDAsInVwZGF0ZSI6MjcwMDAwMDAwMDAwMH0sInNjaGVtYV92ZXJzaW9uIjoiMSJ9",
          "dependencies": [
            "data.google_client_config.current",
            "data.google_project.project",
            "module.project-services.google_project_service.project_services",
            "module.secondary-cluster.data.google_compute_zones.available",
            "module.secondary-cluster.data.google_container_engine_versions.region",
            "module.secondary-cluster.data.google_container_engine_versions.zone",
            "module.secondary-cluster.google_service_account.cluster_service_account",
            "module.secondary-cluster.random_shuffle.available_zones",
            "module.secondary-cluster.random_string.cluster_service_account_suffix"
          ]
        }
      ]
    },
    {
      "module": "module.secondary-cluster",
      "mode": "managed",
      "type": "google_container_node_pool",
      "name": "pools",
      "provider": "provider[\"registry.terraform.io/hashicorp/google-beta\"]",
      "instances": [
        {
          "index_key": "default-node-pool",
          "schema_version": 1,
          "attributes": {
            "autoscaling": [],
            "cluster": "secondary",
            "id": "projects/sm-demo-forteam/locations/us-west1-b/clusters/secondary/nodePools/default-node-pool",
            "initial_node_count": 5,
            "instance_group_urls": [
              "https://www.googleapis.com/compute/v1/projects/sm-demo-forteam/zones/us-west1-b/instanceGroupManagers/gke-secondary-default-node-pool-615f3964-grp"
            ],
            "location": "us-west1-b",
            "management": [
              {
                "auto_repair": true,
                "auto_upgrade": true
              }
            ],
            "max_pods_per_node": 110,
            "name": "default-node-pool",
            "name_prefix": "",
            "node_config": [
              {
                "boot_disk_kms_key": "",
                "disk_size_gb": 100,
                "disk_type": "pd-standard",
                "guest_accelerator": [],
                "image_type": "COS",
                "kubelet_config": [],
                "labels": {
                  "cluster_name": "secondary",
                  "node_pool": "default-node-pool"
                },
                "linux_node_config": [],
                "local_ssd_count": 0,
                "machine_type": "e2-standard-4",
                "metadata": {
                  "cluster_name": "secondary",
                  "disable-legacy-endpoints": "true",
                  "node_pool": "default-node-pool"
                },
                "min_cpu_platform": "",
                "oauth_scopes": [
                  "https://www.googleapis.com/auth/cloud-platform"
                ],
                "preemptible": false,
                "sandbox_config": [],
                "service_account": "tf-gke-secondary-vx3q@sm-demo-forteam.iam.gserviceaccount.com",
                "shielded_instance_config": [
                  {
                    "enable_integrity_monitoring": true,
                    "enable_secure_boot": false
                  }
                ],
                "tags": [
                  "gke-secondary",
                  "gke-secondary-default-node-pool"
                ],
                "taint": [],
                "workload_metadata_config": [
                  {
                    "node_metadata": "GKE_METADATA_SERVER"
                  }
                ]
              }
            ],
            "node_count": 5,
            "node_locations": [
              "us-west1-b"
            ],
            "project": "sm-demo-forteam",
            "timeouts": {
              "create": "45m",
              "delete": "45m",
              "update": "45m"
            },
            "upgrade_settings": [
              {
                "max_surge": 1,
                "max_unavailable": 0
              }
            ],
            "version": "1.18.12-gke.1210"
          },
          "sensitive_attributes": [],
          "private": "eyJlMmJmYjczMC1lY2FhLTExZTYtOGY4OC0zNDM2M2JjN2M0YzAiOnsiY3JlYXRlIjoyNzAwMDAwMDAwMDAwLCJkZWxldGUiOjI3MDAwMDAwMDAwMDAsInVwZGF0ZSI6MjcwMDAwMDAwMDAwMH0sInNjaGVtYV92ZXJzaW9uIjoiMSJ9",
          "dependencies": [
            "data.google_client_config.current",
            "data.google_project.project",
            "module.project-services.google_project_service.project_services",
            "module.secondary-cluster.data.google_compute_zones.available",
            "module.secondary-cluster.data.google_container_engine_versions.region",
            "module.secondary-cluster.data.google_container_engine_versions.zone",
            "module.secondary-cluster.google_container_cluster.primary",
            "module.secondary-cluster.google_service_account.cluster_service_account",
            "module.secondary-cluster.random_shuffle.available_zones",
            "module.secondary-cluster.random_string.cluster_service_account_suffix"
          ]
        }
      ]
    },
    {
      "module": "module.secondary-cluster",
      "mode": "managed",
      "type": "google_project_iam_member",
      "name": "cluster_service_account-log_writer",
      "provider": "provider[\"registry.terraform.io/hashicorp/google\"]",
      "instances": [
        {
          "index_key": 0,
          "schema_version": 0,
          "attributes": {
            "condition": [],
            "etag": "BwW95KL+JFU=",
            "id": "sm-demo-forteam/roles/logging.logWriter/serviceaccount:tf-gke-secondary-vx3q@sm-demo-forteam.iam.gserviceaccount.com",
            "member": "serviceAccount:tf-gke-secondary-vx3q@sm-demo-forteam.iam.gserviceaccount.com",
            "project": "sm-demo-forteam",
            "role": "roles/logging.logWriter"
          },
          "sensitive_attributes": [],
          "private": "bnVsbA==",
          "dependencies": [
            "data.google_client_config.current",
            "module.project-services.google_project_service.project_services",
            "module.secondary-cluster.google_service_account.cluster_service_account",
            "module.secondary-cluster.random_string.cluster_service_account_suffix"
          ]
        }
      ]
    },
    {
      "module": "module.secondary-cluster",
      "mode": "managed",
      "type": "google_project_iam_member",
      "name": "cluster_service_account-metric_writer",
      "provider": "provider[\"registry.terraform.io/hashicorp/google\"]",
      "instances": [
        {
          "index_key": 0,
          "schema_version": 0,
          "attributes": {
            "condition": [],
            "etag": "BwW95KL+JFU=",
            "id": "sm-demo-forteam/roles/monitoring.metricWriter/serviceaccount:tf-gke-secondary-vx3q@sm-demo-forteam.iam.gserviceaccount.com",
            "member": "serviceAccount:tf-gke-secondary-vx3q@sm-demo-forteam.iam.gserviceaccount.com",
            "project": "sm-demo-forteam",
            "role": "roles/monitoring.metricWriter"
          },
          "sensitive_attributes": [],
          "private": "bnVsbA==",
          "dependencies": [
            "data.google_client_config.current",
            "module.project-services.google_project_service.project_services",
            "module.secondary-cluster.google_project_iam_member.cluster_service_account-log_writer",
            "module.secondary-cluster.google_service_account.cluster_service_account",
            "module.secondary-cluster.random_string.cluster_service_account_suffix"
          ]
        }
      ]
    },
    {
      "module": "module.secondary-cluster",
      "mode": "managed",
      "type": "google_project_iam_member",
      "name": "cluster_service_account-monitoring_viewer",
      "provider": "provider[\"registry.terraform.io/hashicorp/google\"]",
      "instances": [
        {
          "index_key": 0,
          "schema_version": 0,
          "attributes": {
            "condition": [],
            "etag": "BwW95KL+JFU=",
            "id": "sm-demo-forteam/roles/monitoring.viewer/serviceaccount:tf-gke-secondary-vx3q@sm-demo-forteam.iam.gserviceaccount.com",
            "member": "serviceAccount:tf-gke-secondary-vx3q@sm-demo-forteam.iam.gserviceaccount.com",
            "project": "sm-demo-forteam",
            "role": "roles/monitoring.viewer"
          },
          "sensitive_attributes": [],
          "private": "bnVsbA==",
          "dependencies": [
            "data.google_client_config.current",
            "module.project-services.google_project_service.project_services",
            "module.secondary-cluster.google_project_iam_member.cluster_service_account-log_writer",
            "module.secondary-cluster.google_project_iam_member.cluster_service_account-metric_writer",
            "module.secondary-cluster.google_service_account.cluster_service_account",
            "module.secondary-cluster.random_string.cluster_service_account_suffix"
          ]
        }
      ]
    },
    {
      "module": "module.secondary-cluster",
      "mode": "managed",
      "type": "google_project_iam_member",
      "name": "cluster_service_account-resourceMetadata-writer",
      "provider": "provider[\"registry.terraform.io/hashicorp/google\"]",
      "instances": [
        {
          "index_key": 0,
          "schema_version": 0,
          "attributes": {
            "condition": [],
            "etag": "BwW95KL+JFU=",
            "id": "sm-demo-forteam/roles/stackdriver.resourceMetadata.writer/serviceaccount:tf-gke-secondary-vx3q@sm-demo-forteam.iam.gserviceaccount.com",
            "member": "serviceAccount:tf-gke-secondary-vx3q@sm-demo-forteam.iam.gserviceaccount.com",
            "project": "sm-demo-forteam",
            "role": "roles/stackdriver.resourceMetadata.writer"
          },
          "sensitive_attributes": [],
          "private": "bnVsbA==",
          "dependencies": [
            "data.google_client_config.current",
            "module.project-services.google_project_service.project_services",
            "module.secondary-cluster.google_project_iam_member.cluster_service_account-log_writer",
            "module.secondary-cluster.google_project_iam_member.cluster_service_account-metric_writer",
            "module.secondary-cluster.google_project_iam_member.cluster_service_account-monitoring_viewer",
            "module.secondary-cluster.google_service_account.cluster_service_account",
            "module.secondary-cluster.random_string.cluster_service_account_suffix"
          ]
        }
      ]
    },
    {
      "module": "module.secondary-cluster",
      "mode": "managed",
      "type": "google_service_account",
      "name": "cluster_service_account",
      "provider": "provider[\"registry.terraform.io/hashicorp/google\"]",
      "instances": [
        {
          "index_key": 0,
          "schema_version": 0,
          "attributes": {
            "account_id": "tf-gke-secondary-vx3q",
            "description": "",
            "display_name": "Terraform-managed service account for cluster secondary",
            "email": "tf-gke-secondary-vx3q@sm-demo-forteam.iam.gserviceaccount.com",
            "id": "projects/sm-demo-forteam/serviceAccounts/tf-gke-secondary-vx3q@sm-demo-forteam.iam.gserviceaccount.com",
            "name": "projects/sm-demo-forteam/serviceAccounts/tf-gke-secondary-vx3q@sm-demo-forteam.iam.gserviceaccount.com",
            "project": "sm-demo-forteam",
            "timeouts": null,
            "unique_id": "115884178487047810698"
          },
          "sensitive_attributes": [],
          "private": "eyJlMmJmYjczMC1lY2FhLTExZTYtOGY4OC0zNDM2M2JjN2M0YzAiOnsiY3JlYXRlIjozMDAwMDAwMDAwMDB9fQ==",
          "dependencies": [
            "data.google_client_config.current",
            "module.project-services.google_project_service.project_services",
            "module.secondary-cluster.random_string.cluster_service_account_suffix"
          ]
        }
      ]
    },
    {
      "module": "module.secondary-cluster",
      "mode": "managed",
      "type": "random_shuffle",
      "name": "available_zones",
      "provider": "provider[\"registry.terraform.io/hashicorp/random\"]",
      "instances": [
        {
          "schema_version": 0,
          "attributes": {
            "id": "-",
            "input": [
              "us-west1-a",
              "us-west1-b",
              "us-west1-c"
            ],
            "keepers": null,
            "result": [
              "us-west1-b",
              "us-west1-c",
              "us-west1-a"
            ],
            "result_count": 3,
            "seed": null
          },
          "sensitive_attributes": [],
          "private": "bnVsbA==",
          "dependencies": [
            "data.google_client_config.current",
            "module.project-services.google_project_service.project_services",
            "module.secondary-cluster.data.google_compute_zones.available"
          ]
        }
      ]
    },
    {
      "module": "module.secondary-cluster",
      "mode": "managed",
      "type": "random_string",
      "name": "cluster_service_account_suffix",
      "provider": "provider[\"registry.terraform.io/hashicorp/random\"]",
      "instances": [
        {
          "schema_version": 1,
          "attributes": {
            "id": "vx3q",
            "keepers": null,
            "length": 4,
            "lower": true,
            "min_lower": 0,
            "min_numeric": 0,
            "min_special": 0,
            "min_upper": 0,
            "number": true,
            "override_special": null,
            "result": "vx3q",
            "special": false,
            "upper": false
          },
          "sensitive_attributes": [],
          "private": "eyJzY2hlbWFfdmVyc2lvbiI6IjEifQ=="
        }
      ]
    },
    {
      "module": "module.secondary-cluster.module.gcloud_delete_default_kube_dns_configmap.module.gcloud_kubectl",
      "mode": "managed",
      "type": "null_resource",
      "name": "module_depends_on",
      "provider": "provider[\"registry.terraform.io/hashicorp/null\"]",
      "instances": [
        {
          "index_key": 0,
          "schema_version": 0,
          "attributes": {
            "id": "6149371347814991800",
            "triggers": {
              "value": "3"
            }
          },
          "sensitive_attributes": [],
          "private": "bnVsbA==",
          "dependencies": [
            "data.google_client_config.current",
            "data.google_project.project",
            "module.project-services.google_project_service.project_services",
            "module.secondary-cluster.data.google_client_config.default",
            "module.secondary-cluster.data.google_compute_zones.available",
            "module.secondary-cluster.data.google_container_engine_versions.region",
            "module.secondary-cluster.data.google_container_engine_versions.zone",
            "module.secondary-cluster.google_container_cluster.primary",
            "module.secondary-cluster.google_container_node_pool.pools",
            "module.secondary-cluster.google_service_account.cluster_service_account",
            "module.secondary-cluster.random_shuffle.available_zones",
            "module.secondary-cluster.random_string.cluster_service_account_suffix"
          ]
        }
      ]
    }
  ]
}
