{
  "version": 4,
  "terraform_version": "0.14.5",
  "serial": 112,
  "lineage": "f19f1516-7de0-2423-bf4b-b11f51e58167",
  "outputs": {
    "project": {
      "value": "sm-demo-forteam",
      "type": "string"
    }
  },
  "resources": [
    {
      "mode": "data",
      "type": "google_client_config",
      "name": "current",
      "provider": "provider[\"registry.terraform.io/hashicorp/google\"]",
      "instances": [
        {
          "schema_version": 0,
          "attributes": {
            "access_token": "ya29.a0AfH6SMBxalsRNpJh5MtJSOoejzwQgdw8LmxQFJNKpBEsP-pLcYYWXx61421eemvTog_llqoBuNMNNcmHblfH5hNt4E9vOWyOUh74S5UVllw1Eeb9TL8uo9RiOuL4epV0DjB8WS4wgw1lPdDSFLLRGnZBDx9aCRZceRfE-F2a2OlIAgJ8y2pW4o9pHEvelwRF8c7FjwmVAT_r-X6XsACh-Sf_5-98UXHt9c-4e-Ba0LzIY5rjg2nKHKRR4HzLzuowZLUwYo6x-Q",
            "id": "projects/sm-demo-forteam/regions/us-central1/zones/",
            "project": "sm-demo-forteam",
            "region": "us-central1",
            "zone": ""
          },
          "sensitive_attributes": []
        }
      ]
    },
    {
      "mode": "data",
      "type": "google_project",
      "name": "project",
      "provider": "provider[\"registry.terraform.io/hashicorp/google\"]",
      "instances": [
        {
          "schema_version": 0,
          "attributes": {
            "auto_create_network": null,
            "billing_account": "01382E-07CCE9-615E10",
            "folder_id": "623112070785",
            "id": "projects/sm-demo-forteam",
            "labels": {},
            "name": "sm-demo-forteam",
            "number": "891993590564",
            "org_id": "",
            "project_id": "sm-demo-forteam",
            "skip_delete": null
          },
          "sensitive_attributes": []
        }
      ]
    },
    {
      "module": "module.acm-primary.module.acm_operator",
      "mode": "data",
      "type": "template_file",
      "name": "k8sop_config",
      "provider": "provider[\"registry.terraform.io/hashicorp/template\"]",
      "instances": [
        {
          "schema_version": 0,
          "attributes": {
            "filename": null,
            "id": "46703853493c09daf4647bfc8c430f78626ef03a3e6974e1100f3ada736ca060",
            "rendered": "apiVersion: configmanagement.gke.io/v1\nkind: ConfigManagement\nmetadata:\n  name: config-management\nspec:\n  # clusterName is required and must be unique among all managed clusters\n  clusterName: primary\n  policyController:\n    enabled: true\n    templateLibraryInstalled: true\n    logDeniesEnabled: false\n  git:\n    syncRepo: https://github.com/GoogleCloudPlatform/csp-config-management/\n    secretType: ssh\n    policyDir: foo-corp\n    syncBranch: 1.0.0\n  \n  \n",
            "template": "apiVersion: configmanagement.gke.io/v1\nkind: ConfigManagement\nmetadata:\n  name: config-management\nspec:\n  # clusterName is required and must be unique among all managed clusters\n  clusterName: ${cluster_name}\n  policyController:\n    enabled: ${enable_policy_controller}\n    templateLibraryInstalled: ${install_template_library}\n    logDeniesEnabled: ${enable_log_denies}\n  git:\n    syncRepo: ${sync_repo}\n    secretType: ${secret_type}\n    ${policy_dir_node}\n    ${sync_branch_node}\n  ${source_format_node}\n  ${hierarchy_controller_map_node}\n",
            "vars": {
              "cluster_name": "primary",
              "enable_log_denies": "false",
              "enable_policy_controller": "true",
              "hierarchy_controller_map_node": "",
              "install_template_library": "true",
              "policy_dir_node": "policyDir: foo-corp",
              "secret_type": "ssh",
              "source_format_node": "",
              "sync_branch_node": "syncBranch: 1.0.0",
              "sync_repo": "https://github.com/GoogleCloudPlatform/csp-config-management/"
            }
          },
          "sensitive_attributes": []
        }
      ]
    },
    {
      "module": "module.acm-primary.module.acm_operator",
      "mode": "managed",
      "type": "tls_private_key",
      "name": "k8sop_creds",
      "provider": "provider[\"registry.terraform.io/hashicorp/tls\"]",
      "instances": [
        {
          "index_key": 0,
          "schema_version": 0,
          "attributes": {
            "algorithm": "RSA",
            "ecdsa_curve": "P224",
            "id": "18873e290b736e3263a5cf7b51a5717eac48c8f3",
            "private_key_pem": "-----BEGIN RSA PRIVATE KEY-----\nMIIJJgIBAAKCAgEAqBwWzu5T+Dag7NgMF/xkVSpFK7ywukvNlPO3XIBt9Vs9H2h1\n4kX8vOY3DTs64BCAG8AxLF5tdhjDIq7cQ/yu3b8jQ6+wSkiG7xg8VnEM+DSCpfRo\nxPw0F9a/TmXzhVTfoyYDHIdVD3uLML5H4amjLbfVOr4chLYUzO/ggaPe/hF/DRnk\njzIC8POv/2ET8bcLhXvQwuYsteTt9dzlOAs9ce77IHnfMpO917+KDdtUIFIEayq/\nS75abmkSZyuDmefJqtVwPqpWVlJ9+pJAVTxa1DApJzpIs0gfLI89XV246jdDcdzo\nN3huDRlqX+QPb3vhw+SdtX4vvFXkVT60aUAu6IlarIIM2ksvfboRZYoWC08NTdqN\nOT5TIiQXq4wVoox6dNzgE0LnTuXIJKoo+07A5zO6OPg7EAf8j9BaoKXxTIuxxpge\njYyWM4Ew4GRFCXNLr8XBlE1/jt7wnla4f01uV1jgRPjawUocwJVjHuK71MxWjoe3\nyP/5BzyoiYmxQHXMtFGgcFzm5q9CYsWQct9UXTIjSCQ80Bjfpm+rG6PL5zuXEg12\nauxNuwAnqPP0Azac+xUsXE/1CteWbRMMjPvcFLa7T5nx70Zes5Qs/NuWFhqaP55Q\nFHs3q3Lj836Shq0h2Jt5At9E2D7nWYAkp3w+EDxM4xH7Qp7MosDAtOU19NkCAwEA\nAQKCAgEAjVfAnY+oriNQPpKP6ILe4PQ/YDyv4pLlcP1RB8c7rHVf+M5dfzgU/cYa\nN1e7crSs4ahAL+vc4NSFDN40eD010V9piPlooaxFNzYLVSqMGwwbZOkQRb8/FWQL\nSSFTFKF9vrCxIQVwMSpQp1T1HvkAJ+pOr6s0Uyi8aGqvOpDLZpbTWfKRRwxniKt7\nKJ84o5yhZUPrDFN2+CBZKsTlPK/Go8qo/m85iE7L6WAz9N6Z5urOqEQyvr53Timt\nvWzKo1ZNKwN18lpJaR7GqSzaRlAOliVAFKlegs56134/vAaW+OYqIMv5utnYvc7G\nr4USrUtdUNUg/H3yKMmWx02HZo7+YEwRrOPARsnYdlnh6Ik2s3ovDF4D/PBYPrMe\nKOwC+KhHNI30IKxseDx3QtEV/Nyd5g8N0RlL3pTR6/pCeNn5YpU58PVH1jzT0X4C\nNOLlk52vXKALFL+sk37HB+CunWjRrgnZx4hXOi1jTquGcbVYss0tO8PHAkOCwebg\nMMY37JVyTzmk255kliPYsXmAIRf+p5NpORJIT8gClnHj//xD5FkKXSm2ZZtesuPe\nvAIm5x5NvLngrLocc7a96OTqb1Om8DHho8L1Mc2o2Ksuq0hGi3ls64FBAN8KKAC5\ntaBA852Ucb/4PnPfnhjSuMHSVULzOqPt96xhAsRtsJAAB+FnfJkCggEBAMX29bPp\nIUqbxDUwCiOHQ1fJoKj42rC8q67/isfQz+spZCimoq/TdSymdr33kbeWgZJKgJa/\ngsUfh3jKp0v6ax8icVPPi7/+m6w7d4XAiYnCVipcgVxdnLo5YgiOZZ60Khgi45je\ngT0ZfTGXhNRbmuwCvkU5OlDzavv2WMv4cE+xVuXHkN51CUjDKMpxoh9w8GWNlZRV\ncfGqqwQzzTTTbWlrIe5o2IRBaHjmfxHO3p6OQb7kCbJ1kimHtR8yyMWiu0fLNMEM\nzR4orTXP07LikQsJNN/Y8GwBHSY7rXrLz4umQ3fGXv+h3xXGoAMUk7Y98snP0xPO\neXthwkraC3clUk8CggEBANlki7/aP9q8Gy8nBCKz7T//o5S42EGcrJN+Q5BbEHrx\nIdn0l+xIiqLEtVhf2BiDmH/Fx916XO5XooyDvaPOQQQPq97dnuchI5UM9dl17Xna\nZsa+If3BC4EABAHd4Pe4EqSn7adQv3n9dJ+e0++lVDXBr3Rs2y5fEzo1vKMuXrUd\nHjMetsyPfBzTxrlMdqx4NU7Q1CLK12tx1RaxwLQaRHs703vCixXlu2mFuDGAq9AS\n+/FgLnA49zE7f2rC/bDbU2PMOKvcvUV6NP6504oXC8iaUfl+hJxl68C7iKy6N+na\nI7+8bCi3fWZ8yk3ka0c4VSpE9cdn0iKuairWsI82RFcCgf9LyD5GoPgdl4OE2N8I\nur8M3CKkjJ8rCQ6v7yMxWr49R5sP9LpSlKBGd3L9RciCfxsa5WpUSvvEek1h8DIa\n48IeKRE5BDp7RPxS8nDOwuXj1oEltkPPGAbnQxBENj6wgkea9cAqxQK0YQ2L7nTq\n1iZ4MpSj60RnuMc7rRJRAsn7t+eMDtlmT2c+c3cqCFYHszRTq9+W6R61ZKAS+8GS\nd11q/Zf/rCM2fdOAdLwwFQEjsVF5wdH0fw102H59cvNotOL8mM2ZGU1sPiYQc36W\n/CSKFPwotONUdRiziiTe3SaWTw+EymuTcGP18hNPGpFxMkW++8/RxTi8ArBd9xps\ngd0CggEAZC0pGOeBtVIpVLkt9q/jDDLJNqdXQCTqga0VhVfxaDXl24IS4Bcti4QJ\n7Qd9lQ5PH9IMH8tbN5m6lfW/VdSdsTlngfOuXeOveefXAraNEDHMWpkTINPscS2I\nqzOLj5uLO8UGhqt3EMfzDfsqvqv4+iyepY/kEKJPQeuxWaDsk5kvaW8l3W3hS4dr\nc8gAh8l9ByzEFKRUUHbMMwEGQ/g2xnLzKXykixqqGh48mtMoWWHmJ3yi6aPWhSFd\nvdzM+sqWys447zlxHqsJ8LfA+0lTbMVwMQBUK53r3YyNlsrZKTIUdy5kyP6FEs0+\njFZN+SvEUw4kFBeLhd/JnKQCCHyBUQKCAQAOLnAtptkYguxk7VMmAd+CZUbafED6\nnHGb3rQjJ6LbDuAx3RTTEBxv1y1++i2X8y5erp0O7G+lehN4UYvlwViX6Y5+8nsH\nUAO4hAmi3PHXNpdzN8YTT79hpyK8CVYIv6oEMnT6/Vm9rNTDEF8cU0iNwgw48J/B\nHDM+YFv9wpET0Aexbv3VPNLxuhQD+53s6yE1elzeFXud04iPtAILBxyIe3hScNLH\nZjdSsARZwQIjPeLxn1a2G+YRcY1Ln5IX8PHUyKHDUK19yqpI7r7cSfeltGDiexg3\nEbZnewCwZ8LgWlcw1uf+Hf9EHs396750BR2BaznXQQLMpBSH00xG0qmV\n-----END RSA PRIVATE KEY-----\n",
            "public_key_fingerprint_md5": "9f:83:45:b3:a7:c8:59:a5:d5:75:24:fe:d3:ee:4c:3b",
            "public_key_openssh": "ssh-rsa AAAAB3NzaC1yc2EAAAADAQABAAACAQCoHBbO7lP4NqDs2AwX/GRVKkUrvLC6S82U87dcgG31Wz0faHXiRfy85jcNOzrgEIAbwDEsXm12GMMirtxD/K7dvyNDr7BKSIbvGDxWcQz4NIKl9GjE/DQX1r9OZfOFVN+jJgMch1UPe4swvkfhqaMtt9U6vhyEthTM7+CBo97+EX8NGeSPMgLw86//YRPxtwuFe9DC5iy15O313OU4Cz1x7vsged8yk73Xv4oN21QgUgRrKr9LvlpuaRJnK4OZ58mq1XA+qlZWUn36kkBVPFrUMCknOkizSB8sjz1dXbjqN0Nx3Og3eG4NGWpf5A9ve+HD5J21fi+8VeRVPrRpQC7oiVqsggzaSy99uhFlihYLTw1N2o05PlMiJBerjBWijHp03OATQudO5cgkqij7TsDnM7o4+DsQB/yP0FqgpfFMi7HGmB6NjJYzgTDgZEUJc0uvxcGUTX+O3vCeVrh/TW5XWOBE+NrBShzAlWMe4rvUzFaOh7fI//kHPKiJibFAdcy0UaBwXObmr0JixZBy31RdMiNIJDzQGN+mb6sbo8vnO5cSDXZq7E27ACeo8/QDNpz7FSxcT/UK15ZtEwyM+9wUtrtPmfHvRl6zlCz825YWGpo/nlAUezercuPzfpKGrSHYm3kC30TYPudZgCSnfD4QPEzjEftCnsyiwMC05TX02Q==\n",
            "public_key_pem": "-----BEGIN PUBLIC KEY-----\nMIICIjANBgkqhkiG9w0BAQEFAAOCAg8AMIICCgKCAgEAqBwWzu5T+Dag7NgMF/xk\nVSpFK7ywukvNlPO3XIBt9Vs9H2h14kX8vOY3DTs64BCAG8AxLF5tdhjDIq7cQ/yu\n3b8jQ6+wSkiG7xg8VnEM+DSCpfRoxPw0F9a/TmXzhVTfoyYDHIdVD3uLML5H4amj\nLbfVOr4chLYUzO/ggaPe/hF/DRnkjzIC8POv/2ET8bcLhXvQwuYsteTt9dzlOAs9\nce77IHnfMpO917+KDdtUIFIEayq/S75abmkSZyuDmefJqtVwPqpWVlJ9+pJAVTxa\n1DApJzpIs0gfLI89XV246jdDcdzoN3huDRlqX+QPb3vhw+SdtX4vvFXkVT60aUAu\n6IlarIIM2ksvfboRZYoWC08NTdqNOT5TIiQXq4wVoox6dNzgE0LnTuXIJKoo+07A\n5zO6OPg7EAf8j9BaoKXxTIuxxpgejYyWM4Ew4GRFCXNLr8XBlE1/jt7wnla4f01u\nV1jgRPjawUocwJVjHuK71MxWjoe3yP/5BzyoiYmxQHXMtFGgcFzm5q9CYsWQct9U\nXTIjSCQ80Bjfpm+rG6PL5zuXEg12auxNuwAnqPP0Azac+xUsXE/1CteWbRMMjPvc\nFLa7T5nx70Zes5Qs/NuWFhqaP55QFHs3q3Lj836Shq0h2Jt5At9E2D7nWYAkp3w+\nEDxM4xH7Qp7MosDAtOU19NkCAwEAAQ==\n-----END PUBLIC KEY-----\n",
            "rsa_bits": 4096
          },
          "sensitive_attributes": [],
          "private": "bnVsbA=="
        }
      ]
    },
    {
      "module": "module.acm-primary.module.acm_operator.module.k8s_operator.module.gcloud_kubectl",
      "mode": "data",
      "type": "external",
      "name": "env_override",
      "provider": "provider[\"registry.terraform.io/hashicorp/external\"]",
      "instances": [
        {
          "index_key": 0,
          "schema_version": 0,
          "attributes": {
            "id": "-",
            "program": [
              ".terraform/modules/acm-primary.acm_operator.k8s_operator/scripts/check_env.sh"
            ],
            "query": null,
            "result": {
              "download": ""
            },
            "working_dir": null
          },
          "sensitive_attributes": []
        }
      ]
    },
    {
      "module": "module.acm-primary.module.acm_operator.module.k8s_operator.module.gcloud_kubectl",
      "mode": "managed",
      "type": "null_resource",
      "name": "additional_components",
      "provider": "provider[\"registry.terraform.io/hashicorp/null\"]",
      "instances": [
        {
          "index_key": 0,
          "schema_version": 0,
          "attributes": {
            "id": "1295324225991221618",
            "triggers": {
              "additional_components_command": ".terraform/modules/acm-primary.acm_operator.k8s_operator/scripts/check_components.sh gcloud kubectl",
              "arguments": "c2c60fde4b9ba5688b57ae2ae5f48e5c",
              "md5": "9d060f5e1449d7567eddbefb7e18ef9a"
            }
          },
          "sensitive_attributes": [],
          "private": "bnVsbA==",
          "dependencies": [
            "data.google_client_config.current",
            "module.acm-primary.module.acm_operator.module.k8s_operator.module.gcloud_kubectl.data.external.env_override",
            "module.acm-primary.module.acm_operator.module.k8s_operator.module.gcloud_kubectl.null_resource.upgrade",
            "module.acm-primary.module.acm_operator.module.k8s_operator.module.gcloud_kubectl.random_id.cache",
            "module.primary-cluster.google_container_cluster.primary"
          ]
        }
      ]
    },
    {
      "module": "module.acm-primary.module.acm_operator.module.k8s_operator.module.gcloud_kubectl",
      "mode": "managed",
      "type": "null_resource",
      "name": "additional_components_destroy",
      "provider": "provider[\"registry.terraform.io/hashicorp/null\"]",
      "instances": [
        {
          "index_key": 0,
          "schema_version": 0,
          "attributes": {
            "id": "5560072530089640037",
            "triggers": {
              "additional_components_command": ".terraform/modules/acm-primary.acm_operator.k8s_operator/scripts/check_components.sh gcloud kubectl"
            }
          },
          "sensitive_attributes": [],
          "private": "bnVsbA==",
          "dependencies": [
            "data.google_client_config.current",
            "module.acm-primary.module.acm_operator.module.k8s_operator.module.gcloud_kubectl.data.external.env_override",
            "module.acm-primary.module.acm_operator.module.k8s_operator.module.gcloud_kubectl.null_resource.additional_components",
            "module.acm-primary.module.acm_operator.module.k8s_operator.module.gcloud_kubectl.null_resource.decompress",
            "module.acm-primary.module.acm_operator.module.k8s_operator.module.gcloud_kubectl.null_resource.gcloud_auth_google_credentials",
            "module.acm-primary.module.acm_operator.module.k8s_operator.module.gcloud_kubectl.null_resource.gcloud_auth_service_account_key_file",
            "module.acm-primary.module.acm_operator.module.k8s_operator.module.gcloud_kubectl.null_resource.module_depends_on",
            "module.acm-primary.module.acm_operator.module.k8s_operator.module.gcloud_kubectl.null_resource.run_destroy_command",
            "module.acm-primary.module.acm_operator.module.k8s_operator.module.gcloud_kubectl.null_resource.upgrade",
            "module.acm-primary.module.acm_operator.module.k8s_operator.module.gcloud_kubectl.random_id.cache",
            "module.acm-primary.module.acm_operator.module.k8sop_manifest.null_resource.additional_components",
            "module.acm-primary.module.acm_operator.module.k8sop_manifest.null_resource.gcloud_auth_google_credentials",
            "module.acm-primary.module.acm_operator.module.k8sop_manifest.null_resource.gcloud_auth_service_account_key_file",
            "module.acm-primary.module.acm_operator.module.k8sop_manifest.null_resource.run_command",
            "module.acm-primary.module.acm_operator.module.k8sop_manifest.null_resource.run_destroy_command",
            "module.primary-cluster.google_container_cluster.primary",
            "module.primary-cluster.google_container_node_pool.pools"
          ]
        }
      ]
    },
    {
      "module": "module.acm-primary.module.acm_operator.module.k8s_operator.module.gcloud_kubectl",
      "mode": "managed",
      "type": "null_resource",
      "name": "module_depends_on",
      "provider": "provider[\"registry.terraform.io/hashicorp/null\"]",
      "instances": [
        {
          "index_key": 0,
          "schema_version": 0,
          "attributes": {
            "id": "663321083935071567",
            "triggers": {
              "value": "2"
            }
          },
          "sensitive_attributes": [
            [
              {
                "type": "get_attr",
                "value": "triggers"
              },
              {
                "type": "index",
                "value": {
                  "value": "value",
                  "type": "string"
                }
              }
            ]
          ],
          "private": "bnVsbA==",
          "dependencies": [
            "module.acm-primary.module.acm_operator.module.k8sop_manifest.null_resource.additional_components",
            "module.acm-primary.module.acm_operator.module.k8sop_manifest.null_resource.gcloud_auth_google_credentials",
            "module.acm-primary.module.acm_operator.module.k8sop_manifest.null_resource.gcloud_auth_service_account_key_file",
            "module.acm-primary.module.acm_operator.module.k8sop_manifest.null_resource.run_command",
            "module.acm-primary.module.acm_operator.module.k8sop_manifest.null_resource.run_destroy_command",
            "module.primary-cluster.google_container_cluster.primary",
            "module.primary-cluster.google_container_node_pool.pools"
          ]
        }
      ]
    },
    {
      "module": "module.acm-primary.module.acm_operator.module.k8s_operator.module.gcloud_kubectl",
      "mode": "managed",
      "type": "null_resource",
      "name": "run_command",
      "provider": "provider[\"registry.terraform.io/hashicorp/null\"]",
      "instances": [
        {
          "index_key": 0,
          "schema_version": 0,
          "attributes": {
            "id": "3783113201499508080",
            "triggers": {
              "arguments": "c2c60fde4b9ba5688b57ae2ae5f48e5c",
              "create_cmd_body": "primary us-central1-a sm-demo-forteam false false kubectl apply -f config-management-operator.yaml",
              "create_cmd_entrypoint": ".terraform/modules/acm-primary.acm_operator.k8s_operator/modules/kubectl-wrapper/scripts/kubectl_wrapper.sh",
              "gcloud_bin_abs_path": "/google-cloud-sdk/bin",
              "md5": "9d060f5e1449d7567eddbefb7e18ef9a"
            }
          },
          "sensitive_attributes": [],
          "private": "bnVsbA==",
          "dependencies": [
            "data.google_client_config.current",
            "module.acm-primary.module.acm_operator.module.k8s_operator.module.gcloud_kubectl.data.external.env_override",
            "module.acm-primary.module.acm_operator.module.k8s_operator.module.gcloud_kubectl.null_resource.additional_components",
            "module.acm-primary.module.acm_operator.module.k8s_operator.module.gcloud_kubectl.null_resource.decompress",
            "module.acm-primary.module.acm_operator.module.k8s_operator.module.gcloud_kubectl.null_resource.gcloud_auth_google_credentials",
            "module.acm-primary.module.acm_operator.module.k8s_operator.module.gcloud_kubectl.null_resource.gcloud_auth_service_account_key_file",
            "module.acm-primary.module.acm_operator.module.k8s_operator.module.gcloud_kubectl.null_resource.module_depends_on",
            "module.acm-primary.module.acm_operator.module.k8s_operator.module.gcloud_kubectl.null_resource.upgrade",
            "module.acm-primary.module.acm_operator.module.k8s_operator.module.gcloud_kubectl.random_id.cache",
            "module.acm-primary.module.acm_operator.module.k8sop_manifest.null_resource.additional_components",
            "module.acm-primary.module.acm_operator.module.k8sop_manifest.null_resource.gcloud_auth_google_credentials",
            "module.acm-primary.module.acm_operator.module.k8sop_manifest.null_resource.gcloud_auth_service_account_key_file",
            "module.acm-primary.module.acm_operator.module.k8sop_manifest.null_resource.run_command",
            "module.acm-primary.module.acm_operator.module.k8sop_manifest.null_resource.run_destroy_command",
            "module.primary-cluster.google_container_cluster.primary",
            "module.primary-cluster.google_container_node_pool.pools"
          ]
        }
      ]
    },
    {
      "module": "module.acm-primary.module.acm_operator.module.k8s_operator.module.gcloud_kubectl",
      "mode": "managed",
      "type": "null_resource",
      "name": "run_destroy_command",
      "provider": "provider[\"registry.terraform.io/hashicorp/null\"]",
      "instances": [
        {
          "index_key": 0,
          "schema_version": 0,
          "attributes": {
            "id": "7893209753120845029",
            "triggers": {
              "destroy_cmd_body": "primary us-central1-a sm-demo-forteam false false kubectl delete -f config-management-operator.yaml",
              "destroy_cmd_entrypoint": ".terraform/modules/acm-primary.acm_operator.k8s_operator/modules/kubectl-wrapper/scripts/kubectl_wrapper.sh",
              "gcloud_bin_abs_path": "/google-cloud-sdk/bin"
            }
          },
          "sensitive_attributes": [],
          "private": "bnVsbA==",
          "dependencies": [
            "data.google_client_config.current",
            "module.acm-primary.module.acm_operator.module.k8s_operator.module.gcloud_kubectl.data.external.env_override",
            "module.acm-primary.module.acm_operator.module.k8s_operator.module.gcloud_kubectl.null_resource.additional_components",
            "module.acm-primary.module.acm_operator.module.k8s_operator.module.gcloud_kubectl.null_resource.decompress",
            "module.acm-primary.module.acm_operator.module.k8s_operator.module.gcloud_kubectl.null_resource.gcloud_auth_google_credentials",
            "module.acm-primary.module.acm_operator.module.k8s_operator.module.gcloud_kubectl.null_resource.gcloud_auth_service_account_key_file",
            "module.acm-primary.module.acm_operator.module.k8s_operator.module.gcloud_kubectl.null_resource.module_depends_on",
            "module.acm-primary.module.acm_operator.module.k8s_operator.module.gcloud_kubectl.null_resource.upgrade",
            "module.acm-primary.module.acm_operator.module.k8s_operator.module.gcloud_kubectl.random_id.cache",
            "module.acm-primary.module.acm_operator.module.k8sop_manifest.null_resource.additional_components",
            "module.acm-primary.module.acm_operator.module.k8sop_manifest.null_resource.gcloud_auth_google_credentials",
            "module.acm-primary.module.acm_operator.module.k8sop_manifest.null_resource.gcloud_auth_service_account_key_file",
            "module.acm-primary.module.acm_operator.module.k8sop_manifest.null_resource.run_command",
            "module.acm-primary.module.acm_operator.module.k8sop_manifest.null_resource.run_destroy_command",
            "module.primary-cluster.google_container_cluster.primary",
            "module.primary-cluster.google_container_node_pool.pools"
          ]
        }
      ]
    },
    {
      "module": "module.acm-primary.module.acm_operator.module.k8sop_config.module.gcloud_kubectl",
      "mode": "data",
      "type": "external",
      "name": "env_override",
      "provider": "provider[\"registry.terraform.io/hashicorp/external\"]",
      "instances": [
        {
          "index_key": 0,
          "schema_version": 0,
          "attributes": {
            "id": "-",
            "program": [
              ".terraform/modules/acm-primary.acm_operator.k8sop_config/scripts/check_env.sh"
            ],
            "query": null,
            "result": {
              "download": ""
            },
            "working_dir": null
          },
          "sensitive_attributes": []
        }
      ]
    },
    {
      "module": "module.acm-primary.module.acm_operator.module.k8sop_config.module.gcloud_kubectl",
      "mode": "managed",
      "type": "null_resource",
      "name": "additional_components",
      "provider": "provider[\"registry.terraform.io/hashicorp/null\"]",
      "instances": [
        {
          "index_key": 0,
          "schema_version": 0,
          "attributes": {
            "id": "3275971914815952564",
            "triggers": {
              "additional_components_command": ".terraform/modules/acm-primary.acm_operator.k8sop_config/scripts/check_components.sh gcloud kubectl",
              "arguments": "947fff9496bd0ca48e4ad2d0e50fbb0c",
              "configmanagement": "apiVersion: configmanagement.gke.io/v1\nkind: ConfigManagement\nmetadata:\n  name: config-management\nspec:\n  # clusterName is required and must be unique among all managed clusters\n  clusterName: primary\n  policyController:\n    enabled: true\n    templateLibraryInstalled: true\n    logDeniesEnabled: false\n  git:\n    syncRepo: https://github.com/GoogleCloudPlatform/csp-config-management/\n    secretType: ssh\n    policyDir: foo-corp\n    syncBranch: 1.0.0\n  \n  \n",
              "md5": "c32998844f6161a58a4509da19b6b495"
            }
          },
          "sensitive_attributes": [],
          "private": "bnVsbA==",
          "dependencies": [
            "data.google_client_config.current",
            "module.acm-primary.module.acm_operator.data.template_file.k8sop_config",
            "module.acm-primary.module.acm_operator.module.k8sop_config.module.gcloud_kubectl.data.external.env_override",
            "module.acm-primary.module.acm_operator.module.k8sop_config.module.gcloud_kubectl.null_resource.upgrade",
            "module.acm-primary.module.acm_operator.module.k8sop_config.module.gcloud_kubectl.random_id.cache",
            "module.primary-cluster.google_container_cluster.primary"
          ]
        }
      ]
    },
    {
      "module": "module.acm-primary.module.acm_operator.module.k8sop_config.module.gcloud_kubectl",
      "mode": "managed",
      "type": "null_resource",
      "name": "additional_components_destroy",
      "provider": "provider[\"registry.terraform.io/hashicorp/null\"]",
      "instances": [
        {
          "index_key": 0,
          "schema_version": 0,
          "attributes": {
            "id": "6593320761205490048",
            "triggers": {
              "additional_components_command": ".terraform/modules/acm-primary.acm_operator.k8sop_config/scripts/check_components.sh gcloud kubectl"
            }
          },
          "sensitive_attributes": [],
          "private": "bnVsbA==",
          "dependencies": [
            "data.google_client_config.current",
            "module.acm-primary.module.acm_operator.data.template_file.k8sop_config",
            "module.acm-primary.module.acm_operator.module.k8s_operator.module.gcloud_kubectl.data.external.env_override",
            "module.acm-primary.module.acm_operator.module.k8s_operator.module.gcloud_kubectl.null_resource.additional_components",
            "module.acm-primary.module.acm_operator.module.k8s_operator.module.gcloud_kubectl.null_resource.decompress",
            "module.acm-primary.module.acm_operator.module.k8s_operator.module.gcloud_kubectl.null_resource.gcloud_auth_google_credentials",
            "module.acm-primary.module.acm_operator.module.k8s_operator.module.gcloud_kubectl.null_resource.gcloud_auth_service_account_key_file",
            "module.acm-primary.module.acm_operator.module.k8s_operator.module.gcloud_kubectl.null_resource.module_depends_on",
            "module.acm-primary.module.acm_operator.module.k8s_operator.module.gcloud_kubectl.null_resource.run_command",
            "module.acm-primary.module.acm_operator.module.k8s_operator.module.gcloud_kubectl.null_resource.run_destroy_command",
            "module.acm-primary.module.acm_operator.module.k8s_operator.module.gcloud_kubectl.null_resource.upgrade",
            "module.acm-primary.module.acm_operator.module.k8s_operator.module.gcloud_kubectl.random_id.cache",
            "module.acm-primary.module.acm_operator.module.k8sop_config.module.gcloud_kubectl.data.external.env_override",
            "module.acm-primary.module.acm_operator.module.k8sop_config.module.gcloud_kubectl.null_resource.additional_components",
            "module.acm-primary.module.acm_operator.module.k8sop_config.module.gcloud_kubectl.null_resource.decompress",
            "module.acm-primary.module.acm_operator.module.k8sop_config.module.gcloud_kubectl.null_resource.gcloud_auth_google_credentials",
            "module.acm-primary.module.acm_operator.module.k8sop_config.module.gcloud_kubectl.null_resource.gcloud_auth_service_account_key_file",
            "module.acm-primary.module.acm_operator.module.k8sop_config.module.gcloud_kubectl.null_resource.module_depends_on",
            "module.acm-primary.module.acm_operator.module.k8sop_config.module.gcloud_kubectl.null_resource.run_destroy_command",
            "module.acm-primary.module.acm_operator.module.k8sop_config.module.gcloud_kubectl.null_resource.upgrade",
            "module.acm-primary.module.acm_operator.module.k8sop_config.module.gcloud_kubectl.random_id.cache",
            "module.acm-primary.module.acm_operator.module.k8sop_creds_secret.module.gcloud_kubectl.data.external.env_override",
            "module.acm-primary.module.acm_operator.module.k8sop_creds_secret.module.gcloud_kubectl.null_resource.additional_components",
            "module.acm-primary.module.acm_operator.module.k8sop_creds_secret.module.gcloud_kubectl.null_resource.decompress",
            "module.acm-primary.module.acm_operator.module.k8sop_creds_secret.module.gcloud_kubectl.null_resource.gcloud_auth_google_credentials",
            "module.acm-primary.module.acm_operator.module.k8sop_creds_secret.module.gcloud_kubectl.null_resource.gcloud_auth_service_account_key_file",
            "module.acm-primary.module.acm_operator.module.k8sop_creds_secret.module.gcloud_kubectl.null_resource.module_depends_on",
            "module.acm-primary.module.acm_operator.module.k8sop_creds_secret.module.gcloud_kubectl.null_resource.run_command",
            "module.acm-primary.module.acm_operator.module.k8sop_creds_secret.module.gcloud_kubectl.null_resource.run_destroy_command",
            "module.acm-primary.module.acm_operator.module.k8sop_creds_secret.module.gcloud_kubectl.null_resource.upgrade",
            "module.acm-primary.module.acm_operator.module.k8sop_creds_secret.module.gcloud_kubectl.random_id.cache",
            "module.acm-primary.module.acm_operator.module.k8sop_manifest.null_resource.additional_components",
            "module.acm-primary.module.acm_operator.module.k8sop_manifest.null_resource.gcloud_auth_google_credentials",
            "module.acm-primary.module.acm_operator.module.k8sop_manifest.null_resource.gcloud_auth_service_account_key_file",
            "module.acm-primary.module.acm_operator.module.k8sop_manifest.null_resource.run_command",
            "module.acm-primary.module.acm_operator.module.k8sop_manifest.null_resource.run_destroy_command",
            "module.acm-primary.module.acm_operator.tls_private_key.k8sop_creds",
            "module.primary-cluster.google_container_cluster.primary",
            "module.primary-cluster.google_container_node_pool.pools"
          ]
        }
      ]
    },
    {
      "module": "module.acm-primary.module.acm_operator.module.k8sop_config.module.gcloud_kubectl",
      "mode": "managed",
      "type": "null_resource",
      "name": "module_depends_on",
      "provider": "provider[\"registry.terraform.io/hashicorp/null\"]",
      "instances": [
        {
          "index_key": 0,
          "schema_version": 0,
          "attributes": {
            "id": "1313723334296558570",
            "triggers": {
              "value": "2"
            }
          },
          "sensitive_attributes": [],
          "private": "bnVsbA==",
          "dependencies": [
            "data.google_client_config.current",
            "module.acm-primary.module.acm_operator.module.k8s_operator.module.gcloud_kubectl.data.external.env_override",
            "module.acm-primary.module.acm_operator.module.k8s_operator.module.gcloud_kubectl.null_resource.additional_components",
            "module.acm-primary.module.acm_operator.module.k8s_operator.module.gcloud_kubectl.null_resource.decompress",
            "module.acm-primary.module.acm_operator.module.k8s_operator.module.gcloud_kubectl.null_resource.gcloud_auth_google_credentials",
            "module.acm-primary.module.acm_operator.module.k8s_operator.module.gcloud_kubectl.null_resource.gcloud_auth_service_account_key_file",
            "module.acm-primary.module.acm_operator.module.k8s_operator.module.gcloud_kubectl.null_resource.module_depends_on",
            "module.acm-primary.module.acm_operator.module.k8s_operator.module.gcloud_kubectl.null_resource.run_command",
            "module.acm-primary.module.acm_operator.module.k8s_operator.module.gcloud_kubectl.null_resource.run_destroy_command",
            "module.acm-primary.module.acm_operator.module.k8s_operator.module.gcloud_kubectl.null_resource.upgrade",
            "module.acm-primary.module.acm_operator.module.k8s_operator.module.gcloud_kubectl.random_id.cache",
            "module.acm-primary.module.acm_operator.module.k8sop_creds_secret.module.gcloud_kubectl.data.external.env_override",
            "module.acm-primary.module.acm_operator.module.k8sop_creds_secret.module.gcloud_kubectl.null_resource.additional_components",
            "module.acm-primary.module.acm_operator.module.k8sop_creds_secret.module.gcloud_kubectl.null_resource.decompress",
            "module.acm-primary.module.acm_operator.module.k8sop_creds_secret.module.gcloud_kubectl.null_resource.gcloud_auth_google_credentials",
            "module.acm-primary.module.acm_operator.module.k8sop_creds_secret.module.gcloud_kubectl.null_resource.gcloud_auth_service_account_key_file",
            "module.acm-primary.module.acm_operator.module.k8sop_creds_secret.module.gcloud_kubectl.null_resource.module_depends_on",
            "module.acm-primary.module.acm_operator.module.k8sop_creds_secret.module.gcloud_kubectl.null_resource.run_command",
            "module.acm-primary.module.acm_operator.module.k8sop_creds_secret.module.gcloud_kubectl.null_resource.run_destroy_command",
            "module.acm-primary.module.acm_operator.module.k8sop_creds_secret.module.gcloud_kubectl.null_resource.upgrade",
            "module.acm-primary.module.acm_operator.module.k8sop_creds_secret.module.gcloud_kubectl.random_id.cache",
            "module.acm-primary.module.acm_operator.module.k8sop_manifest.null_resource.additional_components",
            "module.acm-primary.module.acm_operator.module.k8sop_manifest.null_resource.gcloud_auth_google_credentials",
            "module.acm-primary.module.acm_operator.module.k8sop_manifest.null_resource.gcloud_auth_service_account_key_file",
            "module.acm-primary.module.acm_operator.module.k8sop_manifest.null_resource.run_command",
            "module.acm-primary.module.acm_operator.module.k8sop_manifest.null_resource.run_destroy_command",
            "module.acm-primary.module.acm_operator.tls_private_key.k8sop_creds",
            "module.primary-cluster.google_container_cluster.primary",
            "module.primary-cluster.google_container_node_pool.pools"
          ]
        }
      ]
    },
    {
      "module": "module.acm-primary.module.acm_operator.module.k8sop_config.module.gcloud_kubectl",
      "mode": "managed",
      "type": "null_resource",
      "name": "run_command",
      "provider": "provider[\"registry.terraform.io/hashicorp/null\"]",
      "instances": [
        {
          "index_key": 0,
          "schema_version": 0,
          "attributes": {
            "id": "1808839576947755619",
            "triggers": {
              "arguments": "947fff9496bd0ca48e4ad2d0e50fbb0c",
              "configmanagement": "apiVersion: configmanagement.gke.io/v1\nkind: ConfigManagement\nmetadata:\n  name: config-management\nspec:\n  # clusterName is required and must be unique among all managed clusters\n  clusterName: primary\n  policyController:\n    enabled: true\n    templateLibraryInstalled: true\n    logDeniesEnabled: false\n  git:\n    syncRepo: https://github.com/GoogleCloudPlatform/csp-config-management/\n    secretType: ssh\n    policyDir: foo-corp\n    syncBranch: 1.0.0\n  \n  \n",
              "create_cmd_body": "primary us-central1-a sm-demo-forteam false false kubectl apply -f - \u003c\u003cEOF\napiVersion: configmanagement.gke.io/v1\nkind: ConfigManagement\nmetadata:\n  name: config-management\nspec:\n  # clusterName is required and must be unique among all managed clusters\n  clusterName: primary\n  policyController:\n    enabled: true\n    templateLibraryInstalled: true\n    logDeniesEnabled: false\n  git:\n    syncRepo: https://github.com/GoogleCloudPlatform/csp-config-management/\n    secretType: ssh\n    policyDir: foo-corp\n    syncBranch: 1.0.0\n  \n  \nEOF",
              "create_cmd_entrypoint": ".terraform/modules/acm-primary.acm_operator.k8sop_config/modules/kubectl-wrapper/scripts/kubectl_wrapper.sh",
              "gcloud_bin_abs_path": "/google-cloud-sdk/bin",
              "md5": "c32998844f6161a58a4509da19b6b495"
            }
          },
          "sensitive_attributes": [],
          "private": "bnVsbA==",
          "dependencies": [
            "data.google_client_config.current",
            "module.acm-primary.module.acm_operator.data.template_file.k8sop_config",
            "module.acm-primary.module.acm_operator.module.k8s_operator.module.gcloud_kubectl.data.external.env_override",
            "module.acm-primary.module.acm_operator.module.k8s_operator.module.gcloud_kubectl.null_resource.additional_components",
            "module.acm-primary.module.acm_operator.module.k8s_operator.module.gcloud_kubectl.null_resource.decompress",
            "module.acm-primary.module.acm_operator.module.k8s_operator.module.gcloud_kubectl.null_resource.gcloud_auth_google_credentials",
            "module.acm-primary.module.acm_operator.module.k8s_operator.module.gcloud_kubectl.null_resource.gcloud_auth_service_account_key_file",
            "module.acm-primary.module.acm_operator.module.k8s_operator.module.gcloud_kubectl.null_resource.module_depends_on",
            "module.acm-primary.module.acm_operator.module.k8s_operator.module.gcloud_kubectl.null_resource.run_command",
            "module.acm-primary.module.acm_operator.module.k8s_operator.module.gcloud_kubectl.null_resource.run_destroy_command",
            "module.acm-primary.module.acm_operator.module.k8s_operator.module.gcloud_kubectl.null_resource.upgrade",
            "module.acm-primary.module.acm_operator.module.k8s_operator.module.gcloud_kubectl.random_id.cache",
            "module.acm-primary.module.acm_operator.module.k8sop_config.module.gcloud_kubectl.data.external.env_override",
            "module.acm-primary.module.acm_operator.module.k8sop_config.module.gcloud_kubectl.null_resource.additional_components",
            "module.acm-primary.module.acm_operator.module.k8sop_config.module.gcloud_kubectl.null_resource.decompress",
            "module.acm-primary.module.acm_operator.module.k8sop_config.module.gcloud_kubectl.null_resource.gcloud_auth_google_credentials",
            "module.acm-primary.module.acm_operator.module.k8sop_config.module.gcloud_kubectl.null_resource.gcloud_auth_service_account_key_file",
            "module.acm-primary.module.acm_operator.module.k8sop_config.module.gcloud_kubectl.null_resource.module_depends_on",
            "module.acm-primary.module.acm_operator.module.k8sop_config.module.gcloud_kubectl.null_resource.upgrade",
            "module.acm-primary.module.acm_operator.module.k8sop_config.module.gcloud_kubectl.random_id.cache",
            "module.acm-primary.module.acm_operator.module.k8sop_creds_secret.module.gcloud_kubectl.data.external.env_override",
            "module.acm-primary.module.acm_operator.module.k8sop_creds_secret.module.gcloud_kubectl.null_resource.additional_components",
            "module.acm-primary.module.acm_operator.module.k8sop_creds_secret.module.gcloud_kubectl.null_resource.decompress",
            "module.acm-primary.module.acm_operator.module.k8sop_creds_secret.module.gcloud_kubectl.null_resource.gcloud_auth_google_credentials",
            "module.acm-primary.module.acm_operator.module.k8sop_creds_secret.module.gcloud_kubectl.null_resource.gcloud_auth_service_account_key_file",
            "module.acm-primary.module.acm_operator.module.k8sop_creds_secret.module.gcloud_kubectl.null_resource.module_depends_on",
            "module.acm-primary.module.acm_operator.module.k8sop_creds_secret.module.gcloud_kubectl.null_resource.run_command",
            "module.acm-primary.module.acm_operator.module.k8sop_creds_secret.module.gcloud_kubectl.null_resource.run_destroy_command",
            "module.acm-primary.module.acm_operator.module.k8sop_creds_secret.module.gcloud_kubectl.null_resource.upgrade",
            "module.acm-primary.module.acm_operator.module.k8sop_creds_secret.module.gcloud_kubectl.random_id.cache",
            "module.acm-primary.module.acm_operator.module.k8sop_manifest.null_resource.additional_components",
            "module.acm-primary.module.acm_operator.module.k8sop_manifest.null_resource.gcloud_auth_google_credentials",
            "module.acm-primary.module.acm_operator.module.k8sop_manifest.null_resource.gcloud_auth_service_account_key_file",
            "module.acm-primary.module.acm_operator.module.k8sop_manifest.null_resource.run_command",
            "module.acm-primary.module.acm_operator.module.k8sop_manifest.null_resource.run_destroy_command",
            "module.acm-primary.module.acm_operator.tls_private_key.k8sop_creds",
            "module.primary-cluster.google_container_cluster.primary",
            "module.primary-cluster.google_container_node_pool.pools"
          ]
        }
      ]
    },
    {
      "module": "module.acm-primary.module.acm_operator.module.k8sop_config.module.gcloud_kubectl",
      "mode": "managed",
      "type": "null_resource",
      "name": "run_destroy_command",
      "provider": "provider[\"registry.terraform.io/hashicorp/null\"]",
      "instances": [
        {
          "index_key": 0,
          "schema_version": 0,
          "attributes": {
            "id": "1452510546437976637",
            "triggers": {
              "configmanagement": "apiVersion: configmanagement.gke.io/v1\nkind: ConfigManagement\nmetadata:\n  name: config-management\nspec:\n  # clusterName is required and must be unique among all managed clusters\n  clusterName: primary\n  policyController:\n    enabled: true\n    templateLibraryInstalled: true\n    logDeniesEnabled: false\n  git:\n    syncRepo: https://github.com/GoogleCloudPlatform/csp-config-management/\n    secretType: ssh\n    policyDir: foo-corp\n    syncBranch: 1.0.0\n  \n  \n",
              "destroy_cmd_body": "primary us-central1-a sm-demo-forteam false false kubectl delete -f - \u003c\u003cEOF\napiVersion: configmanagement.gke.io/v1\nkind: ConfigManagement\nmetadata:\n  name: config-management\nspec:\n  # clusterName is required and must be unique among all managed clusters\n  clusterName: primary\n  policyController:\n    enabled: true\n    templateLibraryInstalled: true\n    logDeniesEnabled: false\n  git:\n    syncRepo: https://github.com/GoogleCloudPlatform/csp-config-management/\n    secretType: ssh\n    policyDir: foo-corp\n    syncBranch: 1.0.0\n  \n  \nEOF",
              "destroy_cmd_entrypoint": ".terraform/modules/acm-primary.acm_operator.k8sop_config/modules/kubectl-wrapper/scripts/kubectl_wrapper.sh",
              "gcloud_bin_abs_path": "/google-cloud-sdk/bin"
            }
          },
          "sensitive_attributes": [],
          "private": "bnVsbA==",
          "dependencies": [
            "data.google_client_config.current",
            "module.acm-primary.module.acm_operator.data.template_file.k8sop_config",
            "module.acm-primary.module.acm_operator.module.k8s_operator.module.gcloud_kubectl.data.external.env_override",
            "module.acm-primary.module.acm_operator.module.k8s_operator.module.gcloud_kubectl.null_resource.additional_components",
            "module.acm-primary.module.acm_operator.module.k8s_operator.module.gcloud_kubectl.null_resource.decompress",
            "module.acm-primary.module.acm_operator.module.k8s_operator.module.gcloud_kubectl.null_resource.gcloud_auth_google_credentials",
            "module.acm-primary.module.acm_operator.module.k8s_operator.module.gcloud_kubectl.null_resource.gcloud_auth_service_account_key_file",
            "module.acm-primary.module.acm_operator.module.k8s_operator.module.gcloud_kubectl.null_resource.module_depends_on",
            "module.acm-primary.module.acm_operator.module.k8s_operator.module.gcloud_kubectl.null_resource.run_command",
            "module.acm-primary.module.acm_operator.module.k8s_operator.module.gcloud_kubectl.null_resource.run_destroy_command",
            "module.acm-primary.module.acm_operator.module.k8s_operator.module.gcloud_kubectl.null_resource.upgrade",
            "module.acm-primary.module.acm_operator.module.k8s_operator.module.gcloud_kubectl.random_id.cache",
            "module.acm-primary.module.acm_operator.module.k8sop_config.module.gcloud_kubectl.data.external.env_override",
            "module.acm-primary.module.acm_operator.module.k8sop_config.module.gcloud_kubectl.null_resource.additional_components",
            "module.acm-primary.module.acm_operator.module.k8sop_config.module.gcloud_kubectl.null_resource.decompress",
            "module.acm-primary.module.acm_operator.module.k8sop_config.module.gcloud_kubectl.null_resource.gcloud_auth_google_credentials",
            "module.acm-primary.module.acm_operator.module.k8sop_config.module.gcloud_kubectl.null_resource.gcloud_auth_service_account_key_file",
            "module.acm-primary.module.acm_operator.module.k8sop_config.module.gcloud_kubectl.null_resource.module_depends_on",
            "module.acm-primary.module.acm_operator.module.k8sop_config.module.gcloud_kubectl.null_resource.upgrade",
            "module.acm-primary.module.acm_operator.module.k8sop_config.module.gcloud_kubectl.random_id.cache",
            "module.acm-primary.module.acm_operator.module.k8sop_creds_secret.module.gcloud_kubectl.data.external.env_override",
            "module.acm-primary.module.acm_operator.module.k8sop_creds_secret.module.gcloud_kubectl.null_resource.additional_components",
            "module.acm-primary.module.acm_operator.module.k8sop_creds_secret.module.gcloud_kubectl.null_resource.decompress",
            "module.acm-primary.module.acm_operator.module.k8sop_creds_secret.module.gcloud_kubectl.null_resource.gcloud_auth_google_credentials",
            "module.acm-primary.module.acm_operator.module.k8sop_creds_secret.module.gcloud_kubectl.null_resource.gcloud_auth_service_account_key_file",
            "module.acm-primary.module.acm_operator.module.k8sop_creds_secret.module.gcloud_kubectl.null_resource.module_depends_on",
            "module.acm-primary.module.acm_operator.module.k8sop_creds_secret.module.gcloud_kubectl.null_resource.run_command",
            "module.acm-primary.module.acm_operator.module.k8sop_creds_secret.module.gcloud_kubectl.null_resource.run_destroy_command",
            "module.acm-primary.module.acm_operator.module.k8sop_creds_secret.module.gcloud_kubectl.null_resource.upgrade",
            "module.acm-primary.module.acm_operator.module.k8sop_creds_secret.module.gcloud_kubectl.random_id.cache",
            "module.acm-primary.module.acm_operator.module.k8sop_manifest.null_resource.additional_components",
            "module.acm-primary.module.acm_operator.module.k8sop_manifest.null_resource.gcloud_auth_google_credentials",
            "module.acm-primary.module.acm_operator.module.k8sop_manifest.null_resource.gcloud_auth_service_account_key_file",
            "module.acm-primary.module.acm_operator.module.k8sop_manifest.null_resource.run_command",
            "module.acm-primary.module.acm_operator.module.k8sop_manifest.null_resource.run_destroy_command",
            "module.acm-primary.module.acm_operator.tls_private_key.k8sop_creds",
            "module.primary-cluster.google_container_cluster.primary",
            "module.primary-cluster.google_container_node_pool.pools"
          ]
        }
      ]
    },
    {
      "module": "module.acm-primary.module.acm_operator.module.k8sop_creds_secret.module.gcloud_kubectl",
      "mode": "data",
      "type": "external",
      "name": "env_override",
      "provider": "provider[\"registry.terraform.io/hashicorp/external\"]",
      "instances": [
        {
          "index_key": 0,
          "schema_version": 0,
          "attributes": {
            "id": "-",
            "program": [
              ".terraform/modules/acm-primary.acm_operator.k8sop_creds_secret/scripts/check_env.sh"
            ],
            "query": null,
            "result": {
              "download": ""
            },
            "working_dir": null
          },
          "sensitive_attributes": []
        }
      ]
    },
    {
      "module": "module.acm-primary.module.acm_operator.module.k8sop_creds_secret.module.gcloud_kubectl",
      "mode": "managed",
      "type": "null_resource",
      "name": "additional_components",
      "provider": "provider[\"registry.terraform.io/hashicorp/null\"]",
      "instances": [
        {
          "index_key": 0,
          "schema_version": 0,
          "attributes": {
            "id": "4828319517181608657",
            "triggers": {
              "additional_components_command": ".terraform/modules/acm-primary.acm_operator.k8sop_creds_secret/scripts/check_components.sh gcloud kubectl",
              "arguments": "eed0e543c095a83a621622e38acf6404",
              "md5": "0287a3ad8a6471bde580fc754b49f0bd"
            }
          },
          "sensitive_attributes": [],
          "private": "bnVsbA==",
          "dependencies": [
            "data.google_client_config.current",
            "module.acm-primary.module.acm_operator.module.k8sop_creds_secret.module.gcloud_kubectl.data.external.env_override",
            "module.acm-primary.module.acm_operator.module.k8sop_creds_secret.module.gcloud_kubectl.null_resource.upgrade",
            "module.acm-primary.module.acm_operator.module.k8sop_creds_secret.module.gcloud_kubectl.random_id.cache",
            "module.acm-primary.module.acm_operator.tls_private_key.k8sop_creds",
            "module.primary-cluster.google_container_cluster.primary"
          ]
        }
      ]
    },
    {
      "module": "module.acm-primary.module.acm_operator.module.k8sop_creds_secret.module.gcloud_kubectl",
      "mode": "managed",
      "type": "null_resource",
      "name": "additional_components_destroy",
      "provider": "provider[\"registry.terraform.io/hashicorp/null\"]",
      "instances": [
        {
          "index_key": 0,
          "schema_version": 0,
          "attributes": {
            "id": "7961084918363651715",
            "triggers": {
              "additional_components_command": ".terraform/modules/acm-primary.acm_operator.k8sop_creds_secret/scripts/check_components.sh gcloud kubectl"
            }
          },
          "sensitive_attributes": [],
          "private": "bnVsbA==",
          "dependencies": [
            "data.google_client_config.current",
            "module.acm-primary.module.acm_operator.module.k8s_operator.module.gcloud_kubectl.data.external.env_override",
            "module.acm-primary.module.acm_operator.module.k8s_operator.module.gcloud_kubectl.null_resource.additional_components",
            "module.acm-primary.module.acm_operator.module.k8s_operator.module.gcloud_kubectl.null_resource.decompress",
            "module.acm-primary.module.acm_operator.module.k8s_operator.module.gcloud_kubectl.null_resource.gcloud_auth_google_credentials",
            "module.acm-primary.module.acm_operator.module.k8s_operator.module.gcloud_kubectl.null_resource.gcloud_auth_service_account_key_file",
            "module.acm-primary.module.acm_operator.module.k8s_operator.module.gcloud_kubectl.null_resource.module_depends_on",
            "module.acm-primary.module.acm_operator.module.k8s_operator.module.gcloud_kubectl.null_resource.run_command",
            "module.acm-primary.module.acm_operator.module.k8s_operator.module.gcloud_kubectl.null_resource.run_destroy_command",
            "module.acm-primary.module.acm_operator.module.k8s_operator.module.gcloud_kubectl.null_resource.upgrade",
            "module.acm-primary.module.acm_operator.module.k8s_operator.module.gcloud_kubectl.random_id.cache",
            "module.acm-primary.module.acm_operator.module.k8sop_creds_secret.module.gcloud_kubectl.data.external.env_override",
            "module.acm-primary.module.acm_operator.module.k8sop_creds_secret.module.gcloud_kubectl.null_resource.additional_components",
            "module.acm-primary.module.acm_operator.module.k8sop_creds_secret.module.gcloud_kubectl.null_resource.decompress",
            "module.acm-primary.module.acm_operator.module.k8sop_creds_secret.module.gcloud_kubectl.null_resource.gcloud_auth_google_credentials",
            "module.acm-primary.module.acm_operator.module.k8sop_creds_secret.module.gcloud_kubectl.null_resource.gcloud_auth_service_account_key_file",
            "module.acm-primary.module.acm_operator.module.k8sop_creds_secret.module.gcloud_kubectl.null_resource.module_depends_on",
            "module.acm-primary.module.acm_operator.module.k8sop_creds_secret.module.gcloud_kubectl.null_resource.run_destroy_command",
            "module.acm-primary.module.acm_operator.module.k8sop_creds_secret.module.gcloud_kubectl.null_resource.upgrade",
            "module.acm-primary.module.acm_operator.module.k8sop_creds_secret.module.gcloud_kubectl.random_id.cache",
            "module.acm-primary.module.acm_operator.module.k8sop_manifest.null_resource.additional_components",
            "module.acm-primary.module.acm_operator.module.k8sop_manifest.null_resource.gcloud_auth_google_credentials",
            "module.acm-primary.module.acm_operator.module.k8sop_manifest.null_resource.gcloud_auth_service_account_key_file",
            "module.acm-primary.module.acm_operator.module.k8sop_manifest.null_resource.run_command",
            "module.acm-primary.module.acm_operator.module.k8sop_manifest.null_resource.run_destroy_command",
            "module.acm-primary.module.acm_operator.tls_private_key.k8sop_creds",
            "module.primary-cluster.google_container_cluster.primary",
            "module.primary-cluster.google_container_node_pool.pools"
          ]
        }
      ]
    },
    {
      "module": "module.acm-primary.module.acm_operator.module.k8sop_creds_secret.module.gcloud_kubectl",
      "mode": "managed",
      "type": "null_resource",
      "name": "module_depends_on",
      "provider": "provider[\"registry.terraform.io/hashicorp/null\"]",
      "instances": [
        {
          "index_key": 0,
          "schema_version": 0,
          "attributes": {
            "id": "5840469748725084234",
            "triggers": {
              "value": "1"
            }
          },
          "sensitive_attributes": [],
          "private": "bnVsbA==",
          "dependencies": [
            "data.google_client_config.current",
            "module.acm-primary.module.acm_operator.module.k8s_operator.module.gcloud_kubectl.data.external.env_override",
            "module.acm-primary.module.acm_operator.module.k8s_operator.module.gcloud_kubectl.null_resource.additional_components",
            "module.acm-primary.module.acm_operator.module.k8s_operator.module.gcloud_kubectl.null_resource.decompress",
            "module.acm-primary.module.acm_operator.module.k8s_operator.module.gcloud_kubectl.null_resource.gcloud_auth_google_credentials",
            "module.acm-primary.module.acm_operator.module.k8s_operator.module.gcloud_kubectl.null_resource.gcloud_auth_service_account_key_file",
            "module.acm-primary.module.acm_operator.module.k8s_operator.module.gcloud_kubectl.null_resource.module_depends_on",
            "module.acm-primary.module.acm_operator.module.k8s_operator.module.gcloud_kubectl.null_resource.run_command",
            "module.acm-primary.module.acm_operator.module.k8s_operator.module.gcloud_kubectl.null_resource.run_destroy_command",
            "module.acm-primary.module.acm_operator.module.k8s_operator.module.gcloud_kubectl.null_resource.upgrade",
            "module.acm-primary.module.acm_operator.module.k8s_operator.module.gcloud_kubectl.random_id.cache",
            "module.acm-primary.module.acm_operator.module.k8sop_manifest.null_resource.additional_components",
            "module.acm-primary.module.acm_operator.module.k8sop_manifest.null_resource.gcloud_auth_google_credentials",
            "module.acm-primary.module.acm_operator.module.k8sop_manifest.null_resource.gcloud_auth_service_account_key_file",
            "module.acm-primary.module.acm_operator.module.k8sop_manifest.null_resource.run_command",
            "module.acm-primary.module.acm_operator.module.k8sop_manifest.null_resource.run_destroy_command",
            "module.primary-cluster.google_container_cluster.primary",
            "module.primary-cluster.google_container_node_pool.pools"
          ]
        }
      ]
    },
    {
      "module": "module.acm-primary.module.acm_operator.module.k8sop_creds_secret.module.gcloud_kubectl",
      "mode": "managed",
      "type": "null_resource",
      "name": "run_command",
      "provider": "provider[\"registry.terraform.io/hashicorp/null\"]",
      "instances": [
        {
          "index_key": 0,
          "schema_version": 0,
          "attributes": {
            "id": "3164333235091426432",
            "triggers": {
              "arguments": "eed0e543c095a83a621622e38acf6404",
              "create_cmd_body": "primary us-central1-a sm-demo-forteam false false kubectl create secret generic git-creds -n=config-management-system --from-literal=ssh='-----BEGIN RSA PRIVATE KEY-----\nMIIJJgIBAAKCAgEAqBwWzu5T+Dag7NgMF/xkVSpFK7ywukvNlPO3XIBt9Vs9H2h1\n4kX8vOY3DTs64BCAG8AxLF5tdhjDIq7cQ/yu3b8jQ6+wSkiG7xg8VnEM+DSCpfRo\nxPw0F9a/TmXzhVTfoyYDHIdVD3uLML5H4amjLbfVOr4chLYUzO/ggaPe/hF/DRnk\njzIC8POv/2ET8bcLhXvQwuYsteTt9dzlOAs9ce77IHnfMpO917+KDdtUIFIEayq/\nS75abmkSZyuDmefJqtVwPqpWVlJ9+pJAVTxa1DApJzpIs0gfLI89XV246jdDcdzo\nN3huDRlqX+QPb3vhw+SdtX4vvFXkVT60aUAu6IlarIIM2ksvfboRZYoWC08NTdqN\nOT5TIiQXq4wVoox6dNzgE0LnTuXIJKoo+07A5zO6OPg7EAf8j9BaoKXxTIuxxpge\njYyWM4Ew4GRFCXNLr8XBlE1/jt7wnla4f01uV1jgRPjawUocwJVjHuK71MxWjoe3\nyP/5BzyoiYmxQHXMtFGgcFzm5q9CYsWQct9UXTIjSCQ80Bjfpm+rG6PL5zuXEg12\nauxNuwAnqPP0Azac+xUsXE/1CteWbRMMjPvcFLa7T5nx70Zes5Qs/NuWFhqaP55Q\nFHs3q3Lj836Shq0h2Jt5At9E2D7nWYAkp3w+EDxM4xH7Qp7MosDAtOU19NkCAwEA\nAQKCAgEAjVfAnY+oriNQPpKP6ILe4PQ/YDyv4pLlcP1RB8c7rHVf+M5dfzgU/cYa\nN1e7crSs4ahAL+vc4NSFDN40eD010V9piPlooaxFNzYLVSqMGwwbZOkQRb8/FWQL\nSSFTFKF9vrCxIQVwMSpQp1T1HvkAJ+pOr6s0Uyi8aGqvOpDLZpbTWfKRRwxniKt7\nKJ84o5yhZUPrDFN2+CBZKsTlPK/Go8qo/m85iE7L6WAz9N6Z5urOqEQyvr53Timt\nvWzKo1ZNKwN18lpJaR7GqSzaRlAOliVAFKlegs56134/vAaW+OYqIMv5utnYvc7G\nr4USrUtdUNUg/H3yKMmWx02HZo7+YEwRrOPARsnYdlnh6Ik2s3ovDF4D/PBYPrMe\nKOwC+KhHNI30IKxseDx3QtEV/Nyd5g8N0RlL3pTR6/pCeNn5YpU58PVH1jzT0X4C\nNOLlk52vXKALFL+sk37HB+CunWjRrgnZx4hXOi1jTquGcbVYss0tO8PHAkOCwebg\nMMY37JVyTzmk255kliPYsXmAIRf+p5NpORJIT8gClnHj//xD5FkKXSm2ZZtesuPe\nvAIm5x5NvLngrLocc7a96OTqb1Om8DHho8L1Mc2o2Ksuq0hGi3ls64FBAN8KKAC5\ntaBA852Ucb/4PnPfnhjSuMHSVULzOqPt96xhAsRtsJAAB+FnfJkCggEBAMX29bPp\nIUqbxDUwCiOHQ1fJoKj42rC8q67/isfQz+spZCimoq/TdSymdr33kbeWgZJKgJa/\ngsUfh3jKp0v6ax8icVPPi7/+m6w7d4XAiYnCVipcgVxdnLo5YgiOZZ60Khgi45je\ngT0ZfTGXhNRbmuwCvkU5OlDzavv2WMv4cE+xVuXHkN51CUjDKMpxoh9w8GWNlZRV\ncfGqqwQzzTTTbWlrIe5o2IRBaHjmfxHO3p6OQb7kCbJ1kimHtR8yyMWiu0fLNMEM\nzR4orTXP07LikQsJNN/Y8GwBHSY7rXrLz4umQ3fGXv+h3xXGoAMUk7Y98snP0xPO\neXthwkraC3clUk8CggEBANlki7/aP9q8Gy8nBCKz7T//o5S42EGcrJN+Q5BbEHrx\nIdn0l+xIiqLEtVhf2BiDmH/Fx916XO5XooyDvaPOQQQPq97dnuchI5UM9dl17Xna\nZsa+If3BC4EABAHd4Pe4EqSn7adQv3n9dJ+e0++lVDXBr3Rs2y5fEzo1vKMuXrUd\nHjMetsyPfBzTxrlMdqx4NU7Q1CLK12tx1RaxwLQaRHs703vCixXlu2mFuDGAq9AS\n+/FgLnA49zE7f2rC/bDbU2PMOKvcvUV6NP6504oXC8iaUfl+hJxl68C7iKy6N+na\nI7+8bCi3fWZ8yk3ka0c4VSpE9cdn0iKuairWsI82RFcCgf9LyD5GoPgdl4OE2N8I\nur8M3CKkjJ8rCQ6v7yMxWr49R5sP9LpSlKBGd3L9RciCfxsa5WpUSvvEek1h8DIa\n48IeKRE5BDp7RPxS8nDOwuXj1oEltkPPGAbnQxBENj6wgkea9cAqxQK0YQ2L7nTq\n1iZ4MpSj60RnuMc7rRJRAsn7t+eMDtlmT2c+c3cqCFYHszRTq9+W6R61ZKAS+8GS\nd11q/Zf/rCM2fdOAdLwwFQEjsVF5wdH0fw102H59cvNotOL8mM2ZGU1sPiYQc36W\n/CSKFPwotONUdRiziiTe3SaWTw+EymuTcGP18hNPGpFxMkW++8/RxTi8ArBd9xps\ngd0CggEAZC0pGOeBtVIpVLkt9q/jDDLJNqdXQCTqga0VhVfxaDXl24IS4Bcti4QJ\n7Qd9lQ5PH9IMH8tbN5m6lfW/VdSdsTlngfOuXeOveefXAraNEDHMWpkTINPscS2I\nqzOLj5uLO8UGhqt3EMfzDfsqvqv4+iyepY/kEKJPQeuxWaDsk5kvaW8l3W3hS4dr\nc8gAh8l9ByzEFKRUUHbMMwEGQ/g2xnLzKXykixqqGh48mtMoWWHmJ3yi6aPWhSFd\nvdzM+sqWys447zlxHqsJ8LfA+0lTbMVwMQBUK53r3YyNlsrZKTIUdy5kyP6FEs0+\njFZN+SvEUw4kFBeLhd/JnKQCCHyBUQKCAQAOLnAtptkYguxk7VMmAd+CZUbafED6\nnHGb3rQjJ6LbDuAx3RTTEBxv1y1++i2X8y5erp0O7G+lehN4UYvlwViX6Y5+8nsH\nUAO4hAmi3PHXNpdzN8YTT79hpyK8CVYIv6oEMnT6/Vm9rNTDEF8cU0iNwgw48J/B\nHDM+YFv9wpET0Aexbv3VPNLxuhQD+53s6yE1elzeFXud04iPtAILBxyIe3hScNLH\nZjdSsARZwQIjPeLxn1a2G+YRcY1Ln5IX8PHUyKHDUK19yqpI7r7cSfeltGDiexg3\nEbZnewCwZ8LgWlcw1uf+Hf9EHs396750BR2BaznXQQLMpBSH00xG0qmV\n-----END RSA PRIVATE KEY-----\n'",
              "create_cmd_entrypoint": ".terraform/modules/acm-primary.acm_operator.k8sop_creds_secret/modules/kubectl-wrapper/scripts/kubectl_wrapper.sh",
              "gcloud_bin_abs_path": "/google-cloud-sdk/bin",
              "md5": "0287a3ad8a6471bde580fc754b49f0bd"
            }
          },
          "sensitive_attributes": [],
          "private": "bnVsbA==",
          "dependencies": [
            "data.google_client_config.current",
            "module.acm-primary.module.acm_operator.module.k8s_operator.module.gcloud_kubectl.data.external.env_override",
            "module.acm-primary.module.acm_operator.module.k8s_operator.module.gcloud_kubectl.null_resource.additional_components",
            "module.acm-primary.module.acm_operator.module.k8s_operator.module.gcloud_kubectl.null_resource.decompress",
            "module.acm-primary.module.acm_operator.module.k8s_operator.module.gcloud_kubectl.null_resource.gcloud_auth_google_credentials",
            "module.acm-primary.module.acm_operator.module.k8s_operator.module.gcloud_kubectl.null_resource.gcloud_auth_service_account_key_file",
            "module.acm-primary.module.acm_operator.module.k8s_operator.module.gcloud_kubectl.null_resource.module_depends_on",
            "module.acm-primary.module.acm_operator.module.k8s_operator.module.gcloud_kubectl.null_resource.run_command",
            "module.acm-primary.module.acm_operator.module.k8s_operator.module.gcloud_kubectl.null_resource.run_destroy_command",
            "module.acm-primary.module.acm_operator.module.k8s_operator.module.gcloud_kubectl.null_resource.upgrade",
            "module.acm-primary.module.acm_operator.module.k8s_operator.module.gcloud_kubectl.random_id.cache",
            "module.acm-primary.module.acm_operator.module.k8sop_creds_secret.module.gcloud_kubectl.data.external.env_override",
            "module.acm-primary.module.acm_operator.module.k8sop_creds_secret.module.gcloud_kubectl.null_resource.additional_components",
            "module.acm-primary.module.acm_operator.module.k8sop_creds_secret.module.gcloud_kubectl.null_resource.decompress",
            "module.acm-primary.module.acm_operator.module.k8sop_creds_secret.module.gcloud_kubectl.null_resource.gcloud_auth_google_credentials",
            "module.acm-primary.module.acm_operator.module.k8sop_creds_secret.module.gcloud_kubectl.null_resource.gcloud_auth_service_account_key_file",
            "module.acm-primary.module.acm_operator.module.k8sop_creds_secret.module.gcloud_kubectl.null_resource.module_depends_on",
            "module.acm-primary.module.acm_operator.module.k8sop_creds_secret.module.gcloud_kubectl.null_resource.upgrade",
            "module.acm-primary.module.acm_operator.module.k8sop_creds_secret.module.gcloud_kubectl.random_id.cache",
            "module.acm-primary.module.acm_operator.module.k8sop_manifest.null_resource.additional_components",
            "module.acm-primary.module.acm_operator.module.k8sop_manifest.null_resource.gcloud_auth_google_credentials",
            "module.acm-primary.module.acm_operator.module.k8sop_manifest.null_resource.gcloud_auth_service_account_key_file",
            "module.acm-primary.module.acm_operator.module.k8sop_manifest.null_resource.run_command",
            "module.acm-primary.module.acm_operator.module.k8sop_manifest.null_resource.run_destroy_command",
            "module.acm-primary.module.acm_operator.tls_private_key.k8sop_creds",
            "module.primary-cluster.google_container_cluster.primary",
            "module.primary-cluster.google_container_node_pool.pools"
          ]
        }
      ]
    },
    {
      "module": "module.acm-primary.module.acm_operator.module.k8sop_creds_secret.module.gcloud_kubectl",
      "mode": "managed",
      "type": "null_resource",
      "name": "run_destroy_command",
      "provider": "provider[\"registry.terraform.io/hashicorp/null\"]",
      "instances": [
        {
          "index_key": 0,
          "schema_version": 0,
          "attributes": {
            "id": "1997823921393714670",
            "triggers": {
              "destroy_cmd_body": "primary us-central1-a sm-demo-forteam false false kubectl delete secret git-creds -n=config-management-system",
              "destroy_cmd_entrypoint": ".terraform/modules/acm-primary.acm_operator.k8sop_creds_secret/modules/kubectl-wrapper/scripts/kubectl_wrapper.sh",
              "gcloud_bin_abs_path": "/google-cloud-sdk/bin"
            }
          },
          "sensitive_attributes": [],
          "private": "bnVsbA==",
          "dependencies": [
            "data.google_client_config.current",
            "module.acm-primary.module.acm_operator.module.k8s_operator.module.gcloud_kubectl.data.external.env_override",
            "module.acm-primary.module.acm_operator.module.k8s_operator.module.gcloud_kubectl.null_resource.additional_components",
            "module.acm-primary.module.acm_operator.module.k8s_operator.module.gcloud_kubectl.null_resource.decompress",
            "module.acm-primary.module.acm_operator.module.k8s_operator.module.gcloud_kubectl.null_resource.gcloud_auth_google_credentials",
            "module.acm-primary.module.acm_operator.module.k8s_operator.module.gcloud_kubectl.null_resource.gcloud_auth_service_account_key_file",
            "module.acm-primary.module.acm_operator.module.k8s_operator.module.gcloud_kubectl.null_resource.module_depends_on",
            "module.acm-primary.module.acm_operator.module.k8s_operator.module.gcloud_kubectl.null_resource.run_command",
            "module.acm-primary.module.acm_operator.module.k8s_operator.module.gcloud_kubectl.null_resource.run_destroy_command",
            "module.acm-primary.module.acm_operator.module.k8s_operator.module.gcloud_kubectl.null_resource.upgrade",
            "module.acm-primary.module.acm_operator.module.k8s_operator.module.gcloud_kubectl.random_id.cache",
            "module.acm-primary.module.acm_operator.module.k8sop_creds_secret.module.gcloud_kubectl.data.external.env_override",
            "module.acm-primary.module.acm_operator.module.k8sop_creds_secret.module.gcloud_kubectl.null_resource.additional_components",
            "module.acm-primary.module.acm_operator.module.k8sop_creds_secret.module.gcloud_kubectl.null_resource.decompress",
            "module.acm-primary.module.acm_operator.module.k8sop_creds_secret.module.gcloud_kubectl.null_resource.gcloud_auth_google_credentials",
            "module.acm-primary.module.acm_operator.module.k8sop_creds_secret.module.gcloud_kubectl.null_resource.gcloud_auth_service_account_key_file",
            "module.acm-primary.module.acm_operator.module.k8sop_creds_secret.module.gcloud_kubectl.null_resource.module_depends_on",
            "module.acm-primary.module.acm_operator.module.k8sop_creds_secret.module.gcloud_kubectl.null_resource.upgrade",
            "module.acm-primary.module.acm_operator.module.k8sop_creds_secret.module.gcloud_kubectl.random_id.cache",
            "module.acm-primary.module.acm_operator.module.k8sop_manifest.null_resource.additional_components",
            "module.acm-primary.module.acm_operator.module.k8sop_manifest.null_resource.gcloud_auth_google_credentials",
            "module.acm-primary.module.acm_operator.module.k8sop_manifest.null_resource.gcloud_auth_service_account_key_file",
            "module.acm-primary.module.acm_operator.module.k8sop_manifest.null_resource.run_command",
            "module.acm-primary.module.acm_operator.module.k8sop_manifest.null_resource.run_destroy_command",
            "module.acm-primary.module.acm_operator.tls_private_key.k8sop_creds",
            "module.primary-cluster.google_container_cluster.primary",
            "module.primary-cluster.google_container_node_pool.pools"
          ]
        }
      ]
    },
    {
      "module": "module.acm-primary.module.acm_operator.module.wait_for_gatekeeper.module.gcloud_kubectl",
      "mode": "data",
      "type": "external",
      "name": "env_override",
      "provider": "provider[\"registry.terraform.io/hashicorp/external\"]",
      "instances": [
        {
          "index_key": 0,
          "schema_version": 0,
          "attributes": {
            "id": "-",
            "program": [
              ".terraform/modules/acm-primary.acm_operator.wait_for_gatekeeper/scripts/check_env.sh"
            ],
            "query": null,
            "result": {
              "download": ""
            },
            "working_dir": null
          },
          "sensitive_attributes": []
        }
      ]
    },
    {
      "module": "module.acm-primary.module.acm_operator.module.wait_for_gatekeeper.module.gcloud_kubectl",
      "mode": "managed",
      "type": "null_resource",
      "name": "additional_components",
      "provider": "provider[\"registry.terraform.io/hashicorp/null\"]",
      "instances": [
        {
          "index_key": 0,
          "schema_version": 0,
          "attributes": {
            "id": "1794331875767914841",
            "triggers": {
              "additional_components_command": ".terraform/modules/acm-primary.acm_operator.wait_for_gatekeeper/scripts/check_components.sh gcloud kubectl",
              "arguments": "3aeca16faf23a46a66b5588d5910a1e4",
              "md5": "85ab593620ff5a08ac79219e5a95ea49",
              "script_sha1": "e1780a62dcd319cb88616007c9c22324f63a6375"
            }
          },
          "sensitive_attributes": [],
          "private": "bnVsbA==",
          "dependencies": [
            "data.google_client_config.current",
            "module.acm-primary.module.acm_operator.module.wait_for_gatekeeper.module.gcloud_kubectl.data.external.env_override",
            "module.acm-primary.module.acm_operator.module.wait_for_gatekeeper.module.gcloud_kubectl.null_resource.upgrade",
            "module.acm-primary.module.acm_operator.module.wait_for_gatekeeper.module.gcloud_kubectl.random_id.cache",
            "module.primary-cluster.google_container_cluster.primary"
          ]
        }
      ]
    },
    {
      "module": "module.acm-primary.module.acm_operator.module.wait_for_gatekeeper.module.gcloud_kubectl",
      "mode": "managed",
      "type": "null_resource",
      "name": "additional_components_destroy",
      "provider": "provider[\"registry.terraform.io/hashicorp/null\"]",
      "instances": [
        {
          "index_key": 0,
          "schema_version": 0,
          "attributes": {
            "id": "1611971068207885297",
            "triggers": {
              "additional_components_command": ".terraform/modules/acm-primary.acm_operator.wait_for_gatekeeper/scripts/check_components.sh gcloud kubectl"
            }
          },
          "sensitive_attributes": [],
          "private": "bnVsbA==",
          "dependencies": [
            "data.google_client_config.current",
            "module.acm-primary.module.acm_operator.data.template_file.k8sop_config",
            "module.acm-primary.module.acm_operator.module.k8s_operator.module.gcloud_kubectl.data.external.env_override",
            "module.acm-primary.module.acm_operator.module.k8s_operator.module.gcloud_kubectl.null_resource.additional_components",
            "module.acm-primary.module.acm_operator.module.k8s_operator.module.gcloud_kubectl.null_resource.decompress",
            "module.acm-primary.module.acm_operator.module.k8s_operator.module.gcloud_kubectl.null_resource.gcloud_auth_google_credentials",
            "module.acm-primary.module.acm_operator.module.k8s_operator.module.gcloud_kubectl.null_resource.gcloud_auth_service_account_key_file",
            "module.acm-primary.module.acm_operator.module.k8s_operator.module.gcloud_kubectl.null_resource.module_depends_on",
            "module.acm-primary.module.acm_operator.module.k8s_operator.module.gcloud_kubectl.null_resource.run_command",
            "module.acm-primary.module.acm_operator.module.k8s_operator.module.gcloud_kubectl.null_resource.run_destroy_command",
            "module.acm-primary.module.acm_operator.module.k8s_operator.module.gcloud_kubectl.null_resource.upgrade",
            "module.acm-primary.module.acm_operator.module.k8s_operator.module.gcloud_kubectl.random_id.cache",
            "module.acm-primary.module.acm_operator.module.k8sop_config.module.gcloud_kubectl.data.external.env_override",
            "module.acm-primary.module.acm_operator.module.k8sop_config.module.gcloud_kubectl.null_resource.additional_components",
            "module.acm-primary.module.acm_operator.module.k8sop_config.module.gcloud_kubectl.null_resource.decompress",
            "module.acm-primary.module.acm_operator.module.k8sop_config.module.gcloud_kubectl.null_resource.gcloud_auth_google_credentials",
            "module.acm-primary.module.acm_operator.module.k8sop_config.module.gcloud_kubectl.null_resource.gcloud_auth_service_account_key_file",
            "module.acm-primary.module.acm_operator.module.k8sop_config.module.gcloud_kubectl.null_resource.module_depends_on",
            "module.acm-primary.module.acm_operator.module.k8sop_config.module.gcloud_kubectl.null_resource.run_command",
            "module.acm-primary.module.acm_operator.module.k8sop_config.module.gcloud_kubectl.null_resource.run_destroy_command",
            "module.acm-primary.module.acm_operator.module.k8sop_config.module.gcloud_kubectl.null_resource.upgrade",
            "module.acm-primary.module.acm_operator.module.k8sop_config.module.gcloud_kubectl.random_id.cache",
            "module.acm-primary.module.acm_operator.module.k8sop_creds_secret.module.gcloud_kubectl.data.external.env_override",
            "module.acm-primary.module.acm_operator.module.k8sop_creds_secret.module.gcloud_kubectl.null_resource.additional_components",
            "module.acm-primary.module.acm_operator.module.k8sop_creds_secret.module.gcloud_kubectl.null_resource.decompress",
            "module.acm-primary.module.acm_operator.module.k8sop_creds_secret.module.gcloud_kubectl.null_resource.gcloud_auth_google_credentials",
            "module.acm-primary.module.acm_operator.module.k8sop_creds_secret.module.gcloud_kubectl.null_resource.gcloud_auth_service_account_key_file",
            "module.acm-primary.module.acm_operator.module.k8sop_creds_secret.module.gcloud_kubectl.null_resource.module_depends_on",
            "module.acm-primary.module.acm_operator.module.k8sop_creds_secret.module.gcloud_kubectl.null_resource.run_command",
            "module.acm-primary.module.acm_operator.module.k8sop_creds_secret.module.gcloud_kubectl.null_resource.run_destroy_command",
            "module.acm-primary.module.acm_operator.module.k8sop_creds_secret.module.gcloud_kubectl.null_resource.upgrade",
            "module.acm-primary.module.acm_operator.module.k8sop_creds_secret.module.gcloud_kubectl.random_id.cache",
            "module.acm-primary.module.acm_operator.module.k8sop_manifest.null_resource.additional_components",
            "module.acm-primary.module.acm_operator.module.k8sop_manifest.null_resource.gcloud_auth_google_credentials",
            "module.acm-primary.module.acm_operator.module.k8sop_manifest.null_resource.gcloud_auth_service_account_key_file",
            "module.acm-primary.module.acm_operator.module.k8sop_manifest.null_resource.run_command",
            "module.acm-primary.module.acm_operator.module.k8sop_manifest.null_resource.run_destroy_command",
            "module.acm-primary.module.acm_operator.module.wait_for_gatekeeper.module.gcloud_kubectl.data.external.env_override",
            "module.acm-primary.module.acm_operator.module.wait_for_gatekeeper.module.gcloud_kubectl.null_resource.additional_components",
            "module.acm-primary.module.acm_operator.module.wait_for_gatekeeper.module.gcloud_kubectl.null_resource.decompress",
            "module.acm-primary.module.acm_operator.module.wait_for_gatekeeper.module.gcloud_kubectl.null_resource.gcloud_auth_google_credentials",
            "module.acm-primary.module.acm_operator.module.wait_for_gatekeeper.module.gcloud_kubectl.null_resource.gcloud_auth_service_account_key_file",
            "module.acm-primary.module.acm_operator.module.wait_for_gatekeeper.module.gcloud_kubectl.null_resource.module_depends_on",
            "module.acm-primary.module.acm_operator.module.wait_for_gatekeeper.module.gcloud_kubectl.null_resource.run_destroy_command",
            "module.acm-primary.module.acm_operator.module.wait_for_gatekeeper.module.gcloud_kubectl.null_resource.upgrade",
            "module.acm-primary.module.acm_operator.module.wait_for_gatekeeper.module.gcloud_kubectl.random_id.cache",
            "module.acm-primary.module.acm_operator.tls_private_key.k8sop_creds",
            "module.primary-cluster.google_container_cluster.primary",
            "module.primary-cluster.google_container_node_pool.pools"
          ]
        }
      ]
    },
    {
      "module": "module.acm-primary.module.acm_operator.module.wait_for_gatekeeper.module.gcloud_kubectl",
      "mode": "managed",
      "type": "null_resource",
      "name": "module_depends_on",
      "provider": "provider[\"registry.terraform.io/hashicorp/null\"]",
      "instances": [
        {
          "index_key": 0,
          "schema_version": 0,
          "attributes": {
            "id": "7215767361204085377",
            "triggers": {
              "value": "1"
            }
          },
          "sensitive_attributes": [],
          "private": "bnVsbA==",
          "dependencies": [
            "data.google_client_config.current",
            "module.acm-primary.module.acm_operator.data.template_file.k8sop_config",
            "module.acm-primary.module.acm_operator.module.k8s_operator.module.gcloud_kubectl.data.external.env_override",
            "module.acm-primary.module.acm_operator.module.k8s_operator.module.gcloud_kubectl.null_resource.additional_components",
            "module.acm-primary.module.acm_operator.module.k8s_operator.module.gcloud_kubectl.null_resource.decompress",
            "module.acm-primary.module.acm_operator.module.k8s_operator.module.gcloud_kubectl.null_resource.gcloud_auth_google_credentials",
            "module.acm-primary.module.acm_operator.module.k8s_operator.module.gcloud_kubectl.null_resource.gcloud_auth_service_account_key_file",
            "module.acm-primary.module.acm_operator.module.k8s_operator.module.gcloud_kubectl.null_resource.module_depends_on",
            "module.acm-primary.module.acm_operator.module.k8s_operator.module.gcloud_kubectl.null_resource.run_command",
            "module.acm-primary.module.acm_operator.module.k8s_operator.module.gcloud_kubectl.null_resource.run_destroy_command",
            "module.acm-primary.module.acm_operator.module.k8s_operator.module.gcloud_kubectl.null_resource.upgrade",
            "module.acm-primary.module.acm_operator.module.k8s_operator.module.gcloud_kubectl.random_id.cache",
            "module.acm-primary.module.acm_operator.module.k8sop_config.module.gcloud_kubectl.data.external.env_override",
            "module.acm-primary.module.acm_operator.module.k8sop_config.module.gcloud_kubectl.null_resource.additional_components",
            "module.acm-primary.module.acm_operator.module.k8sop_config.module.gcloud_kubectl.null_resource.decompress",
            "module.acm-primary.module.acm_operator.module.k8sop_config.module.gcloud_kubectl.null_resource.gcloud_auth_google_credentials",
            "module.acm-primary.module.acm_operator.module.k8sop_config.module.gcloud_kubectl.null_resource.gcloud_auth_service_account_key_file",
            "module.acm-primary.module.acm_operator.module.k8sop_config.module.gcloud_kubectl.null_resource.module_depends_on",
            "module.acm-primary.module.acm_operator.module.k8sop_config.module.gcloud_kubectl.null_resource.run_command",
            "module.acm-primary.module.acm_operator.module.k8sop_config.module.gcloud_kubectl.null_resource.run_destroy_command",
            "module.acm-primary.module.acm_operator.module.k8sop_config.module.gcloud_kubectl.null_resource.upgrade",
            "module.acm-primary.module.acm_operator.module.k8sop_config.module.gcloud_kubectl.random_id.cache",
            "module.acm-primary.module.acm_operator.module.k8sop_creds_secret.module.gcloud_kubectl.data.external.env_override",
            "module.acm-primary.module.acm_operator.module.k8sop_creds_secret.module.gcloud_kubectl.null_resource.additional_components",
            "module.acm-primary.module.acm_operator.module.k8sop_creds_secret.module.gcloud_kubectl.null_resource.decompress",
            "module.acm-primary.module.acm_operator.module.k8sop_creds_secret.module.gcloud_kubectl.null_resource.gcloud_auth_google_credentials",
            "module.acm-primary.module.acm_operator.module.k8sop_creds_secret.module.gcloud_kubectl.null_resource.gcloud_auth_service_account_key_file",
            "module.acm-primary.module.acm_operator.module.k8sop_creds_secret.module.gcloud_kubectl.null_resource.module_depends_on",
            "module.acm-primary.module.acm_operator.module.k8sop_creds_secret.module.gcloud_kubectl.null_resource.run_command",
            "module.acm-primary.module.acm_operator.module.k8sop_creds_secret.module.gcloud_kubectl.null_resource.run_destroy_command",
            "module.acm-primary.module.acm_operator.module.k8sop_creds_secret.module.gcloud_kubectl.null_resource.upgrade",
            "module.acm-primary.module.acm_operator.module.k8sop_creds_secret.module.gcloud_kubectl.random_id.cache",
            "module.acm-primary.module.acm_operator.module.k8sop_manifest.null_resource.additional_components",
            "module.acm-primary.module.acm_operator.module.k8sop_manifest.null_resource.gcloud_auth_google_credentials",
            "module.acm-primary.module.acm_operator.module.k8sop_manifest.null_resource.gcloud_auth_service_account_key_file",
            "module.acm-primary.module.acm_operator.module.k8sop_manifest.null_resource.run_command",
            "module.acm-primary.module.acm_operator.module.k8sop_manifest.null_resource.run_destroy_command",
            "module.acm-primary.module.acm_operator.tls_private_key.k8sop_creds",
            "module.primary-cluster.google_container_cluster.primary",
            "module.primary-cluster.google_container_node_pool.pools"
          ]
        }
      ]
    },
    {
      "module": "module.acm-primary.module.acm_operator.module.wait_for_gatekeeper.module.gcloud_kubectl",
      "mode": "managed",
      "type": "null_resource",
      "name": "run_command",
      "provider": "provider[\"registry.terraform.io/hashicorp/null\"]",
      "instances": [
        {
          "index_key": 0,
          "schema_version": 0,
          "attributes": {
            "id": "5287630869674929978",
            "triggers": {
              "arguments": "3aeca16faf23a46a66b5588d5910a1e4",
              "create_cmd_body": "primary us-central1-a sm-demo-forteam false false .terraform/modules/acm-primary/modules/k8s-operator-crd-support/scripts/wait_for_gatekeeper.sh sm-demo-forteam primary us-central1-a ",
              "create_cmd_entrypoint": ".terraform/modules/acm-primary.acm_operator.wait_for_gatekeeper/modules/kubectl-wrapper/scripts/kubectl_wrapper.sh",
              "gcloud_bin_abs_path": "/google-cloud-sdk/bin",
              "md5": "85ab593620ff5a08ac79219e5a95ea49",
              "script_sha1": "e1780a62dcd319cb88616007c9c22324f63a6375"
            }
          },
          "sensitive_attributes": [],
          "private": "bnVsbA==",
          "dependencies": [
            "data.google_client_config.current",
            "module.acm-primary.module.acm_operator.data.template_file.k8sop_config",
            "module.acm-primary.module.acm_operator.module.k8s_operator.module.gcloud_kubectl.data.external.env_override",
            "module.acm-primary.module.acm_operator.module.k8s_operator.module.gcloud_kubectl.null_resource.additional_components",
            "module.acm-primary.module.acm_operator.module.k8s_operator.module.gcloud_kubectl.null_resource.decompress",
            "module.acm-primary.module.acm_operator.module.k8s_operator.module.gcloud_kubectl.null_resource.gcloud_auth_google_credentials",
            "module.acm-primary.module.acm_operator.module.k8s_operator.module.gcloud_kubectl.null_resource.gcloud_auth_service_account_key_file",
            "module.acm-primary.module.acm_operator.module.k8s_operator.module.gcloud_kubectl.null_resource.module_depends_on",
            "module.acm-primary.module.acm_operator.module.k8s_operator.module.gcloud_kubectl.null_resource.run_command",
            "module.acm-primary.module.acm_operator.module.k8s_operator.module.gcloud_kubectl.null_resource.run_destroy_command",
            "module.acm-primary.module.acm_operator.module.k8s_operator.module.gcloud_kubectl.null_resource.upgrade",
            "module.acm-primary.module.acm_operator.module.k8s_operator.module.gcloud_kubectl.random_id.cache",
            "module.acm-primary.module.acm_operator.module.k8sop_config.module.gcloud_kubectl.data.external.env_override",
            "module.acm-primary.module.acm_operator.module.k8sop_config.module.gcloud_kubectl.null_resource.additional_components",
            "module.acm-primary.module.acm_operator.module.k8sop_config.module.gcloud_kubectl.null_resource.decompress",
            "module.acm-primary.module.acm_operator.module.k8sop_config.module.gcloud_kubectl.null_resource.gcloud_auth_google_credentials",
            "module.acm-primary.module.acm_operator.module.k8sop_config.module.gcloud_kubectl.null_resource.gcloud_auth_service_account_key_file",
            "module.acm-primary.module.acm_operator.module.k8sop_config.module.gcloud_kubectl.null_resource.module_depends_on",
            "module.acm-primary.module.acm_operator.module.k8sop_config.module.gcloud_kubectl.null_resource.run_command",
            "module.acm-primary.module.acm_operator.module.k8sop_config.module.gcloud_kubectl.null_resource.run_destroy_command",
            "module.acm-primary.module.acm_operator.module.k8sop_config.module.gcloud_kubectl.null_resource.upgrade",
            "module.acm-primary.module.acm_operator.module.k8sop_config.module.gcloud_kubectl.random_id.cache",
            "module.acm-primary.module.acm_operator.module.k8sop_creds_secret.module.gcloud_kubectl.data.external.env_override",
            "module.acm-primary.module.acm_operator.module.k8sop_creds_secret.module.gcloud_kubectl.null_resource.additional_components",
            "module.acm-primary.module.acm_operator.module.k8sop_creds_secret.module.gcloud_kubectl.null_resource.decompress",
            "module.acm-primary.module.acm_operator.module.k8sop_creds_secret.module.gcloud_kubectl.null_resource.gcloud_auth_google_credentials",
            "module.acm-primary.module.acm_operator.module.k8sop_creds_secret.module.gcloud_kubectl.null_resource.gcloud_auth_service_account_key_file",
            "module.acm-primary.module.acm_operator.module.k8sop_creds_secret.module.gcloud_kubectl.null_resource.module_depends_on",
            "module.acm-primary.module.acm_operator.module.k8sop_creds_secret.module.gcloud_kubectl.null_resource.run_command",
            "module.acm-primary.module.acm_operator.module.k8sop_creds_secret.module.gcloud_kubectl.null_resource.run_destroy_command",
            "module.acm-primary.module.acm_operator.module.k8sop_creds_secret.module.gcloud_kubectl.null_resource.upgrade",
            "module.acm-primary.module.acm_operator.module.k8sop_creds_secret.module.gcloud_kubectl.random_id.cache",
            "module.acm-primary.module.acm_operator.module.k8sop_manifest.null_resource.additional_components",
            "module.acm-primary.module.acm_operator.module.k8sop_manifest.null_resource.gcloud_auth_google_credentials",
            "module.acm-primary.module.acm_operator.module.k8sop_manifest.null_resource.gcloud_auth_service_account_key_file",
            "module.acm-primary.module.acm_operator.module.k8sop_manifest.null_resource.run_command",
            "module.acm-primary.module.acm_operator.module.k8sop_manifest.null_resource.run_destroy_command",
            "module.acm-primary.module.acm_operator.module.wait_for_gatekeeper.module.gcloud_kubectl.data.external.env_override",
            "module.acm-primary.module.acm_operator.module.wait_for_gatekeeper.module.gcloud_kubectl.null_resource.additional_components",
            "module.acm-primary.module.acm_operator.module.wait_for_gatekeeper.module.gcloud_kubectl.null_resource.decompress",
            "module.acm-primary.module.acm_operator.module.wait_for_gatekeeper.module.gcloud_kubectl.null_resource.gcloud_auth_google_credentials",
            "module.acm-primary.module.acm_operator.module.wait_for_gatekeeper.module.gcloud_kubectl.null_resource.gcloud_auth_service_account_key_file",
            "module.acm-primary.module.acm_operator.module.wait_for_gatekeeper.module.gcloud_kubectl.null_resource.module_depends_on",
            "module.acm-primary.module.acm_operator.module.wait_for_gatekeeper.module.gcloud_kubectl.null_resource.upgrade",
            "module.acm-primary.module.acm_operator.module.wait_for_gatekeeper.module.gcloud_kubectl.random_id.cache",
            "module.acm-primary.module.acm_operator.tls_private_key.k8sop_creds",
            "module.primary-cluster.google_container_cluster.primary",
            "module.primary-cluster.google_container_node_pool.pools"
          ]
        }
      ]
    },
    {
      "module": "module.acm-primary.module.acm_operator.module.wait_for_gatekeeper.module.gcloud_kubectl",
      "mode": "managed",
      "type": "null_resource",
      "name": "run_destroy_command",
      "provider": "provider[\"registry.terraform.io/hashicorp/null\"]",
      "instances": [
        {
          "index_key": 0,
          "schema_version": 0,
          "attributes": {
            "id": "5639049550490134773",
            "triggers": {
              "destroy_cmd_body": "primary us-central1-a sm-demo-forteam false false ",
              "destroy_cmd_entrypoint": ".terraform/modules/acm-primary.acm_operator.wait_for_gatekeeper/modules/kubectl-wrapper/scripts/kubectl_wrapper.sh",
              "gcloud_bin_abs_path": "/google-cloud-sdk/bin",
              "script_sha1": "e1780a62dcd319cb88616007c9c22324f63a6375"
            }
          },
          "sensitive_attributes": [],
          "private": "bnVsbA==",
          "dependencies": [
            "data.google_client_config.current",
            "module.acm-primary.module.acm_operator.data.template_file.k8sop_config",
            "module.acm-primary.module.acm_operator.module.k8s_operator.module.gcloud_kubectl.data.external.env_override",
            "module.acm-primary.module.acm_operator.module.k8s_operator.module.gcloud_kubectl.null_resource.additional_components",
            "module.acm-primary.module.acm_operator.module.k8s_operator.module.gcloud_kubectl.null_resource.decompress",
            "module.acm-primary.module.acm_operator.module.k8s_operator.module.gcloud_kubectl.null_resource.gcloud_auth_google_credentials",
            "module.acm-primary.module.acm_operator.module.k8s_operator.module.gcloud_kubectl.null_resource.gcloud_auth_service_account_key_file",
            "module.acm-primary.module.acm_operator.module.k8s_operator.module.gcloud_kubectl.null_resource.module_depends_on",
            "module.acm-primary.module.acm_operator.module.k8s_operator.module.gcloud_kubectl.null_resource.run_command",
            "module.acm-primary.module.acm_operator.module.k8s_operator.module.gcloud_kubectl.null_resource.run_destroy_command",
            "module.acm-primary.module.acm_operator.module.k8s_operator.module.gcloud_kubectl.null_resource.upgrade",
            "module.acm-primary.module.acm_operator.module.k8s_operator.module.gcloud_kubectl.random_id.cache",
            "module.acm-primary.module.acm_operator.module.k8sop_config.module.gcloud_kubectl.data.external.env_override",
            "module.acm-primary.module.acm_operator.module.k8sop_config.module.gcloud_kubectl.null_resource.additional_components",
            "module.acm-primary.module.acm_operator.module.k8sop_config.module.gcloud_kubectl.null_resource.decompress",
            "module.acm-primary.module.acm_operator.module.k8sop_config.module.gcloud_kubectl.null_resource.gcloud_auth_google_credentials",
            "module.acm-primary.module.acm_operator.module.k8sop_config.module.gcloud_kubectl.null_resource.gcloud_auth_service_account_key_file",
            "module.acm-primary.module.acm_operator.module.k8sop_config.module.gcloud_kubectl.null_resource.module_depends_on",
            "module.acm-primary.module.acm_operator.module.k8sop_config.module.gcloud_kubectl.null_resource.run_command",
            "module.acm-primary.module.acm_operator.module.k8sop_config.module.gcloud_kubectl.null_resource.run_destroy_command",
            "module.acm-primary.module.acm_operator.module.k8sop_config.module.gcloud_kubectl.null_resource.upgrade",
            "module.acm-primary.module.acm_operator.module.k8sop_config.module.gcloud_kubectl.random_id.cache",
            "module.acm-primary.module.acm_operator.module.k8sop_creds_secret.module.gcloud_kubectl.data.external.env_override",
            "module.acm-primary.module.acm_operator.module.k8sop_creds_secret.module.gcloud_kubectl.null_resource.additional_components",
            "module.acm-primary.module.acm_operator.module.k8sop_creds_secret.module.gcloud_kubectl.null_resource.decompress",
            "module.acm-primary.module.acm_operator.module.k8sop_creds_secret.module.gcloud_kubectl.null_resource.gcloud_auth_google_credentials",
            "module.acm-primary.module.acm_operator.module.k8sop_creds_secret.module.gcloud_kubectl.null_resource.gcloud_auth_service_account_key_file",
            "module.acm-primary.module.acm_operator.module.k8sop_creds_secret.module.gcloud_kubectl.null_resource.module_depends_on",
            "module.acm-primary.module.acm_operator.module.k8sop_creds_secret.module.gcloud_kubectl.null_resource.run_command",
            "module.acm-primary.module.acm_operator.module.k8sop_creds_secret.module.gcloud_kubectl.null_resource.run_destroy_command",
            "module.acm-primary.module.acm_operator.module.k8sop_creds_secret.module.gcloud_kubectl.null_resource.upgrade",
            "module.acm-primary.module.acm_operator.module.k8sop_creds_secret.module.gcloud_kubectl.random_id.cache",
            "module.acm-primary.module.acm_operator.module.k8sop_manifest.null_resource.additional_components",
            "module.acm-primary.module.acm_operator.module.k8sop_manifest.null_resource.gcloud_auth_google_credentials",
            "module.acm-primary.module.acm_operator.module.k8sop_manifest.null_resource.gcloud_auth_service_account_key_file",
            "module.acm-primary.module.acm_operator.module.k8sop_manifest.null_resource.run_command",
            "module.acm-primary.module.acm_operator.module.k8sop_manifest.null_resource.run_destroy_command",
            "module.acm-primary.module.acm_operator.module.wait_for_gatekeeper.module.gcloud_kubectl.data.external.env_override",
            "module.acm-primary.module.acm_operator.module.wait_for_gatekeeper.module.gcloud_kubectl.null_resource.additional_components",
            "module.acm-primary.module.acm_operator.module.wait_for_gatekeeper.module.gcloud_kubectl.null_resource.decompress",
            "module.acm-primary.module.acm_operator.module.wait_for_gatekeeper.module.gcloud_kubectl.null_resource.gcloud_auth_google_credentials",
            "module.acm-primary.module.acm_operator.module.wait_for_gatekeeper.module.gcloud_kubectl.null_resource.gcloud_auth_service_account_key_file",
            "module.acm-primary.module.acm_operator.module.wait_for_gatekeeper.module.gcloud_kubectl.null_resource.module_depends_on",
            "module.acm-primary.module.acm_operator.module.wait_for_gatekeeper.module.gcloud_kubectl.null_resource.upgrade",
            "module.acm-primary.module.acm_operator.module.wait_for_gatekeeper.module.gcloud_kubectl.random_id.cache",
            "module.acm-primary.module.acm_operator.tls_private_key.k8sop_creds",
            "module.primary-cluster.google_container_cluster.primary",
            "module.primary-cluster.google_container_node_pool.pools"
          ]
        }
      ]
    },
    {
      "module": "module.acm-primary.module.enable_acm",
      "mode": "data",
      "type": "external",
      "name": "env_override",
      "provider": "provider[\"registry.terraform.io/hashicorp/external\"]",
      "instances": [
        {
          "index_key": 0,
          "schema_version": 0,
          "attributes": {
            "id": "-",
            "program": [
              ".terraform/modules/acm-primary.enable_acm/scripts/check_env.sh"
            ],
            "query": null,
            "result": {
              "download": ""
            },
            "working_dir": null
          },
          "sensitive_attributes": []
        }
      ]
    },
    {
      "module": "module.acm-primary.module.enable_acm",
      "mode": "managed",
      "type": "null_resource",
      "name": "additional_components",
      "provider": "provider[\"registry.terraform.io/hashicorp/null\"]",
      "instances": [
        {
          "index_key": 0,
          "schema_version": 0,
          "attributes": {
            "id": "3826593745726321345",
            "triggers": {
              "additional_components_command": ".terraform/modules/acm-primary.enable_acm/scripts/check_components.sh gcloud alpha",
              "arguments": "62de9086f1da71875a0620cbf2375e59",
              "md5": "7f22bf39aaf5ce5980111c3587bef5b5"
            }
          },
          "sensitive_attributes": [],
          "private": "bnVsbA==",
          "dependencies": [
            "data.google_client_config.current",
            "module.acm-primary.module.enable_acm.data.external.env_override",
            "module.acm-primary.module.enable_acm.null_resource.upgrade",
            "module.acm-primary.module.enable_acm.random_id.cache"
          ]
        }
      ]
    },
    {
      "module": "module.acm-primary.module.enable_acm",
      "mode": "managed",
      "type": "null_resource",
      "name": "additional_components_destroy",
      "provider": "provider[\"registry.terraform.io/hashicorp/null\"]",
      "instances": [
        {
          "index_key": 0,
          "schema_version": 0,
          "attributes": {
            "id": "6852316973317932599",
            "triggers": {
              "additional_components_command": ".terraform/modules/acm-primary.enable_acm/scripts/check_components.sh gcloud alpha"
            }
          },
          "sensitive_attributes": [],
          "private": "bnVsbA==",
          "dependencies": [
            "data.google_client_config.current",
            "module.acm-primary.module.enable_acm.data.external.env_override",
            "module.acm-primary.module.enable_acm.null_resource.additional_components",
            "module.acm-primary.module.enable_acm.null_resource.decompress",
            "module.acm-primary.module.enable_acm.null_resource.gcloud_auth_google_credentials",
            "module.acm-primary.module.enable_acm.null_resource.gcloud_auth_service_account_key_file",
            "module.acm-primary.module.enable_acm.null_resource.module_depends_on",
            "module.acm-primary.module.enable_acm.null_resource.run_destroy_command",
            "module.acm-primary.module.enable_acm.null_resource.upgrade",
            "module.acm-primary.module.enable_acm.random_id.cache"
          ]
        }
      ]
    },
    {
      "module": "module.acm-primary.module.enable_acm",
      "mode": "managed",
      "type": "null_resource",
      "name": "run_command",
      "provider": "provider[\"registry.terraform.io/hashicorp/null\"]",
      "instances": [
        {
          "index_key": 0,
          "schema_version": 0,
          "attributes": {
            "id": "8721723449811761659",
            "triggers": {
              "arguments": "62de9086f1da71875a0620cbf2375e59",
              "create_cmd_body": "alpha container hub config-management enable --project sm-demo-forteam",
              "create_cmd_entrypoint": "gcloud",
              "gcloud_bin_abs_path": "/google-cloud-sdk/bin",
              "md5": "7f22bf39aaf5ce5980111c3587bef5b5"
            }
          },
          "sensitive_attributes": [],
          "private": "bnVsbA==",
          "dependencies": [
            "data.google_client_config.current",
            "module.acm-primary.module.enable_acm.data.external.env_override",
            "module.acm-primary.module.enable_acm.null_resource.additional_components",
            "module.acm-primary.module.enable_acm.null_resource.decompress",
            "module.acm-primary.module.enable_acm.null_resource.gcloud_auth_google_credentials",
            "module.acm-primary.module.enable_acm.null_resource.gcloud_auth_service_account_key_file",
            "module.acm-primary.module.enable_acm.null_resource.module_depends_on",
            "module.acm-primary.module.enable_acm.null_resource.upgrade",
            "module.acm-primary.module.enable_acm.random_id.cache"
          ]
        }
      ]
    },
    {
      "module": "module.acm-primary.module.enable_acm",
      "mode": "managed",
      "type": "null_resource",
      "name": "run_destroy_command",
      "provider": "provider[\"registry.terraform.io/hashicorp/null\"]",
      "instances": [
        {
          "index_key": 0,
          "schema_version": 0,
          "attributes": {
            "id": "2892729929437309630",
            "triggers": {
              "destroy_cmd_body": "alpha container hub config-management disable --force --project sm-demo-forteam",
              "destroy_cmd_entrypoint": "gcloud",
              "gcloud_bin_abs_path": "/google-cloud-sdk/bin"
            }
          },
          "sensitive_attributes": [],
          "private": "bnVsbA==",
          "dependencies": [
            "data.google_client_config.current",
            "module.acm-primary.module.enable_acm.data.external.env_override",
            "module.acm-primary.module.enable_acm.null_resource.additional_components",
            "module.acm-primary.module.enable_acm.null_resource.decompress",
            "module.acm-primary.module.enable_acm.null_resource.gcloud_auth_google_credentials",
            "module.acm-primary.module.enable_acm.null_resource.gcloud_auth_service_account_key_file",
            "module.acm-primary.module.enable_acm.null_resource.module_depends_on",
            "module.acm-primary.module.enable_acm.null_resource.upgrade",
            "module.acm-primary.module.enable_acm.random_id.cache"
          ]
        }
      ]
    },
    {
      "module": "module.acm-secondary.module.acm_operator",
      "mode": "data",
      "type": "template_file",
      "name": "k8sop_config",
      "provider": "provider[\"registry.terraform.io/hashicorp/template\"]",
      "instances": [
        {
          "schema_version": 0,
          "attributes": {
            "filename": null,
            "id": "a638457dd2880402897cfbba84ed27a1f265b85911745690734b974ef0278d27",
            "rendered": "apiVersion: configmanagement.gke.io/v1\nkind: ConfigManagement\nmetadata:\n  name: config-management\nspec:\n  # clusterName is required and must be unique among all managed clusters\n  clusterName: secondary\n  policyController:\n    enabled: true\n    templateLibraryInstalled: true\n    logDeniesEnabled: false\n  git:\n    syncRepo: https://github.com/GoogleCloudPlatform/csp-config-management/\n    secretType: ssh\n    policyDir: foo-corp\n    syncBranch: 1.0.0\n  \n  \n",
            "template": "apiVersion: configmanagement.gke.io/v1\nkind: ConfigManagement\nmetadata:\n  name: config-management\nspec:\n  # clusterName is required and must be unique among all managed clusters\n  clusterName: ${cluster_name}\n  policyController:\n    enabled: ${enable_policy_controller}\n    templateLibraryInstalled: ${install_template_library}\n    logDeniesEnabled: ${enable_log_denies}\n  git:\n    syncRepo: ${sync_repo}\n    secretType: ${secret_type}\n    ${policy_dir_node}\n    ${sync_branch_node}\n  ${source_format_node}\n  ${hierarchy_controller_map_node}\n",
            "vars": {
              "cluster_name": "secondary",
              "enable_log_denies": "false",
              "enable_policy_controller": "true",
              "hierarchy_controller_map_node": "",
              "install_template_library": "true",
              "policy_dir_node": "policyDir: foo-corp",
              "secret_type": "ssh",
              "source_format_node": "",
              "sync_branch_node": "syncBranch: 1.0.0",
              "sync_repo": "https://github.com/GoogleCloudPlatform/csp-config-management/"
            }
          },
          "sensitive_attributes": []
        }
      ]
    },
    {
      "module": "module.acm-secondary.module.acm_operator",
      "mode": "managed",
      "type": "tls_private_key",
      "name": "k8sop_creds",
      "provider": "provider[\"registry.terraform.io/hashicorp/tls\"]",
      "instances": [
        {
          "index_key": 0,
          "schema_version": 0,
          "attributes": {
            "algorithm": "RSA",
            "ecdsa_curve": "P224",
            "id": "0d5bea8fe67d878cc37cd679a18ee4ce4d06a0fb",
            "private_key_pem": "-----BEGIN RSA PRIVATE KEY-----\nMIIJKQIBAAKCAgEAynZGJJjNKFOv4i2Ev5ZHwdv3rsyfC1kv0V53YFcFj/Ulsekz\nsRu8pEfquwT6GHU/DKQHJrQ20dF9XDxWwOy7GvuzuKqcRZxI3ICDMGqAikXrchX9\nV88zkHWRvTAudHdXx642cdfwxAiWs2cfTcGYr961YgjeKxqFNJUfYr18v+yDrj7N\nqdB19TVcBKd4yTbF0mWuITjcaKG1bjFzMh/fGeCXrvHpXGDB5rfjnOn8fbDQlQCe\nyI6YoR1vTn3AVh3T/Dq6KOVwLwh9GTpRwIy48r4UEew7HDxcRVzXFME9G96wKQHU\nfcHSek20gKYps3YaR3XDppLtMsBFpxGxSmwHI4zz1EJIITtnSMX7lyzhrSa/HURQ\nqhxpp2qvFQIu/LDuZJxL3zWirumtAgLMFfzfKSBF7mz67vwK4VIDiYV93odAPTc0\n4JHpL3Ni91mDhw5DaT9RBXY/rwYj73obXPcRglgw9DkgX43FdRYKAEuycf9cx/lE\nVjM3ZNt89bhBWCA/51ZVS30Po/R4kUvvlnloFblZZgHRE+sxCXhjYARMSuawR7Gx\njqrftu27+5IUGpB67PjOgFirpDkJwrYB5OqgPN1I74CQpX1xpD2kX/0jsUrmFDl2\nIhsAO3d1l3aeKvSILVw8YB0RcBRBBwgcnM8y8igsfv3naqxXgTZGe4Qp4ekCAwEA\nAQKCAgBfqNRpdDzzAd+HeURQlXvgD8OONqYq4X/jZ8P1pAg/xW+DCRFgbB+Ma2Jv\n7OER70vT+Chc1CdWqamWi/fdfbzF+gknho0Bot8WOC5EEP4c1v5w0Az8kSzm43Xx\nsrMwWjcCZMDat1HN/dTefSngPkmbRxnicRgvu38WoiLLL4ai0+g/yvK3eoRRUF3i\n4RID2DpNt7c3gTs6wLUNlJW+KCrseh6RDUHaYOkczuPffvrKlGFpFXrwfdeFwHeX\n2Xin973yXfkZW5bO0i7xXYnE9XhpUQAAm+It7CMYrs38w3TRFz2akn/Iz2xYVyCi\n7F+lqHawLuc7bA5gvVHrp0NiS3pvLYWL3gpBWq4kQq40bprqUF4s//T2bG8b7btd\ncvunn4EwYCjfGZATmFxmSI9cvKhUls8nP8LXrwXH7oxQOVL3fgF20swQVCPmtZGR\nOOPPdkOSs2emm0UmmvJL63bBfCGT9MH4Mg3a1xHx4Jaw+eVt9g5XhOagCzyk3rwX\n5bGHTfjJw/pLS4tKZyvYgbikOHYLbSkGMDNapjpCAUHqBXYrAa6abFPYUA4Rb587\n4g1wutt2LMVd5TtwazVNa11Vvj8O/GAiFMYIjJmmXZJsaOsG43ZWcg4hTzXQwlIJ\ntvn1s6UfLeDIhziUrvckTj4W0Tsb1XEY1tSNtXHxxBAUpKw0kQKCAQEA4onpXIpU\n5d7+foDCzAgF3jjHChTPUpGQfirhwdWwzxjWpG8CvSABuTzmgfrdwfDqaPohYwTc\nP5jRuUz7G1sUYSLcKPz5jIjLXn0fxf6Mezyt6PfN0Z0xv+5MKOj3u0d8OmPhqp36\nuSNLNVEKJm2qwfaZlcQyRbZFDi7We30Su0vs/DbHalmVvBkgDJgyFKu4rt06KN6c\nakGDvsmQcMUF0I+uo5KJ2pzW5s0UkPYEmv85Jv02lkt2H7BBcrSuJgOJpSggU417\nv/0Lce9fJFUNABTNWMrbQ13mwASyUHD3wxiiOeBeUV0Julkb3NBpFaWptLJue+yX\neFF0x9mNanH7ZQKCAQEA5MrIkPumzxV2+WgrTaaDEdtOXTSI6+BnTyLCVzL0mhdd\nMimSf61E04MszIZW4JV+D0WIpLfIbgq+XdsAOgKByNnA0qtSkeVGKpKZcWZNyPqj\nCiL/6ckGVJQ+Lx8O9La8PpLalhC57XQ2vMvD4hnYy7hL6NgfWUfhP2l/mH1tgO3c\nu1wfT7YhYVXyH4syN8JKxs3suVg7QRqTuciLTQ42+ahbH+kPerLi0vNWeKlTvR1Q\nMg3Ij0fJLoqRFuZCVmrnUzgtbMk/S9OhgfrpnvcBOvVwcV5alQGQN0Xv+rN0+Mfb\nd/GeZ69O0VJZ0zjIDC1IDLjNrtXfoQ6UKlpfSH8eNQKCAQEAzeG6pTDPEY7FSeDp\nqJZOBvUg52ecOBU09YUxYYE8zCptwElnesxg5KGVeGGvMngqAbf5qc0cAex4BekR\neX4gGludLN8kSPV1pm0e+ElsEQBHqae0dSFgumbu7msz4g+ItmRaDj6/Q4zw6Aa7\nq8sVWmwsjvEdI0AQqGAm61nzMSdCvMFoIJ5EOAu5ldioAyNBmCJUnhoam3LpMfZs\nACD/NNmwRNaD1Jufr2iInWoJK3hyz51nA9aXBxufj4jnkIK8kM3T+ztlUUm/IhAD\nLrjhNMazDVRnS2VGthJOoE7azYNQxDrGXTmqAqLDcL40EslZX3Ceep+91UpqUMrF\n/AyVBQKCAQEA08X3/GtTLd+abqVDX+6+56ptUMyt6FegiJmN9ZTO4Eq8ExBz8AZ7\n7KRAtVer1tnJA23DW2RZ+7GqH8n03b0wUK9uUhIOrcjhN8rWiSa+3UdR3rIi200d\ntPA61vcSquTyPaFE/x6gWvD1MbASsphmGbuPWAmkismD72RBnO6Mi4ighjRxLyFQ\nqH4bTaNUalRHTtmRQsYuosZs8sx0VHDR5ik1n8XkdBhc6BIhejKRtj0J3Crx993k\nlFXikqWzxbXSRS98rHNjSVas6llMIb5UvzQsTmOdyMrXqLHtvcqafSTROqbFjwew\nFwT47BBk6xCG3m+4wxpokvWho8pe5AX1+QKCAQAXT7W0N8fM79n/N0tdJs+J+9eg\nnfEPHhdL44elDeS8c3uYIwvIirSyy9/OLbcvdJsHN9jSz4bNDwhGPjdVG1HerfG4\nDL5ZBF2Qbgs8WOx/lsyMUg0u0me8GIFVmbKJ3hCQX8Uax0lV8RiSV4jY/P5mSg3w\nBVPbMVNKktrz3OK/q8eSd7mm+9+zY3x9mYugbY97ox0WSvNUrdENHuRX4VcjLXZr\nWdHI6a7cRV7K6MCs6lUjLI/iVAim1XXIIPZgZFBnBPqtE/T0NLnzqwhuvhT4YYnk\ntj9pZA9CS9Op3/nhfyD5rY5Z8e3dcX6BBbiaJ7kPZ2FlW/BrCXEKVXvvW8dY\n-----END RSA PRIVATE KEY-----\n",
            "public_key_fingerprint_md5": "7d:40:d1:b7:9e:fc:d2:98:9d:aa:50:0c:ce:eb:6d:10",
            "public_key_openssh": "ssh-rsa AAAAB3NzaC1yc2EAAAADAQABAAACAQDKdkYkmM0oU6/iLYS/lkfB2/euzJ8LWS/RXndgVwWP9SWx6TOxG7ykR+q7BPoYdT8MpAcmtDbR0X1cPFbA7Lsa+7O4qpxFnEjcgIMwaoCKRetyFf1XzzOQdZG9MC50d1fHrjZx1/DECJazZx9NwZiv3rViCN4rGoU0lR9ivXy/7IOuPs2p0HX1NVwEp3jJNsXSZa4hONxoobVuMXMyH98Z4Jeu8elcYMHmt+Oc6fx9sNCVAJ7IjpihHW9OfcBWHdP8Oroo5XAvCH0ZOlHAjLjyvhQR7DscPFxFXNcUwT0b3rApAdR9wdJ6TbSApimzdhpHdcOmku0ywEWnEbFKbAcjjPPUQkghO2dIxfuXLOGtJr8dRFCqHGmnaq8VAi78sO5knEvfNaKu6a0CAswV/N8pIEXubPru/ArhUgOJhX3eh0A9NzTgkekvc2L3WYOHDkNpP1EFdj+vBiPvehtc9xGCWDD0OSBfjcV1FgoAS7Jx/1zH+URWMzdk23z1uEFYID/nVlVLfQ+j9HiRS++WeWgVuVlmAdET6zEJeGNgBExK5rBHsbGOqt+27bv7khQakHrs+M6AWKukOQnCtgHk6qA83UjvgJClfXGkPaRf/SOxSuYUOXYiGwA7d3WXdp4q9IgtXDxgHRFwFEEHCByczzLyKCx+/edqrFeBNkZ7hCnh6Q==\n",
            "public_key_pem": "-----BEGIN PUBLIC KEY-----\nMIICIjANBgkqhkiG9w0BAQEFAAOCAg8AMIICCgKCAgEAynZGJJjNKFOv4i2Ev5ZH\nwdv3rsyfC1kv0V53YFcFj/UlsekzsRu8pEfquwT6GHU/DKQHJrQ20dF9XDxWwOy7\nGvuzuKqcRZxI3ICDMGqAikXrchX9V88zkHWRvTAudHdXx642cdfwxAiWs2cfTcGY\nr961YgjeKxqFNJUfYr18v+yDrj7NqdB19TVcBKd4yTbF0mWuITjcaKG1bjFzMh/f\nGeCXrvHpXGDB5rfjnOn8fbDQlQCeyI6YoR1vTn3AVh3T/Dq6KOVwLwh9GTpRwIy4\n8r4UEew7HDxcRVzXFME9G96wKQHUfcHSek20gKYps3YaR3XDppLtMsBFpxGxSmwH\nI4zz1EJIITtnSMX7lyzhrSa/HURQqhxpp2qvFQIu/LDuZJxL3zWirumtAgLMFfzf\nKSBF7mz67vwK4VIDiYV93odAPTc04JHpL3Ni91mDhw5DaT9RBXY/rwYj73obXPcR\nglgw9DkgX43FdRYKAEuycf9cx/lEVjM3ZNt89bhBWCA/51ZVS30Po/R4kUvvlnlo\nFblZZgHRE+sxCXhjYARMSuawR7Gxjqrftu27+5IUGpB67PjOgFirpDkJwrYB5Oqg\nPN1I74CQpX1xpD2kX/0jsUrmFDl2IhsAO3d1l3aeKvSILVw8YB0RcBRBBwgcnM8y\n8igsfv3naqxXgTZGe4Qp4ekCAwEAAQ==\n-----END PUBLIC KEY-----\n",
            "rsa_bits": 4096
          },
          "sensitive_attributes": [],
          "private": "bnVsbA=="
        }
      ]
    },
    {
      "module": "module.acm-secondary.module.acm_operator.module.k8s_operator.module.gcloud_kubectl",
      "mode": "data",
      "type": "external",
      "name": "env_override",
      "provider": "provider[\"registry.terraform.io/hashicorp/external\"]",
      "instances": [
        {
          "index_key": 0,
          "schema_version": 0,
          "attributes": {
            "id": "-",
            "program": [
              ".terraform/modules/acm-secondary.acm_operator.k8s_operator/scripts/check_env.sh"
            ],
            "query": null,
            "result": {
              "download": ""
            },
            "working_dir": null
          },
          "sensitive_attributes": []
        }
      ]
    },
    {
      "module": "module.acm-secondary.module.acm_operator.module.k8s_operator.module.gcloud_kubectl",
      "mode": "managed",
      "type": "null_resource",
      "name": "additional_components",
      "provider": "provider[\"registry.terraform.io/hashicorp/null\"]",
      "instances": [
        {
          "index_key": 0,
          "schema_version": 0,
          "attributes": {
            "id": "7714594674700712574",
            "triggers": {
              "additional_components_command": ".terraform/modules/acm-secondary.acm_operator.k8s_operator/scripts/check_components.sh gcloud kubectl",
              "arguments": "378ff0654a6228d83a42a49256ce33fa",
              "md5": "83e5531e3d377d985e9a6df34bdffb70"
            }
          },
          "sensitive_attributes": [],
          "private": "bnVsbA==",
          "dependencies": [
            "data.google_client_config.current",
            "module.acm-secondary.module.acm_operator.module.k8s_operator.module.gcloud_kubectl.data.external.env_override",
            "module.acm-secondary.module.acm_operator.module.k8s_operator.module.gcloud_kubectl.null_resource.upgrade",
            "module.acm-secondary.module.acm_operator.module.k8s_operator.module.gcloud_kubectl.random_id.cache",
            "module.secondary-cluster.google_container_cluster.primary"
          ]
        }
      ]
    },
    {
      "module": "module.acm-secondary.module.acm_operator.module.k8s_operator.module.gcloud_kubectl",
      "mode": "managed",
      "type": "null_resource",
      "name": "additional_components_destroy",
      "provider": "provider[\"registry.terraform.io/hashicorp/null\"]",
      "instances": [
        {
          "index_key": 0,
          "schema_version": 0,
          "attributes": {
            "id": "5064799240474211306",
            "triggers": {
              "additional_components_command": ".terraform/modules/acm-secondary.acm_operator.k8s_operator/scripts/check_components.sh gcloud kubectl"
            }
          },
          "sensitive_attributes": [],
          "private": "bnVsbA==",
          "dependencies": [
            "data.google_client_config.current",
            "module.acm-secondary.module.acm_operator.module.k8s_operator.module.gcloud_kubectl.data.external.env_override",
            "module.acm-secondary.module.acm_operator.module.k8s_operator.module.gcloud_kubectl.null_resource.additional_components",
            "module.acm-secondary.module.acm_operator.module.k8s_operator.module.gcloud_kubectl.null_resource.decompress",
            "module.acm-secondary.module.acm_operator.module.k8s_operator.module.gcloud_kubectl.null_resource.gcloud_auth_google_credentials",
            "module.acm-secondary.module.acm_operator.module.k8s_operator.module.gcloud_kubectl.null_resource.gcloud_auth_service_account_key_file",
            "module.acm-secondary.module.acm_operator.module.k8s_operator.module.gcloud_kubectl.null_resource.module_depends_on",
            "module.acm-secondary.module.acm_operator.module.k8s_operator.module.gcloud_kubectl.null_resource.run_destroy_command",
            "module.acm-secondary.module.acm_operator.module.k8s_operator.module.gcloud_kubectl.null_resource.upgrade",
            "module.acm-secondary.module.acm_operator.module.k8s_operator.module.gcloud_kubectl.random_id.cache",
            "module.acm-secondary.module.acm_operator.module.k8sop_manifest.null_resource.additional_components",
            "module.acm-secondary.module.acm_operator.module.k8sop_manifest.null_resource.gcloud_auth_google_credentials",
            "module.acm-secondary.module.acm_operator.module.k8sop_manifest.null_resource.gcloud_auth_service_account_key_file",
            "module.acm-secondary.module.acm_operator.module.k8sop_manifest.null_resource.run_command",
            "module.acm-secondary.module.acm_operator.module.k8sop_manifest.null_resource.run_destroy_command",
            "module.secondary-cluster.google_container_cluster.primary",
            "module.secondary-cluster.google_container_node_pool.pools"
          ]
        }
      ]
    },
    {
      "module": "module.acm-secondary.module.acm_operator.module.k8s_operator.module.gcloud_kubectl",
      "mode": "managed",
      "type": "null_resource",
      "name": "module_depends_on",
      "provider": "provider[\"registry.terraform.io/hashicorp/null\"]",
      "instances": [
        {
          "index_key": 0,
          "schema_version": 0,
          "attributes": {
            "id": "7187374630794184197",
            "triggers": {
              "value": "2"
            }
          },
          "sensitive_attributes": [
            [
              {
                "type": "get_attr",
                "value": "triggers"
              },
              {
                "type": "index",
                "value": {
                  "value": "value",
                  "type": "string"
                }
              }
            ]
          ],
          "private": "bnVsbA==",
          "dependencies": [
            "module.acm-secondary.module.acm_operator.module.k8sop_manifest.null_resource.additional_components",
            "module.acm-secondary.module.acm_operator.module.k8sop_manifest.null_resource.gcloud_auth_google_credentials",
            "module.acm-secondary.module.acm_operator.module.k8sop_manifest.null_resource.gcloud_auth_service_account_key_file",
            "module.acm-secondary.module.acm_operator.module.k8sop_manifest.null_resource.run_command",
            "module.acm-secondary.module.acm_operator.module.k8sop_manifest.null_resource.run_destroy_command",
            "module.secondary-cluster.google_container_cluster.primary",
            "module.secondary-cluster.google_container_node_pool.pools"
          ]
        }
      ]
    },
    {
      "module": "module.acm-secondary.module.acm_operator.module.k8s_operator.module.gcloud_kubectl",
      "mode": "managed",
      "type": "null_resource",
      "name": "run_command",
      "provider": "provider[\"registry.terraform.io/hashicorp/null\"]",
      "instances": [
        {
          "index_key": 0,
          "schema_version": 0,
          "attributes": {
            "id": "6940777097997533117",
            "triggers": {
              "arguments": "378ff0654a6228d83a42a49256ce33fa",
              "create_cmd_body": "secondary us-west1-b sm-demo-forteam false false kubectl apply -f config-management-operator.yaml",
              "create_cmd_entrypoint": ".terraform/modules/acm-secondary.acm_operator.k8s_operator/modules/kubectl-wrapper/scripts/kubectl_wrapper.sh",
              "gcloud_bin_abs_path": "/google-cloud-sdk/bin",
              "md5": "83e5531e3d377d985e9a6df34bdffb70"
            }
          },
          "sensitive_attributes": [],
          "private": "bnVsbA==",
          "dependencies": [
            "data.google_client_config.current",
            "module.acm-secondary.module.acm_operator.module.k8s_operator.module.gcloud_kubectl.data.external.env_override",
            "module.acm-secondary.module.acm_operator.module.k8s_operator.module.gcloud_kubectl.null_resource.additional_components",
            "module.acm-secondary.module.acm_operator.module.k8s_operator.module.gcloud_kubectl.null_resource.decompress",
            "module.acm-secondary.module.acm_operator.module.k8s_operator.module.gcloud_kubectl.null_resource.gcloud_auth_google_credentials",
            "module.acm-secondary.module.acm_operator.module.k8s_operator.module.gcloud_kubectl.null_resource.gcloud_auth_service_account_key_file",
            "module.acm-secondary.module.acm_operator.module.k8s_operator.module.gcloud_kubectl.null_resource.module_depends_on",
            "module.acm-secondary.module.acm_operator.module.k8s_operator.module.gcloud_kubectl.null_resource.upgrade",
            "module.acm-secondary.module.acm_operator.module.k8s_operator.module.gcloud_kubectl.random_id.cache",
            "module.acm-secondary.module.acm_operator.module.k8sop_manifest.null_resource.additional_components",
            "module.acm-secondary.module.acm_operator.module.k8sop_manifest.null_resource.gcloud_auth_google_credentials",
            "module.acm-secondary.module.acm_operator.module.k8sop_manifest.null_resource.gcloud_auth_service_account_key_file",
            "module.acm-secondary.module.acm_operator.module.k8sop_manifest.null_resource.run_command",
            "module.acm-secondary.module.acm_operator.module.k8sop_manifest.null_resource.run_destroy_command",
            "module.secondary-cluster.google_container_cluster.primary",
            "module.secondary-cluster.google_container_node_pool.pools"
          ]
        }
      ]
    },
    {
      "module": "module.acm-secondary.module.acm_operator.module.k8s_operator.module.gcloud_kubectl",
      "mode": "managed",
      "type": "null_resource",
      "name": "run_destroy_command",
      "provider": "provider[\"registry.terraform.io/hashicorp/null\"]",
      "instances": [
        {
          "index_key": 0,
          "schema_version": 0,
          "attributes": {
            "id": "9164082765326789",
            "triggers": {
              "destroy_cmd_body": "secondary us-west1-b sm-demo-forteam false false kubectl delete -f config-management-operator.yaml",
              "destroy_cmd_entrypoint": ".terraform/modules/acm-secondary.acm_operator.k8s_operator/modules/kubectl-wrapper/scripts/kubectl_wrapper.sh",
              "gcloud_bin_abs_path": "/google-cloud-sdk/bin"
            }
          },
          "sensitive_attributes": [],
          "private": "bnVsbA==",
          "dependencies": [
            "data.google_client_config.current",
            "module.acm-secondary.module.acm_operator.module.k8s_operator.module.gcloud_kubectl.data.external.env_override",
            "module.acm-secondary.module.acm_operator.module.k8s_operator.module.gcloud_kubectl.null_resource.additional_components",
            "module.acm-secondary.module.acm_operator.module.k8s_operator.module.gcloud_kubectl.null_resource.decompress",
            "module.acm-secondary.module.acm_operator.module.k8s_operator.module.gcloud_kubectl.null_resource.gcloud_auth_google_credentials",
            "module.acm-secondary.module.acm_operator.module.k8s_operator.module.gcloud_kubectl.null_resource.gcloud_auth_service_account_key_file",
            "module.acm-secondary.module.acm_operator.module.k8s_operator.module.gcloud_kubectl.null_resource.module_depends_on",
            "module.acm-secondary.module.acm_operator.module.k8s_operator.module.gcloud_kubectl.null_resource.upgrade",
            "module.acm-secondary.module.acm_operator.module.k8s_operator.module.gcloud_kubectl.random_id.cache",
            "module.acm-secondary.module.acm_operator.module.k8sop_manifest.null_resource.additional_components",
            "module.acm-secondary.module.acm_operator.module.k8sop_manifest.null_resource.gcloud_auth_google_credentials",
            "module.acm-secondary.module.acm_operator.module.k8sop_manifest.null_resource.gcloud_auth_service_account_key_file",
            "module.acm-secondary.module.acm_operator.module.k8sop_manifest.null_resource.run_command",
            "module.acm-secondary.module.acm_operator.module.k8sop_manifest.null_resource.run_destroy_command",
            "module.secondary-cluster.google_container_cluster.primary",
            "module.secondary-cluster.google_container_node_pool.pools"
          ]
        }
      ]
    },
    {
      "module": "module.acm-secondary.module.acm_operator.module.k8sop_config.module.gcloud_kubectl",
      "mode": "data",
      "type": "external",
      "name": "env_override",
      "provider": "provider[\"registry.terraform.io/hashicorp/external\"]",
      "instances": [
        {
          "index_key": 0,
          "schema_version": 0,
          "attributes": {
            "id": "-",
            "program": [
              ".terraform/modules/acm-secondary.acm_operator.k8sop_config/scripts/check_env.sh"
            ],
            "query": null,
            "result": {
              "download": ""
            },
            "working_dir": null
          },
          "sensitive_attributes": []
        }
      ]
    },
    {
      "module": "module.acm-secondary.module.acm_operator.module.k8sop_config.module.gcloud_kubectl",
      "mode": "managed",
      "type": "null_resource",
      "name": "additional_components",
      "provider": "provider[\"registry.terraform.io/hashicorp/null\"]",
      "instances": [
        {
          "index_key": 0,
          "schema_version": 0,
          "attributes": {
            "id": "6802895498338106351",
            "triggers": {
              "additional_components_command": ".terraform/modules/acm-secondary.acm_operator.k8sop_config/scripts/check_components.sh gcloud kubectl",
              "arguments": "fdd4a8b37233b379c71842d28461b265",
              "configmanagement": "apiVersion: configmanagement.gke.io/v1\nkind: ConfigManagement\nmetadata:\n  name: config-management\nspec:\n  # clusterName is required and must be unique among all managed clusters\n  clusterName: secondary\n  policyController:\n    enabled: true\n    templateLibraryInstalled: true\n    logDeniesEnabled: false\n  git:\n    syncRepo: https://github.com/GoogleCloudPlatform/csp-config-management/\n    secretType: ssh\n    policyDir: foo-corp\n    syncBranch: 1.0.0\n  \n  \n",
              "md5": "26f866b4c4c1c2d4dda4e537e27bed59"
            }
          },
          "sensitive_attributes": [],
          "private": "bnVsbA==",
          "dependencies": [
            "data.google_client_config.current",
            "module.acm-secondary.module.acm_operator.data.template_file.k8sop_config",
            "module.acm-secondary.module.acm_operator.module.k8sop_config.module.gcloud_kubectl.data.external.env_override",
            "module.acm-secondary.module.acm_operator.module.k8sop_config.module.gcloud_kubectl.null_resource.upgrade",
            "module.acm-secondary.module.acm_operator.module.k8sop_config.module.gcloud_kubectl.random_id.cache",
            "module.secondary-cluster.google_container_cluster.primary"
          ]
        }
      ]
    },
    {
      "module": "module.acm-secondary.module.acm_operator.module.k8sop_config.module.gcloud_kubectl",
      "mode": "managed",
      "type": "null_resource",
      "name": "additional_components_destroy",
      "provider": "provider[\"registry.terraform.io/hashicorp/null\"]",
      "instances": [
        {
          "index_key": 0,
          "schema_version": 0,
          "attributes": {
            "id": "3491527432075661899",
            "triggers": {
              "additional_components_command": ".terraform/modules/acm-secondary.acm_operator.k8sop_config/scripts/check_components.sh gcloud kubectl"
            }
          },
          "sensitive_attributes": [],
          "private": "bnVsbA==",
          "dependencies": [
            "data.google_client_config.current",
            "module.acm-secondary.module.acm_operator.data.template_file.k8sop_config",
            "module.acm-secondary.module.acm_operator.module.k8s_operator.module.gcloud_kubectl.data.external.env_override",
            "module.acm-secondary.module.acm_operator.module.k8s_operator.module.gcloud_kubectl.null_resource.additional_components",
            "module.acm-secondary.module.acm_operator.module.k8s_operator.module.gcloud_kubectl.null_resource.decompress",
            "module.acm-secondary.module.acm_operator.module.k8s_operator.module.gcloud_kubectl.null_resource.gcloud_auth_google_credentials",
            "module.acm-secondary.module.acm_operator.module.k8s_operator.module.gcloud_kubectl.null_resource.gcloud_auth_service_account_key_file",
            "module.acm-secondary.module.acm_operator.module.k8s_operator.module.gcloud_kubectl.null_resource.module_depends_on",
            "module.acm-secondary.module.acm_operator.module.k8s_operator.module.gcloud_kubectl.null_resource.run_command",
            "module.acm-secondary.module.acm_operator.module.k8s_operator.module.gcloud_kubectl.null_resource.run_destroy_command",
            "module.acm-secondary.module.acm_operator.module.k8s_operator.module.gcloud_kubectl.null_resource.upgrade",
            "module.acm-secondary.module.acm_operator.module.k8s_operator.module.gcloud_kubectl.random_id.cache",
            "module.acm-secondary.module.acm_operator.module.k8sop_config.module.gcloud_kubectl.data.external.env_override",
            "module.acm-secondary.module.acm_operator.module.k8sop_config.module.gcloud_kubectl.null_resource.additional_components",
            "module.acm-secondary.module.acm_operator.module.k8sop_config.module.gcloud_kubectl.null_resource.decompress",
            "module.acm-secondary.module.acm_operator.module.k8sop_config.module.gcloud_kubectl.null_resource.gcloud_auth_google_credentials",
            "module.acm-secondary.module.acm_operator.module.k8sop_config.module.gcloud_kubectl.null_resource.gcloud_auth_service_account_key_file",
            "module.acm-secondary.module.acm_operator.module.k8sop_config.module.gcloud_kubectl.null_resource.module_depends_on",
            "module.acm-secondary.module.acm_operator.module.k8sop_config.module.gcloud_kubectl.null_resource.run_destroy_command",
            "module.acm-secondary.module.acm_operator.module.k8sop_config.module.gcloud_kubectl.null_resource.upgrade",
            "module.acm-secondary.module.acm_operator.module.k8sop_config.module.gcloud_kubectl.random_id.cache",
            "module.acm-secondary.module.acm_operator.module.k8sop_creds_secret.module.gcloud_kubectl.data.external.env_override",
            "module.acm-secondary.module.acm_operator.module.k8sop_creds_secret.module.gcloud_kubectl.null_resource.additional_components",
            "module.acm-secondary.module.acm_operator.module.k8sop_creds_secret.module.gcloud_kubectl.null_resource.decompress",
            "module.acm-secondary.module.acm_operator.module.k8sop_creds_secret.module.gcloud_kubectl.null_resource.gcloud_auth_google_credentials",
            "module.acm-secondary.module.acm_operator.module.k8sop_creds_secret.module.gcloud_kubectl.null_resource.gcloud_auth_service_account_key_file",
            "module.acm-secondary.module.acm_operator.module.k8sop_creds_secret.module.gcloud_kubectl.null_resource.module_depends_on",
            "module.acm-secondary.module.acm_operator.module.k8sop_creds_secret.module.gcloud_kubectl.null_resource.run_command",
            "module.acm-secondary.module.acm_operator.module.k8sop_creds_secret.module.gcloud_kubectl.null_resource.run_destroy_command",
            "module.acm-secondary.module.acm_operator.module.k8sop_creds_secret.module.gcloud_kubectl.null_resource.upgrade",
            "module.acm-secondary.module.acm_operator.module.k8sop_creds_secret.module.gcloud_kubectl.random_id.cache",
            "module.acm-secondary.module.acm_operator.module.k8sop_manifest.null_resource.additional_components",
            "module.acm-secondary.module.acm_operator.module.k8sop_manifest.null_resource.gcloud_auth_google_credentials",
            "module.acm-secondary.module.acm_operator.module.k8sop_manifest.null_resource.gcloud_auth_service_account_key_file",
            "module.acm-secondary.module.acm_operator.module.k8sop_manifest.null_resource.run_command",
            "module.acm-secondary.module.acm_operator.module.k8sop_manifest.null_resource.run_destroy_command",
            "module.acm-secondary.module.acm_operator.tls_private_key.k8sop_creds",
            "module.secondary-cluster.google_container_cluster.primary",
            "module.secondary-cluster.google_container_node_pool.pools"
          ]
        }
      ]
    },
    {
      "module": "module.acm-secondary.module.acm_operator.module.k8sop_config.module.gcloud_kubectl",
      "mode": "managed",
      "type": "null_resource",
      "name": "module_depends_on",
      "provider": "provider[\"registry.terraform.io/hashicorp/null\"]",
      "instances": [
        {
          "index_key": 0,
          "schema_version": 0,
          "attributes": {
            "id": "2865323775016930860",
            "triggers": {
              "value": "2"
            }
          },
          "sensitive_attributes": [],
          "private": "bnVsbA==",
          "dependencies": [
            "data.google_client_config.current",
            "module.acm-secondary.module.acm_operator.module.k8s_operator.module.gcloud_kubectl.data.external.env_override",
            "module.acm-secondary.module.acm_operator.module.k8s_operator.module.gcloud_kubectl.null_resource.additional_components",
            "module.acm-secondary.module.acm_operator.module.k8s_operator.module.gcloud_kubectl.null_resource.decompress",
            "module.acm-secondary.module.acm_operator.module.k8s_operator.module.gcloud_kubectl.null_resource.gcloud_auth_google_credentials",
            "module.acm-secondary.module.acm_operator.module.k8s_operator.module.gcloud_kubectl.null_resource.gcloud_auth_service_account_key_file",
            "module.acm-secondary.module.acm_operator.module.k8s_operator.module.gcloud_kubectl.null_resource.module_depends_on",
            "module.acm-secondary.module.acm_operator.module.k8s_operator.module.gcloud_kubectl.null_resource.run_command",
            "module.acm-secondary.module.acm_operator.module.k8s_operator.module.gcloud_kubectl.null_resource.run_destroy_command",
            "module.acm-secondary.module.acm_operator.module.k8s_operator.module.gcloud_kubectl.null_resource.upgrade",
            "module.acm-secondary.module.acm_operator.module.k8s_operator.module.gcloud_kubectl.random_id.cache",
            "module.acm-secondary.module.acm_operator.module.k8sop_creds_secret.module.gcloud_kubectl.data.external.env_override",
            "module.acm-secondary.module.acm_operator.module.k8sop_creds_secret.module.gcloud_kubectl.null_resource.additional_components",
            "module.acm-secondary.module.acm_operator.module.k8sop_creds_secret.module.gcloud_kubectl.null_resource.decompress",
            "module.acm-secondary.module.acm_operator.module.k8sop_creds_secret.module.gcloud_kubectl.null_resource.gcloud_auth_google_credentials",
            "module.acm-secondary.module.acm_operator.module.k8sop_creds_secret.module.gcloud_kubectl.null_resource.gcloud_auth_service_account_key_file",
            "module.acm-secondary.module.acm_operator.module.k8sop_creds_secret.module.gcloud_kubectl.null_resource.module_depends_on",
            "module.acm-secondary.module.acm_operator.module.k8sop_creds_secret.module.gcloud_kubectl.null_resource.run_command",
            "module.acm-secondary.module.acm_operator.module.k8sop_creds_secret.module.gcloud_kubectl.null_resource.run_destroy_command",
            "module.acm-secondary.module.acm_operator.module.k8sop_creds_secret.module.gcloud_kubectl.null_resource.upgrade",
            "module.acm-secondary.module.acm_operator.module.k8sop_creds_secret.module.gcloud_kubectl.random_id.cache",
            "module.acm-secondary.module.acm_operator.module.k8sop_manifest.null_resource.additional_components",
            "module.acm-secondary.module.acm_operator.module.k8sop_manifest.null_resource.gcloud_auth_google_credentials",
            "module.acm-secondary.module.acm_operator.module.k8sop_manifest.null_resource.gcloud_auth_service_account_key_file",
            "module.acm-secondary.module.acm_operator.module.k8sop_manifest.null_resource.run_command",
            "module.acm-secondary.module.acm_operator.module.k8sop_manifest.null_resource.run_destroy_command",
            "module.acm-secondary.module.acm_operator.tls_private_key.k8sop_creds",
            "module.secondary-cluster.google_container_cluster.primary",
            "module.secondary-cluster.google_container_node_pool.pools"
          ]
        }
      ]
    },
    {
      "module": "module.acm-secondary.module.acm_operator.module.k8sop_config.module.gcloud_kubectl",
      "mode": "managed",
      "type": "null_resource",
      "name": "run_command",
      "provider": "provider[\"registry.terraform.io/hashicorp/null\"]",
      "instances": [
        {
          "index_key": 0,
          "schema_version": 0,
          "attributes": {
            "id": "4506009257442095798",
            "triggers": {
              "arguments": "fdd4a8b37233b379c71842d28461b265",
              "configmanagement": "apiVersion: configmanagement.gke.io/v1\nkind: ConfigManagement\nmetadata:\n  name: config-management\nspec:\n  # clusterName is required and must be unique among all managed clusters\n  clusterName: secondary\n  policyController:\n    enabled: true\n    templateLibraryInstalled: true\n    logDeniesEnabled: false\n  git:\n    syncRepo: https://github.com/GoogleCloudPlatform/csp-config-management/\n    secretType: ssh\n    policyDir: foo-corp\n    syncBranch: 1.0.0\n  \n  \n",
              "create_cmd_body": "secondary us-west1-b sm-demo-forteam false false kubectl apply -f - \u003c\u003cEOF\napiVersion: configmanagement.gke.io/v1\nkind: ConfigManagement\nmetadata:\n  name: config-management\nspec:\n  # clusterName is required and must be unique among all managed clusters\n  clusterName: secondary\n  policyController:\n    enabled: true\n    templateLibraryInstalled: true\n    logDeniesEnabled: false\n  git:\n    syncRepo: https://github.com/GoogleCloudPlatform/csp-config-management/\n    secretType: ssh\n    policyDir: foo-corp\n    syncBranch: 1.0.0\n  \n  \nEOF",
              "create_cmd_entrypoint": ".terraform/modules/acm-secondary.acm_operator.k8sop_config/modules/kubectl-wrapper/scripts/kubectl_wrapper.sh",
              "gcloud_bin_abs_path": "/google-cloud-sdk/bin",
              "md5": "26f866b4c4c1c2d4dda4e537e27bed59"
            }
          },
          "sensitive_attributes": [],
          "private": "bnVsbA==",
          "dependencies": [
            "data.google_client_config.current",
            "module.acm-secondary.module.acm_operator.data.template_file.k8sop_config",
            "module.acm-secondary.module.acm_operator.module.k8s_operator.module.gcloud_kubectl.data.external.env_override",
            "module.acm-secondary.module.acm_operator.module.k8s_operator.module.gcloud_kubectl.null_resource.additional_components",
            "module.acm-secondary.module.acm_operator.module.k8s_operator.module.gcloud_kubectl.null_resource.decompress",
            "module.acm-secondary.module.acm_operator.module.k8s_operator.module.gcloud_kubectl.null_resource.gcloud_auth_google_credentials",
            "module.acm-secondary.module.acm_operator.module.k8s_operator.module.gcloud_kubectl.null_resource.gcloud_auth_service_account_key_file",
            "module.acm-secondary.module.acm_operator.module.k8s_operator.module.gcloud_kubectl.null_resource.module_depends_on",
            "module.acm-secondary.module.acm_operator.module.k8s_operator.module.gcloud_kubectl.null_resource.run_command",
            "module.acm-secondary.module.acm_operator.module.k8s_operator.module.gcloud_kubectl.null_resource.run_destroy_command",
            "module.acm-secondary.module.acm_operator.module.k8s_operator.module.gcloud_kubectl.null_resource.upgrade",
            "module.acm-secondary.module.acm_operator.module.k8s_operator.module.gcloud_kubectl.random_id.cache",
            "module.acm-secondary.module.acm_operator.module.k8sop_config.module.gcloud_kubectl.data.external.env_override",
            "module.acm-secondary.module.acm_operator.module.k8sop_config.module.gcloud_kubectl.null_resource.additional_components",
            "module.acm-secondary.module.acm_operator.module.k8sop_config.module.gcloud_kubectl.null_resource.decompress",
            "module.acm-secondary.module.acm_operator.module.k8sop_config.module.gcloud_kubectl.null_resource.gcloud_auth_google_credentials",
            "module.acm-secondary.module.acm_operator.module.k8sop_config.module.gcloud_kubectl.null_resource.gcloud_auth_service_account_key_file",
            "module.acm-secondary.module.acm_operator.module.k8sop_config.module.gcloud_kubectl.null_resource.module_depends_on",
            "module.acm-secondary.module.acm_operator.module.k8sop_config.module.gcloud_kubectl.null_resource.upgrade",
            "module.acm-secondary.module.acm_operator.module.k8sop_config.module.gcloud_kubectl.random_id.cache",
            "module.acm-secondary.module.acm_operator.module.k8sop_creds_secret.module.gcloud_kubectl.data.external.env_override",
            "module.acm-secondary.module.acm_operator.module.k8sop_creds_secret.module.gcloud_kubectl.null_resource.additional_components",
            "module.acm-secondary.module.acm_operator.module.k8sop_creds_secret.module.gcloud_kubectl.null_resource.decompress",
            "module.acm-secondary.module.acm_operator.module.k8sop_creds_secret.module.gcloud_kubectl.null_resource.gcloud_auth_google_credentials",
            "module.acm-secondary.module.acm_operator.module.k8sop_creds_secret.module.gcloud_kubectl.null_resource.gcloud_auth_service_account_key_file",
            "module.acm-secondary.module.acm_operator.module.k8sop_creds_secret.module.gcloud_kubectl.null_resource.module_depends_on",
            "module.acm-secondary.module.acm_operator.module.k8sop_creds_secret.module.gcloud_kubectl.null_resource.run_command",
            "module.acm-secondary.module.acm_operator.module.k8sop_creds_secret.module.gcloud_kubectl.null_resource.run_destroy_command",
            "module.acm-secondary.module.acm_operator.module.k8sop_creds_secret.module.gcloud_kubectl.null_resource.upgrade",
            "module.acm-secondary.module.acm_operator.module.k8sop_creds_secret.module.gcloud_kubectl.random_id.cache",
            "module.acm-secondary.module.acm_operator.module.k8sop_manifest.null_resource.additional_components",
            "module.acm-secondary.module.acm_operator.module.k8sop_manifest.null_resource.gcloud_auth_google_credentials",
            "module.acm-secondary.module.acm_operator.module.k8sop_manifest.null_resource.gcloud_auth_service_account_key_file",
            "module.acm-secondary.module.acm_operator.module.k8sop_manifest.null_resource.run_command",
            "module.acm-secondary.module.acm_operator.module.k8sop_manifest.null_resource.run_destroy_command",
            "module.acm-secondary.module.acm_operator.tls_private_key.k8sop_creds",
            "module.secondary-cluster.google_container_cluster.primary",
            "module.secondary-cluster.google_container_node_pool.pools"
          ]
        }
      ]
    },
    {
      "module": "module.acm-secondary.module.acm_operator.module.k8sop_config.module.gcloud_kubectl",
      "mode": "managed",
      "type": "null_resource",
      "name": "run_destroy_command",
      "provider": "provider[\"registry.terraform.io/hashicorp/null\"]",
      "instances": [
        {
          "index_key": 0,
          "schema_version": 0,
          "attributes": {
            "id": "5346810362331826707",
            "triggers": {
              "configmanagement": "apiVersion: configmanagement.gke.io/v1\nkind: ConfigManagement\nmetadata:\n  name: config-management\nspec:\n  # clusterName is required and must be unique among all managed clusters\n  clusterName: secondary\n  policyController:\n    enabled: true\n    templateLibraryInstalled: true\n    logDeniesEnabled: false\n  git:\n    syncRepo: https://github.com/GoogleCloudPlatform/csp-config-management/\n    secretType: ssh\n    policyDir: foo-corp\n    syncBranch: 1.0.0\n  \n  \n",
              "destroy_cmd_body": "secondary us-west1-b sm-demo-forteam false false kubectl delete -f - \u003c\u003cEOF\napiVersion: configmanagement.gke.io/v1\nkind: ConfigManagement\nmetadata:\n  name: config-management\nspec:\n  # clusterName is required and must be unique among all managed clusters\n  clusterName: secondary\n  policyController:\n    enabled: true\n    templateLibraryInstalled: true\n    logDeniesEnabled: false\n  git:\n    syncRepo: https://github.com/GoogleCloudPlatform/csp-config-management/\n    secretType: ssh\n    policyDir: foo-corp\n    syncBranch: 1.0.0\n  \n  \nEOF",
              "destroy_cmd_entrypoint": ".terraform/modules/acm-secondary.acm_operator.k8sop_config/modules/kubectl-wrapper/scripts/kubectl_wrapper.sh",
              "gcloud_bin_abs_path": "/google-cloud-sdk/bin"
            }
          },
          "sensitive_attributes": [],
          "private": "bnVsbA==",
          "dependencies": [
            "data.google_client_config.current",
            "module.acm-secondary.module.acm_operator.data.template_file.k8sop_config",
            "module.acm-secondary.module.acm_operator.module.k8s_operator.module.gcloud_kubectl.data.external.env_override",
            "module.acm-secondary.module.acm_operator.module.k8s_operator.module.gcloud_kubectl.null_resource.additional_components",
            "module.acm-secondary.module.acm_operator.module.k8s_operator.module.gcloud_kubectl.null_resource.decompress",
            "module.acm-secondary.module.acm_operator.module.k8s_operator.module.gcloud_kubectl.null_resource.gcloud_auth_google_credentials",
            "module.acm-secondary.module.acm_operator.module.k8s_operator.module.gcloud_kubectl.null_resource.gcloud_auth_service_account_key_file",
            "module.acm-secondary.module.acm_operator.module.k8s_operator.module.gcloud_kubectl.null_resource.module_depends_on",
            "module.acm-secondary.module.acm_operator.module.k8s_operator.module.gcloud_kubectl.null_resource.run_command",
            "module.acm-secondary.module.acm_operator.module.k8s_operator.module.gcloud_kubectl.null_resource.run_destroy_command",
            "module.acm-secondary.module.acm_operator.module.k8s_operator.module.gcloud_kubectl.null_resource.upgrade",
            "module.acm-secondary.module.acm_operator.module.k8s_operator.module.gcloud_kubectl.random_id.cache",
            "module.acm-secondary.module.acm_operator.module.k8sop_config.module.gcloud_kubectl.data.external.env_override",
            "module.acm-secondary.module.acm_operator.module.k8sop_config.module.gcloud_kubectl.null_resource.additional_components",
            "module.acm-secondary.module.acm_operator.module.k8sop_config.module.gcloud_kubectl.null_resource.decompress",
            "module.acm-secondary.module.acm_operator.module.k8sop_config.module.gcloud_kubectl.null_resource.gcloud_auth_google_credentials",
            "module.acm-secondary.module.acm_operator.module.k8sop_config.module.gcloud_kubectl.null_resource.gcloud_auth_service_account_key_file",
            "module.acm-secondary.module.acm_operator.module.k8sop_config.module.gcloud_kubectl.null_resource.module_depends_on",
            "module.acm-secondary.module.acm_operator.module.k8sop_config.module.gcloud_kubectl.null_resource.upgrade",
            "module.acm-secondary.module.acm_operator.module.k8sop_config.module.gcloud_kubectl.random_id.cache",
            "module.acm-secondary.module.acm_operator.module.k8sop_creds_secret.module.gcloud_kubectl.data.external.env_override",
            "module.acm-secondary.module.acm_operator.module.k8sop_creds_secret.module.gcloud_kubectl.null_resource.additional_components",
            "module.acm-secondary.module.acm_operator.module.k8sop_creds_secret.module.gcloud_kubectl.null_resource.decompress",
            "module.acm-secondary.module.acm_operator.module.k8sop_creds_secret.module.gcloud_kubectl.null_resource.gcloud_auth_google_credentials",
            "module.acm-secondary.module.acm_operator.module.k8sop_creds_secret.module.gcloud_kubectl.null_resource.gcloud_auth_service_account_key_file",
            "module.acm-secondary.module.acm_operator.module.k8sop_creds_secret.module.gcloud_kubectl.null_resource.module_depends_on",
            "module.acm-secondary.module.acm_operator.module.k8sop_creds_secret.module.gcloud_kubectl.null_resource.run_command",
            "module.acm-secondary.module.acm_operator.module.k8sop_creds_secret.module.gcloud_kubectl.null_resource.run_destroy_command",
            "module.acm-secondary.module.acm_operator.module.k8sop_creds_secret.module.gcloud_kubectl.null_resource.upgrade",
            "module.acm-secondary.module.acm_operator.module.k8sop_creds_secret.module.gcloud_kubectl.random_id.cache",
            "module.acm-secondary.module.acm_operator.module.k8sop_manifest.null_resource.additional_components",
            "module.acm-secondary.module.acm_operator.module.k8sop_manifest.null_resource.gcloud_auth_google_credentials",
            "module.acm-secondary.module.acm_operator.module.k8sop_manifest.null_resource.gcloud_auth_service_account_key_file",
            "module.acm-secondary.module.acm_operator.module.k8sop_manifest.null_resource.run_command",
            "module.acm-secondary.module.acm_operator.module.k8sop_manifest.null_resource.run_destroy_command",
            "module.acm-secondary.module.acm_operator.tls_private_key.k8sop_creds",
            "module.secondary-cluster.google_container_cluster.primary",
            "module.secondary-cluster.google_container_node_pool.pools"
          ]
        }
      ]
    },
    {
      "module": "module.acm-secondary.module.acm_operator.module.k8sop_creds_secret.module.gcloud_kubectl",
      "mode": "data",
      "type": "external",
      "name": "env_override",
      "provider": "provider[\"registry.terraform.io/hashicorp/external\"]",
      "instances": [
        {
          "index_key": 0,
          "schema_version": 0,
          "attributes": {
            "id": "-",
            "program": [
              ".terraform/modules/acm-secondary.acm_operator.k8sop_creds_secret/scripts/check_env.sh"
            ],
            "query": null,
            "result": {
              "download": ""
            },
            "working_dir": null
          },
          "sensitive_attributes": []
        }
      ]
    },
    {
      "module": "module.acm-secondary.module.acm_operator.module.k8sop_creds_secret.module.gcloud_kubectl",
      "mode": "managed",
      "type": "null_resource",
      "name": "additional_components",
      "provider": "provider[\"registry.terraform.io/hashicorp/null\"]",
      "instances": [
        {
          "index_key": 0,
          "schema_version": 0,
          "attributes": {
            "id": "1066143936783676119",
            "triggers": {
              "additional_components_command": ".terraform/modules/acm-secondary.acm_operator.k8sop_creds_secret/scripts/check_components.sh gcloud kubectl",
              "arguments": "6d92662d752876c739854489a97c2ffd",
              "md5": "7dbb4f2381721ce6628dcf880e20df80"
            }
          },
          "sensitive_attributes": [],
          "private": "bnVsbA==",
          "dependencies": [
            "data.google_client_config.current",
            "module.acm-secondary.module.acm_operator.module.k8sop_creds_secret.module.gcloud_kubectl.data.external.env_override",
            "module.acm-secondary.module.acm_operator.module.k8sop_creds_secret.module.gcloud_kubectl.null_resource.upgrade",
            "module.acm-secondary.module.acm_operator.module.k8sop_creds_secret.module.gcloud_kubectl.random_id.cache",
            "module.acm-secondary.module.acm_operator.tls_private_key.k8sop_creds",
            "module.secondary-cluster.google_container_cluster.primary"
          ]
        }
      ]
    },
    {
      "module": "module.acm-secondary.module.acm_operator.module.k8sop_creds_secret.module.gcloud_kubectl",
      "mode": "managed",
      "type": "null_resource",
      "name": "additional_components_destroy",
      "provider": "provider[\"registry.terraform.io/hashicorp/null\"]",
      "instances": [
        {
          "index_key": 0,
          "schema_version": 0,
          "attributes": {
            "id": "6425425779068002710",
            "triggers": {
              "additional_components_command": ".terraform/modules/acm-secondary.acm_operator.k8sop_creds_secret/scripts/check_components.sh gcloud kubectl"
            }
          },
          "sensitive_attributes": [],
          "private": "bnVsbA==",
          "dependencies": [
            "data.google_client_config.current",
            "module.acm-secondary.module.acm_operator.module.k8s_operator.module.gcloud_kubectl.data.external.env_override",
            "module.acm-secondary.module.acm_operator.module.k8s_operator.module.gcloud_kubectl.null_resource.additional_components",
            "module.acm-secondary.module.acm_operator.module.k8s_operator.module.gcloud_kubectl.null_resource.decompress",
            "module.acm-secondary.module.acm_operator.module.k8s_operator.module.gcloud_kubectl.null_resource.gcloud_auth_google_credentials",
            "module.acm-secondary.module.acm_operator.module.k8s_operator.module.gcloud_kubectl.null_resource.gcloud_auth_service_account_key_file",
            "module.acm-secondary.module.acm_operator.module.k8s_operator.module.gcloud_kubectl.null_resource.module_depends_on",
            "module.acm-secondary.module.acm_operator.module.k8s_operator.module.gcloud_kubectl.null_resource.run_command",
            "module.acm-secondary.module.acm_operator.module.k8s_operator.module.gcloud_kubectl.null_resource.run_destroy_command",
            "module.acm-secondary.module.acm_operator.module.k8s_operator.module.gcloud_kubectl.null_resource.upgrade",
            "module.acm-secondary.module.acm_operator.module.k8s_operator.module.gcloud_kubectl.random_id.cache",
            "module.acm-secondary.module.acm_operator.module.k8sop_creds_secret.module.gcloud_kubectl.data.external.env_override",
            "module.acm-secondary.module.acm_operator.module.k8sop_creds_secret.module.gcloud_kubectl.null_resource.additional_components",
            "module.acm-secondary.module.acm_operator.module.k8sop_creds_secret.module.gcloud_kubectl.null_resource.decompress",
            "module.acm-secondary.module.acm_operator.module.k8sop_creds_secret.module.gcloud_kubectl.null_resource.gcloud_auth_google_credentials",
            "module.acm-secondary.module.acm_operator.module.k8sop_creds_secret.module.gcloud_kubectl.null_resource.gcloud_auth_service_account_key_file",
            "module.acm-secondary.module.acm_operator.module.k8sop_creds_secret.module.gcloud_kubectl.null_resource.module_depends_on",
            "module.acm-secondary.module.acm_operator.module.k8sop_creds_secret.module.gcloud_kubectl.null_resource.run_destroy_command",
            "module.acm-secondary.module.acm_operator.module.k8sop_creds_secret.module.gcloud_kubectl.null_resource.upgrade",
            "module.acm-secondary.module.acm_operator.module.k8sop_creds_secret.module.gcloud_kubectl.random_id.cache",
            "module.acm-secondary.module.acm_operator.module.k8sop_manifest.null_resource.additional_components",
            "module.acm-secondary.module.acm_operator.module.k8sop_manifest.null_resource.gcloud_auth_google_credentials",
            "module.acm-secondary.module.acm_operator.module.k8sop_manifest.null_resource.gcloud_auth_service_account_key_file",
            "module.acm-secondary.module.acm_operator.module.k8sop_manifest.null_resource.run_command",
            "module.acm-secondary.module.acm_operator.module.k8sop_manifest.null_resource.run_destroy_command",
            "module.acm-secondary.module.acm_operator.tls_private_key.k8sop_creds",
            "module.secondary-cluster.google_container_cluster.primary",
            "module.secondary-cluster.google_container_node_pool.pools"
          ]
        }
      ]
    },
    {
      "module": "module.acm-secondary.module.acm_operator.module.k8sop_creds_secret.module.gcloud_kubectl",
      "mode": "managed",
      "type": "null_resource",
      "name": "module_depends_on",
      "provider": "provider[\"registry.terraform.io/hashicorp/null\"]",
      "instances": [
        {
          "index_key": 0,
          "schema_version": 0,
          "attributes": {
            "id": "5993700207020706170",
            "triggers": {
              "value": "1"
            }
          },
          "sensitive_attributes": [],
          "private": "bnVsbA==",
          "dependencies": [
            "data.google_client_config.current",
            "module.acm-secondary.module.acm_operator.module.k8s_operator.module.gcloud_kubectl.data.external.env_override",
            "module.acm-secondary.module.acm_operator.module.k8s_operator.module.gcloud_kubectl.null_resource.additional_components",
            "module.acm-secondary.module.acm_operator.module.k8s_operator.module.gcloud_kubectl.null_resource.decompress",
            "module.acm-secondary.module.acm_operator.module.k8s_operator.module.gcloud_kubectl.null_resource.gcloud_auth_google_credentials",
            "module.acm-secondary.module.acm_operator.module.k8s_operator.module.gcloud_kubectl.null_resource.gcloud_auth_service_account_key_file",
            "module.acm-secondary.module.acm_operator.module.k8s_operator.module.gcloud_kubectl.null_resource.module_depends_on",
            "module.acm-secondary.module.acm_operator.module.k8s_operator.module.gcloud_kubectl.null_resource.run_command",
            "module.acm-secondary.module.acm_operator.module.k8s_operator.module.gcloud_kubectl.null_resource.run_destroy_command",
            "module.acm-secondary.module.acm_operator.module.k8s_operator.module.gcloud_kubectl.null_resource.upgrade",
            "module.acm-secondary.module.acm_operator.module.k8s_operator.module.gcloud_kubectl.random_id.cache",
            "module.acm-secondary.module.acm_operator.module.k8sop_manifest.null_resource.additional_components",
            "module.acm-secondary.module.acm_operator.module.k8sop_manifest.null_resource.gcloud_auth_google_credentials",
            "module.acm-secondary.module.acm_operator.module.k8sop_manifest.null_resource.gcloud_auth_service_account_key_file",
            "module.acm-secondary.module.acm_operator.module.k8sop_manifest.null_resource.run_command",
            "module.acm-secondary.module.acm_operator.module.k8sop_manifest.null_resource.run_destroy_command",
            "module.secondary-cluster.google_container_cluster.primary",
            "module.secondary-cluster.google_container_node_pool.pools"
          ]
        }
      ]
    },
    {
      "module": "module.acm-secondary.module.acm_operator.module.k8sop_creds_secret.module.gcloud_kubectl",
      "mode": "managed",
      "type": "null_resource",
      "name": "run_command",
      "provider": "provider[\"registry.terraform.io/hashicorp/null\"]",
      "instances": [
        {
          "index_key": 0,
          "schema_version": 0,
          "attributes": {
            "id": "3475324806928740100",
            "triggers": {
              "arguments": "6d92662d752876c739854489a97c2ffd",
              "create_cmd_body": "secondary us-west1-b sm-demo-forteam false false kubectl create secret generic git-creds -n=config-management-system --from-literal=ssh='-----BEGIN RSA PRIVATE KEY-----\nMIIJKQIBAAKCAgEAynZGJJjNKFOv4i2Ev5ZHwdv3rsyfC1kv0V53YFcFj/Ulsekz\nsRu8pEfquwT6GHU/DKQHJrQ20dF9XDxWwOy7GvuzuKqcRZxI3ICDMGqAikXrchX9\nV88zkHWRvTAudHdXx642cdfwxAiWs2cfTcGYr961YgjeKxqFNJUfYr18v+yDrj7N\nqdB19TVcBKd4yTbF0mWuITjcaKG1bjFzMh/fGeCXrvHpXGDB5rfjnOn8fbDQlQCe\nyI6YoR1vTn3AVh3T/Dq6KOVwLwh9GTpRwIy48r4UEew7HDxcRVzXFME9G96wKQHU\nfcHSek20gKYps3YaR3XDppLtMsBFpxGxSmwHI4zz1EJIITtnSMX7lyzhrSa/HURQ\nqhxpp2qvFQIu/LDuZJxL3zWirumtAgLMFfzfKSBF7mz67vwK4VIDiYV93odAPTc0\n4JHpL3Ni91mDhw5DaT9RBXY/rwYj73obXPcRglgw9DkgX43FdRYKAEuycf9cx/lE\nVjM3ZNt89bhBWCA/51ZVS30Po/R4kUvvlnloFblZZgHRE+sxCXhjYARMSuawR7Gx\njqrftu27+5IUGpB67PjOgFirpDkJwrYB5OqgPN1I74CQpX1xpD2kX/0jsUrmFDl2\nIhsAO3d1l3aeKvSILVw8YB0RcBRBBwgcnM8y8igsfv3naqxXgTZGe4Qp4ekCAwEA\nAQKCAgBfqNRpdDzzAd+HeURQlXvgD8OONqYq4X/jZ8P1pAg/xW+DCRFgbB+Ma2Jv\n7OER70vT+Chc1CdWqamWi/fdfbzF+gknho0Bot8WOC5EEP4c1v5w0Az8kSzm43Xx\nsrMwWjcCZMDat1HN/dTefSngPkmbRxnicRgvu38WoiLLL4ai0+g/yvK3eoRRUF3i\n4RID2DpNt7c3gTs6wLUNlJW+KCrseh6RDUHaYOkczuPffvrKlGFpFXrwfdeFwHeX\n2Xin973yXfkZW5bO0i7xXYnE9XhpUQAAm+It7CMYrs38w3TRFz2akn/Iz2xYVyCi\n7F+lqHawLuc7bA5gvVHrp0NiS3pvLYWL3gpBWq4kQq40bprqUF4s//T2bG8b7btd\ncvunn4EwYCjfGZATmFxmSI9cvKhUls8nP8LXrwXH7oxQOVL3fgF20swQVCPmtZGR\nOOPPdkOSs2emm0UmmvJL63bBfCGT9MH4Mg3a1xHx4Jaw+eVt9g5XhOagCzyk3rwX\n5bGHTfjJw/pLS4tKZyvYgbikOHYLbSkGMDNapjpCAUHqBXYrAa6abFPYUA4Rb587\n4g1wutt2LMVd5TtwazVNa11Vvj8O/GAiFMYIjJmmXZJsaOsG43ZWcg4hTzXQwlIJ\ntvn1s6UfLeDIhziUrvckTj4W0Tsb1XEY1tSNtXHxxBAUpKw0kQKCAQEA4onpXIpU\n5d7+foDCzAgF3jjHChTPUpGQfirhwdWwzxjWpG8CvSABuTzmgfrdwfDqaPohYwTc\nP5jRuUz7G1sUYSLcKPz5jIjLXn0fxf6Mezyt6PfN0Z0xv+5MKOj3u0d8OmPhqp36\nuSNLNVEKJm2qwfaZlcQyRbZFDi7We30Su0vs/DbHalmVvBkgDJgyFKu4rt06KN6c\nakGDvsmQcMUF0I+uo5KJ2pzW5s0UkPYEmv85Jv02lkt2H7BBcrSuJgOJpSggU417\nv/0Lce9fJFUNABTNWMrbQ13mwASyUHD3wxiiOeBeUV0Julkb3NBpFaWptLJue+yX\neFF0x9mNanH7ZQKCAQEA5MrIkPumzxV2+WgrTaaDEdtOXTSI6+BnTyLCVzL0mhdd\nMimSf61E04MszIZW4JV+D0WIpLfIbgq+XdsAOgKByNnA0qtSkeVGKpKZcWZNyPqj\nCiL/6ckGVJQ+Lx8O9La8PpLalhC57XQ2vMvD4hnYy7hL6NgfWUfhP2l/mH1tgO3c\nu1wfT7YhYVXyH4syN8JKxs3suVg7QRqTuciLTQ42+ahbH+kPerLi0vNWeKlTvR1Q\nMg3Ij0fJLoqRFuZCVmrnUzgtbMk/S9OhgfrpnvcBOvVwcV5alQGQN0Xv+rN0+Mfb\nd/GeZ69O0VJZ0zjIDC1IDLjNrtXfoQ6UKlpfSH8eNQKCAQEAzeG6pTDPEY7FSeDp\nqJZOBvUg52ecOBU09YUxYYE8zCptwElnesxg5KGVeGGvMngqAbf5qc0cAex4BekR\neX4gGludLN8kSPV1pm0e+ElsEQBHqae0dSFgumbu7msz4g+ItmRaDj6/Q4zw6Aa7\nq8sVWmwsjvEdI0AQqGAm61nzMSdCvMFoIJ5EOAu5ldioAyNBmCJUnhoam3LpMfZs\nACD/NNmwRNaD1Jufr2iInWoJK3hyz51nA9aXBxufj4jnkIK8kM3T+ztlUUm/IhAD\nLrjhNMazDVRnS2VGthJOoE7azYNQxDrGXTmqAqLDcL40EslZX3Ceep+91UpqUMrF\n/AyVBQKCAQEA08X3/GtTLd+abqVDX+6+56ptUMyt6FegiJmN9ZTO4Eq8ExBz8AZ7\n7KRAtVer1tnJA23DW2RZ+7GqH8n03b0wUK9uUhIOrcjhN8rWiSa+3UdR3rIi200d\ntPA61vcSquTyPaFE/x6gWvD1MbASsphmGbuPWAmkismD72RBnO6Mi4ighjRxLyFQ\nqH4bTaNUalRHTtmRQsYuosZs8sx0VHDR5ik1n8XkdBhc6BIhejKRtj0J3Crx993k\nlFXikqWzxbXSRS98rHNjSVas6llMIb5UvzQsTmOdyMrXqLHtvcqafSTROqbFjwew\nFwT47BBk6xCG3m+4wxpokvWho8pe5AX1+QKCAQAXT7W0N8fM79n/N0tdJs+J+9eg\nnfEPHhdL44elDeS8c3uYIwvIirSyy9/OLbcvdJsHN9jSz4bNDwhGPjdVG1HerfG4\nDL5ZBF2Qbgs8WOx/lsyMUg0u0me8GIFVmbKJ3hCQX8Uax0lV8RiSV4jY/P5mSg3w\nBVPbMVNKktrz3OK/q8eSd7mm+9+zY3x9mYugbY97ox0WSvNUrdENHuRX4VcjLXZr\nWdHI6a7cRV7K6MCs6lUjLI/iVAim1XXIIPZgZFBnBPqtE/T0NLnzqwhuvhT4YYnk\ntj9pZA9CS9Op3/nhfyD5rY5Z8e3dcX6BBbiaJ7kPZ2FlW/BrCXEKVXvvW8dY\n-----END RSA PRIVATE KEY-----\n'",
              "create_cmd_entrypoint": ".terraform/modules/acm-secondary.acm_operator.k8sop_creds_secret/modules/kubectl-wrapper/scripts/kubectl_wrapper.sh",
              "gcloud_bin_abs_path": "/google-cloud-sdk/bin",
              "md5": "7dbb4f2381721ce6628dcf880e20df80"
            }
          },
          "sensitive_attributes": [],
          "private": "bnVsbA==",
          "dependencies": [
            "data.google_client_config.current",
            "module.acm-secondary.module.acm_operator.module.k8s_operator.module.gcloud_kubectl.data.external.env_override",
            "module.acm-secondary.module.acm_operator.module.k8s_operator.module.gcloud_kubectl.null_resource.additional_components",
            "module.acm-secondary.module.acm_operator.module.k8s_operator.module.gcloud_kubectl.null_resource.decompress",
            "module.acm-secondary.module.acm_operator.module.k8s_operator.module.gcloud_kubectl.null_resource.gcloud_auth_google_credentials",
            "module.acm-secondary.module.acm_operator.module.k8s_operator.module.gcloud_kubectl.null_resource.gcloud_auth_service_account_key_file",
            "module.acm-secondary.module.acm_operator.module.k8s_operator.module.gcloud_kubectl.null_resource.module_depends_on",
            "module.acm-secondary.module.acm_operator.module.k8s_operator.module.gcloud_kubectl.null_resource.run_command",
            "module.acm-secondary.module.acm_operator.module.k8s_operator.module.gcloud_kubectl.null_resource.run_destroy_command",
            "module.acm-secondary.module.acm_operator.module.k8s_operator.module.gcloud_kubectl.null_resource.upgrade",
            "module.acm-secondary.module.acm_operator.module.k8s_operator.module.gcloud_kubectl.random_id.cache",
            "module.acm-secondary.module.acm_operator.module.k8sop_creds_secret.module.gcloud_kubectl.data.external.env_override",
            "module.acm-secondary.module.acm_operator.module.k8sop_creds_secret.module.gcloud_kubectl.null_resource.additional_components",
            "module.acm-secondary.module.acm_operator.module.k8sop_creds_secret.module.gcloud_kubectl.null_resource.decompress",
            "module.acm-secondary.module.acm_operator.module.k8sop_creds_secret.module.gcloud_kubectl.null_resource.gcloud_auth_google_credentials",
            "module.acm-secondary.module.acm_operator.module.k8sop_creds_secret.module.gcloud_kubectl.null_resource.gcloud_auth_service_account_key_file",
            "module.acm-secondary.module.acm_operator.module.k8sop_creds_secret.module.gcloud_kubectl.null_resource.module_depends_on",
            "module.acm-secondary.module.acm_operator.module.k8sop_creds_secret.module.gcloud_kubectl.null_resource.upgrade",
            "module.acm-secondary.module.acm_operator.module.k8sop_creds_secret.module.gcloud_kubectl.random_id.cache",
            "module.acm-secondary.module.acm_operator.module.k8sop_manifest.null_resource.additional_components",
            "module.acm-secondary.module.acm_operator.module.k8sop_manifest.null_resource.gcloud_auth_google_credentials",
            "module.acm-secondary.module.acm_operator.module.k8sop_manifest.null_resource.gcloud_auth_service_account_key_file",
            "module.acm-secondary.module.acm_operator.module.k8sop_manifest.null_resource.run_command",
            "module.acm-secondary.module.acm_operator.module.k8sop_manifest.null_resource.run_destroy_command",
            "module.acm-secondary.module.acm_operator.tls_private_key.k8sop_creds",
            "module.secondary-cluster.google_container_cluster.primary",
            "module.secondary-cluster.google_container_node_pool.pools"
          ]
        }
      ]
    },
    {
      "module": "module.acm-secondary.module.acm_operator.module.k8sop_creds_secret.module.gcloud_kubectl",
      "mode": "managed",
      "type": "null_resource",
      "name": "run_destroy_command",
      "provider": "provider[\"registry.terraform.io/hashicorp/null\"]",
      "instances": [
        {
          "index_key": 0,
          "schema_version": 0,
          "attributes": {
            "id": "8874690183951640054",
            "triggers": {
              "destroy_cmd_body": "secondary us-west1-b sm-demo-forteam false false kubectl delete secret git-creds -n=config-management-system",
              "destroy_cmd_entrypoint": ".terraform/modules/acm-secondary.acm_operator.k8sop_creds_secret/modules/kubectl-wrapper/scripts/kubectl_wrapper.sh",
              "gcloud_bin_abs_path": "/google-cloud-sdk/bin"
            }
          },
          "sensitive_attributes": [],
          "private": "bnVsbA==",
          "dependencies": [
            "data.google_client_config.current",
            "module.acm-secondary.module.acm_operator.module.k8s_operator.module.gcloud_kubectl.data.external.env_override",
            "module.acm-secondary.module.acm_operator.module.k8s_operator.module.gcloud_kubectl.null_resource.additional_components",
            "module.acm-secondary.module.acm_operator.module.k8s_operator.module.gcloud_kubectl.null_resource.decompress",
            "module.acm-secondary.module.acm_operator.module.k8s_operator.module.gcloud_kubectl.null_resource.gcloud_auth_google_credentials",
            "module.acm-secondary.module.acm_operator.module.k8s_operator.module.gcloud_kubectl.null_resource.gcloud_auth_service_account_key_file",
            "module.acm-secondary.module.acm_operator.module.k8s_operator.module.gcloud_kubectl.null_resource.module_depends_on",
            "module.acm-secondary.module.acm_operator.module.k8s_operator.module.gcloud_kubectl.null_resource.run_command",
            "module.acm-secondary.module.acm_operator.module.k8s_operator.module.gcloud_kubectl.null_resource.run_destroy_command",
            "module.acm-secondary.module.acm_operator.module.k8s_operator.module.gcloud_kubectl.null_resource.upgrade",
            "module.acm-secondary.module.acm_operator.module.k8s_operator.module.gcloud_kubectl.random_id.cache",
            "module.acm-secondary.module.acm_operator.module.k8sop_creds_secret.module.gcloud_kubectl.data.external.env_override",
            "module.acm-secondary.module.acm_operator.module.k8sop_creds_secret.module.gcloud_kubectl.null_resource.additional_components",
            "module.acm-secondary.module.acm_operator.module.k8sop_creds_secret.module.gcloud_kubectl.null_resource.decompress",
            "module.acm-secondary.module.acm_operator.module.k8sop_creds_secret.module.gcloud_kubectl.null_resource.gcloud_auth_google_credentials",
            "module.acm-secondary.module.acm_operator.module.k8sop_creds_secret.module.gcloud_kubectl.null_resource.gcloud_auth_service_account_key_file",
            "module.acm-secondary.module.acm_operator.module.k8sop_creds_secret.module.gcloud_kubectl.null_resource.module_depends_on",
            "module.acm-secondary.module.acm_operator.module.k8sop_creds_secret.module.gcloud_kubectl.null_resource.upgrade",
            "module.acm-secondary.module.acm_operator.module.k8sop_creds_secret.module.gcloud_kubectl.random_id.cache",
            "module.acm-secondary.module.acm_operator.module.k8sop_manifest.null_resource.additional_components",
            "module.acm-secondary.module.acm_operator.module.k8sop_manifest.null_resource.gcloud_auth_google_credentials",
            "module.acm-secondary.module.acm_operator.module.k8sop_manifest.null_resource.gcloud_auth_service_account_key_file",
            "module.acm-secondary.module.acm_operator.module.k8sop_manifest.null_resource.run_command",
            "module.acm-secondary.module.acm_operator.module.k8sop_manifest.null_resource.run_destroy_command",
            "module.acm-secondary.module.acm_operator.tls_private_key.k8sop_creds",
            "module.secondary-cluster.google_container_cluster.primary",
            "module.secondary-cluster.google_container_node_pool.pools"
          ]
        }
      ]
    },
    {
      "module": "module.acm-secondary.module.acm_operator.module.wait_for_gatekeeper.module.gcloud_kubectl",
      "mode": "data",
      "type": "external",
      "name": "env_override",
      "provider": "provider[\"registry.terraform.io/hashicorp/external\"]",
      "instances": [
        {
          "index_key": 0,
          "schema_version": 0,
          "attributes": {
            "id": "-",
            "program": [
              ".terraform/modules/acm-secondary.acm_operator.wait_for_gatekeeper/scripts/check_env.sh"
            ],
            "query": null,
            "result": {
              "download": ""
            },
            "working_dir": null
          },
          "sensitive_attributes": []
        }
      ]
    },
    {
      "module": "module.acm-secondary.module.acm_operator.module.wait_for_gatekeeper.module.gcloud_kubectl",
      "mode": "managed",
      "type": "null_resource",
      "name": "additional_components",
      "provider": "provider[\"registry.terraform.io/hashicorp/null\"]",
      "instances": [
        {
          "index_key": 0,
          "schema_version": 0,
          "attributes": {
            "id": "5273218237138178177",
            "triggers": {
              "additional_components_command": ".terraform/modules/acm-secondary.acm_operator.wait_for_gatekeeper/scripts/check_components.sh gcloud kubectl",
              "arguments": "1f0c10fa086943ed58ef4645c0c5f5e5",
              "md5": "35eb43231bab185e75b5aaeaf1979967",
              "script_sha1": "e1780a62dcd319cb88616007c9c22324f63a6375"
            }
          },
          "sensitive_attributes": [],
          "private": "bnVsbA==",
          "dependencies": [
            "data.google_client_config.current",
            "module.acm-secondary.module.acm_operator.module.wait_for_gatekeeper.module.gcloud_kubectl.data.external.env_override",
            "module.acm-secondary.module.acm_operator.module.wait_for_gatekeeper.module.gcloud_kubectl.null_resource.upgrade",
            "module.acm-secondary.module.acm_operator.module.wait_for_gatekeeper.module.gcloud_kubectl.random_id.cache",
            "module.secondary-cluster.google_container_cluster.primary"
          ]
        }
      ]
    },
    {
      "module": "module.acm-secondary.module.acm_operator.module.wait_for_gatekeeper.module.gcloud_kubectl",
      "mode": "managed",
      "type": "null_resource",
      "name": "additional_components_destroy",
      "provider": "provider[\"registry.terraform.io/hashicorp/null\"]",
      "instances": [
        {
          "index_key": 0,
          "schema_version": 0,
          "attributes": {
            "id": "401681923220345417",
            "triggers": {
              "additional_components_command": ".terraform/modules/acm-secondary.acm_operator.wait_for_gatekeeper/scripts/check_components.sh gcloud kubectl"
            }
          },
          "sensitive_attributes": [],
          "private": "bnVsbA==",
          "dependencies": [
            "data.google_client_config.current",
            "module.acm-secondary.module.acm_operator.data.template_file.k8sop_config",
            "module.acm-secondary.module.acm_operator.module.k8s_operator.module.gcloud_kubectl.data.external.env_override",
            "module.acm-secondary.module.acm_operator.module.k8s_operator.module.gcloud_kubectl.null_resource.additional_components",
            "module.acm-secondary.module.acm_operator.module.k8s_operator.module.gcloud_kubectl.null_resource.decompress",
            "module.acm-secondary.module.acm_operator.module.k8s_operator.module.gcloud_kubectl.null_resource.gcloud_auth_google_credentials",
            "module.acm-secondary.module.acm_operator.module.k8s_operator.module.gcloud_kubectl.null_resource.gcloud_auth_service_account_key_file",
            "module.acm-secondary.module.acm_operator.module.k8s_operator.module.gcloud_kubectl.null_resource.module_depends_on",
            "module.acm-secondary.module.acm_operator.module.k8s_operator.module.gcloud_kubectl.null_resource.run_command",
            "module.acm-secondary.module.acm_operator.module.k8s_operator.module.gcloud_kubectl.null_resource.run_destroy_command",
            "module.acm-secondary.module.acm_operator.module.k8s_operator.module.gcloud_kubectl.null_resource.upgrade",
            "module.acm-secondary.module.acm_operator.module.k8s_operator.module.gcloud_kubectl.random_id.cache",
            "module.acm-secondary.module.acm_operator.module.k8sop_config.module.gcloud_kubectl.data.external.env_override",
            "module.acm-secondary.module.acm_operator.module.k8sop_config.module.gcloud_kubectl.null_resource.additional_components",
            "module.acm-secondary.module.acm_operator.module.k8sop_config.module.gcloud_kubectl.null_resource.decompress",
            "module.acm-secondary.module.acm_operator.module.k8sop_config.module.gcloud_kubectl.null_resource.gcloud_auth_google_credentials",
            "module.acm-secondary.module.acm_operator.module.k8sop_config.module.gcloud_kubectl.null_resource.gcloud_auth_service_account_key_file",
            "module.acm-secondary.module.acm_operator.module.k8sop_config.module.gcloud_kubectl.null_resource.module_depends_on",
            "module.acm-secondary.module.acm_operator.module.k8sop_config.module.gcloud_kubectl.null_resource.run_command",
            "module.acm-secondary.module.acm_operator.module.k8sop_config.module.gcloud_kubectl.null_resource.run_destroy_command",
            "module.acm-secondary.module.acm_operator.module.k8sop_config.module.gcloud_kubectl.null_resource.upgrade",
            "module.acm-secondary.module.acm_operator.module.k8sop_config.module.gcloud_kubectl.random_id.cache",
            "module.acm-secondary.module.acm_operator.module.k8sop_creds_secret.module.gcloud_kubectl.data.external.env_override",
            "module.acm-secondary.module.acm_operator.module.k8sop_creds_secret.module.gcloud_kubectl.null_resource.additional_components",
            "module.acm-secondary.module.acm_operator.module.k8sop_creds_secret.module.gcloud_kubectl.null_resource.decompress",
            "module.acm-secondary.module.acm_operator.module.k8sop_creds_secret.module.gcloud_kubectl.null_resource.gcloud_auth_google_credentials",
            "module.acm-secondary.module.acm_operator.module.k8sop_creds_secret.module.gcloud_kubectl.null_resource.gcloud_auth_service_account_key_file",
            "module.acm-secondary.module.acm_operator.module.k8sop_creds_secret.module.gcloud_kubectl.null_resource.module_depends_on",
            "module.acm-secondary.module.acm_operator.module.k8sop_creds_secret.module.gcloud_kubectl.null_resource.run_command",
            "module.acm-secondary.module.acm_operator.module.k8sop_creds_secret.module.gcloud_kubectl.null_resource.run_destroy_command",
            "module.acm-secondary.module.acm_operator.module.k8sop_creds_secret.module.gcloud_kubectl.null_resource.upgrade",
            "module.acm-secondary.module.acm_operator.module.k8sop_creds_secret.module.gcloud_kubectl.random_id.cache",
            "module.acm-secondary.module.acm_operator.module.k8sop_manifest.null_resource.additional_components",
            "module.acm-secondary.module.acm_operator.module.k8sop_manifest.null_resource.gcloud_auth_google_credentials",
            "module.acm-secondary.module.acm_operator.module.k8sop_manifest.null_resource.gcloud_auth_service_account_key_file",
            "module.acm-secondary.module.acm_operator.module.k8sop_manifest.null_resource.run_command",
            "module.acm-secondary.module.acm_operator.module.k8sop_manifest.null_resource.run_destroy_command",
            "module.acm-secondary.module.acm_operator.module.wait_for_gatekeeper.module.gcloud_kubectl.data.external.env_override",
            "module.acm-secondary.module.acm_operator.module.wait_for_gatekeeper.module.gcloud_kubectl.null_resource.additional_components",
            "module.acm-secondary.module.acm_operator.module.wait_for_gatekeeper.module.gcloud_kubectl.null_resource.decompress",
            "module.acm-secondary.module.acm_operator.module.wait_for_gatekeeper.module.gcloud_kubectl.null_resource.gcloud_auth_google_credentials",
            "module.acm-secondary.module.acm_operator.module.wait_for_gatekeeper.module.gcloud_kubectl.null_resource.gcloud_auth_service_account_key_file",
            "module.acm-secondary.module.acm_operator.module.wait_for_gatekeeper.module.gcloud_kubectl.null_resource.module_depends_on",
            "module.acm-secondary.module.acm_operator.module.wait_for_gatekeeper.module.gcloud_kubectl.null_resource.run_destroy_command",
            "module.acm-secondary.module.acm_operator.module.wait_for_gatekeeper.module.gcloud_kubectl.null_resource.upgrade",
            "module.acm-secondary.module.acm_operator.module.wait_for_gatekeeper.module.gcloud_kubectl.random_id.cache",
            "module.acm-secondary.module.acm_operator.tls_private_key.k8sop_creds",
            "module.secondary-cluster.google_container_cluster.primary",
            "module.secondary-cluster.google_container_node_pool.pools"
          ]
        }
      ]
    },
    {
      "module": "module.acm-secondary.module.acm_operator.module.wait_for_gatekeeper.module.gcloud_kubectl",
      "mode": "managed",
      "type": "null_resource",
      "name": "module_depends_on",
      "provider": "provider[\"registry.terraform.io/hashicorp/null\"]",
      "instances": [
        {
          "index_key": 0,
          "schema_version": 0,
          "attributes": {
            "id": "6327599099398065493",
            "triggers": {
              "value": "1"
            }
          },
          "sensitive_attributes": [],
          "private": "bnVsbA==",
          "dependencies": [
            "data.google_client_config.current",
            "module.acm-secondary.module.acm_operator.data.template_file.k8sop_config",
            "module.acm-secondary.module.acm_operator.module.k8s_operator.module.gcloud_kubectl.data.external.env_override",
            "module.acm-secondary.module.acm_operator.module.k8s_operator.module.gcloud_kubectl.null_resource.additional_components",
            "module.acm-secondary.module.acm_operator.module.k8s_operator.module.gcloud_kubectl.null_resource.decompress",
            "module.acm-secondary.module.acm_operator.module.k8s_operator.module.gcloud_kubectl.null_resource.gcloud_auth_google_credentials",
            "module.acm-secondary.module.acm_operator.module.k8s_operator.module.gcloud_kubectl.null_resource.gcloud_auth_service_account_key_file",
            "module.acm-secondary.module.acm_operator.module.k8s_operator.module.gcloud_kubectl.null_resource.module_depends_on",
            "module.acm-secondary.module.acm_operator.module.k8s_operator.module.gcloud_kubectl.null_resource.run_command",
            "module.acm-secondary.module.acm_operator.module.k8s_operator.module.gcloud_kubectl.null_resource.run_destroy_command",
            "module.acm-secondary.module.acm_operator.module.k8s_operator.module.gcloud_kubectl.null_resource.upgrade",
            "module.acm-secondary.module.acm_operator.module.k8s_operator.module.gcloud_kubectl.random_id.cache",
            "module.acm-secondary.module.acm_operator.module.k8sop_config.module.gcloud_kubectl.data.external.env_override",
            "module.acm-secondary.module.acm_operator.module.k8sop_config.module.gcloud_kubectl.null_resource.additional_components",
            "module.acm-secondary.module.acm_operator.module.k8sop_config.module.gcloud_kubectl.null_resource.decompress",
            "module.acm-secondary.module.acm_operator.module.k8sop_config.module.gcloud_kubectl.null_resource.gcloud_auth_google_credentials",
            "module.acm-secondary.module.acm_operator.module.k8sop_config.module.gcloud_kubectl.null_resource.gcloud_auth_service_account_key_file",
            "module.acm-secondary.module.acm_operator.module.k8sop_config.module.gcloud_kubectl.null_resource.module_depends_on",
            "module.acm-secondary.module.acm_operator.module.k8sop_config.module.gcloud_kubectl.null_resource.run_command",
            "module.acm-secondary.module.acm_operator.module.k8sop_config.module.gcloud_kubectl.null_resource.run_destroy_command",
            "module.acm-secondary.module.acm_operator.module.k8sop_config.module.gcloud_kubectl.null_resource.upgrade",
            "module.acm-secondary.module.acm_operator.module.k8sop_config.module.gcloud_kubectl.random_id.cache",
            "module.acm-secondary.module.acm_operator.module.k8sop_creds_secret.module.gcloud_kubectl.data.external.env_override",
            "module.acm-secondary.module.acm_operator.module.k8sop_creds_secret.module.gcloud_kubectl.null_resource.additional_components",
            "module.acm-secondary.module.acm_operator.module.k8sop_creds_secret.module.gcloud_kubectl.null_resource.decompress",
            "module.acm-secondary.module.acm_operator.module.k8sop_creds_secret.module.gcloud_kubectl.null_resource.gcloud_auth_google_credentials",
            "module.acm-secondary.module.acm_operator.module.k8sop_creds_secret.module.gcloud_kubectl.null_resource.gcloud_auth_service_account_key_file",
            "module.acm-secondary.module.acm_operator.module.k8sop_creds_secret.module.gcloud_kubectl.null_resource.module_depends_on",
            "module.acm-secondary.module.acm_operator.module.k8sop_creds_secret.module.gcloud_kubectl.null_resource.run_command",
            "module.acm-secondary.module.acm_operator.module.k8sop_creds_secret.module.gcloud_kubectl.null_resource.run_destroy_command",
            "module.acm-secondary.module.acm_operator.module.k8sop_creds_secret.module.gcloud_kubectl.null_resource.upgrade",
            "module.acm-secondary.module.acm_operator.module.k8sop_creds_secret.module.gcloud_kubectl.random_id.cache",
            "module.acm-secondary.module.acm_operator.module.k8sop_manifest.null_resource.additional_components",
            "module.acm-secondary.module.acm_operator.module.k8sop_manifest.null_resource.gcloud_auth_google_credentials",
            "module.acm-secondary.module.acm_operator.module.k8sop_manifest.null_resource.gcloud_auth_service_account_key_file",
            "module.acm-secondary.module.acm_operator.module.k8sop_manifest.null_resource.run_command",
            "module.acm-secondary.module.acm_operator.module.k8sop_manifest.null_resource.run_destroy_command",
            "module.acm-secondary.module.acm_operator.tls_private_key.k8sop_creds",
            "module.secondary-cluster.google_container_cluster.primary",
            "module.secondary-cluster.google_container_node_pool.pools"
          ]
        }
      ]
    },
    {
      "module": "module.acm-secondary.module.acm_operator.module.wait_for_gatekeeper.module.gcloud_kubectl",
      "mode": "managed",
      "type": "null_resource",
      "name": "run_command",
      "provider": "provider[\"registry.terraform.io/hashicorp/null\"]",
      "instances": [
        {
          "index_key": 0,
          "schema_version": 0,
          "attributes": {
            "id": "711607312621026550",
            "triggers": {
              "arguments": "1f0c10fa086943ed58ef4645c0c5f5e5",
              "create_cmd_body": "secondary us-west1-b sm-demo-forteam false false .terraform/modules/acm-secondary/modules/k8s-operator-crd-support/scripts/wait_for_gatekeeper.sh sm-demo-forteam secondary us-west1-b ",
              "create_cmd_entrypoint": ".terraform/modules/acm-secondary.acm_operator.wait_for_gatekeeper/modules/kubectl-wrapper/scripts/kubectl_wrapper.sh",
              "gcloud_bin_abs_path": "/google-cloud-sdk/bin",
              "md5": "35eb43231bab185e75b5aaeaf1979967",
              "script_sha1": "e1780a62dcd319cb88616007c9c22324f63a6375"
            }
          },
          "sensitive_attributes": [],
          "private": "bnVsbA==",
          "dependencies": [
            "data.google_client_config.current",
            "module.acm-secondary.module.acm_operator.data.template_file.k8sop_config",
            "module.acm-secondary.module.acm_operator.module.k8s_operator.module.gcloud_kubectl.data.external.env_override",
            "module.acm-secondary.module.acm_operator.module.k8s_operator.module.gcloud_kubectl.null_resource.additional_components",
            "module.acm-secondary.module.acm_operator.module.k8s_operator.module.gcloud_kubectl.null_resource.decompress",
            "module.acm-secondary.module.acm_operator.module.k8s_operator.module.gcloud_kubectl.null_resource.gcloud_auth_google_credentials",
            "module.acm-secondary.module.acm_operator.module.k8s_operator.module.gcloud_kubectl.null_resource.gcloud_auth_service_account_key_file",
            "module.acm-secondary.module.acm_operator.module.k8s_operator.module.gcloud_kubectl.null_resource.module_depends_on",
            "module.acm-secondary.module.acm_operator.module.k8s_operator.module.gcloud_kubectl.null_resource.run_command",
            "module.acm-secondary.module.acm_operator.module.k8s_operator.module.gcloud_kubectl.null_resource.run_destroy_command",
            "module.acm-secondary.module.acm_operator.module.k8s_operator.module.gcloud_kubectl.null_resource.upgrade",
            "module.acm-secondary.module.acm_operator.module.k8s_operator.module.gcloud_kubectl.random_id.cache",
            "module.acm-secondary.module.acm_operator.module.k8sop_config.module.gcloud_kubectl.data.external.env_override",
            "module.acm-secondary.module.acm_operator.module.k8sop_config.module.gcloud_kubectl.null_resource.additional_components",
            "module.acm-secondary.module.acm_operator.module.k8sop_config.module.gcloud_kubectl.null_resource.decompress",
            "module.acm-secondary.module.acm_operator.module.k8sop_config.module.gcloud_kubectl.null_resource.gcloud_auth_google_credentials",
            "module.acm-secondary.module.acm_operator.module.k8sop_config.module.gcloud_kubectl.null_resource.gcloud_auth_service_account_key_file",
            "module.acm-secondary.module.acm_operator.module.k8sop_config.module.gcloud_kubectl.null_resource.module_depends_on",
            "module.acm-secondary.module.acm_operator.module.k8sop_config.module.gcloud_kubectl.null_resource.run_command",
            "module.acm-secondary.module.acm_operator.module.k8sop_config.module.gcloud_kubectl.null_resource.run_destroy_command",
            "module.acm-secondary.module.acm_operator.module.k8sop_config.module.gcloud_kubectl.null_resource.upgrade",
            "module.acm-secondary.module.acm_operator.module.k8sop_config.module.gcloud_kubectl.random_id.cache",
            "module.acm-secondary.module.acm_operator.module.k8sop_creds_secret.module.gcloud_kubectl.data.external.env_override",
            "module.acm-secondary.module.acm_operator.module.k8sop_creds_secret.module.gcloud_kubectl.null_resource.additional_components",
            "module.acm-secondary.module.acm_operator.module.k8sop_creds_secret.module.gcloud_kubectl.null_resource.decompress",
            "module.acm-secondary.module.acm_operator.module.k8sop_creds_secret.module.gcloud_kubectl.null_resource.gcloud_auth_google_credentials",
            "module.acm-secondary.module.acm_operator.module.k8sop_creds_secret.module.gcloud_kubectl.null_resource.gcloud_auth_service_account_key_file",
            "module.acm-secondary.module.acm_operator.module.k8sop_creds_secret.module.gcloud_kubectl.null_resource.module_depends_on",
            "module.acm-secondary.module.acm_operator.module.k8sop_creds_secret.module.gcloud_kubectl.null_resource.run_command",
            "module.acm-secondary.module.acm_operator.module.k8sop_creds_secret.module.gcloud_kubectl.null_resource.run_destroy_command",
            "module.acm-secondary.module.acm_operator.module.k8sop_creds_secret.module.gcloud_kubectl.null_resource.upgrade",
            "module.acm-secondary.module.acm_operator.module.k8sop_creds_secret.module.gcloud_kubectl.random_id.cache",
            "module.acm-secondary.module.acm_operator.module.k8sop_manifest.null_resource.additional_components",
            "module.acm-secondary.module.acm_operator.module.k8sop_manifest.null_resource.gcloud_auth_google_credentials",
            "module.acm-secondary.module.acm_operator.module.k8sop_manifest.null_resource.gcloud_auth_service_account_key_file",
            "module.acm-secondary.module.acm_operator.module.k8sop_manifest.null_resource.run_command",
            "module.acm-secondary.module.acm_operator.module.k8sop_manifest.null_resource.run_destroy_command",
            "module.acm-secondary.module.acm_operator.module.wait_for_gatekeeper.module.gcloud_kubectl.data.external.env_override",
            "module.acm-secondary.module.acm_operator.module.wait_for_gatekeeper.module.gcloud_kubectl.null_resource.additional_components",
            "module.acm-secondary.module.acm_operator.module.wait_for_gatekeeper.module.gcloud_kubectl.null_resource.decompress",
            "module.acm-secondary.module.acm_operator.module.wait_for_gatekeeper.module.gcloud_kubectl.null_resource.gcloud_auth_google_credentials",
            "module.acm-secondary.module.acm_operator.module.wait_for_gatekeeper.module.gcloud_kubectl.null_resource.gcloud_auth_service_account_key_file",
            "module.acm-secondary.module.acm_operator.module.wait_for_gatekeeper.module.gcloud_kubectl.null_resource.module_depends_on",
            "module.acm-secondary.module.acm_operator.module.wait_for_gatekeeper.module.gcloud_kubectl.null_resource.upgrade",
            "module.acm-secondary.module.acm_operator.module.wait_for_gatekeeper.module.gcloud_kubectl.random_id.cache",
            "module.acm-secondary.module.acm_operator.tls_private_key.k8sop_creds",
            "module.secondary-cluster.google_container_cluster.primary",
            "module.secondary-cluster.google_container_node_pool.pools"
          ]
        }
      ]
    },
    {
      "module": "module.acm-secondary.module.acm_operator.module.wait_for_gatekeeper.module.gcloud_kubectl",
      "mode": "managed",
      "type": "null_resource",
      "name": "run_destroy_command",
      "provider": "provider[\"registry.terraform.io/hashicorp/null\"]",
      "instances": [
        {
          "index_key": 0,
          "schema_version": 0,
          "attributes": {
            "id": "8973353704817335851",
            "triggers": {
              "destroy_cmd_body": "secondary us-west1-b sm-demo-forteam false false ",
              "destroy_cmd_entrypoint": ".terraform/modules/acm-secondary.acm_operator.wait_for_gatekeeper/modules/kubectl-wrapper/scripts/kubectl_wrapper.sh",
              "gcloud_bin_abs_path": "/google-cloud-sdk/bin",
              "script_sha1": "e1780a62dcd319cb88616007c9c22324f63a6375"
            }
          },
          "sensitive_attributes": [],
          "private": "bnVsbA==",
          "dependencies": [
            "data.google_client_config.current",
            "module.acm-secondary.module.acm_operator.data.template_file.k8sop_config",
            "module.acm-secondary.module.acm_operator.module.k8s_operator.module.gcloud_kubectl.data.external.env_override",
            "module.acm-secondary.module.acm_operator.module.k8s_operator.module.gcloud_kubectl.null_resource.additional_components",
            "module.acm-secondary.module.acm_operator.module.k8s_operator.module.gcloud_kubectl.null_resource.decompress",
            "module.acm-secondary.module.acm_operator.module.k8s_operator.module.gcloud_kubectl.null_resource.gcloud_auth_google_credentials",
            "module.acm-secondary.module.acm_operator.module.k8s_operator.module.gcloud_kubectl.null_resource.gcloud_auth_service_account_key_file",
            "module.acm-secondary.module.acm_operator.module.k8s_operator.module.gcloud_kubectl.null_resource.module_depends_on",
            "module.acm-secondary.module.acm_operator.module.k8s_operator.module.gcloud_kubectl.null_resource.run_command",
            "module.acm-secondary.module.acm_operator.module.k8s_operator.module.gcloud_kubectl.null_resource.run_destroy_command",
            "module.acm-secondary.module.acm_operator.module.k8s_operator.module.gcloud_kubectl.null_resource.upgrade",
            "module.acm-secondary.module.acm_operator.module.k8s_operator.module.gcloud_kubectl.random_id.cache",
            "module.acm-secondary.module.acm_operator.module.k8sop_config.module.gcloud_kubectl.data.external.env_override",
            "module.acm-secondary.module.acm_operator.module.k8sop_config.module.gcloud_kubectl.null_resource.additional_components",
            "module.acm-secondary.module.acm_operator.module.k8sop_config.module.gcloud_kubectl.null_resource.decompress",
            "module.acm-secondary.module.acm_operator.module.k8sop_config.module.gcloud_kubectl.null_resource.gcloud_auth_google_credentials",
            "module.acm-secondary.module.acm_operator.module.k8sop_config.module.gcloud_kubectl.null_resource.gcloud_auth_service_account_key_file",
            "module.acm-secondary.module.acm_operator.module.k8sop_config.module.gcloud_kubectl.null_resource.module_depends_on",
            "module.acm-secondary.module.acm_operator.module.k8sop_config.module.gcloud_kubectl.null_resource.run_command",
            "module.acm-secondary.module.acm_operator.module.k8sop_config.module.gcloud_kubectl.null_resource.run_destroy_command",
            "module.acm-secondary.module.acm_operator.module.k8sop_config.module.gcloud_kubectl.null_resource.upgrade",
            "module.acm-secondary.module.acm_operator.module.k8sop_config.module.gcloud_kubectl.random_id.cache",
            "module.acm-secondary.module.acm_operator.module.k8sop_creds_secret.module.gcloud_kubectl.data.external.env_override",
            "module.acm-secondary.module.acm_operator.module.k8sop_creds_secret.module.gcloud_kubectl.null_resource.additional_components",
            "module.acm-secondary.module.acm_operator.module.k8sop_creds_secret.module.gcloud_kubectl.null_resource.decompress",
            "module.acm-secondary.module.acm_operator.module.k8sop_creds_secret.module.gcloud_kubectl.null_resource.gcloud_auth_google_credentials",
            "module.acm-secondary.module.acm_operator.module.k8sop_creds_secret.module.gcloud_kubectl.null_resource.gcloud_auth_service_account_key_file",
            "module.acm-secondary.module.acm_operator.module.k8sop_creds_secret.module.gcloud_kubectl.null_resource.module_depends_on",
            "module.acm-secondary.module.acm_operator.module.k8sop_creds_secret.module.gcloud_kubectl.null_resource.run_command",
            "module.acm-secondary.module.acm_operator.module.k8sop_creds_secret.module.gcloud_kubectl.null_resource.run_destroy_command",
            "module.acm-secondary.module.acm_operator.module.k8sop_creds_secret.module.gcloud_kubectl.null_resource.upgrade",
            "module.acm-secondary.module.acm_operator.module.k8sop_creds_secret.module.gcloud_kubectl.random_id.cache",
            "module.acm-secondary.module.acm_operator.module.k8sop_manifest.null_resource.additional_components",
            "module.acm-secondary.module.acm_operator.module.k8sop_manifest.null_resource.gcloud_auth_google_credentials",
            "module.acm-secondary.module.acm_operator.module.k8sop_manifest.null_resource.gcloud_auth_service_account_key_file",
            "module.acm-secondary.module.acm_operator.module.k8sop_manifest.null_resource.run_command",
            "module.acm-secondary.module.acm_operator.module.k8sop_manifest.null_resource.run_destroy_command",
            "module.acm-secondary.module.acm_operator.module.wait_for_gatekeeper.module.gcloud_kubectl.data.external.env_override",
            "module.acm-secondary.module.acm_operator.module.wait_for_gatekeeper.module.gcloud_kubectl.null_resource.additional_components",
            "module.acm-secondary.module.acm_operator.module.wait_for_gatekeeper.module.gcloud_kubectl.null_resource.decompress",
            "module.acm-secondary.module.acm_operator.module.wait_for_gatekeeper.module.gcloud_kubectl.null_resource.gcloud_auth_google_credentials",
            "module.acm-secondary.module.acm_operator.module.wait_for_gatekeeper.module.gcloud_kubectl.null_resource.gcloud_auth_service_account_key_file",
            "module.acm-secondary.module.acm_operator.module.wait_for_gatekeeper.module.gcloud_kubectl.null_resource.module_depends_on",
            "module.acm-secondary.module.acm_operator.module.wait_for_gatekeeper.module.gcloud_kubectl.null_resource.upgrade",
            "module.acm-secondary.module.acm_operator.module.wait_for_gatekeeper.module.gcloud_kubectl.random_id.cache",
            "module.acm-secondary.module.acm_operator.tls_private_key.k8sop_creds",
            "module.secondary-cluster.google_container_cluster.primary",
            "module.secondary-cluster.google_container_node_pool.pools"
          ]
        }
      ]
    },
    {
      "module": "module.acm-secondary.module.enable_acm",
      "mode": "data",
      "type": "external",
      "name": "env_override",
      "provider": "provider[\"registry.terraform.io/hashicorp/external\"]",
      "instances": [
        {
          "index_key": 0,
          "schema_version": 0,
          "attributes": {
            "id": "-",
            "program": [
              ".terraform/modules/acm-secondary.enable_acm/scripts/check_env.sh"
            ],
            "query": null,
            "result": {
              "download": ""
            },
            "working_dir": null
          },
          "sensitive_attributes": []
        }
      ]
    },
    {
      "module": "module.acm-secondary.module.enable_acm",
      "mode": "managed",
      "type": "null_resource",
      "name": "additional_components",
      "provider": "provider[\"registry.terraform.io/hashicorp/null\"]",
      "instances": [
        {
          "index_key": 0,
          "schema_version": 0,
          "attributes": {
            "id": "440675265749610556",
            "triggers": {
              "additional_components_command": ".terraform/modules/acm-secondary.enable_acm/scripts/check_components.sh gcloud alpha",
              "arguments": "62de9086f1da71875a0620cbf2375e59",
              "md5": "7f22bf39aaf5ce5980111c3587bef5b5"
            }
          },
          "sensitive_attributes": [],
          "private": "bnVsbA==",
          "dependencies": [
            "data.google_client_config.current",
            "module.acm-secondary.module.enable_acm.data.external.env_override",
            "module.acm-secondary.module.enable_acm.null_resource.upgrade",
            "module.acm-secondary.module.enable_acm.random_id.cache"
          ]
        }
      ]
    },
    {
      "module": "module.acm-secondary.module.enable_acm",
      "mode": "managed",
      "type": "null_resource",
      "name": "additional_components_destroy",
      "provider": "provider[\"registry.terraform.io/hashicorp/null\"]",
      "instances": [
        {
          "index_key": 0,
          "schema_version": 0,
          "attributes": {
            "id": "6143304263093972990",
            "triggers": {
              "additional_components_command": ".terraform/modules/acm-secondary.enable_acm/scripts/check_components.sh gcloud alpha"
            }
          },
          "sensitive_attributes": [],
          "private": "bnVsbA==",
          "dependencies": [
            "data.google_client_config.current",
            "module.acm-secondary.module.enable_acm.data.external.env_override",
            "module.acm-secondary.module.enable_acm.null_resource.additional_components",
            "module.acm-secondary.module.enable_acm.null_resource.decompress",
            "module.acm-secondary.module.enable_acm.null_resource.gcloud_auth_google_credentials",
            "module.acm-secondary.module.enable_acm.null_resource.gcloud_auth_service_account_key_file",
            "module.acm-secondary.module.enable_acm.null_resource.module_depends_on",
            "module.acm-secondary.module.enable_acm.null_resource.run_destroy_command",
            "module.acm-secondary.module.enable_acm.null_resource.upgrade",
            "module.acm-secondary.module.enable_acm.random_id.cache"
          ]
        }
      ]
    },
    {
      "module": "module.acm-secondary.module.enable_acm",
      "mode": "managed",
      "type": "null_resource",
      "name": "run_command",
      "provider": "provider[\"registry.terraform.io/hashicorp/null\"]",
      "instances": [
        {
          "index_key": 0,
          "schema_version": 0,
          "attributes": {
            "id": "3998461335389050241",
            "triggers": {
              "arguments": "62de9086f1da71875a0620cbf2375e59",
              "create_cmd_body": "alpha container hub config-management enable --project sm-demo-forteam",
              "create_cmd_entrypoint": "gcloud",
              "gcloud_bin_abs_path": "/google-cloud-sdk/bin",
              "md5": "7f22bf39aaf5ce5980111c3587bef5b5"
            }
          },
          "sensitive_attributes": [],
          "private": "bnVsbA==",
          "dependencies": [
            "data.google_client_config.current",
            "module.acm-secondary.module.enable_acm.data.external.env_override",
            "module.acm-secondary.module.enable_acm.null_resource.additional_components",
            "module.acm-secondary.module.enable_acm.null_resource.decompress",
            "module.acm-secondary.module.enable_acm.null_resource.gcloud_auth_google_credentials",
            "module.acm-secondary.module.enable_acm.null_resource.gcloud_auth_service_account_key_file",
            "module.acm-secondary.module.enable_acm.null_resource.module_depends_on",
            "module.acm-secondary.module.enable_acm.null_resource.upgrade",
            "module.acm-secondary.module.enable_acm.random_id.cache"
          ]
        }
      ]
    },
    {
      "module": "module.acm-secondary.module.enable_acm",
      "mode": "managed",
      "type": "null_resource",
      "name": "run_destroy_command",
      "provider": "provider[\"registry.terraform.io/hashicorp/null\"]",
      "instances": [
        {
          "index_key": 0,
          "schema_version": 0,
          "attributes": {
            "id": "497533471041757885",
            "triggers": {
              "destroy_cmd_body": "alpha container hub config-management disable --force --project sm-demo-forteam",
              "destroy_cmd_entrypoint": "gcloud",
              "gcloud_bin_abs_path": "/google-cloud-sdk/bin"
            }
          },
          "sensitive_attributes": [],
          "private": "bnVsbA==",
          "dependencies": [
            "data.google_client_config.current",
            "module.acm-secondary.module.enable_acm.data.external.env_override",
            "module.acm-secondary.module.enable_acm.null_resource.additional_components",
            "module.acm-secondary.module.enable_acm.null_resource.decompress",
            "module.acm-secondary.module.enable_acm.null_resource.gcloud_auth_google_credentials",
            "module.acm-secondary.module.enable_acm.null_resource.gcloud_auth_service_account_key_file",
            "module.acm-secondary.module.enable_acm.null_resource.module_depends_on",
            "module.acm-secondary.module.enable_acm.null_resource.upgrade",
            "module.acm-secondary.module.enable_acm.random_id.cache"
          ]
        }
      ]
    },
    {
      "module": "module.asm-primary",
      "mode": "data",
      "type": "google_project",
      "name": "asm_project",
      "provider": "provider[\"registry.terraform.io/hashicorp/google\"]",
      "instances": [
        {
          "schema_version": 0,
          "attributes": {
            "auto_create_network": null,
            "billing_account": "01382E-07CCE9-615E10",
            "folder_id": "623112070785",
            "id": "projects/sm-demo-forteam",
            "labels": {},
            "name": "sm-demo-forteam",
            "number": "891993590564",
            "org_id": "",
            "project_id": "sm-demo-forteam",
            "skip_delete": null
          },
          "sensitive_attributes": []
        }
      ]
    },
    {
      "module": "module.asm-primary.module.asm_install.module.gcloud_kubectl",
      "mode": "data",
      "type": "external",
      "name": "env_override",
      "provider": "provider[\"registry.terraform.io/hashicorp/external\"]",
      "instances": [
        {
          "index_key": 0,
          "schema_version": 0,
          "attributes": {
            "id": "-",
            "program": [
              ".terraform/modules/asm-primary.asm_install/scripts/check_env.sh"
            ],
            "query": null,
            "result": {
              "download": ""
            },
            "working_dir": null
          },
          "sensitive_attributes": []
        }
      ]
    },
    {
      "module": "module.asm-primary.module.asm_install.module.gcloud_kubectl",
      "mode": "managed",
      "type": "null_resource",
      "name": "additional_components",
      "provider": "provider[\"registry.terraform.io/hashicorp/null\"]",
      "instances": [
        {
          "index_key": 0,
          "schema_version": 0,
          "attributes": {
            "id": "9162598348711102955",
            "triggers": {
              "additional_components_command": ".terraform/modules/asm-primary.asm_install/scripts/check_components.sh gcloud kubectl,kpt,beta,kustomize",
              "arguments": "d15ecfbbd1ce5da2824f87aa7825e50c",
              "md5": "332df0eeb547c286e33c853235624d68"
            }
          },
          "sensitive_attributes": [],
          "private": "bnVsbA==",
          "dependencies": [
            "data.google_client_config.current",
            "data.google_project.project",
            "module.asm-primary.data.google_project.asm_project",
            "module.asm-primary.module.asm_install.module.gcloud_kubectl.data.external.env_override",
            "module.asm-primary.module.asm_install.module.gcloud_kubectl.null_resource.decompress",
            "module.asm-primary.module.asm_install.module.gcloud_kubectl.null_resource.download_gcloud",
            "module.asm-primary.module.asm_install.module.gcloud_kubectl.null_resource.download_jq",
            "module.asm-primary.module.asm_install.module.gcloud_kubectl.null_resource.module_depends_on",
            "module.asm-primary.module.asm_install.module.gcloud_kubectl.null_resource.prepare_cache",
            "module.asm-primary.module.asm_install.module.gcloud_kubectl.null_resource.upgrade",
            "module.asm-primary.module.asm_install.module.gcloud_kubectl.random_id.cache",
            "module.primary-cluster.data.google_compute_zones.available",
            "module.primary-cluster.data.google_container_engine_versions.region",
            "module.primary-cluster.data.google_container_engine_versions.zone",
            "module.primary-cluster.google_container_cluster.primary",
            "module.primary-cluster.google_container_node_pool.pools",
            "module.primary-cluster.google_service_account.cluster_service_account",
            "module.primary-cluster.random_shuffle.available_zones",
            "module.primary-cluster.random_string.cluster_service_account_suffix",
            "module.project-services.google_project_service.project_services"
          ]
        }
      ]
    },
    {
      "module": "module.asm-primary.module.asm_install.module.gcloud_kubectl",
      "mode": "managed",
      "type": "null_resource",
      "name": "additional_components_destroy",
      "provider": "provider[\"registry.terraform.io/hashicorp/null\"]",
      "instances": [
        {
          "index_key": 0,
          "schema_version": 0,
          "attributes": {
            "id": "6733438031794649606",
            "triggers": {
              "additional_components_command": ".terraform/modules/asm-primary.asm_install/scripts/check_components.sh gcloud kubectl,kpt,beta,kustomize"
            }
          },
          "sensitive_attributes": [],
          "private": "bnVsbA==",
          "dependencies": [
            "data.google_client_config.current",
            "data.google_project.project",
            "module.asm-primary.data.google_project.asm_project",
            "module.asm-primary.module.asm_install.module.gcloud_kubectl.data.external.env_override",
            "module.asm-primary.module.asm_install.module.gcloud_kubectl.null_resource.additional_components",
            "module.asm-primary.module.asm_install.module.gcloud_kubectl.null_resource.decompress",
            "module.asm-primary.module.asm_install.module.gcloud_kubectl.null_resource.download_gcloud",
            "module.asm-primary.module.asm_install.module.gcloud_kubectl.null_resource.download_jq",
            "module.asm-primary.module.asm_install.module.gcloud_kubectl.null_resource.gcloud_auth_google_credentials",
            "module.asm-primary.module.asm_install.module.gcloud_kubectl.null_resource.gcloud_auth_service_account_key_file",
            "module.asm-primary.module.asm_install.module.gcloud_kubectl.null_resource.module_depends_on",
            "module.asm-primary.module.asm_install.module.gcloud_kubectl.null_resource.prepare_cache",
            "module.asm-primary.module.asm_install.module.gcloud_kubectl.null_resource.run_destroy_command",
            "module.asm-primary.module.asm_install.module.gcloud_kubectl.null_resource.upgrade",
            "module.asm-primary.module.asm_install.module.gcloud_kubectl.random_id.cache",
            "module.primary-cluster.data.google_compute_zones.available",
            "module.primary-cluster.data.google_container_engine_versions.region",
            "module.primary-cluster.data.google_container_engine_versions.zone",
            "module.primary-cluster.google_container_cluster.primary",
            "module.primary-cluster.google_container_node_pool.pools",
            "module.primary-cluster.google_service_account.cluster_service_account",
            "module.primary-cluster.random_shuffle.available_zones",
            "module.primary-cluster.random_string.cluster_service_account_suffix",
            "module.project-services.google_project_service.project_services"
          ]
        }
      ]
    },
    {
      "module": "module.asm-primary.module.asm_install.module.gcloud_kubectl",
      "mode": "managed",
      "type": "null_resource",
      "name": "module_depends_on",
      "provider": "provider[\"registry.terraform.io/hashicorp/null\"]",
      "instances": [
        {
          "index_key": 0,
          "schema_version": 0,
          "attributes": {
            "id": "2931516302091016529",
            "triggers": {
              "value": "1"
            }
          },
          "sensitive_attributes": [
            [
              {
                "type": "get_attr",
                "value": "triggers"
              },
              {
                "type": "index",
                "value": {
                  "value": "value",
                  "type": "string"
                }
              }
            ]
          ],
          "private": "bnVsbA==",
          "dependencies": [
            "data.google_client_config.current",
            "data.google_project.project",
            "module.primary-cluster.data.google_compute_zones.available",
            "module.primary-cluster.data.google_container_engine_versions.region",
            "module.primary-cluster.data.google_container_engine_versions.zone",
            "module.primary-cluster.google_container_cluster.primary",
            "module.primary-cluster.google_container_node_pool.pools",
            "module.primary-cluster.google_service_account.cluster_service_account",
            "module.primary-cluster.random_shuffle.available_zones",
            "module.primary-cluster.random_string.cluster_service_account_suffix",
            "module.project-services.google_project_service.project_services"
          ]
        }
      ]
    },
    {
      "module": "module.asm-primary.module.asm_install.module.gcloud_kubectl",
      "mode": "managed",
      "type": "null_resource",
      "name": "run_command",
      "provider": "provider[\"registry.terraform.io/hashicorp/null\"]",
      "instances": [
        {
          "index_key": 0,
          "schema_version": 0,
          "attributes": {
            "id": "5762087184812969119",
            "triggers": {
              "arguments": "d15ecfbbd1ce5da2824f87aa7825e50c",
              "create_cmd_body": "primary us-central1-a sm-demo-forteam false false .terraform/modules/asm-primary/modules/asm/scripts/install_asm.sh sm-demo-forteam primary us-central1-a asm-dir-primary release-1.6-asm 891993590564",
              "create_cmd_entrypoint": ".terraform/modules/asm-primary.asm_install/modules/kubectl-wrapper/scripts/kubectl_wrapper.sh",
              "gcloud_bin_abs_path": "/google-cloud-sdk/bin",
              "md5": "332df0eeb547c286e33c853235624d68"
            }
          },
          "sensitive_attributes": [],
          "private": "bnVsbA==",
          "dependencies": [
            "data.google_client_config.current",
            "data.google_project.project",
            "module.asm-primary.data.google_project.asm_project",
            "module.asm-primary.module.asm_install.module.gcloud_kubectl.data.external.env_override",
            "module.asm-primary.module.asm_install.module.gcloud_kubectl.null_resource.additional_components",
            "module.asm-primary.module.asm_install.module.gcloud_kubectl.null_resource.decompress",
            "module.asm-primary.module.asm_install.module.gcloud_kubectl.null_resource.download_gcloud",
            "module.asm-primary.module.asm_install.module.gcloud_kubectl.null_resource.download_jq",
            "module.asm-primary.module.asm_install.module.gcloud_kubectl.null_resource.gcloud_auth_google_credentials",
            "module.asm-primary.module.asm_install.module.gcloud_kubectl.null_resource.gcloud_auth_service_account_key_file",
            "module.asm-primary.module.asm_install.module.gcloud_kubectl.null_resource.module_depends_on",
            "module.asm-primary.module.asm_install.module.gcloud_kubectl.null_resource.prepare_cache",
            "module.asm-primary.module.asm_install.module.gcloud_kubectl.null_resource.upgrade",
            "module.asm-primary.module.asm_install.module.gcloud_kubectl.random_id.cache",
            "module.primary-cluster.data.google_compute_zones.available",
            "module.primary-cluster.data.google_container_engine_versions.region",
            "module.primary-cluster.data.google_container_engine_versions.zone",
            "module.primary-cluster.google_container_cluster.primary",
            "module.primary-cluster.google_container_node_pool.pools",
            "module.primary-cluster.google_service_account.cluster_service_account",
            "module.primary-cluster.random_shuffle.available_zones",
            "module.primary-cluster.random_string.cluster_service_account_suffix",
            "module.project-services.google_project_service.project_services"
          ]
        }
      ]
    },
    {
      "module": "module.asm-primary.module.asm_install.module.gcloud_kubectl",
      "mode": "managed",
      "type": "null_resource",
      "name": "run_destroy_command",
      "provider": "provider[\"registry.terraform.io/hashicorp/null\"]",
      "instances": [
        {
          "index_key": 0,
          "schema_version": 0,
          "attributes": {
            "id": "427327482808449141",
            "triggers": {
              "destroy_cmd_body": "primary us-central1-a sm-demo-forteam false false kubectl delete ns istio-system",
              "destroy_cmd_entrypoint": ".terraform/modules/asm-primary.asm_install/modules/kubectl-wrapper/scripts/kubectl_wrapper.sh",
              "gcloud_bin_abs_path": "/google-cloud-sdk/bin"
            }
          },
          "sensitive_attributes": [],
          "private": "bnVsbA==",
          "dependencies": [
            "data.google_client_config.current",
            "data.google_project.project",
            "module.asm-primary.data.google_project.asm_project",
            "module.asm-primary.module.asm_install.module.gcloud_kubectl.data.external.env_override",
            "module.asm-primary.module.asm_install.module.gcloud_kubectl.null_resource.additional_components",
            "module.asm-primary.module.asm_install.module.gcloud_kubectl.null_resource.decompress",
            "module.asm-primary.module.asm_install.module.gcloud_kubectl.null_resource.download_gcloud",
            "module.asm-primary.module.asm_install.module.gcloud_kubectl.null_resource.download_jq",
            "module.asm-primary.module.asm_install.module.gcloud_kubectl.null_resource.gcloud_auth_google_credentials",
            "module.asm-primary.module.asm_install.module.gcloud_kubectl.null_resource.gcloud_auth_service_account_key_file",
            "module.asm-primary.module.asm_install.module.gcloud_kubectl.null_resource.module_depends_on",
            "module.asm-primary.module.asm_install.module.gcloud_kubectl.null_resource.prepare_cache",
            "module.asm-primary.module.asm_install.module.gcloud_kubectl.null_resource.upgrade",
            "module.asm-primary.module.asm_install.module.gcloud_kubectl.random_id.cache",
            "module.primary-cluster.data.google_compute_zones.available",
            "module.primary-cluster.data.google_container_engine_versions.region",
            "module.primary-cluster.data.google_container_engine_versions.zone",
            "module.primary-cluster.google_container_cluster.primary",
            "module.primary-cluster.google_container_node_pool.pools",
            "module.primary-cluster.google_service_account.cluster_service_account",
            "module.primary-cluster.random_shuffle.available_zones",
            "module.primary-cluster.random_string.cluster_service_account_suffix",
            "module.project-services.google_project_service.project_services"
          ]
        }
      ]
    },
    {
      "module": "module.asm-secondary",
      "mode": "data",
      "type": "google_project",
      "name": "asm_project",
      "provider": "provider[\"registry.terraform.io/hashicorp/google\"]",
      "instances": [
        {
          "schema_version": 0,
          "attributes": {
            "auto_create_network": null,
            "billing_account": "01382E-07CCE9-615E10",
            "folder_id": "623112070785",
            "id": "projects/sm-demo-forteam",
            "labels": {},
            "name": "sm-demo-forteam",
            "number": "891993590564",
            "org_id": "",
            "project_id": "sm-demo-forteam",
            "skip_delete": null
          },
          "sensitive_attributes": []
        }
      ]
    },
    {
      "module": "module.asm-secondary.module.asm_install.module.gcloud_kubectl",
      "mode": "data",
      "type": "external",
      "name": "env_override",
      "provider": "provider[\"registry.terraform.io/hashicorp/external\"]",
      "instances": [
        {
          "index_key": 0,
          "schema_version": 0,
          "attributes": {
            "id": "-",
            "program": [
              ".terraform/modules/asm-secondary.asm_install/scripts/check_env.sh"
            ],
            "query": null,
            "result": {
              "download": ""
            },
            "working_dir": null
          },
          "sensitive_attributes": []
        }
      ]
    },
    {
      "module": "module.asm-secondary.module.asm_install.module.gcloud_kubectl",
      "mode": "managed",
      "type": "null_resource",
      "name": "additional_components",
      "provider": "provider[\"registry.terraform.io/hashicorp/null\"]",
      "instances": [
        {
          "index_key": 0,
          "schema_version": 0,
          "attributes": {
            "id": "2215889745687509528",
            "triggers": {
              "additional_components_command": ".terraform/modules/asm-secondary.asm_install/scripts/check_components.sh gcloud kubectl,kpt,beta,kustomize",
              "arguments": "efbbecca1ce053b004893733e1fd3077",
              "md5": "d35eff4eba5e389b6bbe7bbef06027bd"
            }
          },
          "sensitive_attributes": [],
          "private": "bnVsbA==",
          "dependencies": [
            "data.google_client_config.current",
            "data.google_project.project",
            "module.asm-secondary.data.google_project.asm_project",
            "module.asm-secondary.module.asm_install.module.gcloud_kubectl.data.external.env_override",
            "module.asm-secondary.module.asm_install.module.gcloud_kubectl.null_resource.decompress",
            "module.asm-secondary.module.asm_install.module.gcloud_kubectl.null_resource.download_gcloud",
            "module.asm-secondary.module.asm_install.module.gcloud_kubectl.null_resource.download_jq",
            "module.asm-secondary.module.asm_install.module.gcloud_kubectl.null_resource.module_depends_on",
            "module.asm-secondary.module.asm_install.module.gcloud_kubectl.null_resource.prepare_cache",
            "module.asm-secondary.module.asm_install.module.gcloud_kubectl.null_resource.upgrade",
            "module.asm-secondary.module.asm_install.module.gcloud_kubectl.random_id.cache",
            "module.project-services.google_project_service.project_services",
            "module.secondary-cluster.data.google_compute_zones.available",
            "module.secondary-cluster.data.google_container_engine_versions.region",
            "module.secondary-cluster.data.google_container_engine_versions.zone",
            "module.secondary-cluster.google_container_cluster.primary",
            "module.secondary-cluster.google_container_node_pool.pools",
            "module.secondary-cluster.google_service_account.cluster_service_account",
            "module.secondary-cluster.random_shuffle.available_zones",
            "module.secondary-cluster.random_string.cluster_service_account_suffix"
          ]
        }
      ]
    },
    {
      "module": "module.asm-secondary.module.asm_install.module.gcloud_kubectl",
      "mode": "managed",
      "type": "null_resource",
      "name": "additional_components_destroy",
      "provider": "provider[\"registry.terraform.io/hashicorp/null\"]",
      "instances": [
        {
          "index_key": 0,
          "schema_version": 0,
          "attributes": {
            "id": "1041912043418549438",
            "triggers": {
              "additional_components_command": ".terraform/modules/asm-secondary.asm_install/scripts/check_components.sh gcloud kubectl,kpt,beta,kustomize"
            }
          },
          "sensitive_attributes": [],
          "private": "bnVsbA==",
          "dependencies": [
            "data.google_client_config.current",
            "data.google_project.project",
            "module.asm-secondary.data.google_project.asm_project",
            "module.asm-secondary.module.asm_install.module.gcloud_kubectl.data.external.env_override",
            "module.asm-secondary.module.asm_install.module.gcloud_kubectl.null_resource.additional_components",
            "module.asm-secondary.module.asm_install.module.gcloud_kubectl.null_resource.decompress",
            "module.asm-secondary.module.asm_install.module.gcloud_kubectl.null_resource.download_gcloud",
            "module.asm-secondary.module.asm_install.module.gcloud_kubectl.null_resource.download_jq",
            "module.asm-secondary.module.asm_install.module.gcloud_kubectl.null_resource.gcloud_auth_google_credentials",
            "module.asm-secondary.module.asm_install.module.gcloud_kubectl.null_resource.gcloud_auth_service_account_key_file",
            "module.asm-secondary.module.asm_install.module.gcloud_kubectl.null_resource.module_depends_on",
            "module.asm-secondary.module.asm_install.module.gcloud_kubectl.null_resource.prepare_cache",
            "module.asm-secondary.module.asm_install.module.gcloud_kubectl.null_resource.run_destroy_command",
            "module.asm-secondary.module.asm_install.module.gcloud_kubectl.null_resource.upgrade",
            "module.asm-secondary.module.asm_install.module.gcloud_kubectl.random_id.cache",
            "module.project-services.google_project_service.project_services",
            "module.secondary-cluster.data.google_compute_zones.available",
            "module.secondary-cluster.data.google_container_engine_versions.region",
            "module.secondary-cluster.data.google_container_engine_versions.zone",
            "module.secondary-cluster.google_container_cluster.primary",
            "module.secondary-cluster.google_container_node_pool.pools",
            "module.secondary-cluster.google_service_account.cluster_service_account",
            "module.secondary-cluster.random_shuffle.available_zones",
            "module.secondary-cluster.random_string.cluster_service_account_suffix"
          ]
        }
      ]
    },
    {
      "module": "module.asm-secondary.module.asm_install.module.gcloud_kubectl",
      "mode": "managed",
      "type": "null_resource",
      "name": "module_depends_on",
      "provider": "provider[\"registry.terraform.io/hashicorp/null\"]",
      "instances": [
        {
          "index_key": 0,
          "schema_version": 0,
          "attributes": {
            "id": "6920691840282268366",
            "triggers": {
              "value": "1"
            }
          },
          "sensitive_attributes": [
            [
              {
                "type": "get_attr",
                "value": "triggers"
              },
              {
                "type": "index",
                "value": {
                  "value": "value",
                  "type": "string"
                }
              }
            ]
          ],
          "private": "bnVsbA==",
          "dependencies": [
            "data.google_client_config.current",
            "data.google_project.project",
            "module.project-services.google_project_service.project_services",
            "module.secondary-cluster.data.google_compute_zones.available",
            "module.secondary-cluster.data.google_container_engine_versions.region",
            "module.secondary-cluster.data.google_container_engine_versions.zone",
            "module.secondary-cluster.google_container_cluster.primary",
            "module.secondary-cluster.google_container_node_pool.pools",
            "module.secondary-cluster.google_service_account.cluster_service_account",
            "module.secondary-cluster.random_shuffle.available_zones",
            "module.secondary-cluster.random_string.cluster_service_account_suffix"
          ]
        }
      ]
    },
    {
      "module": "module.asm-secondary.module.asm_install.module.gcloud_kubectl",
      "mode": "managed",
      "type": "null_resource",
      "name": "run_command",
      "provider": "provider[\"registry.terraform.io/hashicorp/null\"]",
      "instances": [
        {
          "index_key": 0,
          "schema_version": 0,
          "attributes": {
            "id": "8443362313482538596",
            "triggers": {
              "arguments": "efbbecca1ce053b004893733e1fd3077",
              "create_cmd_body": "secondary us-west1-b sm-demo-forteam false false .terraform/modules/asm-secondary/modules/asm/scripts/install_asm.sh sm-demo-forteam secondary us-west1-b asm-dir-secondary release-1.6-asm 891993590564",
              "create_cmd_entrypoint": ".terraform/modules/asm-secondary.asm_install/modules/kubectl-wrapper/scripts/kubectl_wrapper.sh",
              "gcloud_bin_abs_path": "/google-cloud-sdk/bin",
              "md5": "d35eff4eba5e389b6bbe7bbef06027bd"
            }
          },
          "sensitive_attributes": [],
          "private": "bnVsbA==",
          "dependencies": [
            "data.google_client_config.current",
            "data.google_project.project",
            "module.asm-secondary.data.google_project.asm_project",
            "module.asm-secondary.module.asm_install.module.gcloud_kubectl.data.external.env_override",
            "module.asm-secondary.module.asm_install.module.gcloud_kubectl.null_resource.additional_components",
            "module.asm-secondary.module.asm_install.module.gcloud_kubectl.null_resource.decompress",
            "module.asm-secondary.module.asm_install.module.gcloud_kubectl.null_resource.download_gcloud",
            "module.asm-secondary.module.asm_install.module.gcloud_kubectl.null_resource.download_jq",
            "module.asm-secondary.module.asm_install.module.gcloud_kubectl.null_resource.gcloud_auth_google_credentials",
            "module.asm-secondary.module.asm_install.module.gcloud_kubectl.null_resource.gcloud_auth_service_account_key_file",
            "module.asm-secondary.module.asm_install.module.gcloud_kubectl.null_resource.module_depends_on",
            "module.asm-secondary.module.asm_install.module.gcloud_kubectl.null_resource.prepare_cache",
            "module.asm-secondary.module.asm_install.module.gcloud_kubectl.null_resource.upgrade",
            "module.asm-secondary.module.asm_install.module.gcloud_kubectl.random_id.cache",
            "module.project-services.google_project_service.project_services",
            "module.secondary-cluster.data.google_compute_zones.available",
            "module.secondary-cluster.data.google_container_engine_versions.region",
            "module.secondary-cluster.data.google_container_engine_versions.zone",
            "module.secondary-cluster.google_container_cluster.primary",
            "module.secondary-cluster.google_container_node_pool.pools",
            "module.secondary-cluster.google_service_account.cluster_service_account",
            "module.secondary-cluster.random_shuffle.available_zones",
            "module.secondary-cluster.random_string.cluster_service_account_suffix"
          ]
        }
      ]
    },
    {
      "module": "module.asm-secondary.module.asm_install.module.gcloud_kubectl",
      "mode": "managed",
      "type": "null_resource",
      "name": "run_destroy_command",
      "provider": "provider[\"registry.terraform.io/hashicorp/null\"]",
      "instances": [
        {
          "index_key": 0,
          "schema_version": 0,
          "attributes": {
            "id": "6432774697212314289",
            "triggers": {
              "destroy_cmd_body": "secondary us-west1-b sm-demo-forteam false false kubectl delete ns istio-system",
              "destroy_cmd_entrypoint": ".terraform/modules/asm-secondary.asm_install/modules/kubectl-wrapper/scripts/kubectl_wrapper.sh",
              "gcloud_bin_abs_path": "/google-cloud-sdk/bin"
            }
          },
          "sensitive_attributes": [],
          "private": "bnVsbA==",
          "dependencies": [
            "data.google_client_config.current",
            "data.google_project.project",
            "module.asm-secondary.data.google_project.asm_project",
            "module.asm-secondary.module.asm_install.module.gcloud_kubectl.data.external.env_override",
            "module.asm-secondary.module.asm_install.module.gcloud_kubectl.null_resource.additional_components",
            "module.asm-secondary.module.asm_install.module.gcloud_kubectl.null_resource.decompress",
            "module.asm-secondary.module.asm_install.module.gcloud_kubectl.null_resource.download_gcloud",
            "module.asm-secondary.module.asm_install.module.gcloud_kubectl.null_resource.download_jq",
            "module.asm-secondary.module.asm_install.module.gcloud_kubectl.null_resource.gcloud_auth_google_credentials",
            "module.asm-secondary.module.asm_install.module.gcloud_kubectl.null_resource.gcloud_auth_service_account_key_file",
            "module.asm-secondary.module.asm_install.module.gcloud_kubectl.null_resource.module_depends_on",
            "module.asm-secondary.module.asm_install.module.gcloud_kubectl.null_resource.prepare_cache",
            "module.asm-secondary.module.asm_install.module.gcloud_kubectl.null_resource.upgrade",
            "module.asm-secondary.module.asm_install.module.gcloud_kubectl.random_id.cache",
            "module.project-services.google_project_service.project_services",
            "module.secondary-cluster.data.google_compute_zones.available",
            "module.secondary-cluster.data.google_container_engine_versions.region",
            "module.secondary-cluster.data.google_container_engine_versions.zone",
            "module.secondary-cluster.google_container_cluster.primary",
            "module.secondary-cluster.google_container_node_pool.pools",
            "module.secondary-cluster.google_service_account.cluster_service_account",
            "module.secondary-cluster.random_shuffle.available_zones",
            "module.secondary-cluster.random_string.cluster_service_account_suffix"
          ]
        }
      ]
    },
    {
      "module": "module.hub-primary",
      "mode": "data",
      "type": "google_client_config",
      "name": "default",
      "provider": "provider[\"registry.terraform.io/hashicorp/google\"]",
      "instances": [
        {
          "schema_version": 0,
          "attributes": {
            "access_token": "ya29.a0AfH6SMBxalsRNpJh5MtJSOoejzwQgdw8LmxQFJNKpBEsP-pLcYYWXx61421eemvTog_llqoBuNMNNcmHblfH5hNt4E9vOWyOUh74S5UVllw1Eeb9TL8uo9RiOuL4epV0DjB8WS4wgw1lPdDSFLLRGnZBDx9aCRZceRfE-F2a2OlIAgJ8y2pW4o9pHEvelwRF8c7FjwmVAT_r-X6XsACh-Sf_5-98UXHt9c-4e-Ba0LzIY5rjg2nKHKRR4HzLzuowZLUwYo6x-Q",
            "id": "projects/sm-demo-forteam/regions/us-central1/zones/",
            "project": "sm-demo-forteam",
            "region": "us-central1",
            "zone": ""
          },
          "sensitive_attributes": []
        }
      ]
    },
    {
      "module": "module.hub-primary",
      "mode": "managed",
      "type": "google_project_iam_member",
      "name": "gke_hub_member",
      "provider": "provider[\"registry.terraform.io/hashicorp/google\"]",
      "instances": [
        {
          "index_key": 0,
          "schema_version": 0,
          "attributes": {
            "condition": [],
            "etag": "BwW95KiDBtM=",
            "id": "sm-demo-forteam/roles/gkehub.connect/serviceaccount:primary@sm-demo-forteam.iam.gserviceaccount.com",
            "member": "serviceAccount:primary@sm-demo-forteam.iam.gserviceaccount.com",
            "project": "sm-demo-forteam",
            "role": "roles/gkehub.connect"
          },
          "sensitive_attributes": [],
          "private": "bnVsbA==",
          "dependencies": [
            "data.google_client_config.current",
            "module.hub-primary.google_service_account.gke_hub_sa"
          ]
        }
      ]
    },
    {
      "module": "module.hub-primary",
      "mode": "managed",
      "type": "google_service_account",
      "name": "gke_hub_sa",
      "provider": "provider[\"registry.terraform.io/hashicorp/google\"]",
      "instances": [
        {
          "index_key": 0,
          "schema_version": 0,
          "attributes": {
            "account_id": "primary",
            "description": "",
            "display_name": "Service Account for GKE Hub Registration",
            "email": "primary@sm-demo-forteam.iam.gserviceaccount.com",
            "id": "projects/sm-demo-forteam/serviceAccounts/primary@sm-demo-forteam.iam.gserviceaccount.com",
            "name": "projects/sm-demo-forteam/serviceAccounts/primary@sm-demo-forteam.iam.gserviceaccount.com",
            "project": "sm-demo-forteam",
            "timeouts": null,
            "unique_id": "115593418853584181619"
          },
          "sensitive_attributes": [],
          "private": "eyJlMmJmYjczMC1lY2FhLTExZTYtOGY4OC0zNDM2M2JjN2M0YzAiOnsiY3JlYXRlIjozMDAwMDAwMDAwMDB9fQ==",
          "dependencies": [
            "data.google_client_config.current"
          ]
        }
      ]
    },
    {
      "module": "module.hub-primary",
      "mode": "managed",
      "type": "google_service_account_key",
      "name": "gke_hub_key",
      "provider": "provider[\"registry.terraform.io/hashicorp/google\"]",
      "instances": [
        {
          "index_key": 0,
          "schema_version": 0,
          "attributes": {
            "id": "projects/sm-demo-forteam/serviceAccounts/primary@sm-demo-forteam.iam.gserviceaccount.com/keys/0f7c2e228a70953ec529499a665af0ffefc77537",
            "keepers": null,
            "key_algorithm": "KEY_ALG_RSA_2048",
            "name": "projects/sm-demo-forteam/serviceAccounts/primary@sm-demo-forteam.iam.gserviceaccount.com/keys/0f7c2e228a70953ec529499a665af0ffefc77537",
            "private_key": "ewogICJ0eXBlIjogInNlcnZpY2VfYWNjb3VudCIsCiAgInByb2plY3RfaWQiOiAic20tZGVtby1mb3J0ZWFtIiwKICAicHJpdmF0ZV9rZXlfaWQiOiAiMGY3YzJlMjI4YTcwOTUzZWM1Mjk0OTlhNjY1YWYwZmZlZmM3NzUzNyIsCiAgInByaXZhdGVfa2V5IjogIi0tLS0tQkVHSU4gUFJJVkFURSBLRVktLS0tLVxuTUlJRXZRSUJBREFOQmdrcWhraUc5dzBCQVFFRkFBU0NCS2N3Z2dTakFnRUFBb0lCQVFDNkxyNFNJeGJCUEdpZ1xuWnNpU2xBbHZURFAwOWszODBQMFBBbjVEc2V1YU1nMXAxS3ZadlZCdGNUYXNTaHl3QVdBcHNvTTlKeHhjbEpVclxuT1MwOUxxMzEyMGcvTHdRVDRNcEhkYTJiUytwZi9OdEdGV0ROTG5vem1Pa2NhZ0FRYXZDVUhXZHpFOGZ2bHNacVxuVDNjak02d0N5ZDlzeXNKdTcwTXMvMi9SNkpFZEk3b2l4aUtSTE9tTzJDRWx0TjhobkdOdFpiU3pxeXdwU1dFYlxua1dQS1o1TXBNMCtJbno0NVIxMWNBWVRUWFlaVVpMcGlJc1dwVU9hdEVLWHM2SHJMN3E5akdCcG9QV0ZubThWV1xuYSsxb25ncnJHeUU2S1g2YzFQdDdnbllDQkoyQWUzUC9YblRLS0JWRFJUaXFCK3pkYUN6dnpTbEg4eVJ0Y3FWVFxubHBoK3plamRBZ01CQUFFQ2dnRUFQblBTZHlRRkRJRzJlT094Y1JXdVNvS3R4UVJmNmFleTB6ZWJZaHJLOUpqSVxuamhEMEttQktHOFFIdW1oTDBqQkw4UUM3N0NYejZndy9NMVlGR2twUHVUSTZ2Rk1KazU5cVN1a3ErSFpSSXF5ZlxuWXhWbHVMM1g2UG5vYkFzVWhXMVIwT1ZDSDhScFl6RlkwaTFnd2RLaDV2ZVBkaDlYZEQzVzh6K2w0eXdYalVXdFxuRG10d1U2cEZDbTRlK0M0SW5uaG8rWldBK1VBTHRCblVjOUZCZThsVFVYb3pSQ0RxV1V3ZVlsWVY3OTFZWjNFRVxuQk9QdWovS01ZRjQ5NjhraWwvK2dhS2xUM1hHdURGMm5icHp5aVFTVUlGZnd2WkMrUmIwN20vWjB1YkNjSDVHQlxuczY5c1BESnBpTGhEMUM2MlVrMm84Si9nbldkL2hrcHpJSnQ4MDdFNHd3S0JnUUR3dXlIaXMrbDNucVNaL1dhRVxuMU1HN0VKbEdLQ3ZyK3MyaVpDZHpOMGNDbEFMbjVTUVltYVF2MzNqV0dsa0gxcTJKSDFnV1d4TDF6RWdNNmNCM1xucCtGL29NMlJGVFZtVjNQbi9rdVI4aC8yc2IrQm55TVdrVXd1Qjc5U1plcEdsUGdJS1lwcHQwOExrS040dGJGZVxuTjFzT0lZalBmT1kxQ1hOeENhNFV6ZXB2VHdLQmdRREYvZUdCY1VXQ2VsSm45bW1ndmNtMjlhNTA1KytGaWI3Z1xuMjdFVGZmYm5PWDdRYzhsVG00dG04Q1dVWFZnVVdUY0lZMERGdjBTYW5qT01lZDhnZzVkVlc0eXVKaGVieUVxZFxucnVhMzJBVFVIT1dCbWhaNUJKc0Jid0tqTzRhMGhXelRtN3E5U0hGUmNSS0F2dGNPRkt5UDZzVS9YM3ZES0w4M1xuSkI1Yk5lUjZFd0tCZ0JQSHZKUU5KbXpleXpXZi9iR0NiZHk2RTI0UlZQS1I3QjJnenlFSGRMMUFmakNod21LSFxuRlZlZHJDY2ppUmM4eTR1TjJNWVZlNnhZdWI3ZDRpT3kxck9PK2ZVbTRmbGp6REZPMHRUT0tWUXk3TUp3MmdnN1xucmgvR0lURmJFSEgyUVo4aUVxNTNFbmFuenRiWFR4aW53Y0thZk14WHZlNnp0Um1mcXY4b29FKy9Bb0dBTXI2d1xuTm5udW85TndIWDgxY1dKVE9kWmNJVkIwdmxnZ21RY1ZxblpGZXR2c21jYWpXZzlxdWpaZ20xY1ZSUm5jbGdUQ1xuVEN5S2k4cHlVZFhHajFIS3pyREpMTFZNcGJ1L0RBMFF5eHZObVFQUyt0V2dYdUlFVEdqRVYwdmhhWkVzNUV0c1xub0NqYUNsS2R1R3V4T01XcHVMVW1XdWpCRXJMMTEwOGxqS0VTYndzQ2dZRUE2MXF0V2RUb1BCRFo5ZHVHdEtCU1xuYm5zVU1UN1hiaGcvaVptWmdhNHZiT2QvL3ZUbzVLOTk1WjN6L0hZTnY0TFAxVytBcG1PU3lLbHo5Y0duL2lSbVxuOThxd2h3UGRLbTh5bklQdG5JTUNmdnIyeTEvb3duSFBpTnZQNTRLVHE0eno0cjJpOFpSd1BROXQwbFRBTW9RclxuM29yY3I3dC95ZXZsaThSTXl6TEJ0M3c9XG4tLS0tLUVORCBQUklWQVRFIEtFWS0tLS0tXG4iLAogICJjbGllbnRfZW1haWwiOiAicHJpbWFyeUBzbS1kZW1vLWZvcnRlYW0uaWFtLmdzZXJ2aWNlYWNjb3VudC5jb20iLAogICJjbGllbnRfaWQiOiAiMTE1NTkzNDE4ODUzNTg0MTgxNjE5IiwKICAiYXV0aF91cmkiOiAiaHR0cHM6Ly9hY2NvdW50cy5nb29nbGUuY29tL28vb2F1dGgyL2F1dGgiLAogICJ0b2tlbl91cmkiOiAiaHR0cHM6Ly9vYXV0aDIuZ29vZ2xlYXBpcy5jb20vdG9rZW4iLAogICJhdXRoX3Byb3ZpZGVyX3g1MDlfY2VydF91cmwiOiAiaHR0cHM6Ly93d3cuZ29vZ2xlYXBpcy5jb20vb2F1dGgyL3YxL2NlcnRzIiwKICAiY2xpZW50X3g1MDlfY2VydF91cmwiOiAiaHR0cHM6Ly93d3cuZ29vZ2xlYXBpcy5jb20vcm9ib3QvdjEvbWV0YWRhdGEveDUwOS9wcmltYXJ5JTQwc20tZGVtby1mb3J0ZWFtLmlhbS5nc2VydmljZWFjY291bnQuY29tIgp9Cg==",
            "private_key_type": "TYPE_GOOGLE_CREDENTIALS_FILE",
            "public_key": "LS0tLS1CRUdJTiBDRVJUSUZJQ0FURS0tLS0tCk1JSUMrakNDQWVLZ0F3SUJBZ0lJYVJ5Y1NkQ09VUjh3RFFZSktvWklodmNOQVFFRkJRQXdJREVlTUJ3R0ExVUUKQXhNVk1URTFOVGt6TkRFNE9EVXpOVGcwTVRneE5qRTVNQjRYRFRJeE1ETXhPVEUwTXpVMU5Gb1hEVEl4TURReApPREUwTXpVMU5Gb3dJREVlTUJ3R0ExVUVBeE1WTVRFMU5Ua3pOREU0T0RVek5UZzBNVGd4TmpFNU1JSUJJakFOCkJna3Foa2lHOXcwQkFRRUZBQU9DQVE4QU1JSUJDZ0tDQVFFQXVpNitFaU1Xd1R4b29HYklrcFFKYjB3ejlQWk4KL05EOUR3SitRN0hybWpJTmFkU3IyYjFRYlhFMnJFb2NzQUZnS2JLRFBTY2NYSlNWS3prdFBTNnQ5ZHRJUHk4RQpFK0RLUjNXdG0wdnFYL3piUmhWZ3pTNTZNNWpwSEdvQUVHcndsQjFuY3hQSDc1YkdhazkzSXpPc0FzbmZiTXJDCmJ1OURMUDl2MGVpUkhTTzZJc1lpa1N6cGp0Z2hKYlRmSVp4amJXVzBzNnNzS1VsaEc1Rmp5bWVUS1ROUGlKOCsKT1VkZFhBR0UwMTJHVkdTNllpTEZxVkRtclJDbDdPaDZ5KzZ2WXhnYWFEMWhaNXZGVm12dGFKNEs2eHNoT2lsKwpuTlQ3ZTRKMkFnU2RnSHR6LzE1MHlpZ1ZRMFU0cWdmczNXZ3M3ODBwUi9Na2JYS2xVNWFZZnMzbzNRSURBUUFCCm96Z3dOakFNQmdOVkhSTUJBZjhFQWpBQU1BNEdBMVVkRHdFQi93UUVBd0lIZ0RBV0JnTlZIU1VCQWY4RUREQUsKQmdnckJnRUZCUWNEQWpBTkJna3Foa2lHOXcwQkFRVUZBQU9DQVFFQXJKTUxvdklBVXhCc2VldG1PME9ONFp5agorZHF0QUFwN2lSYnNYd1BLNVRqNlA4VXFkYXVxU1NuK2R4VklBeHYwWnZHVE9sYnA4QmNnWkszR3YxMWR1ZjRoCnJabnVxVDVzY1Z1QzRPQlFhNjFONFlPTXlRNHdKUlA0cjdRTE5HUTdvUXVWK20yaHZrYkl1YkRkNS9JNFFnd2UKc0FKd3dBZVZ1Q3RSbm5ISUpqdFVGZkdZTXFQMmxQMG1tbDJvR1k4TzQ5cmpFa0VEakROQ2FLMk5XNU5XUmZMeQpYM3NNYkJESW9oOXBXelZiaUhXelREb09YTkI3YktnODhnTmM1ZG1VWUx6c0R0U2kwM2lBU2hJcDJKYTZEcC9mCndpSlc5VjZXZWN5SHVPODZoVitWUkw3b1FZMXlJcmZpNkhEcE5YRm9tdjZRUkFlNDZ1ejE0Zzh6Q05hWHhRPT0KLS0tLS1FTkQgQ0VSVElGSUNBVEUtLS0tLQo=",
            "public_key_data": null,
            "public_key_type": "TYPE_X509_PEM_FILE",
            "service_account_id": "projects/sm-demo-forteam/serviceAccounts/primary@sm-demo-forteam.iam.gserviceaccount.com",
            "valid_after": "2021-03-19T14:35:54Z",
            "valid_before": "2021-04-18T14:35:54Z"
          },
          "sensitive_attributes": [],
          "private": "bnVsbA==",
          "dependencies": [
            "data.google_client_config.current",
            "module.hub-primary.google_service_account.gke_hub_sa"
          ]
        }
      ]
    },
    {
      "module": "module.hub-primary.module.gke_hub_registration",
      "mode": "data",
      "type": "external",
      "name": "env_override",
      "provider": "provider[\"registry.terraform.io/hashicorp/external\"]",
      "instances": [
        {
          "index_key": 0,
          "schema_version": 0,
          "attributes": {
            "id": "-",
            "program": [
              ".terraform/modules/hub-primary.gke_hub_registration/scripts/check_env.sh"
            ],
            "query": null,
            "result": {
              "download": ""
            },
            "working_dir": null
          },
          "sensitive_attributes": []
        }
      ]
    },
    {
      "module": "module.hub-primary.module.gke_hub_registration",
      "mode": "managed",
      "type": "null_resource",
      "name": "module_depends_on",
      "provider": "provider[\"registry.terraform.io/hashicorp/null\"]",
      "instances": [
        {
          "index_key": 0,
          "schema_version": 0,
          "attributes": {
            "id": "1032202744449574060",
            "triggers": {
              "value": "1"
            }
          },
          "sensitive_attributes": [
            [
              {
                "type": "get_attr",
                "value": "triggers"
              },
              {
                "type": "index",
                "value": {
                  "value": "value",
                  "type": "string"
                }
              }
            ]
          ],
          "private": "bnVsbA==",
          "dependencies": [
            "data.google_client_config.current",
            "data.google_project.project",
            "module.primary-cluster.data.google_compute_zones.available",
            "module.primary-cluster.data.google_container_engine_versions.region",
            "module.primary-cluster.data.google_container_engine_versions.zone",
            "module.primary-cluster.google_container_cluster.primary",
            "module.primary-cluster.google_container_node_pool.pools",
            "module.primary-cluster.google_service_account.cluster_service_account",
            "module.primary-cluster.random_shuffle.available_zones",
            "module.primary-cluster.random_string.cluster_service_account_suffix",
            "module.project-services.google_project_service.project_services"
          ]
        }
      ]
    },
    {
      "module": "module.hub-primary.module.gke_hub_registration",
      "mode": "managed",
      "type": "null_resource",
      "name": "run_command",
      "provider": "provider[\"registry.terraform.io/hashicorp/null\"]",
      "instances": [
        {
          "index_key": 0,
          "schema_version": 0,
          "attributes": {
            "id": "8530468482919603429",
            "triggers": {
              "arguments": "3db03197218ef7f75953bc9af959f093",
              "create_cmd_body": "1 primary ewogICJ0eXBlIjogInNlcnZpY2VfYWNjb3VudCIsCiAgInByb2plY3RfaWQiOiAic20tZGVtby1mb3J0ZWFtIiwKICAicHJpdmF0ZV9rZXlfaWQiOiAiMGY3YzJlMjI4YTcwOTUzZWM1Mjk0OTlhNjY1YWYwZmZlZmM3NzUzNyIsCiAgInByaXZhdGVfa2V5IjogIi0tLS0tQkVHSU4gUFJJVkFURSBLRVktLS0tLVxuTUlJRXZRSUJBREFOQmdrcWhraUc5dzBCQVFFRkFBU0NCS2N3Z2dTakFnRUFBb0lCQVFDNkxyNFNJeGJCUEdpZ1xuWnNpU2xBbHZURFAwOWszODBQMFBBbjVEc2V1YU1nMXAxS3ZadlZCdGNUYXNTaHl3QVdBcHNvTTlKeHhjbEpVclxuT1MwOUxxMzEyMGcvTHdRVDRNcEhkYTJiUytwZi9OdEdGV0ROTG5vem1Pa2NhZ0FRYXZDVUhXZHpFOGZ2bHNacVxuVDNjak02d0N5ZDlzeXNKdTcwTXMvMi9SNkpFZEk3b2l4aUtSTE9tTzJDRWx0TjhobkdOdFpiU3pxeXdwU1dFYlxua1dQS1o1TXBNMCtJbno0NVIxMWNBWVRUWFlaVVpMcGlJc1dwVU9hdEVLWHM2SHJMN3E5akdCcG9QV0ZubThWV1xuYSsxb25ncnJHeUU2S1g2YzFQdDdnbllDQkoyQWUzUC9YblRLS0JWRFJUaXFCK3pkYUN6dnpTbEg4eVJ0Y3FWVFxubHBoK3plamRBZ01CQUFFQ2dnRUFQblBTZHlRRkRJRzJlT094Y1JXdVNvS3R4UVJmNmFleTB6ZWJZaHJLOUpqSVxuamhEMEttQktHOFFIdW1oTDBqQkw4UUM3N0NYejZndy9NMVlGR2twUHVUSTZ2Rk1KazU5cVN1a3ErSFpSSXF5ZlxuWXhWbHVMM1g2UG5vYkFzVWhXMVIwT1ZDSDhScFl6RlkwaTFnd2RLaDV2ZVBkaDlYZEQzVzh6K2w0eXdYalVXdFxuRG10d1U2cEZDbTRlK0M0SW5uaG8rWldBK1VBTHRCblVjOUZCZThsVFVYb3pSQ0RxV1V3ZVlsWVY3OTFZWjNFRVxuQk9QdWovS01ZRjQ5NjhraWwvK2dhS2xUM1hHdURGMm5icHp5aVFTVUlGZnd2WkMrUmIwN20vWjB1YkNjSDVHQlxuczY5c1BESnBpTGhEMUM2MlVrMm84Si9nbldkL2hrcHpJSnQ4MDdFNHd3S0JnUUR3dXlIaXMrbDNucVNaL1dhRVxuMU1HN0VKbEdLQ3ZyK3MyaVpDZHpOMGNDbEFMbjVTUVltYVF2MzNqV0dsa0gxcTJKSDFnV1d4TDF6RWdNNmNCM1xucCtGL29NMlJGVFZtVjNQbi9rdVI4aC8yc2IrQm55TVdrVXd1Qjc5U1plcEdsUGdJS1lwcHQwOExrS040dGJGZVxuTjFzT0lZalBmT1kxQ1hOeENhNFV6ZXB2VHdLQmdRREYvZUdCY1VXQ2VsSm45bW1ndmNtMjlhNTA1KytGaWI3Z1xuMjdFVGZmYm5PWDdRYzhsVG00dG04Q1dVWFZnVVdUY0lZMERGdjBTYW5qT01lZDhnZzVkVlc0eXVKaGVieUVxZFxucnVhMzJBVFVIT1dCbWhaNUJKc0Jid0tqTzRhMGhXelRtN3E5U0hGUmNSS0F2dGNPRkt5UDZzVS9YM3ZES0w4M1xuSkI1Yk5lUjZFd0tCZ0JQSHZKUU5KbXpleXpXZi9iR0NiZHk2RTI0UlZQS1I3QjJnenlFSGRMMUFmakNod21LSFxuRlZlZHJDY2ppUmM4eTR1TjJNWVZlNnhZdWI3ZDRpT3kxck9PK2ZVbTRmbGp6REZPMHRUT0tWUXk3TUp3MmdnN1xucmgvR0lURmJFSEgyUVo4aUVxNTNFbmFuenRiWFR4aW53Y0thZk14WHZlNnp0Um1mcXY4b29FKy9Bb0dBTXI2d1xuTm5udW85TndIWDgxY1dKVE9kWmNJVkIwdmxnZ21RY1ZxblpGZXR2c21jYWpXZzlxdWpaZ20xY1ZSUm5jbGdUQ1xuVEN5S2k4cHlVZFhHajFIS3pyREpMTFZNcGJ1L0RBMFF5eHZObVFQUyt0V2dYdUlFVEdqRVYwdmhhWkVzNUV0c1xub0NqYUNsS2R1R3V4T01XcHVMVW1XdWpCRXJMMTEwOGxqS0VTYndzQ2dZRUE2MXF0V2RUb1BCRFo5ZHVHdEtCU1xuYm5zVU1UN1hiaGcvaVptWmdhNHZiT2QvL3ZUbzVLOTk1WjN6L0hZTnY0TFAxVytBcG1PU3lLbHo5Y0duL2lSbVxuOThxd2h3UGRLbTh5bklQdG5JTUNmdnIyeTEvb3duSFBpTnZQNTRLVHE0eno0cjJpOFpSd1BROXQwbFRBTW9RclxuM29yY3I3dC95ZXZsaThSTXl6TEJ0M3c9XG4tLS0tLUVORCBQUklWQVRFIEtFWS0tLS0tXG4iLAogICJjbGllbnRfZW1haWwiOiAicHJpbWFyeUBzbS1kZW1vLWZvcnRlYW0uaWFtLmdzZXJ2aWNlYWNjb3VudC5jb20iLAogICJjbGllbnRfaWQiOiAiMTE1NTkzNDE4ODUzNTg0MTgxNjE5IiwKICAiYXV0aF91cmkiOiAiaHR0cHM6Ly9hY2NvdW50cy5nb29nbGUuY29tL28vb2F1dGgyL2F1dGgiLAogICJ0b2tlbl91cmkiOiAiaHR0cHM6Ly9vYXV0aDIuZ29vZ2xlYXBpcy5jb20vdG9rZW4iLAogICJhdXRoX3Byb3ZpZGVyX3g1MDlfY2VydF91cmwiOiAiaHR0cHM6Ly93d3cuZ29vZ2xlYXBpcy5jb20vb2F1dGgyL3YxL2NlcnRzIiwKICAiY2xpZW50X3g1MDlfY2VydF91cmwiOiAiaHR0cHM6Ly93d3cuZ29vZ2xlYXBpcy5jb20vcm9ib3QvdjEvbWV0YWRhdGEveDUwOS9wcmltYXJ5JTQwc20tZGVtby1mb3J0ZWFtLmlhbS5nc2VydmljZWFjY291bnQuY29tIgp9Cg== https://container.googleapis.com/projects/sm-demo-forteam/locations/us-central1-a/clusters/primary sm-demo-forteam ",
              "create_cmd_entrypoint": ".terraform/modules/hub-primary/modules/hub/scripts/gke_hub_registration.sh",
              "gcloud_bin_abs_path": "/google-cloud-sdk/bin",
              "md5": "e90c29c0ab493e837fa052bdff0e6952"
            }
          },
          "sensitive_attributes": [],
          "private": "bnVsbA==",
          "dependencies": [
            "data.google_client_config.current",
            "data.google_project.project",
            "module.hub-primary.google_service_account.gke_hub_sa",
            "module.hub-primary.google_service_account_key.gke_hub_key",
            "module.hub-primary.module.gke_hub_registration.data.external.env_override",
            "module.hub-primary.module.gke_hub_registration.null_resource.additional_components",
            "module.hub-primary.module.gke_hub_registration.null_resource.decompress",
            "module.hub-primary.module.gke_hub_registration.null_resource.download_gcloud",
            "module.hub-primary.module.gke_hub_registration.null_resource.download_jq",
            "module.hub-primary.module.gke_hub_registration.null_resource.gcloud_auth_google_credentials",
            "module.hub-primary.module.gke_hub_registration.null_resource.gcloud_auth_service_account_key_file",
            "module.hub-primary.module.gke_hub_registration.null_resource.module_depends_on",
            "module.hub-primary.module.gke_hub_registration.null_resource.prepare_cache",
            "module.hub-primary.module.gke_hub_registration.null_resource.upgrade",
            "module.hub-primary.module.gke_hub_registration.random_id.cache",
            "module.primary-cluster.data.google_compute_zones.available",
            "module.primary-cluster.data.google_container_engine_versions.region",
            "module.primary-cluster.data.google_container_engine_versions.zone",
            "module.primary-cluster.google_container_cluster.primary",
            "module.primary-cluster.google_container_node_pool.pools",
            "module.primary-cluster.google_service_account.cluster_service_account",
            "module.primary-cluster.random_shuffle.available_zones",
            "module.primary-cluster.random_string.cluster_service_account_suffix",
            "module.project-services.google_project_service.project_services"
          ]
        }
      ]
    },
    {
      "module": "module.hub-primary.module.gke_hub_registration",
      "mode": "managed",
      "type": "null_resource",
      "name": "run_destroy_command",
      "provider": "provider[\"registry.terraform.io/hashicorp/null\"]",
      "instances": [
        {
          "index_key": 0,
          "schema_version": 0,
          "attributes": {
            "id": "3214406837434298223",
            "triggers": {
              "destroy_cmd_body": "1 primary https://container.googleapis.com/projects/sm-demo-forteam/locations/us-central1-a/clusters/primary sm-demo-forteam",
              "destroy_cmd_entrypoint": ".terraform/modules/hub-primary/modules/hub/scripts/gke_hub_unregister.sh",
              "gcloud_bin_abs_path": "/google-cloud-sdk/bin"
            }
          },
          "sensitive_attributes": [],
          "private": "bnVsbA==",
          "dependencies": [
            "data.google_client_config.current",
            "data.google_project.project",
            "module.hub-primary.google_service_account.gke_hub_sa",
            "module.hub-primary.google_service_account_key.gke_hub_key",
            "module.hub-primary.module.gke_hub_registration.data.external.env_override",
            "module.hub-primary.module.gke_hub_registration.null_resource.additional_components",
            "module.hub-primary.module.gke_hub_registration.null_resource.decompress",
            "module.hub-primary.module.gke_hub_registration.null_resource.download_gcloud",
            "module.hub-primary.module.gke_hub_registration.null_resource.download_jq",
            "module.hub-primary.module.gke_hub_registration.null_resource.gcloud_auth_google_credentials",
            "module.hub-primary.module.gke_hub_registration.null_resource.gcloud_auth_service_account_key_file",
            "module.hub-primary.module.gke_hub_registration.null_resource.module_depends_on",
            "module.hub-primary.module.gke_hub_registration.null_resource.prepare_cache",
            "module.hub-primary.module.gke_hub_registration.null_resource.upgrade",
            "module.hub-primary.module.gke_hub_registration.random_id.cache",
            "module.primary-cluster.data.google_compute_zones.available",
            "module.primary-cluster.data.google_container_engine_versions.region",
            "module.primary-cluster.data.google_container_engine_versions.zone",
            "module.primary-cluster.google_container_cluster.primary",
            "module.primary-cluster.google_container_node_pool.pools",
            "module.primary-cluster.google_service_account.cluster_service_account",
            "module.primary-cluster.random_shuffle.available_zones",
            "module.primary-cluster.random_string.cluster_service_account_suffix",
            "module.project-services.google_project_service.project_services"
          ]
        }
      ]
    },
    {
      "module": "module.hub-secondary",
      "mode": "data",
      "type": "google_client_config",
      "name": "default",
      "provider": "provider[\"registry.terraform.io/hashicorp/google\"]",
      "instances": [
        {
          "schema_version": 0,
          "attributes": {
            "access_token": "ya29.a0AfH6SMBxalsRNpJh5MtJSOoejzwQgdw8LmxQFJNKpBEsP-pLcYYWXx61421eemvTog_llqoBuNMNNcmHblfH5hNt4E9vOWyOUh74S5UVllw1Eeb9TL8uo9RiOuL4epV0DjB8WS4wgw1lPdDSFLLRGnZBDx9aCRZceRfE-F2a2OlIAgJ8y2pW4o9pHEvelwRF8c7FjwmVAT_r-X6XsACh-Sf_5-98UXHt9c-4e-Ba0LzIY5rjg2nKHKRR4HzLzuowZLUwYo6x-Q",
            "id": "projects/sm-demo-forteam/regions/us-central1/zones/",
            "project": "sm-demo-forteam",
            "region": "us-central1",
            "zone": ""
          },
          "sensitive_attributes": []
        }
      ]
    },
    {
      "module": "module.hub-secondary",
      "mode": "managed",
      "type": "google_project_iam_member",
      "name": "gke_hub_member",
      "provider": "provider[\"registry.terraform.io/hashicorp/google\"]",
      "instances": [
        {
          "index_key": 0,
          "schema_version": 0,
          "attributes": {
            "condition": [],
            "etag": "BwW95KiDBtM=",
            "id": "sm-demo-forteam/roles/gkehub.connect/serviceaccount:secondary@sm-demo-forteam.iam.gserviceaccount.com",
            "member": "serviceAccount:secondary@sm-demo-forteam.iam.gserviceaccount.com",
            "project": "sm-demo-forteam",
            "role": "roles/gkehub.connect"
          },
          "sensitive_attributes": [],
          "private": "bnVsbA==",
          "dependencies": [
            "data.google_client_config.current",
            "module.hub-secondary.google_service_account.gke_hub_sa"
          ]
        }
      ]
    },
    {
      "module": "module.hub-secondary",
      "mode": "managed",
      "type": "google_service_account",
      "name": "gke_hub_sa",
      "provider": "provider[\"registry.terraform.io/hashicorp/google\"]",
      "instances": [
        {
          "index_key": 0,
          "schema_version": 0,
          "attributes": {
            "account_id": "secondary",
            "description": "",
            "display_name": "Service Account for GKE Hub Registration",
            "email": "secondary@sm-demo-forteam.iam.gserviceaccount.com",
            "id": "projects/sm-demo-forteam/serviceAccounts/secondary@sm-demo-forteam.iam.gserviceaccount.com",
            "name": "projects/sm-demo-forteam/serviceAccounts/secondary@sm-demo-forteam.iam.gserviceaccount.com",
            "project": "sm-demo-forteam",
            "timeouts": null,
            "unique_id": "112021811062318690643"
          },
          "sensitive_attributes": [],
          "private": "eyJlMmJmYjczMC1lY2FhLTExZTYtOGY4OC0zNDM2M2JjN2M0YzAiOnsiY3JlYXRlIjozMDAwMDAwMDAwMDB9fQ==",
          "dependencies": [
            "data.google_client_config.current"
          ]
        }
      ]
    },
    {
      "module": "module.hub-secondary",
      "mode": "managed",
      "type": "google_service_account_key",
      "name": "gke_hub_key",
      "provider": "provider[\"registry.terraform.io/hashicorp/google\"]",
      "instances": [
        {
          "index_key": 0,
          "schema_version": 0,
          "attributes": {
            "id": "projects/sm-demo-forteam/serviceAccounts/secondary@sm-demo-forteam.iam.gserviceaccount.com/keys/cc4989130c59c9ac538228ffb176c8a9f4406a53",
            "keepers": null,
            "key_algorithm": "KEY_ALG_RSA_2048",
            "name": "projects/sm-demo-forteam/serviceAccounts/secondary@sm-demo-forteam.iam.gserviceaccount.com/keys/cc4989130c59c9ac538228ffb176c8a9f4406a53",
            "private_key": "ewogICJ0eXBlIjogInNlcnZpY2VfYWNjb3VudCIsCiAgInByb2plY3RfaWQiOiAic20tZGVtby1mb3J0ZWFtIiwKICAicHJpdmF0ZV9rZXlfaWQiOiAiY2M0OTg5MTMwYzU5YzlhYzUzODIyOGZmYjE3NmM4YTlmNDQwNmE1MyIsCiAgInByaXZhdGVfa2V5IjogIi0tLS0tQkVHSU4gUFJJVkFURSBLRVktLS0tLVxuTUlJRXZnSUJBREFOQmdrcWhraUc5dzBCQVFFRkFBU0NCS2d3Z2dTa0FnRUFBb0lCQVFEU2FyMzVQU1hvRnovOVxuUkxNVTlxZHI4anFWOVU0VWVQVGlBTzVPbU8rWFdVaHdXa3VKN2s4ZGlQTy95V2dWcHB1Y2NEcThmTHZBa1Jqc1xuYlA3bFNicXRHV3hZWkdJc3daY2Y3WUR3a1F0d0FxK2hpc1NpazV3WExvVFBRL3lHQXljekFCLzVEZ215ZzdXR1xueThUVGREOTVOQWhkZDRjQ3MwMHIzc2hCK0FQMzNtOGdSTUtFZHRBclZiVXYxNFNDU0pUVjZXMlhMRmcyc1NYYVxuSk1PamFGcE9GZ1pqdjJnbWhNUUdFUG5pMlRjWG1YWXlsRWUyL3JaYkZPNHFVR282QVhjWWo1NDFFQkV1N2p3OFxuU2JPQVJ1eW9HTkNyUzVSUDBxSkZ4RGxoQ0ZFMzRkMXZ4VGJqelI5M05rRzdGY25zcnJ2anZaUGhDTlJXcjdBRFxuemZ2NzRGUEpBZ01CQUFFQ2dnRUFBOXE1dFNXV0dxekdXc3pWM1BYeHRpdi9QN3o1RzYzbGluaEs1VHl1OHQ1TFxuVWVlTmg2N0tXemVsZzJkY2xUenlqOGlNZ3VSa0NoQitYT0pZUHZuOVJldDN6Unkxb2ExQUovRVJVaGJPRjFTdFxuUSsvSFQxVVY0R1RWUVBpMVdQMFl6RG5kM0JHU1F1ZGZ2V0xoTGFCdEF6cmRSbDBJcDVlQ08rSCtXQnNEYzVoaVxuZnZiM29vY2dtZk1DeGNIZWtjdnlMcW94SHI5WFc3NW1VQUxzbSt1QXV3eU9BaFVHSHJYM0dxaUltUlU5RFVlOVxuS0FyODRRZkVreWMwS003b0Z4WmkzOWx3QlF3NVlDWUg4YjFVQTJxQmJmdEhDWXJ0V0pVMjZFSmRmZEdmSGM4TVxuSHFiZ0JDU08rYzVUak5GZllFcDlnc0ZGS0ZIamFhcXFLenBFeHVleEN3S0JnUURvVGEydWpkdzRjZnRpSklxR1xuWEJaWTBJdHlnMGJpTXF0Y0FNdjZUK0N2NUhvaDJQc3kxWFFhQ2lPT2dZSGZKdU5Dei9lcjdzazdZWGNWaTZ5d1xuOFBFNllXeE5GVkdJamVnUEl4WlBaaGhUNVpiazNpcnAvZkNTVEJXL1lnMnVqdkJyUGVOYWxJY0hsTm90RmxrZlxuVDY1UWJ0T3c2QkpKL0t6bGIxSkV0MzI4WHdLQmdRRG40WVpzZGZZblUrNWdHZnYvTGhVODJhM0hzdURhaXRnL1xucjRBYXRsaExGTWlPSmh1enVIaHlhRlUzQVAxVFdmNFQzeDJqV1M4UGhFWFE4TGwvRWloeTFFa3lHWjFqK21TNlxuOUhidmd4Z2g0UFVSc01ZUFpVYUFyajNVZXFNQmRrTTlsbTJiUkN0T1NsdktuZTM5dm1janBjc1hhVlZIS3ZsV1xuUnpJSitBemcxd0tCZ1FDbDM3R0F6bkxOS3paZzRjNjRHZEVySWQ0d3FtUlc1KzlNQnBXZjZxRjVkeDl1UTgwNlxuZ3dnZi85VmIwRVczM2NDdzJHYjFNZEFtd25XUndPWlNnZmo5d3NyZVQ3YWtWdys0bjBreThLZTJZRjNhbG5qMlxuRkFsUHJWeHFCODNWTXVPZzc5UUR2Y0tkTzBCK3FWS0I5UmQyLzJ2UkNpVGxCN005TUx3QnJUUHU2UUtCZ0dueFxuZ1pCV2lRUEk5aldVU2ExNmFadW12UjVyblE1Y3Q1YkpZWmRTenA1blBZYXM1S1ZGV0VxMVhwSEY4dmc5T3JmclxuamNnUFBGQXptQTV4bmQ3djlla1pFdVJBRGNnYkpDRERCd0JCZmlva2RQUUROMHJiYzgzaFRrQ2hVNDZjY1BaWFxubjNaOE8ra0dVbEFOdmluYjc1VzY3MEtnRHFWNGZma3NpREZEMHVaN0FvR0JBS3Voa3l1YXpQS1RTMnhSUWVtWFxudU12eDMrenBRMCtBK2R1a2g2RTZvdlorSzlhdjZKR3lsUUNueUpQbjF2LzFjeVJjVHBYQ0hqMVI5MHllSDFOalxueE1JaGpaSWFZR0xISFl4UVA4SGwzRS91T0ZZQnA4OXoxM0FEaFB4UkpGdkpwRCs3RlFBcHA1R3FleHpFZWRDRlxuWGxJQ1RuN2xzN0xwM2FJT3FRcnQ4T1AzXG4tLS0tLUVORCBQUklWQVRFIEtFWS0tLS0tXG4iLAogICJjbGllbnRfZW1haWwiOiAic2Vjb25kYXJ5QHNtLWRlbW8tZm9ydGVhbS5pYW0uZ3NlcnZpY2VhY2NvdW50LmNvbSIsCiAgImNsaWVudF9pZCI6ICIxMTIwMjE4MTEwNjIzMTg2OTA2NDMiLAogICJhdXRoX3VyaSI6ICJodHRwczovL2FjY291bnRzLmdvb2dsZS5jb20vby9vYXV0aDIvYXV0aCIsCiAgInRva2VuX3VyaSI6ICJodHRwczovL29hdXRoMi5nb29nbGVhcGlzLmNvbS90b2tlbiIsCiAgImF1dGhfcHJvdmlkZXJfeDUwOV9jZXJ0X3VybCI6ICJodHRwczovL3d3dy5nb29nbGVhcGlzLmNvbS9vYXV0aDIvdjEvY2VydHMiLAogICJjbGllbnRfeDUwOV9jZXJ0X3VybCI6ICJodHRwczovL3d3dy5nb29nbGVhcGlzLmNvbS9yb2JvdC92MS9tZXRhZGF0YS94NTA5L3NlY29uZGFyeSU0MHNtLWRlbW8tZm9ydGVhbS5pYW0uZ3NlcnZpY2VhY2NvdW50LmNvbSIKfQo=",
            "private_key_type": "TYPE_GOOGLE_CREDENTIALS_FILE",
            "public_key": "LS0tLS1CRUdJTiBDRVJUSUZJQ0FURS0tLS0tCk1JSUMrakNDQWVLZ0F3SUJBZ0lJWW90VnQ5U2tHaUl3RFFZSktvWklodmNOQVFFRkJRQXdJREVlTUJ3R0ExVUUKQXhNVk1URXlNREl4T0RFeE1EWXlNekU0Tmprd05qUXpNQjRYRFRJeE1ETXhPVEUwTXpVMU5Gb1hEVEl4TURReApPREUwTXpVMU5Gb3dJREVlTUJ3R0ExVUVBeE1WTVRFeU1ESXhPREV4TURZeU16RTROamt3TmpRek1JSUJJakFOCkJna3Foa2lHOXcwQkFRRUZBQU9DQVE4QU1JSUJDZ0tDQVFFQTBtcTkrVDBsNkJjLy9VU3pGUGFuYS9JNmxmVk8KRkhqMDRnRHVUcGp2bDFsSWNGcExpZTVQSFlqenY4bG9GYWFibkhBNnZIeTd3SkVZN0d6KzVVbTZyUmxzV0dSaQpMTUdYSCsyQThKRUxjQUt2b1lyRW9wT2NGeTZFejBQOGhnTW5Nd0FmK1E0SnNvTzFoc3ZFMDNRL2VUUUlYWGVICkFyTk5LOTdJUWZnRDk5NXZJRVRDaEhiUUsxVzFMOWVFZ2tpVTFlbHRseXhZTnJFbDJpVERvMmhhVGhZR1k3OW8KSm9URUJoRDU0dGszRjVsMk1wUkh0djYyV3hUdUtsQnFPZ0YzR0krZU5SQVJMdTQ4UEVtemdFYnNxQmpRcTB1VQpUOUtpUmNRNVlRaFJOK0hkYjhVMjQ4MGZkelpCdXhYSjdLNjc0NzJUNFFqVVZxK3dBODM3KytCVHlRSURBUUFCCm96Z3dOakFNQmdOVkhSTUJBZjhFQWpBQU1BNEdBMVVkRHdFQi93UUVBd0lIZ0RBV0JnTlZIU1VCQWY4RUREQUsKQmdnckJnRUZCUWNEQWpBTkJna3Foa2lHOXcwQkFRVUZBQU9DQVFFQVB4NXM3dnFIT1dFQ253c3NabnVBbXhUQgpTaldReVJMdjVwUlErK1ZQbWZEZW9xYTRwUmRpc3VJYkhrbzhINFl4dEhGNmZOOU4zM1dOemdYZ0JqMUZDemZLCmQzV0FOTmg0MXArc0FGc0Ftc2hqMTlqcjcvMlpST0duRnQ5WGgzZEZIbmNUMmVTTm51NVJsY3B0UGdFSUhwcFAKd096aUJIVENUclpyWldaRlVnbWhucUlqTENCRjFFV2E2SmtyQWUxVUluZDlkV01tRGJYQ01WNkNSRzBVSWY4Sgo4eUR3UnBRN1NLL2kxTEtBT2ZDRkFHQXF3SDN5N25BRmluVjBPTWlkUDZ5ZENDRVJrU2E2RTlzR2dmOW43UzloClM5QzdhVGVGdjJUNWFxV3p3YnRDRlJqQlRjN0doZGMwRVhPbVVzbzZkWnRCNmFqWTVEaDFaSG5DZGV5WFVBPT0KLS0tLS1FTkQgQ0VSVElGSUNBVEUtLS0tLQo=",
            "public_key_data": null,
            "public_key_type": "TYPE_X509_PEM_FILE",
            "service_account_id": "projects/sm-demo-forteam/serviceAccounts/secondary@sm-demo-forteam.iam.gserviceaccount.com",
            "valid_after": "2021-03-19T14:35:54Z",
            "valid_before": "2021-04-18T14:35:54Z"
          },
          "sensitive_attributes": [],
          "private": "bnVsbA==",
          "dependencies": [
            "data.google_client_config.current",
            "module.hub-secondary.google_service_account.gke_hub_sa"
          ]
        }
      ]
    },
    {
      "module": "module.hub-secondary.module.gke_hub_registration",
      "mode": "data",
      "type": "external",
      "name": "env_override",
      "provider": "provider[\"registry.terraform.io/hashicorp/external\"]",
      "instances": [
        {
          "index_key": 0,
          "schema_version": 0,
          "attributes": {
            "id": "-",
            "program": [
              ".terraform/modules/hub-secondary.gke_hub_registration/scripts/check_env.sh"
            ],
            "query": null,
            "result": {
              "download": ""
            },
            "working_dir": null
          },
          "sensitive_attributes": []
        }
      ]
    },
    {
      "module": "module.hub-secondary.module.gke_hub_registration",
      "mode": "managed",
      "type": "null_resource",
      "name": "module_depends_on",
      "provider": "provider[\"registry.terraform.io/hashicorp/null\"]",
      "instances": [
        {
          "index_key": 0,
          "schema_version": 0,
          "attributes": {
            "id": "2370694831097542265",
            "triggers": {
              "value": "1"
            }
          },
          "sensitive_attributes": [
            [
              {
                "type": "get_attr",
                "value": "triggers"
              },
              {
                "type": "index",
                "value": {
                  "value": "value",
                  "type": "string"
                }
              }
            ]
          ],
          "private": "bnVsbA==",
          "dependencies": [
            "data.google_client_config.current",
            "data.google_project.project",
            "module.project-services.google_project_service.project_services",
            "module.secondary-cluster.data.google_compute_zones.available",
            "module.secondary-cluster.data.google_container_engine_versions.region",
            "module.secondary-cluster.data.google_container_engine_versions.zone",
            "module.secondary-cluster.google_container_cluster.primary",
            "module.secondary-cluster.google_container_node_pool.pools",
            "module.secondary-cluster.google_service_account.cluster_service_account",
            "module.secondary-cluster.random_shuffle.available_zones",
            "module.secondary-cluster.random_string.cluster_service_account_suffix"
          ]
        }
      ]
    },
    {
      "module": "module.hub-secondary.module.gke_hub_registration",
      "mode": "managed",
      "type": "null_resource",
      "name": "run_command",
      "provider": "provider[\"registry.terraform.io/hashicorp/null\"]",
      "instances": [
        {
          "index_key": 0,
          "schema_version": 0,
          "attributes": {
            "id": "1438907888412224094",
            "triggers": {
              "arguments": "b0a2f8c1087c2cff0dee84e314f29893",
              "create_cmd_body": "1 secondary ewogICJ0eXBlIjogInNlcnZpY2VfYWNjb3VudCIsCiAgInByb2plY3RfaWQiOiAic20tZGVtby1mb3J0ZWFtIiwKICAicHJpdmF0ZV9rZXlfaWQiOiAiY2M0OTg5MTMwYzU5YzlhYzUzODIyOGZmYjE3NmM4YTlmNDQwNmE1MyIsCiAgInByaXZhdGVfa2V5IjogIi0tLS0tQkVHSU4gUFJJVkFURSBLRVktLS0tLVxuTUlJRXZnSUJBREFOQmdrcWhraUc5dzBCQVFFRkFBU0NCS2d3Z2dTa0FnRUFBb0lCQVFEU2FyMzVQU1hvRnovOVxuUkxNVTlxZHI4anFWOVU0VWVQVGlBTzVPbU8rWFdVaHdXa3VKN2s4ZGlQTy95V2dWcHB1Y2NEcThmTHZBa1Jqc1xuYlA3bFNicXRHV3hZWkdJc3daY2Y3WUR3a1F0d0FxK2hpc1NpazV3WExvVFBRL3lHQXljekFCLzVEZ215ZzdXR1xueThUVGREOTVOQWhkZDRjQ3MwMHIzc2hCK0FQMzNtOGdSTUtFZHRBclZiVXYxNFNDU0pUVjZXMlhMRmcyc1NYYVxuSk1PamFGcE9GZ1pqdjJnbWhNUUdFUG5pMlRjWG1YWXlsRWUyL3JaYkZPNHFVR282QVhjWWo1NDFFQkV1N2p3OFxuU2JPQVJ1eW9HTkNyUzVSUDBxSkZ4RGxoQ0ZFMzRkMXZ4VGJqelI5M05rRzdGY25zcnJ2anZaUGhDTlJXcjdBRFxuemZ2NzRGUEpBZ01CQUFFQ2dnRUFBOXE1dFNXV0dxekdXc3pWM1BYeHRpdi9QN3o1RzYzbGluaEs1VHl1OHQ1TFxuVWVlTmg2N0tXemVsZzJkY2xUenlqOGlNZ3VSa0NoQitYT0pZUHZuOVJldDN6Unkxb2ExQUovRVJVaGJPRjFTdFxuUSsvSFQxVVY0R1RWUVBpMVdQMFl6RG5kM0JHU1F1ZGZ2V0xoTGFCdEF6cmRSbDBJcDVlQ08rSCtXQnNEYzVoaVxuZnZiM29vY2dtZk1DeGNIZWtjdnlMcW94SHI5WFc3NW1VQUxzbSt1QXV3eU9BaFVHSHJYM0dxaUltUlU5RFVlOVxuS0FyODRRZkVreWMwS003b0Z4WmkzOWx3QlF3NVlDWUg4YjFVQTJxQmJmdEhDWXJ0V0pVMjZFSmRmZEdmSGM4TVxuSHFiZ0JDU08rYzVUak5GZllFcDlnc0ZGS0ZIamFhcXFLenBFeHVleEN3S0JnUURvVGEydWpkdzRjZnRpSklxR1xuWEJaWTBJdHlnMGJpTXF0Y0FNdjZUK0N2NUhvaDJQc3kxWFFhQ2lPT2dZSGZKdU5Dei9lcjdzazdZWGNWaTZ5d1xuOFBFNllXeE5GVkdJamVnUEl4WlBaaGhUNVpiazNpcnAvZkNTVEJXL1lnMnVqdkJyUGVOYWxJY0hsTm90RmxrZlxuVDY1UWJ0T3c2QkpKL0t6bGIxSkV0MzI4WHdLQmdRRG40WVpzZGZZblUrNWdHZnYvTGhVODJhM0hzdURhaXRnL1xucjRBYXRsaExGTWlPSmh1enVIaHlhRlUzQVAxVFdmNFQzeDJqV1M4UGhFWFE4TGwvRWloeTFFa3lHWjFqK21TNlxuOUhidmd4Z2g0UFVSc01ZUFpVYUFyajNVZXFNQmRrTTlsbTJiUkN0T1NsdktuZTM5dm1janBjc1hhVlZIS3ZsV1xuUnpJSitBemcxd0tCZ1FDbDM3R0F6bkxOS3paZzRjNjRHZEVySWQ0d3FtUlc1KzlNQnBXZjZxRjVkeDl1UTgwNlxuZ3dnZi85VmIwRVczM2NDdzJHYjFNZEFtd25XUndPWlNnZmo5d3NyZVQ3YWtWdys0bjBreThLZTJZRjNhbG5qMlxuRkFsUHJWeHFCODNWTXVPZzc5UUR2Y0tkTzBCK3FWS0I5UmQyLzJ2UkNpVGxCN005TUx3QnJUUHU2UUtCZ0dueFxuZ1pCV2lRUEk5aldVU2ExNmFadW12UjVyblE1Y3Q1YkpZWmRTenA1blBZYXM1S1ZGV0VxMVhwSEY4dmc5T3JmclxuamNnUFBGQXptQTV4bmQ3djlla1pFdVJBRGNnYkpDRERCd0JCZmlva2RQUUROMHJiYzgzaFRrQ2hVNDZjY1BaWFxubjNaOE8ra0dVbEFOdmluYjc1VzY3MEtnRHFWNGZma3NpREZEMHVaN0FvR0JBS3Voa3l1YXpQS1RTMnhSUWVtWFxudU12eDMrenBRMCtBK2R1a2g2RTZvdlorSzlhdjZKR3lsUUNueUpQbjF2LzFjeVJjVHBYQ0hqMVI5MHllSDFOalxueE1JaGpaSWFZR0xISFl4UVA4SGwzRS91T0ZZQnA4OXoxM0FEaFB4UkpGdkpwRCs3RlFBcHA1R3FleHpFZWRDRlxuWGxJQ1RuN2xzN0xwM2FJT3FRcnQ4T1AzXG4tLS0tLUVORCBQUklWQVRFIEtFWS0tLS0tXG4iLAogICJjbGllbnRfZW1haWwiOiAic2Vjb25kYXJ5QHNtLWRlbW8tZm9ydGVhbS5pYW0uZ3NlcnZpY2VhY2NvdW50LmNvbSIsCiAgImNsaWVudF9pZCI6ICIxMTIwMjE4MTEwNjIzMTg2OTA2NDMiLAogICJhdXRoX3VyaSI6ICJodHRwczovL2FjY291bnRzLmdvb2dsZS5jb20vby9vYXV0aDIvYXV0aCIsCiAgInRva2VuX3VyaSI6ICJodHRwczovL29hdXRoMi5nb29nbGVhcGlzLmNvbS90b2tlbiIsCiAgImF1dGhfcHJvdmlkZXJfeDUwOV9jZXJ0X3VybCI6ICJodHRwczovL3d3dy5nb29nbGVhcGlzLmNvbS9vYXV0aDIvdjEvY2VydHMiLAogICJjbGllbnRfeDUwOV9jZXJ0X3VybCI6ICJodHRwczovL3d3dy5nb29nbGVhcGlzLmNvbS9yb2JvdC92MS9tZXRhZGF0YS94NTA5L3NlY29uZGFyeSU0MHNtLWRlbW8tZm9ydGVhbS5pYW0uZ3NlcnZpY2VhY2NvdW50LmNvbSIKfQo= https://container.googleapis.com/projects/sm-demo-forteam/locations/us-west1-b/clusters/secondary sm-demo-forteam ",
              "create_cmd_entrypoint": ".terraform/modules/hub-secondary/modules/hub/scripts/gke_hub_registration.sh",
              "gcloud_bin_abs_path": "/google-cloud-sdk/bin",
              "md5": "13fac7f592b9c51757cee491bc5f8873"
            }
          },
          "sensitive_attributes": [],
          "private": "bnVsbA==",
          "dependencies": [
            "data.google_client_config.current",
            "data.google_project.project",
            "module.hub-secondary.google_service_account.gke_hub_sa",
            "module.hub-secondary.google_service_account_key.gke_hub_key",
            "module.hub-secondary.module.gke_hub_registration.data.external.env_override",
            "module.hub-secondary.module.gke_hub_registration.null_resource.additional_components",
            "module.hub-secondary.module.gke_hub_registration.null_resource.decompress",
            "module.hub-secondary.module.gke_hub_registration.null_resource.download_gcloud",
            "module.hub-secondary.module.gke_hub_registration.null_resource.download_jq",
            "module.hub-secondary.module.gke_hub_registration.null_resource.gcloud_auth_google_credentials",
            "module.hub-secondary.module.gke_hub_registration.null_resource.gcloud_auth_service_account_key_file",
            "module.hub-secondary.module.gke_hub_registration.null_resource.module_depends_on",
            "module.hub-secondary.module.gke_hub_registration.null_resource.prepare_cache",
            "module.hub-secondary.module.gke_hub_registration.null_resource.upgrade",
            "module.hub-secondary.module.gke_hub_registration.random_id.cache",
            "module.project-services.google_project_service.project_services",
            "module.secondary-cluster.data.google_compute_zones.available",
            "module.secondary-cluster.data.google_container_engine_versions.region",
            "module.secondary-cluster.data.google_container_engine_versions.zone",
            "module.secondary-cluster.google_container_cluster.primary",
            "module.secondary-cluster.google_container_node_pool.pools",
            "module.secondary-cluster.google_service_account.cluster_service_account",
            "module.secondary-cluster.random_shuffle.available_zones",
            "module.secondary-cluster.random_string.cluster_service_account_suffix"
          ]
        }
      ]
    },
    {
      "module": "module.hub-secondary.module.gke_hub_registration",
      "mode": "managed",
      "type": "null_resource",
      "name": "run_destroy_command",
      "provider": "provider[\"registry.terraform.io/hashicorp/null\"]",
      "instances": [
        {
          "index_key": 0,
          "schema_version": 0,
          "attributes": {
            "id": "6352988616295622191",
            "triggers": {
              "destroy_cmd_body": "1 secondary https://container.googleapis.com/projects/sm-demo-forteam/locations/us-west1-b/clusters/secondary sm-demo-forteam",
              "destroy_cmd_entrypoint": ".terraform/modules/hub-secondary/modules/hub/scripts/gke_hub_unregister.sh",
              "gcloud_bin_abs_path": "/google-cloud-sdk/bin"
            }
          },
          "sensitive_attributes": [],
          "private": "bnVsbA==",
          "dependencies": [
            "data.google_client_config.current",
            "data.google_project.project",
            "module.hub-secondary.google_service_account.gke_hub_sa",
            "module.hub-secondary.google_service_account_key.gke_hub_key",
            "module.hub-secondary.module.gke_hub_registration.data.external.env_override",
            "module.hub-secondary.module.gke_hub_registration.null_resource.additional_components",
            "module.hub-secondary.module.gke_hub_registration.null_resource.decompress",
            "module.hub-secondary.module.gke_hub_registration.null_resource.download_gcloud",
            "module.hub-secondary.module.gke_hub_registration.null_resource.download_jq",
            "module.hub-secondary.module.gke_hub_registration.null_resource.gcloud_auth_google_credentials",
            "module.hub-secondary.module.gke_hub_registration.null_resource.gcloud_auth_service_account_key_file",
            "module.hub-secondary.module.gke_hub_registration.null_resource.module_depends_on",
            "module.hub-secondary.module.gke_hub_registration.null_resource.prepare_cache",
            "module.hub-secondary.module.gke_hub_registration.null_resource.upgrade",
            "module.hub-secondary.module.gke_hub_registration.random_id.cache",
            "module.project-services.google_project_service.project_services",
            "module.secondary-cluster.data.google_compute_zones.available",
            "module.secondary-cluster.data.google_container_engine_versions.region",
            "module.secondary-cluster.data.google_container_engine_versions.zone",
            "module.secondary-cluster.google_container_cluster.primary",
            "module.secondary-cluster.google_container_node_pool.pools",
            "module.secondary-cluster.google_service_account.cluster_service_account",
            "module.secondary-cluster.random_shuffle.available_zones",
            "module.secondary-cluster.random_string.cluster_service_account_suffix"
          ]
        }
      ]
    },
    {
      "module": "module.primary-cluster",
      "mode": "data",
      "type": "google_client_config",
      "name": "default",
      "provider": "provider[\"registry.terraform.io/hashicorp/google-beta\"]",
      "instances": [
        {
          "schema_version": 0,
          "attributes": {
            "access_token": "ya29.a0AfH6SMBxalsRNpJh5MtJSOoejzwQgdw8LmxQFJNKpBEsP-pLcYYWXx61421eemvTog_llqoBuNMNNcmHblfH5hNt4E9vOWyOUh74S5UVllw1Eeb9TL8uo9RiOuL4epV0DjB8WS4wgw1lPdDSFLLRGnZBDx9aCRZceRfE-F2a2OlIAgJ8y2pW4o9pHEvelwRF8c7FjwmVAT_r-X6XsACh-Sf_5-98UXHt9c-4e-Ba0LzIY5rjg2nKHKRR4HzLzuowZLUwYo6x-Q",
            "id": "projects/sm-demo-forteam/regions//zones/",
            "project": "sm-demo-forteam",
            "region": "",
            "zone": ""
          },
          "sensitive_attributes": []
        }
      ]
    },
    {
      "module": "module.primary-cluster",
      "mode": "data",
      "type": "google_compute_zones",
      "name": "available",
      "provider": "provider[\"registry.terraform.io/hashicorp/google-beta\"]",
      "instances": [
        {
          "schema_version": 0,
          "attributes": {
            "id": "projects/sm-demo-forteam/regions/us-central1",
            "names": [
              "us-central1-a",
              "us-central1-b",
              "us-central1-c",
              "us-central1-f"
            ],
            "project": "sm-demo-forteam",
            "region": "us-central1",
            "status": null
          },
          "sensitive_attributes": []
        }
      ]
    },
    {
      "module": "module.primary-cluster",
      "mode": "data",
      "type": "google_container_engine_versions",
      "name": "region",
      "provider": "provider[\"registry.terraform.io/hashicorp/google\"]",
      "instances": [
        {
          "schema_version": 0,
          "attributes": {
            "default_cluster_version": "1.17.17-gke.1101",
            "id": "2021-03-19 14:39:32.312733524 +0000 UTC",
            "latest_master_version": "1.18.16-gke.500",
            "latest_node_version": "1.18.16-gke.500",
            "location": "us-central1-a",
            "project": "sm-demo-forteam",
            "release_channel_default_version": {
              "RAPID": "1.19.7-gke.2503",
              "REGULAR": "1.18.12-gke.1210",
              "STABLE": "1.17.17-gke.1101"
            },
            "valid_master_versions": [
              "1.18.16-gke.500",
              "1.18.16-gke.300",
              "1.18.15-gke.1501",
              "1.18.15-gke.1500",
              "1.18.15-gke.1102",
              "1.18.15-gke.1100",
              "1.18.14-gke.1600",
              "1.18.14-gke.1200",
              "1.18.12-gke.1210",
              "1.17.17-gke.3000",
              "1.17.17-gke.2800",
              "1.17.17-gke.1500",
              "1.17.17-gke.1101",
              "1.17.17-gke.1100",
              "1.17.15-gke.800",
              "1.16.15-gke.12500",
              "1.16.15-gke.11800",
              "1.16.15-gke.10600",
              "1.16.15-gke.7801",
              "1.15.12-gke.6002"
            ],
            "valid_node_versions": [
              "1.18.16-gke.500",
              "1.18.16-gke.300",
              "1.18.15-gke.2500",
              "1.18.15-gke.1501",
              "1.18.15-gke.1500",
              "1.18.15-gke.1102",
              "1.18.15-gke.1100",
              "1.18.15-gke.800",
              "1.18.14-gke.1600",
              "1.18.14-gke.1200",
              "1.18.12-gke.1210",
              "1.18.12-gke.1206",
              "1.18.12-gke.1205",
              "1.18.12-gke.1201",
              "1.18.12-gke.1200",
              "1.18.12-gke.300",
              "1.18.10-gke.2701",
              "1.18.10-gke.2101",
              "1.18.10-gke.1500",
              "1.18.10-gke.601",
              "1.18.9-gke.2501",
              "1.18.9-gke.1501",
              "1.18.9-gke.801",
              "1.18.6-gke.4801",
              "1.18.6-gke.3504",
              "1.18.6-gke.3503",
              "1.17.17-gke.3000",
              "1.17.17-gke.2800",
              "1.17.17-gke.2500",
              "1.17.17-gke.1500",
              "1.17.17-gke.1101",
              "1.17.17-gke.1100",
              "1.17.17-gke.600",
              "1.17.16-gke.1600",
              "1.17.16-gke.1300",
              "1.17.15-gke.800",
              "1.17.15-gke.300",
              "1.17.14-gke.1600",
              "1.17.14-gke.1200",
              "1.17.14-gke.400",
              "1.17.13-gke.2600",
              "1.17.13-gke.2001",
              "1.17.13-gke.1401",
              "1.17.13-gke.1400",
              "1.17.13-gke.600",
              "1.17.12-gke.2502",
              "1.17.12-gke.1504",
              "1.17.12-gke.1501",
              "1.17.12-gke.500",
              "1.17.9-gke.6300",
              "1.17.9-gke.1504",
              "1.16.15-gke.12500",
              "1.16.15-gke.11800",
              "1.16.15-gke.10600",
              "1.16.15-gke.7801",
              "1.16.15-gke.7800",
              "1.16.15-gke.7300",
              "1.16.15-gke.6900",
              "1.16.15-gke.6000",
              "1.16.15-gke.5500",
              "1.16.15-gke.4901",
              "1.16.15-gke.4301",
              "1.16.15-gke.4300",
              "1.16.15-gke.3500",
              "1.16.15-gke.2601",
              "1.16.15-gke.1600",
              "1.16.15-gke.500",
              "1.16.13-gke.404",
              "1.16.13-gke.403",
              "1.16.13-gke.401",
              "1.16.13-gke.400",
              "1.16.13-gke.1",
              "1.16.11-gke.5",
              "1.16.10-gke.8",
              "1.16.9-gke.6",
              "1.16.9-gke.2",
              "1.16.8-gke.15",
              "1.16.8-gke.12",
              "1.16.8-gke.9",
              "1.15.12-gke.6002",
              "1.15.12-gke.6001",
              "1.15.12-gke.5000",
              "1.15.12-gke.4002",
              "1.15.12-gke.4000",
              "1.15.12-gke.20",
              "1.15.12-gke.17",
              "1.15.12-gke.16",
              "1.15.12-gke.13",
              "1.15.12-gke.9",
              "1.15.12-gke.6",
              "1.15.12-gke.3",
              "1.15.12-gke.2",
              "1.15.11-gke.17",
              "1.15.11-gke.15",
              "1.15.11-gke.13",
              "1.15.11-gke.12",
              "1.15.11-gke.11",
              "1.15.11-gke.9",
              "1.15.11-gke.5",
              "1.15.11-gke.3",
              "1.15.11-gke.1",
              "1.15.9-gke.26",
              "1.15.9-gke.24",
              "1.15.9-gke.22",
              "1.15.9-gke.12",
              "1.15.9-gke.9",
              "1.15.9-gke.8",
              "1.15.8-gke.3",
              "1.15.8-gke.2",
              "1.15.7-gke.23",
              "1.15.7-gke.2",
              "1.15.4-gke.22",
              "1.14.10-gke.1504",
              "1.14.10-gke.902",
              "1.14.10-gke.50",
              "1.14.10-gke.46",
              "1.14.10-gke.45",
              "1.14.10-gke.42",
              "1.14.10-gke.41",
              "1.14.10-gke.40",
              "1.14.10-gke.37",
              "1.14.10-gke.36",
              "1.14.10-gke.34",
              "1.14.10-gke.32",
              "1.14.10-gke.31",
              "1.14.10-gke.27",
              "1.14.10-gke.24",
              "1.14.10-gke.22",
              "1.14.10-gke.21",
              "1.14.10-gke.17",
              "1.14.10-gke.0",
              "1.14.9-gke.23",
              "1.14.9-gke.2",
              "1.14.9-gke.0",
              "1.14.8-gke.33",
              "1.14.8-gke.21",
              "1.14.8-gke.18",
              "1.14.8-gke.17",
              "1.14.8-gke.14",
              "1.14.8-gke.12",
              "1.14.8-gke.7",
              "1.14.8-gke.2",
              "1.14.7-gke.40",
              "1.14.7-gke.25",
              "1.14.7-gke.23",
              "1.14.7-gke.17",
              "1.14.7-gke.14",
              "1.14.7-gke.10",
              "1.14.6-gke.13",
              "1.14.6-gke.2",
              "1.14.6-gke.1",
              "1.14.3-gke.11",
              "1.14.3-gke.10",
              "1.14.3-gke.9",
              "1.14.2-gke.9",
              "1.14.1-gke.5",
              "1.13.12-gke.30",
              "1.13.12-gke.25",
              "1.13.12-gke.17",
              "1.13.12-gke.16",
              "1.13.12-gke.14",
              "1.13.12-gke.13",
              "1.13.12-gke.10",
              "1.13.12-gke.8",
              "1.13.12-gke.4",
              "1.13.12-gke.2",
              "1.13.11-gke.23",
              "1.13.11-gke.15",
              "1.13.11-gke.14",
              "1.13.11-gke.12",
              "1.13.11-gke.11",
              "1.13.11-gke.9",
              "1.13.11-gke.5",
              "1.13.10-gke.7",
              "1.13.10-gke.0",
              "1.13.9-gke.11",
              "1.13.9-gke.3",
              "1.13.7-gke.24",
              "1.13.7-gke.19",
              "1.13.7-gke.15",
              "1.13.7-gke.8",
              "1.13.7-gke.0",
              "1.13.6-gke.13",
              "1.13.6-gke.6",
              "1.13.6-gke.5",
              "1.13.6-gke.0",
              "1.13.5-gke.10",
              "1.12.10-gke.22",
              "1.12.10-gke.20",
              "1.12.10-gke.19",
              "1.12.10-gke.18",
              "1.12.10-gke.17",
              "1.12.10-gke.15",
              "1.12.10-gke.13",
              "1.12.10-gke.11",
              "1.12.10-gke.5",
              "1.12.9-gke.16",
              "1.12.9-gke.15",
              "1.12.9-gke.13",
              "1.12.9-gke.10",
              "1.12.9-gke.7",
              "1.12.9-gke.3",
              "1.12.8-gke.12",
              "1.12.8-gke.10",
              "1.12.8-gke.7",
              "1.12.8-gke.6",
              "1.12.7-gke.26",
              "1.12.7-gke.25",
              "1.12.7-gke.24",
              "1.12.7-gke.22",
              "1.12.7-gke.21",
              "1.12.7-gke.17",
              "1.12.7-gke.10",
              "1.12.7-gke.7",
              "1.12.6-gke.11",
              "1.12.6-gke.10",
              "1.12.6-gke.7",
              "1.12.5-gke.10",
              "1.12.5-gke.5",
              "1.11.10-gke.6",
              "1.11.10-gke.5"
            ],
            "version_prefix": null
          },
          "sensitive_attributes": []
        }
      ]
    },
    {
      "module": "module.primary-cluster",
      "mode": "data",
      "type": "google_container_engine_versions",
      "name": "zone",
      "provider": "provider[\"registry.terraform.io/hashicorp/google\"]",
      "instances": [
        {
          "schema_version": 0,
          "attributes": {
            "default_cluster_version": "1.17.17-gke.1101",
            "id": "2021-03-19 14:39:32.702300439 +0000 UTC",
            "latest_master_version": "1.18.16-gke.500",
            "latest_node_version": "1.18.16-gke.500",
            "location": "us-central1-a",
            "project": "sm-demo-forteam",
            "release_channel_default_version": {
              "RAPID": "1.19.7-gke.2503",
              "REGULAR": "1.18.12-gke.1210",
              "STABLE": "1.17.17-gke.1101"
            },
            "valid_master_versions": [
              "1.18.16-gke.500",
              "1.18.16-gke.300",
              "1.18.15-gke.1501",
              "1.18.15-gke.1500",
              "1.18.15-gke.1102",
              "1.18.15-gke.1100",
              "1.18.14-gke.1600",
              "1.18.14-gke.1200",
              "1.18.12-gke.1210",
              "1.17.17-gke.3000",
              "1.17.17-gke.2800",
              "1.17.17-gke.1500",
              "1.17.17-gke.1101",
              "1.17.17-gke.1100",
              "1.17.15-gke.800",
              "1.16.15-gke.12500",
              "1.16.15-gke.11800",
              "1.16.15-gke.10600",
              "1.16.15-gke.7801",
              "1.15.12-gke.6002"
            ],
            "valid_node_versions": [
              "1.18.16-gke.500",
              "1.18.16-gke.300",
              "1.18.15-gke.2500",
              "1.18.15-gke.1501",
              "1.18.15-gke.1500",
              "1.18.15-gke.1102",
              "1.18.15-gke.1100",
              "1.18.15-gke.800",
              "1.18.14-gke.1600",
              "1.18.14-gke.1200",
              "1.18.12-gke.1210",
              "1.18.12-gke.1206",
              "1.18.12-gke.1205",
              "1.18.12-gke.1201",
              "1.18.12-gke.1200",
              "1.18.12-gke.300",
              "1.18.10-gke.2701",
              "1.18.10-gke.2101",
              "1.18.10-gke.1500",
              "1.18.10-gke.601",
              "1.18.9-gke.2501",
              "1.18.9-gke.1501",
              "1.18.9-gke.801",
              "1.18.6-gke.4801",
              "1.18.6-gke.3504",
              "1.18.6-gke.3503",
              "1.17.17-gke.3000",
              "1.17.17-gke.2800",
              "1.17.17-gke.2500",
              "1.17.17-gke.1500",
              "1.17.17-gke.1101",
              "1.17.17-gke.1100",
              "1.17.17-gke.600",
              "1.17.16-gke.1600",
              "1.17.16-gke.1300",
              "1.17.15-gke.800",
              "1.17.15-gke.300",
              "1.17.14-gke.1600",
              "1.17.14-gke.1200",
              "1.17.14-gke.400",
              "1.17.13-gke.2600",
              "1.17.13-gke.2001",
              "1.17.13-gke.1401",
              "1.17.13-gke.1400",
              "1.17.13-gke.600",
              "1.17.12-gke.2502",
              "1.17.12-gke.1504",
              "1.17.12-gke.1501",
              "1.17.12-gke.500",
              "1.17.9-gke.6300",
              "1.17.9-gke.1504",
              "1.16.15-gke.12500",
              "1.16.15-gke.11800",
              "1.16.15-gke.10600",
              "1.16.15-gke.7801",
              "1.16.15-gke.7800",
              "1.16.15-gke.7300",
              "1.16.15-gke.6900",
              "1.16.15-gke.6000",
              "1.16.15-gke.5500",
              "1.16.15-gke.4901",
              "1.16.15-gke.4301",
              "1.16.15-gke.4300",
              "1.16.15-gke.3500",
              "1.16.15-gke.2601",
              "1.16.15-gke.1600",
              "1.16.15-gke.500",
              "1.16.13-gke.404",
              "1.16.13-gke.403",
              "1.16.13-gke.401",
              "1.16.13-gke.400",
              "1.16.13-gke.1",
              "1.16.11-gke.5",
              "1.16.10-gke.8",
              "1.16.9-gke.6",
              "1.16.9-gke.2",
              "1.16.8-gke.15",
              "1.16.8-gke.12",
              "1.16.8-gke.9",
              "1.15.12-gke.6002",
              "1.15.12-gke.6001",
              "1.15.12-gke.5000",
              "1.15.12-gke.4002",
              "1.15.12-gke.4000",
              "1.15.12-gke.20",
              "1.15.12-gke.17",
              "1.15.12-gke.16",
              "1.15.12-gke.13",
              "1.15.12-gke.9",
              "1.15.12-gke.6",
              "1.15.12-gke.3",
              "1.15.12-gke.2",
              "1.15.11-gke.17",
              "1.15.11-gke.15",
              "1.15.11-gke.13",
              "1.15.11-gke.12",
              "1.15.11-gke.11",
              "1.15.11-gke.9",
              "1.15.11-gke.5",
              "1.15.11-gke.3",
              "1.15.11-gke.1",
              "1.15.9-gke.26",
              "1.15.9-gke.24",
              "1.15.9-gke.22",
              "1.15.9-gke.12",
              "1.15.9-gke.9",
              "1.15.9-gke.8",
              "1.15.8-gke.3",
              "1.15.8-gke.2",
              "1.15.7-gke.23",
              "1.15.7-gke.2",
              "1.15.4-gke.22",
              "1.14.10-gke.1504",
              "1.14.10-gke.902",
              "1.14.10-gke.50",
              "1.14.10-gke.46",
              "1.14.10-gke.45",
              "1.14.10-gke.42",
              "1.14.10-gke.41",
              "1.14.10-gke.40",
              "1.14.10-gke.37",
              "1.14.10-gke.36",
              "1.14.10-gke.34",
              "1.14.10-gke.32",
              "1.14.10-gke.31",
              "1.14.10-gke.27",
              "1.14.10-gke.24",
              "1.14.10-gke.22",
              "1.14.10-gke.21",
              "1.14.10-gke.17",
              "1.14.10-gke.0",
              "1.14.9-gke.23",
              "1.14.9-gke.2",
              "1.14.9-gke.0",
              "1.14.8-gke.33",
              "1.14.8-gke.21",
              "1.14.8-gke.18",
              "1.14.8-gke.17",
              "1.14.8-gke.14",
              "1.14.8-gke.12",
              "1.14.8-gke.7",
              "1.14.8-gke.2",
              "1.14.7-gke.40",
              "1.14.7-gke.25",
              "1.14.7-gke.23",
              "1.14.7-gke.17",
              "1.14.7-gke.14",
              "1.14.7-gke.10",
              "1.14.6-gke.13",
              "1.14.6-gke.2",
              "1.14.6-gke.1",
              "1.14.3-gke.11",
              "1.14.3-gke.10",
              "1.14.3-gke.9",
              "1.14.2-gke.9",
              "1.14.1-gke.5",
              "1.13.12-gke.30",
              "1.13.12-gke.25",
              "1.13.12-gke.17",
              "1.13.12-gke.16",
              "1.13.12-gke.14",
              "1.13.12-gke.13",
              "1.13.12-gke.10",
              "1.13.12-gke.8",
              "1.13.12-gke.4",
              "1.13.12-gke.2",
              "1.13.11-gke.23",
              "1.13.11-gke.15",
              "1.13.11-gke.14",
              "1.13.11-gke.12",
              "1.13.11-gke.11",
              "1.13.11-gke.9",
              "1.13.11-gke.5",
              "1.13.10-gke.7",
              "1.13.10-gke.0",
              "1.13.9-gke.11",
              "1.13.9-gke.3",
              "1.13.7-gke.24",
              "1.13.7-gke.19",
              "1.13.7-gke.15",
              "1.13.7-gke.8",
              "1.13.7-gke.0",
              "1.13.6-gke.13",
              "1.13.6-gke.6",
              "1.13.6-gke.5",
              "1.13.6-gke.0",
              "1.13.5-gke.10",
              "1.12.10-gke.22",
              "1.12.10-gke.20",
              "1.12.10-gke.19",
              "1.12.10-gke.18",
              "1.12.10-gke.17",
              "1.12.10-gke.15",
              "1.12.10-gke.13",
              "1.12.10-gke.11",
              "1.12.10-gke.5",
              "1.12.9-gke.16",
              "1.12.9-gke.15",
              "1.12.9-gke.13",
              "1.12.9-gke.10",
              "1.12.9-gke.7",
              "1.12.9-gke.3",
              "1.12.8-gke.12",
              "1.12.8-gke.10",
              "1.12.8-gke.7",
              "1.12.8-gke.6",
              "1.12.7-gke.26",
              "1.12.7-gke.25",
              "1.12.7-gke.24",
              "1.12.7-gke.22",
              "1.12.7-gke.21",
              "1.12.7-gke.17",
              "1.12.7-gke.10",
              "1.12.7-gke.7",
              "1.12.6-gke.11",
              "1.12.6-gke.10",
              "1.12.6-gke.7",
              "1.12.5-gke.10",
              "1.12.5-gke.5",
              "1.11.10-gke.6",
              "1.11.10-gke.5"
            ],
            "version_prefix": null
          },
          "sensitive_attributes": []
        }
      ]
    },
    {
      "module": "module.primary-cluster",
      "mode": "managed",
      "type": "google_container_cluster",
      "name": "primary",
      "provider": "provider[\"registry.terraform.io/hashicorp/google-beta\"]",
      "instances": [
        {
          "schema_version": 1,
          "attributes": {
            "addons_config": [
              {
                "cloudrun_config": [],
                "config_connector_config": [
                  {
                    "enabled": false
                  }
                ],
                "dns_cache_config": [
                  {
                    "enabled": false
                  }
                ],
                "gce_persistent_disk_csi_driver_config": [
                  {
                    "enabled": false
                  }
                ],
                "horizontal_pod_autoscaling": [
                  {
                    "disabled": false
                  }
                ],
                "http_load_balancing": [
                  {
                    "disabled": false
                  }
                ],
                "istio_config": [
                  {
                    "auth": "AUTH_MUTUAL_TLS",
                    "disabled": true
                  }
                ],
                "kalm_config": [
                  {
                    "enabled": false
                  }
                ],
                "network_policy_config": [
                  {
                    "disabled": false
                  }
                ]
              }
            ],
            "authenticator_groups_config": [],
            "cluster_autoscaling": [
              {
                "auto_provisioning_defaults": [],
                "autoscaling_profile": "BALANCED",
                "enabled": false,
                "resource_limits": []
              }
            ],
            "cluster_ipv4_cidr": "10.64.0.0/14",
            "cluster_telemetry": [
              {
                "type": "ENABLED"
              }
            ],
            "confidential_nodes": [],
            "database_encryption": [
              {
                "key_name": "",
                "state": "DECRYPTED"
              }
            ],
            "datapath_provider": "",
            "default_max_pods_per_node": 110,
            "default_snat_status": [
              {
                "disabled": false
              }
            ],
            "description": "",
            "enable_binary_authorization": false,
            "enable_intranode_visibility": false,
            "enable_kubernetes_alpha": false,
            "enable_legacy_abac": false,
            "enable_shielded_nodes": true,
            "enable_tpu": false,
            "endpoint": "35.193.181.7",
            "id": "projects/sm-demo-forteam/locations/us-central1-a/clusters/primary",
            "initial_node_count": 0,
            "instance_group_urls": [
              "https://www.googleapis.com/compute/beta/projects/sm-demo-forteam/zones/us-central1-a/instanceGroups/gke-primary-default-pool-b8fd3cb2-grp",
              "https://www.googleapis.com/compute/beta/projects/sm-demo-forteam/zones/us-central1-a/instanceGroups/gke-primary-default-node-pool-d8ed40b7-grp"
            ],
            "ip_allocation_policy": [
              {
                "cluster_ipv4_cidr_block": "10.64.0.0/14",
                "cluster_secondary_range_name": "gke-primary-pods-e1648488",
                "services_ipv4_cidr_block": "10.68.0.0/20",
                "services_secondary_range_name": "gke-primary-services-e1648488"
              }
            ],
            "label_fingerprint": "4f04c4f6",
            "location": "us-central1-a",
            "logging_service": "logging.googleapis.com/kubernetes",
            "maintenance_policy": [
              {
                "daily_maintenance_window": [
                  {
                    "duration": "PT4H0M0S",
                    "start_time": "05:00"
                  }
                ],
                "maintenance_exclusion": [],
                "recurring_window": []
              }
            ],
            "master_auth": [
              {
                "client_certificate": "",
                "client_certificate_config": [
                  {
                    "issue_client_certificate": false
                  }
                ],
                "client_key": "",
                "cluster_ca_certificate": "LS0tLS1CRUdJTiBDRVJUSUZJQ0FURS0tLS0tCk1JSURLakNDQWhLZ0F3SUJBZ0lRYXhQV3dQamFIV05vMFNLSVlMenErREFOQmdrcWhraUc5dzBCQVFzRkFEQXYKTVMwd0t3WURWUVFERXlRMk1ERmxOVEppTnkxaE9XTTFMVFExWmpFdFlUZGxaQzFpTW1Nd01XTmhNekEwTURBdwpIaGNOTWpFd016RTVNVE16TURReldoY05Nall3TXpFNE1UUXpNRFF6V2pBdk1TMHdLd1lEVlFRREV5UTJNREZsCk5USmlOeTFoT1dNMUxUUTFaakV0WVRkbFpDMWlNbU13TVdOaE16QTBNREF3Z2dFaU1BMEdDU3FHU0liM0RRRUIKQVFVQUE0SUJEd0F3Z2dFS0FvSUJBUUNxYzUwU0ZGdk5Uem1XK1dzdVJnVkRYT1k1K2lzQ3grc2kyOEphMUovbwpCVW9oYkJiWXIvelZYMWQwMkFMZms3c2RRTEFKUDZrMWxOT0JBRk9oWDNESFJteFo1WEpmUERZeVdwclNNV01sCktDR3J0Z0RQNmp2VkQ1NUhUTHBqbFVyY0xrQXFrMmZrSGhrcWtDQ2FwY1ZYTUttcEJoOXU3NXB3a3owMSt4U2MKKzBFUWxkdlVQR0NQNmk1aGVIS2cvdDVyM0xkL1kxeG1ROFloUDhwTDJMbnMwQ0lDQ1ZwSnZmd2lNMFB3ak5aLwpjcml6RTZlRWFwYzJhUWZlZFhOZGxEeGNlWUZpdm5DbnN4ZW95VjZINlJmRTdGbGtYV3JpZk9XdnA0ZE9aVFRSCnpWRUNFYi9kUXJ0UmE5ZEc3dGtHaHRlM045R1lPKzNmc0YvRm53eG5HVEh2QWdNQkFBR2pRakJBTUE0R0ExVWQKRHdFQi93UUVBd0lDQkRBUEJnTlZIUk1CQWY4RUJUQURBUUgvTUIwR0ExVWREZ1FXQkJRUElMT2NjdFFEYXg3Tgo0eTF6V1ZaN09YOEppekFOQmdrcWhraUc5dzBCQVFzRkFBT0NBUUVBR2dPTjU3eXVtck9uQi9DcC9lOHdyTTdnCmxIQnkvOVBSSkwwZzVMRVBQV2hWUUVXTFpPem81dEJRSEJmdUxRUk5RR1Y5UnVNakJoNW04YVljdDFpR1J0eEQKRldUT3NwM3p3Q2RtcG92UTIxWmNGRkVhTkZvY3ZUaTNBVGMySEVOdVhTdy8zNkh2N1N5eDB4U2UrdDFiQWdYbQp6RkVRandwV0dOSkxOcmpCTkI0MGpNL3M5dVZRMFBxOWcyVjB5bFhwNG5Pcmovc3Nvd0VBZVNZVGxoV0pVaWJJCjhFVHRhZkJNV1QrbWxzRThWSkFnN2tVQlFvb0wyZmdhVzNIVWhTMWJGOXU3eU9uQjdHVFhSK0dORElZZ09sQlEKeDU1aE5vSm5Fc2EwbHUzMU81V3ZEZC9UNXR2RCt5RnJROXoxdFRVdVQ5Ylk4NjN1dlJiUXRnNXNNS2hzWXc9PQotLS0tLUVORCBDRVJUSUZJQ0FURS0tLS0tCg==",
                "password": "",
                "username": ""
              }
            ],
            "master_authorized_networks_config": [],
            "master_version": "1.18.12-gke.1210",
            "min_master_version": null,
            "monitoring_service": "monitoring.googleapis.com/kubernetes",
            "name": "primary",
            "network": "projects/sm-demo-forteam/global/networks/default",
            "network_policy": [
              {
                "enabled": true,
                "provider": "CALICO"
              }
            ],
            "networking_mode": "VPC_NATIVE",
            "node_config": [
              {
                "boot_disk_kms_key": "",
                "disk_size_gb": 100,
                "disk_type": "pd-standard",
                "guest_accelerator": [],
                "image_type": "COS",
                "kubelet_config": [],
                "labels": {},
                "linux_node_config": [],
                "local_ssd_count": 0,
                "machine_type": "e2-medium",
                "metadata": {
                  "disable-legacy-endpoints": "true"
                },
                "min_cpu_platform": "",
                "oauth_scopes": [
                  "https://www.googleapis.com/auth/logging.write",
                  "https://www.googleapis.com/auth/monitoring"
                ],
                "preemptible": false,
                "sandbox_config": [],
                "service_account": "tf-gke-primary-nkog@sm-demo-forteam.iam.gserviceaccount.com",
                "shielded_instance_config": [
                  {
                    "enable_integrity_monitoring": true,
                    "enable_secure_boot": false
                  }
                ],
                "tags": [],
                "taint": [],
                "workload_metadata_config": [
                  {
                    "node_metadata": "GKE_METADATA_SERVER"
                  }
                ]
              }
            ],
            "node_locations": [],
            "node_pool": [
              {
                "autoscaling": [],
                "initial_node_count": 0,
                "instance_group_urls": [
                  "https://www.googleapis.com/compute/v1/projects/sm-demo-forteam/zones/us-central1-a/instanceGroupManagers/gke-primary-default-pool-b8fd3cb2-grp"
                ],
                "management": [
                  {
                    "auto_repair": true,
                    "auto_upgrade": true
                  }
                ],
                "max_pods_per_node": 110,
                "name": "default-pool",
                "name_prefix": "",
                "node_config": [
                  {
                    "boot_disk_kms_key": "",
                    "disk_size_gb": 100,
                    "disk_type": "pd-standard",
                    "guest_accelerator": [],
                    "image_type": "COS",
                    "kubelet_config": [],
                    "labels": {},
                    "linux_node_config": [],
                    "local_ssd_count": 0,
                    "machine_type": "e2-medium",
                    "metadata": {
                      "disable-legacy-endpoints": "true"
                    },
                    "min_cpu_platform": "",
                    "oauth_scopes": [
                      "https://www.googleapis.com/auth/logging.write",
                      "https://www.googleapis.com/auth/monitoring"
                    ],
                    "preemptible": false,
                    "sandbox_config": [],
                    "service_account": "tf-gke-primary-nkog@sm-demo-forteam.iam.gserviceaccount.com",
                    "shielded_instance_config": [
                      {
                        "enable_integrity_monitoring": true,
                        "enable_secure_boot": false
                      }
                    ],
                    "tags": [],
                    "taint": [],
                    "workload_metadata_config": [
                      {
                        "node_metadata": "GKE_METADATA_SERVER"
                      }
                    ]
                  }
                ],
                "node_count": 0,
                "node_locations": [
                  "us-central1-a"
                ],
                "upgrade_settings": [
                  {
                    "max_surge": 1,
                    "max_unavailable": 0
                  }
                ],
                "version": "1.18.12-gke.1210"
              },
              {
                "autoscaling": [],
                "initial_node_count": 5,
                "instance_group_urls": [
                  "https://www.googleapis.com/compute/v1/projects/sm-demo-forteam/zones/us-central1-a/instanceGroupManagers/gke-primary-default-node-pool-d8ed40b7-grp"
                ],
                "management": [
                  {
                    "auto_repair": true,
                    "auto_upgrade": true
                  }
                ],
                "max_pods_per_node": 110,
                "name": "default-node-pool",
                "name_prefix": "",
                "node_config": [
                  {
                    "boot_disk_kms_key": "",
                    "disk_size_gb": 100,
                    "disk_type": "pd-standard",
                    "guest_accelerator": [],
                    "image_type": "COS",
                    "kubelet_config": [],
                    "labels": {
                      "cluster_name": "primary",
                      "node_pool": "default-node-pool"
                    },
                    "linux_node_config": [],
                    "local_ssd_count": 0,
                    "machine_type": "e2-standard-4",
                    "metadata": {
                      "cluster_name": "primary",
                      "disable-legacy-endpoints": "true",
                      "node_pool": "default-node-pool"
                    },
                    "min_cpu_platform": "",
                    "oauth_scopes": [
                      "https://www.googleapis.com/auth/cloud-platform"
                    ],
                    "preemptible": false,
                    "sandbox_config": [],
                    "service_account": "tf-gke-primary-nkog@sm-demo-forteam.iam.gserviceaccount.com",
                    "shielded_instance_config": [
                      {
                        "enable_integrity_monitoring": true,
                        "enable_secure_boot": false
                      }
                    ],
                    "tags": [
                      "gke-primary",
                      "gke-primary-default-node-pool"
                    ],
                    "taint": [],
                    "workload_metadata_config": [
                      {
                        "node_metadata": "GKE_METADATA_SERVER"
                      }
                    ]
                  }
                ],
                "node_count": 5,
                "node_locations": [
                  "us-central1-a"
                ],
                "upgrade_settings": [
                  {
                    "max_surge": 1,
                    "max_unavailable": 0
                  }
                ],
                "version": "1.18.12-gke.1210"
              }
            ],
            "node_version": "1.18.12-gke.1210",
            "notification_config": [
              {
                "pubsub": [
                  {
                    "enabled": false,
                    "topic": ""
                  }
                ]
              }
            ],
            "operation": null,
            "pod_security_policy_config": [
              {
                "enabled": false
              }
            ],
            "private_cluster_config": [],
            "project": "sm-demo-forteam",
            "release_channel": [
              {
                "channel": "REGULAR"
              }
            ],
            "remove_default_node_pool": false,
            "resource_labels": {
              "mesh_id": "proj-891993590564"
            },
            "resource_usage_export_config": [],
            "self_link": "https://container.googleapis.com/v1beta1/projects/sm-demo-forteam/zones/us-central1-a/clusters/primary",
            "services_ipv4_cidr": "10.68.0.0/20",
            "subnetwork": "projects/sm-demo-forteam/regions/us-central1/subnetworks/default",
            "timeouts": {
              "create": "45m",
              "delete": "45m",
              "read": null,
              "update": "45m"
            },
            "tpu_ipv4_cidr_block": "",
            "vertical_pod_autoscaling": [
              {
                "enabled": false
              }
            ],
            "workload_identity_config": [
              {
                "identity_namespace": "sm-demo-forteam.svc.id.goog"
              }
            ]
          },
          "sensitive_attributes": [],
          "private": "eyJlMmJmYjczMC1lY2FhLTExZTYtOGY4OC0zNDM2M2JjN2M0YzAiOnsiY3JlYXRlIjoyNzAwMDAwMDAwMDAwLCJkZWxldGUiOjI3MDAwMDAwMDAwMDAsInJlYWQiOjI0MDAwMDAwMDAwMDAsInVwZGF0ZSI6MjcwMDAwMDAwMDAwMH0sInNjaGVtYV92ZXJzaW9uIjoiMSJ9",
          "dependencies": [
            "data.google_client_config.current",
            "data.google_project.project",
            "module.primary-cluster.data.google_compute_zones.available",
            "module.primary-cluster.data.google_container_engine_versions.region",
            "module.primary-cluster.data.google_container_engine_versions.zone",
            "module.primary-cluster.google_service_account.cluster_service_account",
            "module.primary-cluster.random_shuffle.available_zones",
            "module.primary-cluster.random_string.cluster_service_account_suffix",
            "module.project-services.google_project_service.project_services"
          ]
        }
      ]
    },
    {
      "module": "module.primary-cluster",
      "mode": "managed",
      "type": "google_container_node_pool",
      "name": "pools",
      "provider": "provider[\"registry.terraform.io/hashicorp/google-beta\"]",
      "instances": [
        {
          "index_key": "default-node-pool",
          "schema_version": 1,
          "attributes": {
            "autoscaling": [],
            "cluster": "primary",
            "id": "projects/sm-demo-forteam/locations/us-central1-a/clusters/primary/nodePools/default-node-pool",
            "initial_node_count": 5,
            "instance_group_urls": [
              "https://www.googleapis.com/compute/v1/projects/sm-demo-forteam/zones/us-central1-a/instanceGroupManagers/gke-primary-default-node-pool-d8ed40b7-grp"
            ],
            "location": "us-central1-a",
            "management": [
              {
                "auto_repair": true,
                "auto_upgrade": true
              }
            ],
            "max_pods_per_node": 110,
            "name": "default-node-pool",
            "name_prefix": "",
            "node_config": [
              {
                "boot_disk_kms_key": "",
                "disk_size_gb": 100,
                "disk_type": "pd-standard",
                "guest_accelerator": [],
                "image_type": "COS",
                "kubelet_config": [],
                "labels": {
                  "cluster_name": "primary",
                  "node_pool": "default-node-pool"
                },
                "linux_node_config": [],
                "local_ssd_count": 0,
                "machine_type": "e2-standard-4",
                "metadata": {
                  "cluster_name": "primary",
                  "disable-legacy-endpoints": "true",
                  "node_pool": "default-node-pool"
                },
                "min_cpu_platform": "",
                "oauth_scopes": [
                  "https://www.googleapis.com/auth/cloud-platform"
                ],
                "preemptible": false,
                "sandbox_config": [],
                "service_account": "tf-gke-primary-nkog@sm-demo-forteam.iam.gserviceaccount.com",
                "shielded_instance_config": [
                  {
                    "enable_integrity_monitoring": true,
                    "enable_secure_boot": false
                  }
                ],
                "tags": [
                  "gke-primary",
                  "gke-primary-default-node-pool"
                ],
                "taint": [],
                "workload_metadata_config": [
                  {
                    "node_metadata": "GKE_METADATA_SERVER"
                  }
                ]
              }
            ],
            "node_count": 5,
            "node_locations": [
              "us-central1-a"
            ],
            "project": "sm-demo-forteam",
            "timeouts": {
              "create": "45m",
              "delete": "45m",
              "update": "45m"
            },
            "upgrade_settings": [
              {
                "max_surge": 1,
                "max_unavailable": 0
              }
            ],
            "version": "1.18.12-gke.1210"
          },
          "sensitive_attributes": [],
          "private": "eyJlMmJmYjczMC1lY2FhLTExZTYtOGY4OC0zNDM2M2JjN2M0YzAiOnsiY3JlYXRlIjoyNzAwMDAwMDAwMDAwLCJkZWxldGUiOjI3MDAwMDAwMDAwMDAsInVwZGF0ZSI6MjcwMDAwMDAwMDAwMH0sInNjaGVtYV92ZXJzaW9uIjoiMSJ9",
          "dependencies": [
            "data.google_client_config.current",
            "data.google_project.project",
            "module.primary-cluster.data.google_compute_zones.available",
            "module.primary-cluster.data.google_container_engine_versions.region",
            "module.primary-cluster.data.google_container_engine_versions.zone",
            "module.primary-cluster.google_container_cluster.primary",
            "module.primary-cluster.google_service_account.cluster_service_account",
            "module.primary-cluster.random_shuffle.available_zones",
            "module.primary-cluster.random_string.cluster_service_account_suffix",
            "module.project-services.google_project_service.project_services"
          ]
        }
      ]
    },
    {
      "module": "module.primary-cluster",
      "mode": "managed",
      "type": "google_project_iam_member",
      "name": "cluster_service_account-log_writer",
      "provider": "provider[\"registry.terraform.io/hashicorp/google\"]",
      "instances": [
        {
          "index_key": 0,
          "schema_version": 0,
          "attributes": {
            "condition": [],
            "etag": "BwW95KiDBtM=",
            "id": "sm-demo-forteam/roles/logging.logWriter/serviceaccount:tf-gke-primary-nkog@sm-demo-forteam.iam.gserviceaccount.com",
            "member": "serviceAccount:tf-gke-primary-nkog@sm-demo-forteam.iam.gserviceaccount.com",
            "project": "sm-demo-forteam",
            "role": "roles/logging.logWriter"
          },
          "sensitive_attributes": [],
          "private": "bnVsbA==",
          "dependencies": [
            "data.google_client_config.current",
            "module.primary-cluster.google_service_account.cluster_service_account",
            "module.primary-cluster.random_string.cluster_service_account_suffix",
            "module.project-services.google_project_service.project_services"
          ]
        }
      ]
    },
    {
      "module": "module.primary-cluster",
      "mode": "managed",
      "type": "google_project_iam_member",
      "name": "cluster_service_account-metric_writer",
      "provider": "provider[\"registry.terraform.io/hashicorp/google\"]",
      "instances": [
        {
          "index_key": 0,
          "schema_version": 0,
          "attributes": {
            "condition": [],
            "etag": "BwW95KiDBtM=",
            "id": "sm-demo-forteam/roles/monitoring.metricWriter/serviceaccount:tf-gke-primary-nkog@sm-demo-forteam.iam.gserviceaccount.com",
            "member": "serviceAccount:tf-gke-primary-nkog@sm-demo-forteam.iam.gserviceaccount.com",
            "project": "sm-demo-forteam",
            "role": "roles/monitoring.metricWriter"
          },
          "sensitive_attributes": [],
          "private": "bnVsbA==",
          "dependencies": [
            "data.google_client_config.current",
            "module.primary-cluster.google_project_iam_member.cluster_service_account-log_writer",
            "module.primary-cluster.google_service_account.cluster_service_account",
            "module.primary-cluster.random_string.cluster_service_account_suffix",
            "module.project-services.google_project_service.project_services"
          ]
        }
      ]
    },
    {
      "module": "module.primary-cluster",
      "mode": "managed",
      "type": "google_project_iam_member",
      "name": "cluster_service_account-monitoring_viewer",
      "provider": "provider[\"registry.terraform.io/hashicorp/google\"]",
      "instances": [
        {
          "index_key": 0,
          "schema_version": 0,
          "attributes": {
            "condition": [],
            "etag": "BwW95KiDBtM=",
            "id": "sm-demo-forteam/roles/monitoring.viewer/serviceaccount:tf-gke-primary-nkog@sm-demo-forteam.iam.gserviceaccount.com",
            "member": "serviceAccount:tf-gke-primary-nkog@sm-demo-forteam.iam.gserviceaccount.com",
            "project": "sm-demo-forteam",
            "role": "roles/monitoring.viewer"
          },
          "sensitive_attributes": [],
          "private": "bnVsbA==",
          "dependencies": [
            "data.google_client_config.current",
            "module.primary-cluster.google_project_iam_member.cluster_service_account-log_writer",
            "module.primary-cluster.google_project_iam_member.cluster_service_account-metric_writer",
            "module.primary-cluster.google_service_account.cluster_service_account",
            "module.primary-cluster.random_string.cluster_service_account_suffix",
            "module.project-services.google_project_service.project_services"
          ]
        }
      ]
    },
    {
      "module": "module.primary-cluster",
      "mode": "managed",
      "type": "google_project_iam_member",
      "name": "cluster_service_account-resourceMetadata-writer",
      "provider": "provider[\"registry.terraform.io/hashicorp/google\"]",
      "instances": [
        {
          "index_key": 0,
          "schema_version": 0,
          "attributes": {
            "condition": [],
            "etag": "BwW95KiDBtM=",
            "id": "sm-demo-forteam/roles/stackdriver.resourceMetadata.writer/serviceaccount:tf-gke-primary-nkog@sm-demo-forteam.iam.gserviceaccount.com",
            "member": "serviceAccount:tf-gke-primary-nkog@sm-demo-forteam.iam.gserviceaccount.com",
            "project": "sm-demo-forteam",
            "role": "roles/stackdriver.resourceMetadata.writer"
          },
          "sensitive_attributes": [],
          "private": "bnVsbA==",
          "dependencies": [
            "data.google_client_config.current",
            "module.primary-cluster.google_project_iam_member.cluster_service_account-log_writer",
            "module.primary-cluster.google_project_iam_member.cluster_service_account-metric_writer",
            "module.primary-cluster.google_project_iam_member.cluster_service_account-monitoring_viewer",
            "module.primary-cluster.google_service_account.cluster_service_account",
            "module.primary-cluster.random_string.cluster_service_account_suffix",
            "module.project-services.google_project_service.project_services"
          ]
        }
      ]
    },
    {
      "module": "module.primary-cluster",
      "mode": "managed",
      "type": "google_service_account",
      "name": "cluster_service_account",
      "provider": "provider[\"registry.terraform.io/hashicorp/google\"]",
      "instances": [
        {
          "index_key": 0,
          "schema_version": 0,
          "attributes": {
            "account_id": "tf-gke-primary-nkog",
            "description": "",
            "display_name": "Terraform-managed service account for cluster primary",
            "email": "tf-gke-primary-nkog@sm-demo-forteam.iam.gserviceaccount.com",
            "id": "projects/sm-demo-forteam/serviceAccounts/tf-gke-primary-nkog@sm-demo-forteam.iam.gserviceaccount.com",
            "name": "projects/sm-demo-forteam/serviceAccounts/tf-gke-primary-nkog@sm-demo-forteam.iam.gserviceaccount.com",
            "project": "sm-demo-forteam",
            "timeouts": null,
            "unique_id": "110137388583518763611"
          },
          "sensitive_attributes": [],
          "private": "eyJlMmJmYjczMC1lY2FhLTExZTYtOGY4OC0zNDM2M2JjN2M0YzAiOnsiY3JlYXRlIjozMDAwMDAwMDAwMDB9fQ==",
          "dependencies": [
            "data.google_client_config.current",
            "module.primary-cluster.random_string.cluster_service_account_suffix",
            "module.project-services.google_project_service.project_services"
          ]
        }
      ]
    },
    {
      "module": "module.primary-cluster",
      "mode": "managed",
      "type": "random_shuffle",
      "name": "available_zones",
      "provider": "provider[\"registry.terraform.io/hashicorp/random\"]",
      "instances": [
        {
          "schema_version": 0,
          "attributes": {
            "id": "-",
            "input": [
              "us-central1-a",
              "us-central1-b",
              "us-central1-c",
              "us-central1-f"
            ],
            "keepers": null,
            "result": [
              "us-central1-a",
              "us-central1-f",
              "us-central1-c"
            ],
            "result_count": 3,
            "seed": null
          },
          "sensitive_attributes": [],
          "private": "bnVsbA==",
          "dependencies": [
            "data.google_client_config.current",
            "module.primary-cluster.data.google_compute_zones.available",
            "module.project-services.google_project_service.project_services"
          ]
        }
      ]
    },
    {
      "module": "module.primary-cluster",
      "mode": "managed",
      "type": "random_string",
      "name": "cluster_service_account_suffix",
      "provider": "provider[\"registry.terraform.io/hashicorp/random\"]",
      "instances": [
        {
          "schema_version": 1,
          "attributes": {
            "id": "nkog",
            "keepers": null,
            "length": 4,
            "lower": true,
            "min_lower": 0,
            "min_numeric": 0,
            "min_special": 0,
            "min_upper": 0,
            "number": true,
            "override_special": null,
            "result": "nkog",
            "special": false,
            "upper": false
          },
          "sensitive_attributes": [],
          "private": "eyJzY2hlbWFfdmVyc2lvbiI6IjEifQ=="
        }
      ]
    },
    {
      "module": "module.primary-cluster.module.gcloud_delete_default_kube_dns_configmap.module.gcloud_kubectl",
      "mode": "managed",
      "type": "null_resource",
      "name": "module_depends_on",
      "provider": "provider[\"registry.terraform.io/hashicorp/null\"]",
      "instances": [
        {
          "index_key": 0,
          "schema_version": 0,
          "attributes": {
            "id": "5029080916063629035",
            "triggers": {
              "value": "3"
            }
          },
          "sensitive_attributes": [],
          "private": "bnVsbA==",
          "dependencies": [
            "data.google_client_config.current",
            "data.google_project.project",
            "module.primary-cluster.data.google_client_config.default",
            "module.primary-cluster.data.google_compute_zones.available",
            "module.primary-cluster.data.google_container_engine_versions.region",
            "module.primary-cluster.data.google_container_engine_versions.zone",
            "module.primary-cluster.google_container_cluster.primary",
            "module.primary-cluster.google_container_node_pool.pools",
            "module.primary-cluster.google_service_account.cluster_service_account",
            "module.primary-cluster.random_shuffle.available_zones",
            "module.primary-cluster.random_string.cluster_service_account_suffix",
            "module.project-services.google_project_service.project_services"
          ]
        }
      ]
    },
    {
      "module": "module.project-services",
      "mode": "managed",
      "type": "google_project_service",
      "name": "project_services",
      "provider": "provider[\"registry.terraform.io/hashicorp/google\"]",
      "instances": [
        {
          "index_key": "anthos.googleapis.com",
          "schema_version": 0,
          "attributes": {
            "disable_dependent_services": true,
            "disable_on_destroy": false,
            "id": "sm-demo-forteam/anthos.googleapis.com",
            "project": "sm-demo-forteam",
            "service": "anthos.googleapis.com",
            "timeouts": null
          },
          "sensitive_attributes": [],
          "private": "eyJlMmJmYjczMC1lY2FhLTExZTYtOGY4OC0zNDM2M2JjN2M0YzAiOnsiY3JlYXRlIjoxMjAwMDAwMDAwMDAwLCJkZWxldGUiOjEyMDAwMDAwMDAwMDAsInJlYWQiOjYwMDAwMDAwMDAwMCwidXBkYXRlIjoxMjAwMDAwMDAwMDAwfX0=",
          "dependencies": [
            "data.google_client_config.current"
          ]
        },
        {
          "index_key": "cloudresourcemanager.googleapis.com",
          "schema_version": 0,
          "attributes": {
            "disable_dependent_services": true,
            "disable_on_destroy": false,
            "id": "sm-demo-forteam/cloudresourcemanager.googleapis.com",
            "project": "sm-demo-forteam",
            "service": "cloudresourcemanager.googleapis.com",
            "timeouts": null
          },
          "sensitive_attributes": [],
          "private": "eyJlMmJmYjczMC1lY2FhLTExZTYtOGY4OC0zNDM2M2JjN2M0YzAiOnsiY3JlYXRlIjoxMjAwMDAwMDAwMDAwLCJkZWxldGUiOjEyMDAwMDAwMDAwMDAsInJlYWQiOjYwMDAwMDAwMDAwMCwidXBkYXRlIjoxMjAwMDAwMDAwMDAwfX0=",
          "dependencies": [
            "data.google_client_config.current"
          ]
        },
        {
          "index_key": "cloudtrace.googleapis.com",
          "schema_version": 0,
          "attributes": {
            "disable_dependent_services": true,
            "disable_on_destroy": false,
            "id": "sm-demo-forteam/cloudtrace.googleapis.com",
            "project": "sm-demo-forteam",
            "service": "cloudtrace.googleapis.com",
            "timeouts": null
          },
          "sensitive_attributes": [],
          "private": "eyJlMmJmYjczMC1lY2FhLTExZTYtOGY4OC0zNDM2M2JjN2M0YzAiOnsiY3JlYXRlIjoxMjAwMDAwMDAwMDAwLCJkZWxldGUiOjEyMDAwMDAwMDAwMDAsInJlYWQiOjYwMDAwMDAwMDAwMCwidXBkYXRlIjoxMjAwMDAwMDAwMDAwfX0=",
          "dependencies": [
            "data.google_client_config.current"
          ]
        },
        {
          "index_key": "compute.googleapis.com",
          "schema_version": 0,
          "attributes": {
            "disable_dependent_services": true,
            "disable_on_destroy": false,
            "id": "sm-demo-forteam/compute.googleapis.com",
            "project": "sm-demo-forteam",
            "service": "compute.googleapis.com",
            "timeouts": null
          },
          "sensitive_attributes": [],
          "private": "eyJlMmJmYjczMC1lY2FhLTExZTYtOGY4OC0zNDM2M2JjN2M0YzAiOnsiY3JlYXRlIjoxMjAwMDAwMDAwMDAwLCJkZWxldGUiOjEyMDAwMDAwMDAwMDAsInJlYWQiOjYwMDAwMDAwMDAwMCwidXBkYXRlIjoxMjAwMDAwMDAwMDAwfX0=",
          "dependencies": [
            "data.google_client_config.current"
          ]
        },
        {
          "index_key": "container.googleapis.com",
          "schema_version": 0,
          "attributes": {
            "disable_dependent_services": true,
            "disable_on_destroy": false,
            "id": "sm-demo-forteam/container.googleapis.com",
            "project": "sm-demo-forteam",
            "service": "container.googleapis.com",
            "timeouts": null
          },
          "sensitive_attributes": [],
          "private": "eyJlMmJmYjczMC1lY2FhLTExZTYtOGY4OC0zNDM2M2JjN2M0YzAiOnsiY3JlYXRlIjoxMjAwMDAwMDAwMDAwLCJkZWxldGUiOjEyMDAwMDAwMDAwMDAsInJlYWQiOjYwMDAwMDAwMDAwMCwidXBkYXRlIjoxMjAwMDAwMDAwMDAwfX0=",
          "dependencies": [
            "data.google_client_config.current"
          ]
        },
        {
          "index_key": "gkeconnect.googleapis.com",
          "schema_version": 0,
          "attributes": {
            "disable_dependent_services": true,
            "disable_on_destroy": false,
            "id": "sm-demo-forteam/gkeconnect.googleapis.com",
            "project": "sm-demo-forteam",
            "service": "gkeconnect.googleapis.com",
            "timeouts": null
          },
          "sensitive_attributes": [],
          "private": "eyJlMmJmYjczMC1lY2FhLTExZTYtOGY4OC0zNDM2M2JjN2M0YzAiOnsiY3JlYXRlIjoxMjAwMDAwMDAwMDAwLCJkZWxldGUiOjEyMDAwMDAwMDAwMDAsInJlYWQiOjYwMDAwMDAwMDAwMCwidXBkYXRlIjoxMjAwMDAwMDAwMDAwfX0=",
          "dependencies": [
            "data.google_client_config.current"
          ]
        },
        {
          "index_key": "gkehub.googleapis.com",
          "schema_version": 0,
          "attributes": {
            "disable_dependent_services": true,
            "disable_on_destroy": false,
            "id": "sm-demo-forteam/gkehub.googleapis.com",
            "project": "sm-demo-forteam",
            "service": "gkehub.googleapis.com",
            "timeouts": null
          },
          "sensitive_attributes": [],
          "private": "eyJlMmJmYjczMC1lY2FhLTExZTYtOGY4OC0zNDM2M2JjN2M0YzAiOnsiY3JlYXRlIjoxMjAwMDAwMDAwMDAwLCJkZWxldGUiOjEyMDAwMDAwMDAwMDAsInJlYWQiOjYwMDAwMDAwMDAwMCwidXBkYXRlIjoxMjAwMDAwMDAwMDAwfX0=",
          "dependencies": [
            "data.google_client_config.current"
          ]
        },
        {
          "index_key": "iam.googleapis.com",
          "schema_version": 0,
          "attributes": {
            "disable_dependent_services": true,
            "disable_on_destroy": false,
            "id": "sm-demo-forteam/iam.googleapis.com",
            "project": "sm-demo-forteam",
            "service": "iam.googleapis.com",
            "timeouts": null
          },
          "sensitive_attributes": [],
          "private": "eyJlMmJmYjczMC1lY2FhLTExZTYtOGY4OC0zNDM2M2JjN2M0YzAiOnsiY3JlYXRlIjoxMjAwMDAwMDAwMDAwLCJkZWxldGUiOjEyMDAwMDAwMDAwMDAsInJlYWQiOjYwMDAwMDAwMDAwMCwidXBkYXRlIjoxMjAwMDAwMDAwMDAwfX0=",
          "dependencies": [
            "data.google_client_config.current"
          ]
        },
        {
          "index_key": "iamcredentials.googleapis.com",
          "schema_version": 0,
          "attributes": {
            "disable_dependent_services": true,
            "disable_on_destroy": false,
            "id": "sm-demo-forteam/iamcredentials.googleapis.com",
            "project": "sm-demo-forteam",
            "service": "iamcredentials.googleapis.com",
            "timeouts": null
          },
          "sensitive_attributes": [],
          "private": "eyJlMmJmYjczMC1lY2FhLTExZTYtOGY4OC0zNDM2M2JjN2M0YzAiOnsiY3JlYXRlIjoxMjAwMDAwMDAwMDAwLCJkZWxldGUiOjEyMDAwMDAwMDAwMDAsInJlYWQiOjYwMDAwMDAwMDAwMCwidXBkYXRlIjoxMjAwMDAwMDAwMDAwfX0=",
          "dependencies": [
            "data.google_client_config.current"
          ]
        },
        {
          "index_key": "logging.googleapis.com",
          "schema_version": 0,
          "attributes": {
            "disable_dependent_services": true,
            "disable_on_destroy": false,
            "id": "sm-demo-forteam/logging.googleapis.com",
            "project": "sm-demo-forteam",
            "service": "logging.googleapis.com",
            "timeouts": null
          },
          "sensitive_attributes": [],
          "private": "eyJlMmJmYjczMC1lY2FhLTExZTYtOGY4OC0zNDM2M2JjN2M0YzAiOnsiY3JlYXRlIjoxMjAwMDAwMDAwMDAwLCJkZWxldGUiOjEyMDAwMDAwMDAwMDAsInJlYWQiOjYwMDAwMDAwMDAwMCwidXBkYXRlIjoxMjAwMDAwMDAwMDAwfX0=",
          "dependencies": [
            "data.google_client_config.current"
          ]
        },
        {
          "index_key": "meshca.googleapis.com",
          "schema_version": 0,
          "attributes": {
            "disable_dependent_services": true,
            "disable_on_destroy": false,
            "id": "sm-demo-forteam/meshca.googleapis.com",
            "project": "sm-demo-forteam",
            "service": "meshca.googleapis.com",
            "timeouts": null
          },
          "sensitive_attributes": [],
          "private": "eyJlMmJmYjczMC1lY2FhLTExZTYtOGY4OC0zNDM2M2JjN2M0YzAiOnsiY3JlYXRlIjoxMjAwMDAwMDAwMDAwLCJkZWxldGUiOjEyMDAwMDAwMDAwMDAsInJlYWQiOjYwMDAwMDAwMDAwMCwidXBkYXRlIjoxMjAwMDAwMDAwMDAwfX0=",
          "dependencies": [
            "data.google_client_config.current"
          ]
        },
        {
          "index_key": "meshconfig.googleapis.com",
          "schema_version": 0,
          "attributes": {
            "disable_dependent_services": true,
            "disable_on_destroy": false,
            "id": "sm-demo-forteam/meshconfig.googleapis.com",
            "project": "sm-demo-forteam",
            "service": "meshconfig.googleapis.com",
            "timeouts": null
          },
          "sensitive_attributes": [],
          "private": "eyJlMmJmYjczMC1lY2FhLTExZTYtOGY4OC0zNDM2M2JjN2M0YzAiOnsiY3JlYXRlIjoxMjAwMDAwMDAwMDAwLCJkZWxldGUiOjEyMDAwMDAwMDAwMDAsInJlYWQiOjYwMDAwMDAwMDAwMCwidXBkYXRlIjoxMjAwMDAwMDAwMDAwfX0=",
          "dependencies": [
            "data.google_client_config.current"
          ]
        },
        {
          "index_key": "meshtelemetry.googleapis.com",
          "schema_version": 0,
          "attributes": {
            "disable_dependent_services": true,
            "disable_on_destroy": false,
            "id": "sm-demo-forteam/meshtelemetry.googleapis.com",
            "project": "sm-demo-forteam",
            "service": "meshtelemetry.googleapis.com",
            "timeouts": null
          },
          "sensitive_attributes": [],
          "private": "eyJlMmJmYjczMC1lY2FhLTExZTYtOGY4OC0zNDM2M2JjN2M0YzAiOnsiY3JlYXRlIjoxMjAwMDAwMDAwMDAwLCJkZWxldGUiOjEyMDAwMDAwMDAwMDAsInJlYWQiOjYwMDAwMDAwMDAwMCwidXBkYXRlIjoxMjAwMDAwMDAwMDAwfX0=",
          "dependencies": [
            "data.google_client_config.current"
          ]
        },
        {
          "index_key": "monitoring.googleapis.com",
          "schema_version": 0,
          "attributes": {
            "disable_dependent_services": true,
            "disable_on_destroy": false,
            "id": "sm-demo-forteam/monitoring.googleapis.com",
            "project": "sm-demo-forteam",
            "service": "monitoring.googleapis.com",
            "timeouts": null
          },
          "sensitive_attributes": [],
          "private": "eyJlMmJmYjczMC1lY2FhLTExZTYtOGY4OC0zNDM2M2JjN2M0YzAiOnsiY3JlYXRlIjoxMjAwMDAwMDAwMDAwLCJkZWxldGUiOjEyMDAwMDAwMDAwMDAsInJlYWQiOjYwMDAwMDAwMDAwMCwidXBkYXRlIjoxMjAwMDAwMDAwMDAwfX0=",
          "dependencies": [
            "data.google_client_config.current"
          ]
        }
      ]
    },
    {
      "module": "module.secondary-cluster",
      "mode": "data",
      "type": "google_client_config",
      "name": "default",
      "provider": "provider[\"registry.terraform.io/hashicorp/google-beta\"]",
      "instances": [
        {
          "schema_version": 0,
          "attributes": {
            "access_token": "ya29.a0AfH6SMBxalsRNpJh5MtJSOoejzwQgdw8LmxQFJNKpBEsP-pLcYYWXx61421eemvTog_llqoBuNMNNcmHblfH5hNt4E9vOWyOUh74S5UVllw1Eeb9TL8uo9RiOuL4epV0DjB8WS4wgw1lPdDSFLLRGnZBDx9aCRZceRfE-F2a2OlIAgJ8y2pW4o9pHEvelwRF8c7FjwmVAT_r-X6XsACh-Sf_5-98UXHt9c-4e-Ba0LzIY5rjg2nKHKRR4HzLzuowZLUwYo6x-Q",
            "id": "projects/sm-demo-forteam/regions//zones/",
            "project": "sm-demo-forteam",
            "region": "",
            "zone": ""
          },
          "sensitive_attributes": []
        }
      ]
    },
    {
      "module": "module.secondary-cluster",
      "mode": "data",
      "type": "google_compute_zones",
      "name": "available",
      "provider": "provider[\"registry.terraform.io/hashicorp/google-beta\"]",
      "instances": [
        {
          "schema_version": 0,
          "attributes": {
            "id": "projects/sm-demo-forteam/regions/us-west1",
            "names": [
              "us-west1-a",
              "us-west1-b",
              "us-west1-c"
            ],
            "project": "sm-demo-forteam",
            "region": "us-west1",
            "status": null
          },
          "sensitive_attributes": []
        }
      ]
    },
    {
      "module": "module.secondary-cluster",
      "mode": "data",
      "type": "google_container_engine_versions",
      "name": "region",
      "provider": "provider[\"registry.terraform.io/hashicorp/google\"]",
      "instances": [
        {
          "schema_version": 0,
          "attributes": {
            "default_cluster_version": "1.17.17-gke.1101",
            "id": "2021-03-19 14:39:32.3521427 +0000 UTC",
            "latest_master_version": "1.18.16-gke.500",
            "latest_node_version": "1.18.16-gke.500",
            "location": "us-west1-b",
            "project": "sm-demo-forteam",
            "release_channel_default_version": {
              "RAPID": "1.19.7-gke.2503",
              "REGULAR": "1.18.12-gke.1210",
              "STABLE": "1.17.17-gke.1101"
            },
            "valid_master_versions": [
              "1.18.16-gke.500",
              "1.18.16-gke.300",
              "1.18.15-gke.1501",
              "1.18.15-gke.1500",
              "1.18.15-gke.1102",
              "1.18.15-gke.1100",
              "1.18.14-gke.1600",
              "1.18.14-gke.1200",
              "1.18.12-gke.1210",
              "1.17.17-gke.3000",
              "1.17.17-gke.2800",
              "1.17.17-gke.1500",
              "1.17.17-gke.1101",
              "1.17.17-gke.1100",
              "1.17.15-gke.800",
              "1.16.15-gke.12500",
              "1.16.15-gke.11800",
              "1.16.15-gke.10600",
              "1.16.15-gke.7801",
              "1.15.12-gke.6002"
            ],
            "valid_node_versions": [
              "1.18.16-gke.500",
              "1.18.16-gke.300",
              "1.18.15-gke.2500",
              "1.18.15-gke.1501",
              "1.18.15-gke.1500",
              "1.18.15-gke.1102",
              "1.18.15-gke.1100",
              "1.18.15-gke.800",
              "1.18.14-gke.1600",
              "1.18.14-gke.1200",
              "1.18.12-gke.1210",
              "1.18.12-gke.1206",
              "1.18.12-gke.1205",
              "1.18.12-gke.1201",
              "1.18.12-gke.1200",
              "1.18.12-gke.300",
              "1.18.10-gke.2701",
              "1.18.10-gke.2101",
              "1.18.10-gke.1500",
              "1.18.10-gke.601",
              "1.18.9-gke.2501",
              "1.18.9-gke.1501",
              "1.18.9-gke.801",
              "1.18.6-gke.4801",
              "1.18.6-gke.3504",
              "1.18.6-gke.3503",
              "1.17.17-gke.3000",
              "1.17.17-gke.2800",
              "1.17.17-gke.2500",
              "1.17.17-gke.1500",
              "1.17.17-gke.1101",
              "1.17.17-gke.1100",
              "1.17.17-gke.600",
              "1.17.16-gke.1600",
              "1.17.16-gke.1300",
              "1.17.15-gke.800",
              "1.17.15-gke.300",
              "1.17.14-gke.1600",
              "1.17.14-gke.1200",
              "1.17.14-gke.400",
              "1.17.13-gke.2600",
              "1.17.13-gke.2001",
              "1.17.13-gke.1401",
              "1.17.13-gke.1400",
              "1.17.13-gke.600",
              "1.17.12-gke.2502",
              "1.17.12-gke.1504",
              "1.17.12-gke.1501",
              "1.17.12-gke.500",
              "1.17.9-gke.6300",
              "1.17.9-gke.1504",
              "1.16.15-gke.12500",
              "1.16.15-gke.11800",
              "1.16.15-gke.10600",
              "1.16.15-gke.7801",
              "1.16.15-gke.7800",
              "1.16.15-gke.7300",
              "1.16.15-gke.6900",
              "1.16.15-gke.6000",
              "1.16.15-gke.5500",
              "1.16.15-gke.4901",
              "1.16.15-gke.4301",
              "1.16.15-gke.4300",
              "1.16.15-gke.3500",
              "1.16.15-gke.2601",
              "1.16.15-gke.1600",
              "1.16.15-gke.500",
              "1.16.13-gke.404",
              "1.16.13-gke.403",
              "1.16.13-gke.401",
              "1.16.13-gke.400",
              "1.16.13-gke.1",
              "1.16.11-gke.5",
              "1.16.10-gke.8",
              "1.16.9-gke.6",
              "1.16.9-gke.2",
              "1.16.8-gke.15",
              "1.16.8-gke.12",
              "1.16.8-gke.9",
              "1.15.12-gke.6002",
              "1.15.12-gke.6001",
              "1.15.12-gke.5000",
              "1.15.12-gke.4002",
              "1.15.12-gke.4000",
              "1.15.12-gke.20",
              "1.15.12-gke.17",
              "1.15.12-gke.16",
              "1.15.12-gke.13",
              "1.15.12-gke.9",
              "1.15.12-gke.6",
              "1.15.12-gke.3",
              "1.15.12-gke.2",
              "1.15.11-gke.17",
              "1.15.11-gke.15",
              "1.15.11-gke.13",
              "1.15.11-gke.12",
              "1.15.11-gke.11",
              "1.15.11-gke.9",
              "1.15.11-gke.5",
              "1.15.11-gke.3",
              "1.15.11-gke.1",
              "1.15.9-gke.26",
              "1.15.9-gke.24",
              "1.15.9-gke.22",
              "1.15.9-gke.12",
              "1.15.9-gke.9",
              "1.15.9-gke.8",
              "1.15.8-gke.3",
              "1.15.8-gke.2",
              "1.15.7-gke.23",
              "1.15.7-gke.2",
              "1.15.4-gke.22",
              "1.14.10-gke.1504",
              "1.14.10-gke.902",
              "1.14.10-gke.50",
              "1.14.10-gke.46",
              "1.14.10-gke.45",
              "1.14.10-gke.42",
              "1.14.10-gke.41",
              "1.14.10-gke.40",
              "1.14.10-gke.37",
              "1.14.10-gke.36",
              "1.14.10-gke.34",
              "1.14.10-gke.32",
              "1.14.10-gke.31",
              "1.14.10-gke.27",
              "1.14.10-gke.24",
              "1.14.10-gke.22",
              "1.14.10-gke.21",
              "1.14.10-gke.17",
              "1.14.10-gke.0",
              "1.14.9-gke.23",
              "1.14.9-gke.2",
              "1.14.9-gke.0",
              "1.14.8-gke.33",
              "1.14.8-gke.21",
              "1.14.8-gke.18",
              "1.14.8-gke.17",
              "1.14.8-gke.14",
              "1.14.8-gke.12",
              "1.14.8-gke.7",
              "1.14.8-gke.2",
              "1.14.7-gke.40",
              "1.14.7-gke.25",
              "1.14.7-gke.23",
              "1.14.7-gke.17",
              "1.14.7-gke.14",
              "1.14.7-gke.10",
              "1.14.6-gke.13",
              "1.14.6-gke.2",
              "1.14.6-gke.1",
              "1.14.3-gke.11",
              "1.14.3-gke.10",
              "1.14.3-gke.9",
              "1.14.2-gke.9",
              "1.14.1-gke.5",
              "1.13.12-gke.30",
              "1.13.12-gke.25",
              "1.13.12-gke.17",
              "1.13.12-gke.16",
              "1.13.12-gke.14",
              "1.13.12-gke.13",
              "1.13.12-gke.10",
              "1.13.12-gke.8",
              "1.13.12-gke.4",
              "1.13.12-gke.2",
              "1.13.11-gke.23",
              "1.13.11-gke.15",
              "1.13.11-gke.14",
              "1.13.11-gke.12",
              "1.13.11-gke.11",
              "1.13.11-gke.9",
              "1.13.11-gke.5",
              "1.13.10-gke.7",
              "1.13.10-gke.0",
              "1.13.9-gke.11",
              "1.13.9-gke.3",
              "1.13.7-gke.24",
              "1.13.7-gke.19",
              "1.13.7-gke.15",
              "1.13.7-gke.8",
              "1.13.7-gke.0",
              "1.13.6-gke.13",
              "1.13.6-gke.6",
              "1.13.6-gke.5",
              "1.13.6-gke.0",
              "1.13.5-gke.10",
              "1.12.10-gke.22",
              "1.12.10-gke.20",
              "1.12.10-gke.19",
              "1.12.10-gke.18",
              "1.12.10-gke.17",
              "1.12.10-gke.15",
              "1.12.10-gke.13",
              "1.12.10-gke.11",
              "1.12.10-gke.5",
              "1.12.9-gke.16",
              "1.12.9-gke.15",
              "1.12.9-gke.13",
              "1.12.9-gke.10",
              "1.12.9-gke.7",
              "1.12.9-gke.3",
              "1.12.8-gke.12",
              "1.12.8-gke.10",
              "1.12.8-gke.7",
              "1.12.8-gke.6",
              "1.12.7-gke.26",
              "1.12.7-gke.25",
              "1.12.7-gke.24",
              "1.12.7-gke.22",
              "1.12.7-gke.21",
              "1.12.7-gke.17",
              "1.12.7-gke.10",
              "1.12.7-gke.7",
              "1.12.6-gke.11",
              "1.12.6-gke.10",
              "1.12.6-gke.7",
              "1.12.5-gke.10",
              "1.12.5-gke.5",
              "1.11.10-gke.6",
              "1.11.10-gke.5"
            ],
            "version_prefix": null
          },
          "sensitive_attributes": []
        }
      ]
    },
    {
      "module": "module.secondary-cluster",
      "mode": "data",
      "type": "google_container_engine_versions",
      "name": "zone",
      "provider": "provider[\"registry.terraform.io/hashicorp/google\"]",
      "instances": [
        {
          "schema_version": 0,
          "attributes": {
            "default_cluster_version": "1.17.17-gke.1101",
            "id": "2021-03-19 14:39:32.746725836 +0000 UTC",
            "latest_master_version": "1.18.16-gke.500",
            "latest_node_version": "1.18.16-gke.500",
            "location": "us-west1-b",
            "project": "sm-demo-forteam",
            "release_channel_default_version": {
              "RAPID": "1.19.7-gke.2503",
              "REGULAR": "1.18.12-gke.1210",
              "STABLE": "1.17.17-gke.1101"
            },
            "valid_master_versions": [
              "1.18.16-gke.500",
              "1.18.16-gke.300",
              "1.18.15-gke.1501",
              "1.18.15-gke.1500",
              "1.18.15-gke.1102",
              "1.18.15-gke.1100",
              "1.18.14-gke.1600",
              "1.18.14-gke.1200",
              "1.18.12-gke.1210",
              "1.17.17-gke.3000",
              "1.17.17-gke.2800",
              "1.17.17-gke.1500",
              "1.17.17-gke.1101",
              "1.17.17-gke.1100",
              "1.17.15-gke.800",
              "1.16.15-gke.12500",
              "1.16.15-gke.11800",
              "1.16.15-gke.10600",
              "1.16.15-gke.7801",
              "1.15.12-gke.6002"
            ],
            "valid_node_versions": [
              "1.18.16-gke.500",
              "1.18.16-gke.300",
              "1.18.15-gke.2500",
              "1.18.15-gke.1501",
              "1.18.15-gke.1500",
              "1.18.15-gke.1102",
              "1.18.15-gke.1100",
              "1.18.15-gke.800",
              "1.18.14-gke.1600",
              "1.18.14-gke.1200",
              "1.18.12-gke.1210",
              "1.18.12-gke.1206",
              "1.18.12-gke.1205",
              "1.18.12-gke.1201",
              "1.18.12-gke.1200",
              "1.18.12-gke.300",
              "1.18.10-gke.2701",
              "1.18.10-gke.2101",
              "1.18.10-gke.1500",
              "1.18.10-gke.601",
              "1.18.9-gke.2501",
              "1.18.9-gke.1501",
              "1.18.9-gke.801",
              "1.18.6-gke.4801",
              "1.18.6-gke.3504",
              "1.18.6-gke.3503",
              "1.17.17-gke.3000",
              "1.17.17-gke.2800",
              "1.17.17-gke.2500",
              "1.17.17-gke.1500",
              "1.17.17-gke.1101",
              "1.17.17-gke.1100",
              "1.17.17-gke.600",
              "1.17.16-gke.1600",
              "1.17.16-gke.1300",
              "1.17.15-gke.800",
              "1.17.15-gke.300",
              "1.17.14-gke.1600",
              "1.17.14-gke.1200",
              "1.17.14-gke.400",
              "1.17.13-gke.2600",
              "1.17.13-gke.2001",
              "1.17.13-gke.1401",
              "1.17.13-gke.1400",
              "1.17.13-gke.600",
              "1.17.12-gke.2502",
              "1.17.12-gke.1504",
              "1.17.12-gke.1501",
              "1.17.12-gke.500",
              "1.17.9-gke.6300",
              "1.17.9-gke.1504",
              "1.16.15-gke.12500",
              "1.16.15-gke.11800",
              "1.16.15-gke.10600",
              "1.16.15-gke.7801",
              "1.16.15-gke.7800",
              "1.16.15-gke.7300",
              "1.16.15-gke.6900",
              "1.16.15-gke.6000",
              "1.16.15-gke.5500",
              "1.16.15-gke.4901",
              "1.16.15-gke.4301",
              "1.16.15-gke.4300",
              "1.16.15-gke.3500",
              "1.16.15-gke.2601",
              "1.16.15-gke.1600",
              "1.16.15-gke.500",
              "1.16.13-gke.404",
              "1.16.13-gke.403",
              "1.16.13-gke.401",
              "1.16.13-gke.400",
              "1.16.13-gke.1",
              "1.16.11-gke.5",
              "1.16.10-gke.8",
              "1.16.9-gke.6",
              "1.16.9-gke.2",
              "1.16.8-gke.15",
              "1.16.8-gke.12",
              "1.16.8-gke.9",
              "1.15.12-gke.6002",
              "1.15.12-gke.6001",
              "1.15.12-gke.5000",
              "1.15.12-gke.4002",
              "1.15.12-gke.4000",
              "1.15.12-gke.20",
              "1.15.12-gke.17",
              "1.15.12-gke.16",
              "1.15.12-gke.13",
              "1.15.12-gke.9",
              "1.15.12-gke.6",
              "1.15.12-gke.3",
              "1.15.12-gke.2",
              "1.15.11-gke.17",
              "1.15.11-gke.15",
              "1.15.11-gke.13",
              "1.15.11-gke.12",
              "1.15.11-gke.11",
              "1.15.11-gke.9",
              "1.15.11-gke.5",
              "1.15.11-gke.3",
              "1.15.11-gke.1",
              "1.15.9-gke.26",
              "1.15.9-gke.24",
              "1.15.9-gke.22",
              "1.15.9-gke.12",
              "1.15.9-gke.9",
              "1.15.9-gke.8",
              "1.15.8-gke.3",
              "1.15.8-gke.2",
              "1.15.7-gke.23",
              "1.15.7-gke.2",
              "1.15.4-gke.22",
              "1.14.10-gke.1504",
              "1.14.10-gke.902",
              "1.14.10-gke.50",
              "1.14.10-gke.46",
              "1.14.10-gke.45",
              "1.14.10-gke.42",
              "1.14.10-gke.41",
              "1.14.10-gke.40",
              "1.14.10-gke.37",
              "1.14.10-gke.36",
              "1.14.10-gke.34",
              "1.14.10-gke.32",
              "1.14.10-gke.31",
              "1.14.10-gke.27",
              "1.14.10-gke.24",
              "1.14.10-gke.22",
              "1.14.10-gke.21",
              "1.14.10-gke.17",
              "1.14.10-gke.0",
              "1.14.9-gke.23",
              "1.14.9-gke.2",
              "1.14.9-gke.0",
              "1.14.8-gke.33",
              "1.14.8-gke.21",
              "1.14.8-gke.18",
              "1.14.8-gke.17",
              "1.14.8-gke.14",
              "1.14.8-gke.12",
              "1.14.8-gke.7",
              "1.14.8-gke.2",
              "1.14.7-gke.40",
              "1.14.7-gke.25",
              "1.14.7-gke.23",
              "1.14.7-gke.17",
              "1.14.7-gke.14",
              "1.14.7-gke.10",
              "1.14.6-gke.13",
              "1.14.6-gke.2",
              "1.14.6-gke.1",
              "1.14.3-gke.11",
              "1.14.3-gke.10",
              "1.14.3-gke.9",
              "1.14.2-gke.9",
              "1.14.1-gke.5",
              "1.13.12-gke.30",
              "1.13.12-gke.25",
              "1.13.12-gke.17",
              "1.13.12-gke.16",
              "1.13.12-gke.14",
              "1.13.12-gke.13",
              "1.13.12-gke.10",
              "1.13.12-gke.8",
              "1.13.12-gke.4",
              "1.13.12-gke.2",
              "1.13.11-gke.23",
              "1.13.11-gke.15",
              "1.13.11-gke.14",
              "1.13.11-gke.12",
              "1.13.11-gke.11",
              "1.13.11-gke.9",
              "1.13.11-gke.5",
              "1.13.10-gke.7",
              "1.13.10-gke.0",
              "1.13.9-gke.11",
              "1.13.9-gke.3",
              "1.13.7-gke.24",
              "1.13.7-gke.19",
              "1.13.7-gke.15",
              "1.13.7-gke.8",
              "1.13.7-gke.0",
              "1.13.6-gke.13",
              "1.13.6-gke.6",
              "1.13.6-gke.5",
              "1.13.6-gke.0",
              "1.13.5-gke.10",
              "1.12.10-gke.22",
              "1.12.10-gke.20",
              "1.12.10-gke.19",
              "1.12.10-gke.18",
              "1.12.10-gke.17",
              "1.12.10-gke.15",
              "1.12.10-gke.13",
              "1.12.10-gke.11",
              "1.12.10-gke.5",
              "1.12.9-gke.16",
              "1.12.9-gke.15",
              "1.12.9-gke.13",
              "1.12.9-gke.10",
              "1.12.9-gke.7",
              "1.12.9-gke.3",
              "1.12.8-gke.12",
              "1.12.8-gke.10",
              "1.12.8-gke.7",
              "1.12.8-gke.6",
              "1.12.7-gke.26",
              "1.12.7-gke.25",
              "1.12.7-gke.24",
              "1.12.7-gke.22",
              "1.12.7-gke.21",
              "1.12.7-gke.17",
              "1.12.7-gke.10",
              "1.12.7-gke.7",
              "1.12.6-gke.11",
              "1.12.6-gke.10",
              "1.12.6-gke.7",
              "1.12.5-gke.10",
              "1.12.5-gke.5",
              "1.11.10-gke.6",
              "1.11.10-gke.5"
            ],
            "version_prefix": null
          },
          "sensitive_attributes": []
        }
      ]
    },
    {
      "module": "module.secondary-cluster",
      "mode": "managed",
      "type": "google_container_cluster",
      "name": "primary",
      "provider": "provider[\"registry.terraform.io/hashicorp/google-beta\"]",
      "instances": [
        {
          "schema_version": 1,
          "attributes": {
            "addons_config": [
              {
                "cloudrun_config": [],
                "config_connector_config": [
                  {
                    "enabled": false
                  }
                ],
                "dns_cache_config": [
                  {
                    "enabled": false
                  }
                ],
                "gce_persistent_disk_csi_driver_config": [
                  {
                    "enabled": false
                  }
                ],
                "horizontal_pod_autoscaling": [
                  {
                    "disabled": false
                  }
                ],
                "http_load_balancing": [
                  {
                    "disabled": false
                  }
                ],
                "istio_config": [
                  {
                    "auth": "AUTH_MUTUAL_TLS",
                    "disabled": true
                  }
                ],
                "kalm_config": [
                  {
                    "enabled": false
                  }
                ],
                "network_policy_config": [
                  {
                    "disabled": false
                  }
                ]
              }
            ],
            "authenticator_groups_config": [],
            "cluster_autoscaling": [
              {
                "auto_provisioning_defaults": [],
                "autoscaling_profile": "BALANCED",
                "enabled": false,
                "resource_limits": []
              }
            ],
            "cluster_ipv4_cidr": "10.80.0.0/14",
            "cluster_telemetry": [
              {
                "type": "ENABLED"
              }
            ],
            "confidential_nodes": [],
            "database_encryption": [
              {
                "key_name": "",
                "state": "DECRYPTED"
              }
            ],
            "datapath_provider": "",
            "default_max_pods_per_node": 110,
            "default_snat_status": [
              {
                "disabled": false
              }
            ],
            "description": "",
            "enable_binary_authorization": false,
            "enable_intranode_visibility": false,
            "enable_kubernetes_alpha": false,
            "enable_legacy_abac": false,
            "enable_shielded_nodes": true,
            "enable_tpu": false,
            "endpoint": "35.247.118.176",
            "id": "projects/sm-demo-forteam/locations/us-west1-b/clusters/secondary",
            "initial_node_count": 0,
            "instance_group_urls": [
              "https://www.googleapis.com/compute/beta/projects/sm-demo-forteam/zones/us-west1-b/instanceGroups/gke-secondary-default-pool-52fa91fa-grp",
              "https://www.googleapis.com/compute/beta/projects/sm-demo-forteam/zones/us-west1-b/instanceGroups/gke-secondary-default-node-pool-615f3964-grp"
            ],
            "ip_allocation_policy": [
              {
                "cluster_ipv4_cidr_block": "10.80.0.0/14",
                "cluster_secondary_range_name": "gke-secondary-pods-83e70a7d",
                "services_ipv4_cidr_block": "10.84.0.0/20",
                "services_secondary_range_name": "gke-secondary-services-83e70a7d"
              }
            ],
            "label_fingerprint": "4f04c4f6",
            "location": "us-west1-b",
            "logging_service": "logging.googleapis.com/kubernetes",
            "maintenance_policy": [
              {
                "daily_maintenance_window": [
                  {
                    "duration": "PT4H0M0S",
                    "start_time": "05:00"
                  }
                ],
                "maintenance_exclusion": [],
                "recurring_window": []
              }
            ],
            "master_auth": [
              {
                "client_certificate": "",
                "client_certificate_config": [
                  {
                    "issue_client_certificate": false
                  }
                ],
                "client_key": "",
                "cluster_ca_certificate": "LS0tLS1CRUdJTiBDRVJUSUZJQ0FURS0tLS0tCk1JSURLekNDQWhPZ0F3SUJBZ0lSQUwwdzIvV3dPSCtQWThsWmV3QXVWaE13RFFZSktvWklodmNOQVFFTEJRQXcKTHpFdE1Dc0dBMVVFQXhNa01HTXpORGhpTUdFdE5UVm1PUzAwWlRaakxXRmlNV0V0WldOa1kyUmxZMk5oTkdSagpNQjRYRFRJeE1ETXhPVEV6TXpBME0xb1hEVEkyTURNeE9ERTBNekEwTTFvd0x6RXRNQ3NHQTFVRUF4TWtNR016Ck5EaGlNR0V0TlRWbU9TMDBaVFpqTFdGaU1XRXRaV05rWTJSbFkyTmhOR1JqTUlJQklqQU5CZ2txaGtpRzl3MEIKQVFFRkFBT0NBUThBTUlJQkNnS0NBUUVBbjdEVVpXWXNmSFRNRkhQVmFhTDJDVm1YRDlIU1hTc3NNQlc4QS9BdApsbWYveXN1TlpMWHpVSmhYNDkvSklHZXI5YjJ6R0lpa0FOTFVHekI4NTl1Um5PNUFwbEhLOWQ4eUc5Qy9zVlJYCkRuMXRGVlFsU3hOOU1Yb2FTbHZCK0VJck9qcU5mK1dMK2Z3VXRORFJReFp2eHJnbXBmOWRGVG53Uis1cytPdnEKSzlXcklhOXhuQjJJSDVBWkkzNmxBZDhtOStDWlpEdnM3czczREdvVzFMajY2OHFDOFdOamovWW50bjcwWko2bApPeGl1RWpOMGF0R0JDbU5tUE05Z1pUMHN0NEU0N2FvTU0rMCtOMFJlMnRCWnVXc0FHS3YvNTlNK3o0Z0lzckNWCjZlRWMyL1oxT1ZpNmpsYU5uVUV4QysraW5Vak9vbWVlZVVUdFNlQjdWbS9mMlFJREFRQUJvMEl3UURBT0JnTlYKSFE4QkFmOEVCQU1DQWdRd0R3WURWUjBUQVFIL0JBVXdBd0VCL3pBZEJnTlZIUTRFRmdRVUViQ2oyeW5TYWZOTwpLSVgyelQzYmRuNjdXTXd3RFFZSktvWklodmNOQVFFTEJRQURnZ0VCQUl0NThpUFFCYTRPVndKdzZYNmxvTFZXCmcrVndORXBJZEc1a3FrWnBWZkpIbEN3TXEyVFFsemY4cjlOM25ISXZUUmFLUndGY3lyWllUWitzL0t1WE9TL2kKWG1YVGlZRjBjT3N6SjN5V0RVdXB5aFpzN3hGMXhrMjFGbXpuOTIyVzNnTTFTbWJIa3dycjBudWRxT0ZLZGlpRwpZdmtiVzFPK0ZwNkpyRFo3RmRUcFIwaWZLOVFSOTI1RTZDTjlqT2xGL1BBcGV0MW5NeUJOcTF3K1NvNm56bmFXCkVKb2N5L2xLMG5QQVB4TjlZczdiZ0hGY1YxMXE2bC9JNENVWENxYUxGamd2djlPamNCbS9HMVVkQjdVbTR2b1oKVkczYjMxTlN2MFAzNjNQZjhCUFYwWTFqZGJmaStqaG00WktlSk12SXVWblRvRU1XWTlTR2J0T1dGd085Y1BRPQotLS0tLUVORCBDRVJUSUZJQ0FURS0tLS0tCg==",
                "password": "",
                "username": ""
              }
            ],
            "master_authorized_networks_config": [],
            "master_version": "1.18.12-gke.1210",
            "min_master_version": null,
            "monitoring_service": "monitoring.googleapis.com/kubernetes",
            "name": "secondary",
            "network": "projects/sm-demo-forteam/global/networks/default",
            "network_policy": [
              {
                "enabled": true,
                "provider": "CALICO"
              }
            ],
            "networking_mode": "VPC_NATIVE",
            "node_config": [
              {
                "boot_disk_kms_key": "",
                "disk_size_gb": 100,
                "disk_type": "pd-standard",
                "guest_accelerator": [],
                "image_type": "COS",
                "kubelet_config": [],
                "labels": {},
                "linux_node_config": [],
                "local_ssd_count": 0,
                "machine_type": "e2-medium",
                "metadata": {
                  "disable-legacy-endpoints": "true"
                },
                "min_cpu_platform": "",
                "oauth_scopes": [
                  "https://www.googleapis.com/auth/logging.write",
                  "https://www.googleapis.com/auth/monitoring"
                ],
                "preemptible": false,
                "sandbox_config": [],
                "service_account": "tf-gke-secondary-vx3q@sm-demo-forteam.iam.gserviceaccount.com",
                "shielded_instance_config": [
                  {
                    "enable_integrity_monitoring": true,
                    "enable_secure_boot": false
                  }
                ],
                "tags": [],
                "taint": [],
                "workload_metadata_config": [
                  {
                    "node_metadata": "GKE_METADATA_SERVER"
                  }
                ]
              }
            ],
            "node_locations": [],
            "node_pool": [
              {
                "autoscaling": [],
                "initial_node_count": 0,
                "instance_group_urls": [
                  "https://www.googleapis.com/compute/v1/projects/sm-demo-forteam/zones/us-west1-b/instanceGroupManagers/gke-secondary-default-pool-52fa91fa-grp"
                ],
                "management": [
                  {
                    "auto_repair": true,
                    "auto_upgrade": true
                  }
                ],
                "max_pods_per_node": 110,
                "name": "default-pool",
                "name_prefix": "",
                "node_config": [
                  {
                    "boot_disk_kms_key": "",
                    "disk_size_gb": 100,
                    "disk_type": "pd-standard",
                    "guest_accelerator": [],
                    "image_type": "COS",
                    "kubelet_config": [],
                    "labels": {},
                    "linux_node_config": [],
                    "local_ssd_count": 0,
                    "machine_type": "e2-medium",
                    "metadata": {
                      "disable-legacy-endpoints": "true"
                    },
                    "min_cpu_platform": "",
                    "oauth_scopes": [
                      "https://www.googleapis.com/auth/logging.write",
                      "https://www.googleapis.com/auth/monitoring"
                    ],
                    "preemptible": false,
                    "sandbox_config": [],
                    "service_account": "tf-gke-secondary-vx3q@sm-demo-forteam.iam.gserviceaccount.com",
                    "shielded_instance_config": [
                      {
                        "enable_integrity_monitoring": true,
                        "enable_secure_boot": false
                      }
                    ],
                    "tags": [],
                    "taint": [],
                    "workload_metadata_config": [
                      {
                        "node_metadata": "GKE_METADATA_SERVER"
                      }
                    ]
                  }
                ],
                "node_count": 0,
                "node_locations": [
                  "us-west1-b"
                ],
                "upgrade_settings": [
                  {
                    "max_surge": 1,
                    "max_unavailable": 0
                  }
                ],
                "version": "1.18.12-gke.1210"
              },
              {
                "autoscaling": [],
                "initial_node_count": 5,
                "instance_group_urls": [
                  "https://www.googleapis.com/compute/v1/projects/sm-demo-forteam/zones/us-west1-b/instanceGroupManagers/gke-secondary-default-node-pool-615f3964-grp"
                ],
                "management": [
                  {
                    "auto_repair": true,
                    "auto_upgrade": true
                  }
                ],
                "max_pods_per_node": 110,
                "name": "default-node-pool",
                "name_prefix": "",
                "node_config": [
                  {
                    "boot_disk_kms_key": "",
                    "disk_size_gb": 100,
                    "disk_type": "pd-standard",
                    "guest_accelerator": [],
                    "image_type": "COS",
                    "kubelet_config": [],
                    "labels": {
                      "cluster_name": "secondary",
                      "node_pool": "default-node-pool"
                    },
                    "linux_node_config": [],
                    "local_ssd_count": 0,
                    "machine_type": "e2-standard-4",
                    "metadata": {
                      "cluster_name": "secondary",
                      "disable-legacy-endpoints": "true",
                      "node_pool": "default-node-pool"
                    },
                    "min_cpu_platform": "",
                    "oauth_scopes": [
                      "https://www.googleapis.com/auth/cloud-platform"
                    ],
                    "preemptible": false,
                    "sandbox_config": [],
                    "service_account": "tf-gke-secondary-vx3q@sm-demo-forteam.iam.gserviceaccount.com",
                    "shielded_instance_config": [
                      {
                        "enable_integrity_monitoring": true,
                        "enable_secure_boot": false
                      }
                    ],
                    "tags": [
                      "gke-secondary",
                      "gke-secondary-default-node-pool"
                    ],
                    "taint": [],
                    "workload_metadata_config": [
                      {
                        "node_metadata": "GKE_METADATA_SERVER"
                      }
                    ]
                  }
                ],
                "node_count": 5,
                "node_locations": [
                  "us-west1-b"
                ],
                "upgrade_settings": [
                  {
                    "max_surge": 1,
                    "max_unavailable": 0
                  }
                ],
                "version": "1.18.12-gke.1210"
              }
            ],
            "node_version": "1.18.12-gke.1210",
            "notification_config": [
              {
                "pubsub": [
                  {
                    "enabled": false,
                    "topic": ""
                  }
                ]
              }
            ],
            "operation": null,
            "pod_security_policy_config": [
              {
                "enabled": false
              }
            ],
            "private_cluster_config": [],
            "project": "sm-demo-forteam",
            "release_channel": [
              {
                "channel": "REGULAR"
              }
            ],
            "remove_default_node_pool": false,
            "resource_labels": {
              "mesh_id": "proj-891993590564"
            },
            "resource_usage_export_config": [],
            "self_link": "https://container.googleapis.com/v1beta1/projects/sm-demo-forteam/zones/us-west1-b/clusters/secondary",
            "services_ipv4_cidr": "10.84.0.0/20",
            "subnetwork": "projects/sm-demo-forteam/regions/us-west1/subnetworks/default",
            "timeouts": {
              "create": "45m",
              "delete": "45m",
              "read": null,
              "update": "45m"
            },
            "tpu_ipv4_cidr_block": "",
            "vertical_pod_autoscaling": [
              {
                "enabled": false
              }
            ],
            "workload_identity_config": [
              {
                "identity_namespace": "sm-demo-forteam.svc.id.goog"
              }
            ]
          },
          "sensitive_attributes": [],
          "private": "eyJlMmJmYjczMC1lY2FhLTExZTYtOGY4OC0zNDM2M2JjN2M0YzAiOnsiY3JlYXRlIjoyNzAwMDAwMDAwMDAwLCJkZWxldGUiOjI3MDAwMDAwMDAwMDAsInJlYWQiOjI0MDAwMDAwMDAwMDAsInVwZGF0ZSI6MjcwMDAwMDAwMDAwMH0sInNjaGVtYV92ZXJzaW9uIjoiMSJ9",
          "dependencies": [
            "data.google_client_config.current",
            "data.google_project.project",
            "module.project-services.google_project_service.project_services",
            "module.secondary-cluster.data.google_compute_zones.available",
            "module.secondary-cluster.data.google_container_engine_versions.region",
            "module.secondary-cluster.data.google_container_engine_versions.zone",
            "module.secondary-cluster.google_service_account.cluster_service_account",
            "module.secondary-cluster.random_shuffle.available_zones",
            "module.secondary-cluster.random_string.cluster_service_account_suffix"
          ]
        }
      ]
    },
    {
      "module": "module.secondary-cluster",
      "mode": "managed",
      "type": "google_container_node_pool",
      "name": "pools",
      "provider": "provider[\"registry.terraform.io/hashicorp/google-beta\"]",
      "instances": [
        {
          "index_key": "default-node-pool",
          "schema_version": 1,
          "attributes": {
            "autoscaling": [],
            "cluster": "secondary",
            "id": "projects/sm-demo-forteam/locations/us-west1-b/clusters/secondary/nodePools/default-node-pool",
            "initial_node_count": 5,
            "instance_group_urls": [
              "https://www.googleapis.com/compute/v1/projects/sm-demo-forteam/zones/us-west1-b/instanceGroupManagers/gke-secondary-default-node-pool-615f3964-grp"
            ],
            "location": "us-west1-b",
            "management": [
              {
                "auto_repair": true,
                "auto_upgrade": true
              }
            ],
            "max_pods_per_node": 110,
            "name": "default-node-pool",
            "name_prefix": "",
            "node_config": [
              {
                "boot_disk_kms_key": "",
                "disk_size_gb": 100,
                "disk_type": "pd-standard",
                "guest_accelerator": [],
                "image_type": "COS",
                "kubelet_config": [],
                "labels": {
                  "cluster_name": "secondary",
                  "node_pool": "default-node-pool"
                },
                "linux_node_config": [],
                "local_ssd_count": 0,
                "machine_type": "e2-standard-4",
                "metadata": {
                  "cluster_name": "secondary",
                  "disable-legacy-endpoints": "true",
                  "node_pool": "default-node-pool"
                },
                "min_cpu_platform": "",
                "oauth_scopes": [
                  "https://www.googleapis.com/auth/cloud-platform"
                ],
                "preemptible": false,
                "sandbox_config": [],
                "service_account": "tf-gke-secondary-vx3q@sm-demo-forteam.iam.gserviceaccount.com",
                "shielded_instance_config": [
                  {
                    "enable_integrity_monitoring": true,
                    "enable_secure_boot": false
                  }
                ],
                "tags": [
                  "gke-secondary",
                  "gke-secondary-default-node-pool"
                ],
                "taint": [],
                "workload_metadata_config": [
                  {
                    "node_metadata": "GKE_METADATA_SERVER"
                  }
                ]
              }
            ],
            "node_count": 5,
            "node_locations": [
              "us-west1-b"
            ],
            "project": "sm-demo-forteam",
            "timeouts": {
              "create": "45m",
              "delete": "45m",
              "update": "45m"
            },
            "upgrade_settings": [
              {
                "max_surge": 1,
                "max_unavailable": 0
              }
            ],
            "version": "1.18.12-gke.1210"
          },
          "sensitive_attributes": [],
          "private": "eyJlMmJmYjczMC1lY2FhLTExZTYtOGY4OC0zNDM2M2JjN2M0YzAiOnsiY3JlYXRlIjoyNzAwMDAwMDAwMDAwLCJkZWxldGUiOjI3MDAwMDAwMDAwMDAsInVwZGF0ZSI6MjcwMDAwMDAwMDAwMH0sInNjaGVtYV92ZXJzaW9uIjoiMSJ9",
          "dependencies": [
            "data.google_client_config.current",
            "data.google_project.project",
            "module.project-services.google_project_service.project_services",
            "module.secondary-cluster.data.google_compute_zones.available",
            "module.secondary-cluster.data.google_container_engine_versions.region",
            "module.secondary-cluster.data.google_container_engine_versions.zone",
            "module.secondary-cluster.google_container_cluster.primary",
            "module.secondary-cluster.google_service_account.cluster_service_account",
            "module.secondary-cluster.random_shuffle.available_zones",
            "module.secondary-cluster.random_string.cluster_service_account_suffix"
          ]
        }
      ]
    },
    {
      "module": "module.secondary-cluster",
      "mode": "managed",
      "type": "google_project_iam_member",
      "name": "cluster_service_account-log_writer",
      "provider": "provider[\"registry.terraform.io/hashicorp/google\"]",
      "instances": [
        {
          "index_key": 0,
          "schema_version": 0,
          "attributes": {
            "condition": [],
            "etag": "BwW95KiDBtM=",
            "id": "sm-demo-forteam/roles/logging.logWriter/serviceaccount:tf-gke-secondary-vx3q@sm-demo-forteam.iam.gserviceaccount.com",
            "member": "serviceAccount:tf-gke-secondary-vx3q@sm-demo-forteam.iam.gserviceaccount.com",
            "project": "sm-demo-forteam",
            "role": "roles/logging.logWriter"
          },
          "sensitive_attributes": [],
          "private": "bnVsbA==",
          "dependencies": [
            "data.google_client_config.current",
            "module.project-services.google_project_service.project_services",
            "module.secondary-cluster.google_service_account.cluster_service_account",
            "module.secondary-cluster.random_string.cluster_service_account_suffix"
          ]
        }
      ]
    },
    {
      "module": "module.secondary-cluster",
      "mode": "managed",
      "type": "google_project_iam_member",
      "name": "cluster_service_account-metric_writer",
      "provider": "provider[\"registry.terraform.io/hashicorp/google\"]",
      "instances": [
        {
          "index_key": 0,
          "schema_version": 0,
          "attributes": {
            "condition": [],
            "etag": "BwW95KiDBtM=",
            "id": "sm-demo-forteam/roles/monitoring.metricWriter/serviceaccount:tf-gke-secondary-vx3q@sm-demo-forteam.iam.gserviceaccount.com",
            "member": "serviceAccount:tf-gke-secondary-vx3q@sm-demo-forteam.iam.gserviceaccount.com",
            "project": "sm-demo-forteam",
            "role": "roles/monitoring.metricWriter"
          },
          "sensitive_attributes": [],
          "private": "bnVsbA==",
          "dependencies": [
            "data.google_client_config.current",
            "module.project-services.google_project_service.project_services",
            "module.secondary-cluster.google_project_iam_member.cluster_service_account-log_writer",
            "module.secondary-cluster.google_service_account.cluster_service_account",
            "module.secondary-cluster.random_string.cluster_service_account_suffix"
          ]
        }
      ]
    },
    {
      "module": "module.secondary-cluster",
      "mode": "managed",
      "type": "google_project_iam_member",
      "name": "cluster_service_account-monitoring_viewer",
      "provider": "provider[\"registry.terraform.io/hashicorp/google\"]",
      "instances": [
        {
          "index_key": 0,
          "schema_version": 0,
          "attributes": {
            "condition": [],
            "etag": "BwW95KiDBtM=",
            "id": "sm-demo-forteam/roles/monitoring.viewer/serviceaccount:tf-gke-secondary-vx3q@sm-demo-forteam.iam.gserviceaccount.com",
            "member": "serviceAccount:tf-gke-secondary-vx3q@sm-demo-forteam.iam.gserviceaccount.com",
            "project": "sm-demo-forteam",
            "role": "roles/monitoring.viewer"
          },
          "sensitive_attributes": [],
          "private": "bnVsbA==",
          "dependencies": [
            "data.google_client_config.current",
            "module.project-services.google_project_service.project_services",
            "module.secondary-cluster.google_project_iam_member.cluster_service_account-log_writer",
            "module.secondary-cluster.google_project_iam_member.cluster_service_account-metric_writer",
            "module.secondary-cluster.google_service_account.cluster_service_account",
            "module.secondary-cluster.random_string.cluster_service_account_suffix"
          ]
        }
      ]
    },
    {
      "module": "module.secondary-cluster",
      "mode": "managed",
      "type": "google_project_iam_member",
      "name": "cluster_service_account-resourceMetadata-writer",
      "provider": "provider[\"registry.terraform.io/hashicorp/google\"]",
      "instances": [
        {
          "index_key": 0,
          "schema_version": 0,
          "attributes": {
            "condition": [],
            "etag": "BwW95KiDBtM=",
            "id": "sm-demo-forteam/roles/stackdriver.resourceMetadata.writer/serviceaccount:tf-gke-secondary-vx3q@sm-demo-forteam.iam.gserviceaccount.com",
            "member": "serviceAccount:tf-gke-secondary-vx3q@sm-demo-forteam.iam.gserviceaccount.com",
            "project": "sm-demo-forteam",
            "role": "roles/stackdriver.resourceMetadata.writer"
          },
          "sensitive_attributes": [],
          "private": "bnVsbA==",
          "dependencies": [
            "data.google_client_config.current",
            "module.project-services.google_project_service.project_services",
            "module.secondary-cluster.google_project_iam_member.cluster_service_account-log_writer",
            "module.secondary-cluster.google_project_iam_member.cluster_service_account-metric_writer",
            "module.secondary-cluster.google_project_iam_member.cluster_service_account-monitoring_viewer",
            "module.secondary-cluster.google_service_account.cluster_service_account",
            "module.secondary-cluster.random_string.cluster_service_account_suffix"
          ]
        }
      ]
    },
    {
      "module": "module.secondary-cluster",
      "mode": "managed",
      "type": "google_service_account",
      "name": "cluster_service_account",
      "provider": "provider[\"registry.terraform.io/hashicorp/google\"]",
      "instances": [
        {
          "index_key": 0,
          "schema_version": 0,
          "attributes": {
            "account_id": "tf-gke-secondary-vx3q",
            "description": "",
            "display_name": "Terraform-managed service account for cluster secondary",
            "email": "tf-gke-secondary-vx3q@sm-demo-forteam.iam.gserviceaccount.com",
            "id": "projects/sm-demo-forteam/serviceAccounts/tf-gke-secondary-vx3q@sm-demo-forteam.iam.gserviceaccount.com",
            "name": "projects/sm-demo-forteam/serviceAccounts/tf-gke-secondary-vx3q@sm-demo-forteam.iam.gserviceaccount.com",
            "project": "sm-demo-forteam",
            "timeouts": null,
            "unique_id": "115884178487047810698"
          },
          "sensitive_attributes": [],
          "private": "eyJlMmJmYjczMC1lY2FhLTExZTYtOGY4OC0zNDM2M2JjN2M0YzAiOnsiY3JlYXRlIjozMDAwMDAwMDAwMDB9fQ==",
          "dependencies": [
            "data.google_client_config.current",
            "module.project-services.google_project_service.project_services",
            "module.secondary-cluster.random_string.cluster_service_account_suffix"
          ]
        }
      ]
    },
    {
      "module": "module.secondary-cluster",
      "mode": "managed",
      "type": "random_shuffle",
      "name": "available_zones",
      "provider": "provider[\"registry.terraform.io/hashicorp/random\"]",
      "instances": [
        {
          "schema_version": 0,
          "attributes": {
            "id": "-",
            "input": [
              "us-west1-a",
              "us-west1-b",
              "us-west1-c"
            ],
            "keepers": null,
            "result": [
              "us-west1-b",
              "us-west1-c",
              "us-west1-a"
            ],
            "result_count": 3,
            "seed": null
          },
          "sensitive_attributes": [],
          "private": "bnVsbA==",
          "dependencies": [
            "data.google_client_config.current",
            "module.project-services.google_project_service.project_services",
            "module.secondary-cluster.data.google_compute_zones.available"
          ]
        }
      ]
    },
    {
      "module": "module.secondary-cluster",
      "mode": "managed",
      "type": "random_string",
      "name": "cluster_service_account_suffix",
      "provider": "provider[\"registry.terraform.io/hashicorp/random\"]",
      "instances": [
        {
          "schema_version": 1,
          "attributes": {
            "id": "vx3q",
            "keepers": null,
            "length": 4,
            "lower": true,
            "min_lower": 0,
            "min_numeric": 0,
            "min_special": 0,
            "min_upper": 0,
            "number": true,
            "override_special": null,
            "result": "vx3q",
            "special": false,
            "upper": false
          },
          "sensitive_attributes": [],
          "private": "eyJzY2hlbWFfdmVyc2lvbiI6IjEifQ=="
        }
      ]
    },
    {
      "module": "module.secondary-cluster.module.gcloud_delete_default_kube_dns_configmap.module.gcloud_kubectl",
      "mode": "managed",
      "type": "null_resource",
      "name": "module_depends_on",
      "provider": "provider[\"registry.terraform.io/hashicorp/null\"]",
      "instances": [
        {
          "index_key": 0,
          "schema_version": 0,
          "attributes": {
            "id": "6149371347814991800",
            "triggers": {
              "value": "3"
            }
          },
          "sensitive_attributes": [],
          "private": "bnVsbA==",
          "dependencies": [
            "data.google_client_config.current",
            "data.google_project.project",
            "module.project-services.google_project_service.project_services",
            "module.secondary-cluster.data.google_client_config.default",
            "module.secondary-cluster.data.google_compute_zones.available",
            "module.secondary-cluster.data.google_container_engine_versions.region",
            "module.secondary-cluster.data.google_container_engine_versions.zone",
            "module.secondary-cluster.google_container_cluster.primary",
            "module.secondary-cluster.google_container_node_pool.pools",
            "module.secondary-cluster.google_service_account.cluster_service_account",
            "module.secondary-cluster.random_shuffle.available_zones",
            "module.secondary-cluster.random_string.cluster_service_account_suffix"
          ]
        }
      ]
    }
  ]
}
